{
  "version": 4,
  "terraform_version": "1.8.5",
  "serial": 72,
  "lineage": "9a885dff-e0eb-a418-0c0a-e5bd3248dbd3",
  "outputs": {
    "CONTROL_PLANE_NODE_1": {
      "value": "172.31.13.8",
      "type": "string"
    },
    "K8S_CLUSTER_PRIVATE_IPS": {
      "value": {
        "tf7-CONTROL-PLANE-NODE-1": "172.31.13.8",
        "tf7-CONTROL-PLANE-NODE-2": "172.31.3.88",
        "tf7-CONTROL-PLANE-NODE-3": "172.31.6.205",
        "tf7-ETCD-NODE-1": "172.31.46.0",
        "tf7-ETCD-NODE-2": "172.31.42.91",
        "tf7-WORKER-NODE-1": "172.31.12.53",
        "tf7-WORKER-NODE-2": "172.31.41.132",
        "tf7-WORKER-NODE-3": "172.31.4.112"
      },
      "type": [
        "object",
        {
          "tf7-CONTROL-PLANE-NODE-1": "string",
          "tf7-CONTROL-PLANE-NODE-2": "string",
          "tf7-CONTROL-PLANE-NODE-3": "string",
          "tf7-ETCD-NODE-1": "string",
          "tf7-ETCD-NODE-2": "string",
          "tf7-WORKER-NODE-1": "string",
          "tf7-WORKER-NODE-2": "string",
          "tf7-WORKER-NODE-3": "string"
        }
      ]
    },
    "K8S_CLUSTER_PRIVATE_IPS_STR": {
      "value": "tf7-CONTROL-PLANE-NODE-1=172.31.13.8,tf7-CONTROL-PLANE-NODE-2=172.31.3.88,tf7-CONTROL-PLANE-NODE-3=172.31.6.205,tf7-ETCD-NODE-1=172.31.46.0,tf7-ETCD-NODE-2=172.31.42.91,tf7-WORKER-NODE-1=172.31.12.53,tf7-WORKER-NODE-2=172.31.41.132,tf7-WORKER-NODE-3=172.31.4.112",
      "type": "string"
    },
    "K8S_CLUSTER_PUBLIC_IPS": {
      "value": {
        "tf7-CONTROL-PLANE-NODE-1": "3.110.43.163",
        "tf7-CONTROL-PLANE-NODE-2": "3.108.217.100",
        "tf7-CONTROL-PLANE-NODE-3": "43.204.115.235",
        "tf7-ETCD-NODE-1": "13.233.196.56",
        "tf7-ETCD-NODE-2": "13.201.27.166",
        "tf7-WORKER-NODE-1": "13.233.91.63",
        "tf7-WORKER-NODE-2": "13.232.100.166",
        "tf7-WORKER-NODE-3": "13.201.191.242"
      },
      "type": [
        "object",
        {
          "tf7-CONTROL-PLANE-NODE-1": "string",
          "tf7-CONTROL-PLANE-NODE-2": "string",
          "tf7-CONTROL-PLANE-NODE-3": "string",
          "tf7-ETCD-NODE-1": "string",
          "tf7-ETCD-NODE-2": "string",
          "tf7-WORKER-NODE-1": "string",
          "tf7-WORKER-NODE-2": "string",
          "tf7-WORKER-NODE-3": "string"
        }
      ]
    },
    "MOSIP_K8S_CLUSTER_NODES_PRIVATE_IP_LIST": {
      "value": "172.31.13.8,172.31.3.88,172.31.6.205,172.31.46.0,172.31.42.91,172.31.12.53,172.31.41.132,172.31.4.112",
      "type": "string"
    },
    "MOSIP_K8S_SG_ID": {
      "value": {
        "K8S_CONTROL_PLANE_SECURITY_GROUP": "sg-019344377e9de3fdb",
        "K8S_ETCD_SECURITY_GROUP": "sg-0680fc68e84801f10",
        "K8S_WORKER_SECURITY_GROUP": "sg-0cea6dc8bb71c11aa",
        "NGINX_SECURITY_GROUP": "sg-0713b92f3b7337190"
      },
      "type": [
        "object",
        {
          "K8S_CONTROL_PLANE_SECURITY_GROUP": "string",
          "K8S_ETCD_SECURITY_GROUP": "string",
          "K8S_WORKER_SECURITY_GROUP": "string",
          "NGINX_SECURITY_GROUP": "string"
        }
      ]
    },
    "MOSIP_NGINX_SG_ID": {
      "value": "sg-0713b92f3b7337190",
      "type": "string"
    },
    "MOSIP_PUBLIC_DOMAIN_LIST": {
      "value": "api.tf7.mosip.net,esignet.tf7.mosip.net,prereg.tf7.mosip.net,resident.tf7.mosip.net",
      "type": "string"
    },
    "NGINX_PRIVATE_IP": {
      "value": "172.31.6.16",
      "type": "string"
    },
    "NGINX_PUBLIC_IP": {
      "value": "3.109.209.129",
      "type": "string"
    }
  },
  "resources": [
    {
      "module": "module.aws-resource-creation",
      "mode": "managed",
      "type": "aws_iam_instance_profile",
      "name": "certbot_profile",
      "provider": "module.aws-resource-creation.provider[\"registry.terraform.io/hashicorp/aws\"]",
      "instances": [
        {
          "schema_version": 0,
          "attributes": {
            "arn": "arn:aws:iam::931337674770:instance-profile/certbot-instance-profile",
            "create_date": "2024-08-06T06:48:07Z",
            "id": "certbot-instance-profile",
            "name": "certbot-instance-profile",
            "name_prefix": "",
            "path": "/",
            "role": "tf7-certbot-route53-role",
            "tags": {},
            "tags_all": {},
            "unique_id": "AIPA5RWANEAJHNGA5RHPL"
          },
          "sensitive_attributes": [],
          "private": "bnVsbA==",
          "dependencies": [
            "module.aws-resource-creation.aws_iam_role.certbot_role"
          ]
        }
      ]
    },
    {
      "module": "module.aws-resource-creation",
      "mode": "managed",
      "type": "aws_iam_policy",
      "name": "certbot_policy",
      "provider": "module.aws-resource-creation.provider[\"registry.terraform.io/hashicorp/aws\"]",
      "instances": [
        {
          "schema_version": 0,
          "attributes": {
            "arn": "arn:aws:iam::931337674770:policy/tf7-certbot-route53-policy",
            "attachment_count": 1,
            "description": "Allow Certbot to modify Route 53 records",
            "id": "arn:aws:iam::931337674770:policy/tf7-certbot-route53-policy",
            "name": "tf7-certbot-route53-policy",
            "name_prefix": "",
            "path": "/",
            "policy": "{\"Statement\":[{\"Action\":[\"route53:ListHostedZones\",\"route53:GetChange\",\"route53:ChangeResourceRecordSets\"],\"Effect\":\"Allow\",\"Resource\":\"*\"}],\"Version\":\"2012-10-17\"}",
            "policy_id": "ANPA5RWANEAJNW55FIVTJ",
            "tags": {
              "Cluster": "tf7",
              "Name": "tf7-certbot-route53-policy"
            },
            "tags_all": {
              "Cluster": "tf7",
              "Name": "tf7-certbot-route53-policy"
            }
          },
          "sensitive_attributes": [],
          "private": "bnVsbA=="
        }
      ]
    },
    {
      "module": "module.aws-resource-creation",
      "mode": "managed",
      "type": "aws_iam_role",
      "name": "certbot_role",
      "provider": "module.aws-resource-creation.provider[\"registry.terraform.io/hashicorp/aws\"]",
      "instances": [
        {
          "schema_version": 0,
          "attributes": {
            "arn": "arn:aws:iam::931337674770:role/tf7-certbot-route53-role",
            "assume_role_policy": "{\"Statement\":[{\"Action\":\"sts:AssumeRole\",\"Effect\":\"Allow\",\"Principal\":{\"Service\":\"ec2.amazonaws.com\"}}],\"Version\":\"2012-10-17\"}",
            "create_date": "2024-08-06T06:48:06Z",
            "description": "",
            "force_detach_policies": false,
            "id": "tf7-certbot-route53-role",
            "inline_policy": [],
            "managed_policy_arns": [
              "arn:aws:iam::931337674770:policy/tf7-certbot-route53-policy"
            ],
            "max_session_duration": 3600,
            "name": "tf7-certbot-route53-role",
            "name_prefix": "",
            "path": "/",
            "permissions_boundary": "",
            "tags": {
              "Cluster": "tf7",
              "Name": "tf7-certbot-route53-role"
            },
            "tags_all": {
              "Cluster": "tf7",
              "Name": "tf7-certbot-route53-role"
            },
            "unique_id": "AROA5RWANEAJHC37IW7JY"
          },
          "sensitive_attributes": [],
          "private": "bnVsbA=="
        }
      ]
    },
    {
      "module": "module.aws-resource-creation",
      "mode": "managed",
      "type": "aws_iam_role_policy_attachment",
      "name": "certbot_policy_attachment",
      "provider": "module.aws-resource-creation.provider[\"registry.terraform.io/hashicorp/aws\"]",
      "instances": [
        {
          "schema_version": 0,
          "attributes": {
            "id": "tf7-certbot-route53-role-20240806064807283900000005",
            "policy_arn": "arn:aws:iam::931337674770:policy/tf7-certbot-route53-policy",
            "role": "tf7-certbot-route53-role"
          },
          "sensitive_attributes": [],
          "private": "bnVsbA==",
          "dependencies": [
            "module.aws-resource-creation.aws_iam_policy.certbot_policy",
            "module.aws-resource-creation.aws_iam_role.certbot_role"
          ]
        }
      ]
    },
    {
      "module": "module.aws-resource-creation",
      "mode": "managed",
      "type": "aws_instance",
      "name": "K8S_CLUSTER_EC2_INSTANCE",
      "provider": "module.aws-resource-creation.provider[\"registry.terraform.io/hashicorp/aws\"]",
      "instances": [
        {
          "index_key": "CONTROL-PLANE-NODE-1",
          "schema_version": 1,
          "attributes": {
            "ami": "ami-0ad21ae1d0696ad58",
            "arn": "arn:aws:ec2:ap-south-1:931337674770:instance/i-094299c55ba771736",
            "associate_public_ip_address": true,
            "availability_zone": "ap-south-1b",
            "capacity_reservation_specification": [
              {
                "capacity_reservation_preference": "open",
                "capacity_reservation_target": []
              }
            ],
            "cpu_core_count": 2,
            "cpu_options": [
              {
                "amd_sev_snp": "",
                "core_count": 2,
                "threads_per_core": 1
              }
            ],
            "cpu_threads_per_core": 1,
            "credit_specification": [
              {
                "cpu_credits": "standard"
              }
            ],
            "disable_api_stop": false,
            "disable_api_termination": false,
            "ebs_block_device": [],
            "ebs_optimized": false,
            "enclave_options": [
              {
                "enabled": false
              }
            ],
            "ephemeral_block_device": [],
            "get_password_data": false,
            "hibernation": false,
            "host_id": "",
            "host_resource_group_arn": null,
            "iam_instance_profile": "",
            "id": "i-094299c55ba771736",
            "instance_initiated_shutdown_behavior": "stop",
            "instance_lifecycle": "",
            "instance_market_options": [],
            "instance_state": "running",
            "instance_type": "t2.medium",
            "ipv6_address_count": 0,
            "ipv6_addresses": [],
            "key_name": "mosip-aws",
            "launch_template": [],
            "maintenance_options": [
              {
                "auto_recovery": "default"
              }
            ],
            "metadata_options": [
              {
                "http_endpoint": "enabled",
                "http_protocol_ipv6": "disabled",
                "http_put_response_hop_limit": 2,
                "http_tokens": "required",
                "instance_metadata_tags": "disabled"
              }
            ],
            "monitoring": false,
            "network_interface": [],
            "outpost_arn": "",
            "password_data": "",
            "placement_group": "",
            "placement_partition_number": 0,
            "primary_network_interface_id": "eni-05a058ff8301dd9bf",
            "private_dns": "ip-172-31-13-8.ap-south-1.compute.internal",
            "private_dns_name_options": [
              {
                "enable_resource_name_dns_a_record": false,
                "enable_resource_name_dns_aaaa_record": false,
                "hostname_type": "ip-name"
              }
            ],
            "private_ip": "172.31.13.8",
            "public_dns": "ec2-3-110-43-163.ap-south-1.compute.amazonaws.com",
            "public_ip": "3.110.43.163",
            "root_block_device": [
              {
                "delete_on_termination": true,
                "device_name": "/dev/sda1",
                "encrypted": false,
                "iops": 3000,
                "kms_key_id": "",
                "tags": {
                  "Cluster": "tf7",
                  "Name": "tf7-CONTROL-PLANE-NODE-1"
                },
                "tags_all": {
                  "Cluster": "tf7",
                  "Name": "tf7-CONTROL-PLANE-NODE-1"
                },
                "throughput": 125,
                "volume_id": "vol-0baf2b4c6b2ee06b1",
                "volume_size": 20,
                "volume_type": "gp3"
              }
            ],
            "secondary_private_ips": [],
            "security_groups": [
              "terraform-20240806064806929600000004"
            ],
            "source_dest_check": true,
            "spot_instance_request_id": "",
            "subnet_id": "subnet-6bc5b227",
            "tags": {
              "Cluster": "tf7",
              "Name": "tf7-CONTROL-PLANE-NODE-1"
            },
            "tags_all": {
              "Cluster": "tf7",
              "Name": "tf7-CONTROL-PLANE-NODE-1"
            },
            "tenancy": "default",
            "timeouts": null,
            "user_data": "a34424cd0f52f5625ad7572a4532974a8c151bfe",
            "user_data_base64": null,
            "user_data_replace_on_change": false,
            "volume_tags": null,
            "vpc_security_group_ids": [
              "sg-019344377e9de3fdb"
            ]
          },
          "sensitive_attributes": [],
          "private": "eyJlMmJmYjczMC1lY2FhLTExZTYtOGY4OC0zNDM2M2JjN2M0YzAiOnsiY3JlYXRlIjo2MDAwMDAwMDAwMDAsImRlbGV0ZSI6MTIwMDAwMDAwMDAwMCwicmVhZCI6OTAwMDAwMDAwMDAwLCJ1cGRhdGUiOjYwMDAwMDAwMDAwMH0sInNjaGVtYV92ZXJzaW9uIjoiMSJ9",
          "dependencies": [
            "module.aws-resource-creation.aws_security_group.security-group"
          ]
        },
        {
          "index_key": "CONTROL-PLANE-NODE-2",
          "schema_version": 1,
          "attributes": {
            "ami": "ami-0ad21ae1d0696ad58",
            "arn": "arn:aws:ec2:ap-south-1:931337674770:instance/i-0baca6bcd717a0e46",
            "associate_public_ip_address": true,
            "availability_zone": "ap-south-1b",
            "capacity_reservation_specification": [
              {
                "capacity_reservation_preference": "open",
                "capacity_reservation_target": []
              }
            ],
            "cpu_core_count": 2,
            "cpu_options": [
              {
                "amd_sev_snp": "",
                "core_count": 2,
                "threads_per_core": 1
              }
            ],
            "cpu_threads_per_core": 1,
            "credit_specification": [
              {
                "cpu_credits": "standard"
              }
            ],
            "disable_api_stop": false,
            "disable_api_termination": false,
            "ebs_block_device": [],
            "ebs_optimized": false,
            "enclave_options": [
              {
                "enabled": false
              }
            ],
            "ephemeral_block_device": [],
            "get_password_data": false,
            "hibernation": false,
            "host_id": "",
            "host_resource_group_arn": null,
            "iam_instance_profile": "",
            "id": "i-0baca6bcd717a0e46",
            "instance_initiated_shutdown_behavior": "stop",
            "instance_lifecycle": "",
            "instance_market_options": [],
            "instance_state": "running",
            "instance_type": "t2.medium",
            "ipv6_address_count": 0,
            "ipv6_addresses": [],
            "key_name": "mosip-aws",
            "launch_template": [],
            "maintenance_options": [
              {
                "auto_recovery": "default"
              }
            ],
            "metadata_options": [
              {
                "http_endpoint": "enabled",
                "http_protocol_ipv6": "disabled",
                "http_put_response_hop_limit": 2,
                "http_tokens": "required",
                "instance_metadata_tags": "disabled"
              }
            ],
            "monitoring": false,
            "network_interface": [],
            "outpost_arn": "",
            "password_data": "",
            "placement_group": "",
            "placement_partition_number": 0,
            "primary_network_interface_id": "eni-04ba5a997a7248cfd",
            "private_dns": "ip-172-31-3-88.ap-south-1.compute.internal",
            "private_dns_name_options": [
              {
                "enable_resource_name_dns_a_record": false,
                "enable_resource_name_dns_aaaa_record": false,
                "hostname_type": "ip-name"
              }
            ],
            "private_ip": "172.31.3.88",
            "public_dns": "ec2-3-108-217-100.ap-south-1.compute.amazonaws.com",
            "public_ip": "3.108.217.100",
            "root_block_device": [
              {
                "delete_on_termination": true,
                "device_name": "/dev/sda1",
                "encrypted": false,
                "iops": 3000,
                "kms_key_id": "",
                "tags": {
                  "Cluster": "tf7",
                  "Name": "tf7-CONTROL-PLANE-NODE-2"
                },
                "tags_all": {
                  "Cluster": "tf7",
                  "Name": "tf7-CONTROL-PLANE-NODE-2"
                },
                "throughput": 125,
                "volume_id": "vol-052b760443a7653a9",
                "volume_size": 20,
                "volume_type": "gp3"
              }
            ],
            "secondary_private_ips": [],
            "security_groups": [
              "terraform-20240806064806929600000004"
            ],
            "source_dest_check": true,
            "spot_instance_request_id": "",
            "subnet_id": "subnet-6bc5b227",
            "tags": {
              "Cluster": "tf7",
              "Name": "tf7-CONTROL-PLANE-NODE-2"
            },
            "tags_all": {
              "Cluster": "tf7",
              "Name": "tf7-CONTROL-PLANE-NODE-2"
            },
            "tenancy": "default",
            "timeouts": null,
            "user_data": "bca7797066700eeb412a7324ef366f3f06288d29",
            "user_data_base64": null,
            "user_data_replace_on_change": false,
            "volume_tags": null,
            "vpc_security_group_ids": [
              "sg-019344377e9de3fdb"
            ]
          },
          "sensitive_attributes": [],
          "private": "eyJlMmJmYjczMC1lY2FhLTExZTYtOGY4OC0zNDM2M2JjN2M0YzAiOnsiY3JlYXRlIjo2MDAwMDAwMDAwMDAsImRlbGV0ZSI6MTIwMDAwMDAwMDAwMCwicmVhZCI6OTAwMDAwMDAwMDAwLCJ1cGRhdGUiOjYwMDAwMDAwMDAwMH0sInNjaGVtYV92ZXJzaW9uIjoiMSJ9",
          "dependencies": [
            "module.aws-resource-creation.aws_security_group.security-group"
          ]
        },
        {
          "index_key": "CONTROL-PLANE-NODE-3",
          "schema_version": 1,
          "attributes": {
            "ami": "ami-0ad21ae1d0696ad58",
            "arn": "arn:aws:ec2:ap-south-1:931337674770:instance/i-08c4cb9e5a86450e0",
            "associate_public_ip_address": true,
            "availability_zone": "ap-south-1b",
            "capacity_reservation_specification": [
              {
                "capacity_reservation_preference": "open",
                "capacity_reservation_target": []
              }
            ],
            "cpu_core_count": 2,
            "cpu_options": [
              {
                "amd_sev_snp": "",
                "core_count": 2,
                "threads_per_core": 1
              }
            ],
            "cpu_threads_per_core": 1,
            "credit_specification": [
              {
                "cpu_credits": "standard"
              }
            ],
            "disable_api_stop": false,
            "disable_api_termination": false,
            "ebs_block_device": [],
            "ebs_optimized": false,
            "enclave_options": [
              {
                "enabled": false
              }
            ],
            "ephemeral_block_device": [],
            "get_password_data": false,
            "hibernation": false,
            "host_id": "",
            "host_resource_group_arn": null,
            "iam_instance_profile": "",
            "id": "i-08c4cb9e5a86450e0",
            "instance_initiated_shutdown_behavior": "stop",
            "instance_lifecycle": "",
            "instance_market_options": [],
            "instance_state": "running",
            "instance_type": "t2.medium",
            "ipv6_address_count": 0,
            "ipv6_addresses": [],
            "key_name": "mosip-aws",
            "launch_template": [],
            "maintenance_options": [
              {
                "auto_recovery": "default"
              }
            ],
            "metadata_options": [
              {
                "http_endpoint": "enabled",
                "http_protocol_ipv6": "disabled",
                "http_put_response_hop_limit": 2,
                "http_tokens": "required",
                "instance_metadata_tags": "disabled"
              }
            ],
            "monitoring": false,
            "network_interface": [],
            "outpost_arn": "",
            "password_data": "",
            "placement_group": "",
            "placement_partition_number": 0,
            "primary_network_interface_id": "eni-0822987ffc53b4dec",
            "private_dns": "ip-172-31-6-205.ap-south-1.compute.internal",
            "private_dns_name_options": [
              {
                "enable_resource_name_dns_a_record": false,
                "enable_resource_name_dns_aaaa_record": false,
                "hostname_type": "ip-name"
              }
            ],
            "private_ip": "172.31.6.205",
            "public_dns": "ec2-43-204-115-235.ap-south-1.compute.amazonaws.com",
            "public_ip": "43.204.115.235",
            "root_block_device": [
              {
                "delete_on_termination": true,
                "device_name": "/dev/sda1",
                "encrypted": false,
                "iops": 3000,
                "kms_key_id": "",
                "tags": {
                  "Cluster": "tf7",
                  "Name": "tf7-CONTROL-PLANE-NODE-3"
                },
                "tags_all": {
                  "Cluster": "tf7",
                  "Name": "tf7-CONTROL-PLANE-NODE-3"
                },
                "throughput": 125,
                "volume_id": "vol-0f12fdd514d8999ce",
                "volume_size": 20,
                "volume_type": "gp3"
              }
            ],
            "secondary_private_ips": [],
            "security_groups": [
              "terraform-20240806064806929600000004"
            ],
            "source_dest_check": true,
            "spot_instance_request_id": "",
            "subnet_id": "subnet-6bc5b227",
            "tags": {
              "Cluster": "tf7",
              "Name": "tf7-CONTROL-PLANE-NODE-3"
            },
            "tags_all": {
              "Cluster": "tf7",
              "Name": "tf7-CONTROL-PLANE-NODE-3"
            },
            "tenancy": "default",
            "timeouts": null,
            "user_data": "1ddfe760d572fa96d626f6793f7e3d4b51aa63f5",
            "user_data_base64": null,
            "user_data_replace_on_change": false,
            "volume_tags": null,
            "vpc_security_group_ids": [
              "sg-019344377e9de3fdb"
            ]
          },
          "sensitive_attributes": [],
          "private": "eyJlMmJmYjczMC1lY2FhLTExZTYtOGY4OC0zNDM2M2JjN2M0YzAiOnsiY3JlYXRlIjo2MDAwMDAwMDAwMDAsImRlbGV0ZSI6MTIwMDAwMDAwMDAwMCwicmVhZCI6OTAwMDAwMDAwMDAwLCJ1cGRhdGUiOjYwMDAwMDAwMDAwMH0sInNjaGVtYV92ZXJzaW9uIjoiMSJ9",
          "dependencies": [
            "module.aws-resource-creation.aws_security_group.security-group"
          ]
        },
        {
          "index_key": "ETCD-NODE-1",
          "schema_version": 1,
          "attributes": {
            "ami": "ami-0ad21ae1d0696ad58",
            "arn": "arn:aws:ec2:ap-south-1:931337674770:instance/i-084b856920dc7b122",
            "associate_public_ip_address": true,
            "availability_zone": "ap-south-1a",
            "capacity_reservation_specification": [
              {
                "capacity_reservation_preference": "open",
                "capacity_reservation_target": []
              }
            ],
            "cpu_core_count": 2,
            "cpu_options": [
              {
                "amd_sev_snp": "",
                "core_count": 2,
                "threads_per_core": 1
              }
            ],
            "cpu_threads_per_core": 1,
            "credit_specification": [
              {
                "cpu_credits": "standard"
              }
            ],
            "disable_api_stop": false,
            "disable_api_termination": false,
            "ebs_block_device": [],
            "ebs_optimized": false,
            "enclave_options": [
              {
                "enabled": false
              }
            ],
            "ephemeral_block_device": [],
            "get_password_data": false,
            "hibernation": false,
            "host_id": "",
            "host_resource_group_arn": null,
            "iam_instance_profile": "",
            "id": "i-084b856920dc7b122",
            "instance_initiated_shutdown_behavior": "stop",
            "instance_lifecycle": "",
            "instance_market_options": [],
            "instance_state": "running",
            "instance_type": "t2.medium",
            "ipv6_address_count": 0,
            "ipv6_addresses": [],
            "key_name": "mosip-aws",
            "launch_template": [],
            "maintenance_options": [
              {
                "auto_recovery": "default"
              }
            ],
            "metadata_options": [
              {
                "http_endpoint": "enabled",
                "http_protocol_ipv6": "disabled",
                "http_put_response_hop_limit": 2,
                "http_tokens": "required",
                "instance_metadata_tags": "disabled"
              }
            ],
            "monitoring": false,
            "network_interface": [],
            "outpost_arn": "",
            "password_data": "",
            "placement_group": "",
            "placement_partition_number": 0,
            "primary_network_interface_id": "eni-0987c9cdbb742fb98",
            "private_dns": "ip-172-31-46-0.ap-south-1.compute.internal",
            "private_dns_name_options": [
              {
                "enable_resource_name_dns_a_record": false,
                "enable_resource_name_dns_aaaa_record": false,
                "hostname_type": "ip-name"
              }
            ],
            "private_ip": "172.31.46.0",
            "public_dns": "ec2-13-233-196-56.ap-south-1.compute.amazonaws.com",
            "public_ip": "13.233.196.56",
            "root_block_device": [
              {
                "delete_on_termination": true,
                "device_name": "/dev/sda1",
                "encrypted": false,
                "iops": 3000,
                "kms_key_id": "",
                "tags": {
                  "Cluster": "tf7",
                  "Name": "tf7-ETCD-NODE-1"
                },
                "tags_all": {
                  "Cluster": "tf7",
                  "Name": "tf7-ETCD-NODE-1"
                },
                "throughput": 125,
                "volume_id": "vol-04bcee1a37e4cd8ec",
                "volume_size": 20,
                "volume_type": "gp3"
              }
            ],
            "secondary_private_ips": [],
            "security_groups": [
              "terraform-20240806064806918800000003"
            ],
            "source_dest_check": true,
            "spot_instance_request_id": "",
            "subnet_id": "subnet-7d0c0d15",
            "tags": {
              "Cluster": "tf7",
              "Name": "tf7-ETCD-NODE-1"
            },
            "tags_all": {
              "Cluster": "tf7",
              "Name": "tf7-ETCD-NODE-1"
            },
            "tenancy": "default",
            "timeouts": null,
            "user_data": "4dccd249383a815d925ad7a3669459585d88a8df",
            "user_data_base64": null,
            "user_data_replace_on_change": false,
            "volume_tags": null,
            "vpc_security_group_ids": [
              "sg-0680fc68e84801f10"
            ]
          },
          "sensitive_attributes": [],
          "private": "eyJlMmJmYjczMC1lY2FhLTExZTYtOGY4OC0zNDM2M2JjN2M0YzAiOnsiY3JlYXRlIjo2MDAwMDAwMDAwMDAsImRlbGV0ZSI6MTIwMDAwMDAwMDAwMCwicmVhZCI6OTAwMDAwMDAwMDAwLCJ1cGRhdGUiOjYwMDAwMDAwMDAwMH0sInNjaGVtYV92ZXJzaW9uIjoiMSJ9",
          "dependencies": [
            "module.aws-resource-creation.aws_security_group.security-group"
          ]
        },
        {
          "index_key": "ETCD-NODE-2",
          "schema_version": 1,
          "attributes": {
            "ami": "ami-0ad21ae1d0696ad58",
            "arn": "arn:aws:ec2:ap-south-1:931337674770:instance/i-06ec1325136d8cd7d",
            "associate_public_ip_address": true,
            "availability_zone": "ap-south-1a",
            "capacity_reservation_specification": [
              {
                "capacity_reservation_preference": "open",
                "capacity_reservation_target": []
              }
            ],
            "cpu_core_count": 2,
            "cpu_options": [
              {
                "amd_sev_snp": "",
                "core_count": 2,
                "threads_per_core": 1
              }
            ],
            "cpu_threads_per_core": 1,
            "credit_specification": [
              {
                "cpu_credits": "standard"
              }
            ],
            "disable_api_stop": false,
            "disable_api_termination": false,
            "ebs_block_device": [],
            "ebs_optimized": false,
            "enclave_options": [
              {
                "enabled": false
              }
            ],
            "ephemeral_block_device": [],
            "get_password_data": false,
            "hibernation": false,
            "host_id": "",
            "host_resource_group_arn": null,
            "iam_instance_profile": "",
            "id": "i-06ec1325136d8cd7d",
            "instance_initiated_shutdown_behavior": "stop",
            "instance_lifecycle": "",
            "instance_market_options": [],
            "instance_state": "running",
            "instance_type": "t2.medium",
            "ipv6_address_count": 0,
            "ipv6_addresses": [],
            "key_name": "mosip-aws",
            "launch_template": [],
            "maintenance_options": [
              {
                "auto_recovery": "default"
              }
            ],
            "metadata_options": [
              {
                "http_endpoint": "enabled",
                "http_protocol_ipv6": "disabled",
                "http_put_response_hop_limit": 2,
                "http_tokens": "required",
                "instance_metadata_tags": "disabled"
              }
            ],
            "monitoring": false,
            "network_interface": [],
            "outpost_arn": "",
            "password_data": "",
            "placement_group": "",
            "placement_partition_number": 0,
            "primary_network_interface_id": "eni-01a61f55b9be54bee",
            "private_dns": "ip-172-31-42-91.ap-south-1.compute.internal",
            "private_dns_name_options": [
              {
                "enable_resource_name_dns_a_record": false,
                "enable_resource_name_dns_aaaa_record": false,
                "hostname_type": "ip-name"
              }
            ],
            "private_ip": "172.31.42.91",
            "public_dns": "ec2-13-201-27-166.ap-south-1.compute.amazonaws.com",
            "public_ip": "13.201.27.166",
            "root_block_device": [
              {
                "delete_on_termination": true,
                "device_name": "/dev/sda1",
                "encrypted": false,
                "iops": 3000,
                "kms_key_id": "",
                "tags": {
                  "Cluster": "tf7",
                  "Name": "tf7-ETCD-NODE-2"
                },
                "tags_all": {
                  "Cluster": "tf7",
                  "Name": "tf7-ETCD-NODE-2"
                },
                "throughput": 125,
                "volume_id": "vol-0f4e428a88409d9d8",
                "volume_size": 20,
                "volume_type": "gp3"
              }
            ],
            "secondary_private_ips": [],
            "security_groups": [
              "terraform-20240806064806918800000003"
            ],
            "source_dest_check": true,
            "spot_instance_request_id": "",
            "subnet_id": "subnet-7d0c0d15",
            "tags": {
              "Cluster": "tf7",
              "Name": "tf7-ETCD-NODE-2"
            },
            "tags_all": {
              "Cluster": "tf7",
              "Name": "tf7-ETCD-NODE-2"
            },
            "tenancy": "default",
            "timeouts": null,
            "user_data": "9b5319ef0b55b694ea921f14dab2b7821ce55359",
            "user_data_base64": null,
            "user_data_replace_on_change": false,
            "volume_tags": null,
            "vpc_security_group_ids": [
              "sg-0680fc68e84801f10"
            ]
          },
          "sensitive_attributes": [],
          "private": "eyJlMmJmYjczMC1lY2FhLTExZTYtOGY4OC0zNDM2M2JjN2M0YzAiOnsiY3JlYXRlIjo2MDAwMDAwMDAwMDAsImRlbGV0ZSI6MTIwMDAwMDAwMDAwMCwicmVhZCI6OTAwMDAwMDAwMDAwLCJ1cGRhdGUiOjYwMDAwMDAwMDAwMH0sInNjaGVtYV92ZXJzaW9uIjoiMSJ9",
          "dependencies": [
            "module.aws-resource-creation.aws_security_group.security-group"
          ]
        },
        {
          "index_key": "WORKER-NODE-1",
          "schema_version": 1,
          "attributes": {
            "ami": "ami-0ad21ae1d0696ad58",
            "arn": "arn:aws:ec2:ap-south-1:931337674770:instance/i-086ab790538cf63c9",
            "associate_public_ip_address": true,
            "availability_zone": "ap-south-1b",
            "capacity_reservation_specification": [
              {
                "capacity_reservation_preference": "open",
                "capacity_reservation_target": []
              }
            ],
            "cpu_core_count": 2,
            "cpu_options": [
              {
                "amd_sev_snp": "",
                "core_count": 2,
                "threads_per_core": 1
              }
            ],
            "cpu_threads_per_core": 1,
            "credit_specification": [
              {
                "cpu_credits": "standard"
              }
            ],
            "disable_api_stop": false,
            "disable_api_termination": false,
            "ebs_block_device": [],
            "ebs_optimized": false,
            "enclave_options": [
              {
                "enabled": false
              }
            ],
            "ephemeral_block_device": [],
            "get_password_data": false,
            "hibernation": false,
            "host_id": "",
            "host_resource_group_arn": null,
            "iam_instance_profile": "",
            "id": "i-086ab790538cf63c9",
            "instance_initiated_shutdown_behavior": "stop",
            "instance_lifecycle": "",
            "instance_market_options": [],
            "instance_state": "running",
            "instance_type": "t2.medium",
            "ipv6_address_count": 0,
            "ipv6_addresses": [],
            "key_name": "mosip-aws",
            "launch_template": [],
            "maintenance_options": [
              {
                "auto_recovery": "default"
              }
            ],
            "metadata_options": [
              {
                "http_endpoint": "enabled",
                "http_protocol_ipv6": "disabled",
                "http_put_response_hop_limit": 2,
                "http_tokens": "required",
                "instance_metadata_tags": "disabled"
              }
            ],
            "monitoring": false,
            "network_interface": [],
            "outpost_arn": "",
            "password_data": "",
            "placement_group": "",
            "placement_partition_number": 0,
            "primary_network_interface_id": "eni-076abd972696751a3",
            "private_dns": "ip-172-31-12-53.ap-south-1.compute.internal",
            "private_dns_name_options": [
              {
                "enable_resource_name_dns_a_record": false,
                "enable_resource_name_dns_aaaa_record": false,
                "hostname_type": "ip-name"
              }
            ],
            "private_ip": "172.31.12.53",
            "public_dns": "ec2-13-233-91-63.ap-south-1.compute.amazonaws.com",
            "public_ip": "13.233.91.63",
            "root_block_device": [
              {
                "delete_on_termination": true,
                "device_name": "/dev/sda1",
                "encrypted": false,
                "iops": 3000,
                "kms_key_id": "",
                "tags": {
                  "Cluster": "tf7",
                  "Name": "tf7-WORKER-NODE-1"
                },
                "tags_all": {
                  "Cluster": "tf7",
                  "Name": "tf7-WORKER-NODE-1"
                },
                "throughput": 125,
                "volume_id": "vol-0d9937535996006f2",
                "volume_size": 20,
                "volume_type": "gp3"
              }
            ],
            "secondary_private_ips": [],
            "security_groups": [
              "terraform-20240806064806911500000001"
            ],
            "source_dest_check": true,
            "spot_instance_request_id": "",
            "subnet_id": "subnet-6bc5b227",
            "tags": {
              "Cluster": "tf7",
              "Name": "tf7-WORKER-NODE-1"
            },
            "tags_all": {
              "Cluster": "tf7",
              "Name": "tf7-WORKER-NODE-1"
            },
            "tenancy": "default",
            "timeouts": null,
            "user_data": "eb575b99ffacd69fdb46acc86b4343cfcc61fe87",
            "user_data_base64": null,
            "user_data_replace_on_change": false,
            "volume_tags": null,
            "vpc_security_group_ids": [
              "sg-0cea6dc8bb71c11aa"
            ]
          },
          "sensitive_attributes": [],
          "private": "eyJlMmJmYjczMC1lY2FhLTExZTYtOGY4OC0zNDM2M2JjN2M0YzAiOnsiY3JlYXRlIjo2MDAwMDAwMDAwMDAsImRlbGV0ZSI6MTIwMDAwMDAwMDAwMCwicmVhZCI6OTAwMDAwMDAwMDAwLCJ1cGRhdGUiOjYwMDAwMDAwMDAwMH0sInNjaGVtYV92ZXJzaW9uIjoiMSJ9",
          "dependencies": [
            "module.aws-resource-creation.aws_security_group.security-group"
          ]
        },
        {
          "index_key": "WORKER-NODE-2",
          "schema_version": 1,
          "attributes": {
            "ami": "ami-0ad21ae1d0696ad58",
            "arn": "arn:aws:ec2:ap-south-1:931337674770:instance/i-087538887bb2435d2",
            "associate_public_ip_address": true,
            "availability_zone": "ap-south-1a",
            "capacity_reservation_specification": [
              {
                "capacity_reservation_preference": "open",
                "capacity_reservation_target": []
              }
            ],
            "cpu_core_count": 2,
            "cpu_options": [
              {
                "amd_sev_snp": "",
                "core_count": 2,
                "threads_per_core": 1
              }
            ],
            "cpu_threads_per_core": 1,
            "credit_specification": [
              {
                "cpu_credits": "standard"
              }
            ],
            "disable_api_stop": false,
            "disable_api_termination": false,
            "ebs_block_device": [],
            "ebs_optimized": false,
            "enclave_options": [
              {
                "enabled": false
              }
            ],
            "ephemeral_block_device": [],
            "get_password_data": false,
            "hibernation": false,
            "host_id": "",
            "host_resource_group_arn": null,
            "iam_instance_profile": "",
            "id": "i-087538887bb2435d2",
            "instance_initiated_shutdown_behavior": "stop",
            "instance_lifecycle": "",
            "instance_market_options": [],
            "instance_state": "running",
            "instance_type": "t2.medium",
            "ipv6_address_count": 0,
            "ipv6_addresses": [],
            "key_name": "mosip-aws",
            "launch_template": [],
            "maintenance_options": [
              {
                "auto_recovery": "default"
              }
            ],
            "metadata_options": [
              {
                "http_endpoint": "enabled",
                "http_protocol_ipv6": "disabled",
                "http_put_response_hop_limit": 2,
                "http_tokens": "required",
                "instance_metadata_tags": "disabled"
              }
            ],
            "monitoring": false,
            "network_interface": [],
            "outpost_arn": "",
            "password_data": "",
            "placement_group": "",
            "placement_partition_number": 0,
            "primary_network_interface_id": "eni-070da9a359e6ef7a9",
            "private_dns": "ip-172-31-41-132.ap-south-1.compute.internal",
            "private_dns_name_options": [
              {
                "enable_resource_name_dns_a_record": false,
                "enable_resource_name_dns_aaaa_record": false,
                "hostname_type": "ip-name"
              }
            ],
            "private_ip": "172.31.41.132",
            "public_dns": "ec2-13-232-100-166.ap-south-1.compute.amazonaws.com",
            "public_ip": "13.232.100.166",
            "root_block_device": [
              {
                "delete_on_termination": true,
                "device_name": "/dev/sda1",
                "encrypted": false,
                "iops": 3000,
                "kms_key_id": "",
                "tags": {
                  "Cluster": "tf7",
                  "Name": "tf7-WORKER-NODE-2"
                },
                "tags_all": {
                  "Cluster": "tf7",
                  "Name": "tf7-WORKER-NODE-2"
                },
                "throughput": 125,
                "volume_id": "vol-08d832f6088a87fb9",
                "volume_size": 20,
                "volume_type": "gp3"
              }
            ],
            "secondary_private_ips": [],
            "security_groups": [
              "terraform-20240806064806911500000001"
            ],
            "source_dest_check": true,
            "spot_instance_request_id": "",
            "subnet_id": "subnet-7d0c0d15",
            "tags": {
              "Cluster": "tf7",
              "Name": "tf7-WORKER-NODE-2"
            },
            "tags_all": {
              "Cluster": "tf7",
              "Name": "tf7-WORKER-NODE-2"
            },
            "tenancy": "default",
            "timeouts": null,
            "user_data": "84675d25d947bfa86e8e2402ce32f3b8280886b8",
            "user_data_base64": null,
            "user_data_replace_on_change": false,
            "volume_tags": null,
            "vpc_security_group_ids": [
              "sg-0cea6dc8bb71c11aa"
            ]
          },
          "sensitive_attributes": [],
          "private": "eyJlMmJmYjczMC1lY2FhLTExZTYtOGY4OC0zNDM2M2JjN2M0YzAiOnsiY3JlYXRlIjo2MDAwMDAwMDAwMDAsImRlbGV0ZSI6MTIwMDAwMDAwMDAwMCwicmVhZCI6OTAwMDAwMDAwMDAwLCJ1cGRhdGUiOjYwMDAwMDAwMDAwMH0sInNjaGVtYV92ZXJzaW9uIjoiMSJ9",
          "dependencies": [
            "module.aws-resource-creation.aws_security_group.security-group"
          ]
        },
        {
          "index_key": "WORKER-NODE-3",
          "schema_version": 1,
          "attributes": {
            "ami": "ami-0ad21ae1d0696ad58",
            "arn": "arn:aws:ec2:ap-south-1:931337674770:instance/i-04dad1ca2d751546a",
            "associate_public_ip_address": true,
            "availability_zone": "ap-south-1b",
            "capacity_reservation_specification": [
              {
                "capacity_reservation_preference": "open",
                "capacity_reservation_target": []
              }
            ],
            "cpu_core_count": 2,
            "cpu_options": [
              {
                "amd_sev_snp": "",
                "core_count": 2,
                "threads_per_core": 1
              }
            ],
            "cpu_threads_per_core": 1,
            "credit_specification": [
              {
                "cpu_credits": "standard"
              }
            ],
            "disable_api_stop": false,
            "disable_api_termination": false,
            "ebs_block_device": [],
            "ebs_optimized": false,
            "enclave_options": [
              {
                "enabled": false
              }
            ],
            "ephemeral_block_device": [],
            "get_password_data": false,
            "hibernation": false,
            "host_id": "",
            "host_resource_group_arn": null,
            "iam_instance_profile": "",
            "id": "i-04dad1ca2d751546a",
            "instance_initiated_shutdown_behavior": "stop",
            "instance_lifecycle": "",
            "instance_market_options": [],
            "instance_state": "running",
            "instance_type": "t2.medium",
            "ipv6_address_count": 0,
            "ipv6_addresses": [],
            "key_name": "mosip-aws",
            "launch_template": [],
            "maintenance_options": [
              {
                "auto_recovery": "default"
              }
            ],
            "metadata_options": [
              {
                "http_endpoint": "enabled",
                "http_protocol_ipv6": "disabled",
                "http_put_response_hop_limit": 2,
                "http_tokens": "required",
                "instance_metadata_tags": "disabled"
              }
            ],
            "monitoring": false,
            "network_interface": [],
            "outpost_arn": "",
            "password_data": "",
            "placement_group": "",
            "placement_partition_number": 0,
            "primary_network_interface_id": "eni-04319aaaf1aa7a981",
            "private_dns": "ip-172-31-4-112.ap-south-1.compute.internal",
            "private_dns_name_options": [
              {
                "enable_resource_name_dns_a_record": false,
                "enable_resource_name_dns_aaaa_record": false,
                "hostname_type": "ip-name"
              }
            ],
            "private_ip": "172.31.4.112",
            "public_dns": "ec2-13-201-191-242.ap-south-1.compute.amazonaws.com",
            "public_ip": "13.201.191.242",
            "root_block_device": [
              {
                "delete_on_termination": true,
                "device_name": "/dev/sda1",
                "encrypted": false,
                "iops": 3000,
                "kms_key_id": "",
                "tags": {
                  "Cluster": "tf7",
                  "Name": "tf7-WORKER-NODE-3"
                },
                "tags_all": {
                  "Cluster": "tf7",
                  "Name": "tf7-WORKER-NODE-3"
                },
                "throughput": 125,
                "volume_id": "vol-0bef3d8663abdf493",
                "volume_size": 20,
                "volume_type": "gp3"
              }
            ],
            "secondary_private_ips": [],
            "security_groups": [
              "terraform-20240806064806911500000001"
            ],
            "source_dest_check": true,
            "spot_instance_request_id": "",
            "subnet_id": "subnet-6bc5b227",
            "tags": {
              "Cluster": "tf7",
              "Name": "tf7-WORKER-NODE-3"
            },
            "tags_all": {
              "Cluster": "tf7",
              "Name": "tf7-WORKER-NODE-3"
            },
            "tenancy": "default",
            "timeouts": null,
            "user_data": "e15d23d29df227e93ba3e25edf3f80c6329c992b",
            "user_data_base64": null,
            "user_data_replace_on_change": false,
            "volume_tags": null,
            "vpc_security_group_ids": [
              "sg-0cea6dc8bb71c11aa"
            ]
          },
          "sensitive_attributes": [],
          "private": "eyJlMmJmYjczMC1lY2FhLTExZTYtOGY4OC0zNDM2M2JjN2M0YzAiOnsiY3JlYXRlIjo2MDAwMDAwMDAwMDAsImRlbGV0ZSI6MTIwMDAwMDAwMDAwMCwicmVhZCI6OTAwMDAwMDAwMDAwLCJ1cGRhdGUiOjYwMDAwMDAwMDAwMH0sInNjaGVtYV92ZXJzaW9uIjoiMSJ9",
          "dependencies": [
            "module.aws-resource-creation.aws_security_group.security-group"
          ]
        }
      ]
    },
    {
      "module": "module.aws-resource-creation",
      "mode": "managed",
      "type": "aws_instance",
      "name": "NGINX_EC2_INSTANCE",
      "provider": "module.aws-resource-creation.provider[\"registry.terraform.io/hashicorp/aws\"]",
      "instances": [
        {
          "schema_version": 1,
          "attributes": {
            "ami": "ami-0ad21ae1d0696ad58",
            "arn": "arn:aws:ec2:ap-south-1:931337674770:instance/i-0a61d488552d6329b",
            "associate_public_ip_address": true,
            "availability_zone": "ap-south-1b",
            "capacity_reservation_specification": [
              {
                "capacity_reservation_preference": "open",
                "capacity_reservation_target": []
              }
            ],
            "cpu_core_count": 1,
            "cpu_options": [
              {
                "amd_sev_snp": "",
                "core_count": 1,
                "threads_per_core": 1
              }
            ],
            "cpu_threads_per_core": 1,
            "credit_specification": [
              {
                "cpu_credits": "standard"
              }
            ],
            "disable_api_stop": false,
            "disable_api_termination": false,
            "ebs_block_device": [
              {
                "delete_on_termination": true,
                "device_name": "/dev/sdb",
                "encrypted": false,
                "iops": 3000,
                "kms_key_id": "",
                "snapshot_id": "",
                "tags": {
                  "Cluster": "tf7",
                  "Name": "tf7-NGINX-NODE"
                },
                "tags_all": {
                  "Cluster": "tf7",
                  "Name": "tf7-NGINX-NODE"
                },
                "throughput": 125,
                "volume_id": "vol-0cbf3c56e1af4c65b",
                "volume_size": 50,
                "volume_type": "gp3"
              }
            ],
            "ebs_optimized": false,
            "enclave_options": [
              {
                "enabled": false
              }
            ],
            "ephemeral_block_device": [],
            "get_password_data": false,
            "hibernation": false,
            "host_id": "",
            "host_resource_group_arn": null,
            "iam_instance_profile": "certbot-instance-profile",
            "id": "i-0a61d488552d6329b",
            "instance_initiated_shutdown_behavior": "stop",
            "instance_lifecycle": "",
            "instance_market_options": [],
            "instance_state": "running",
            "instance_type": "t2.micro",
            "ipv6_address_count": 0,
            "ipv6_addresses": [],
            "key_name": "mosip-aws",
            "launch_template": [],
            "maintenance_options": [
              {
                "auto_recovery": "default"
              }
            ],
            "metadata_options": [
              {
                "http_endpoint": "enabled",
                "http_protocol_ipv6": "disabled",
                "http_put_response_hop_limit": 2,
                "http_tokens": "required",
                "instance_metadata_tags": "disabled"
              }
            ],
            "monitoring": false,
            "network_interface": [],
            "outpost_arn": "",
            "password_data": "",
            "placement_group": "",
            "placement_partition_number": 0,
            "primary_network_interface_id": "eni-0374f3944b13f9690",
            "private_dns": "ip-172-31-6-16.ap-south-1.compute.internal",
            "private_dns_name_options": [
              {
                "enable_resource_name_dns_a_record": false,
                "enable_resource_name_dns_aaaa_record": false,
                "hostname_type": "ip-name"
              }
            ],
            "private_ip": "172.31.6.16",
            "public_dns": "ec2-3-109-209-129.ap-south-1.compute.amazonaws.com",
            "public_ip": "3.109.209.129",
            "root_block_device": [
              {
                "delete_on_termination": true,
                "device_name": "/dev/sda1",
                "encrypted": false,
                "iops": 3000,
                "kms_key_id": "",
                "tags": {
                  "Cluster": "tf7",
                  "Name": "tf7-NGINX-NODE"
                },
                "tags_all": {
                  "Cluster": "tf7",
                  "Name": "tf7-NGINX-NODE"
                },
                "throughput": 125,
                "volume_id": "vol-09fca5255433a720f",
                "volume_size": 20,
                "volume_type": "gp3"
              }
            ],
            "secondary_private_ips": [],
            "security_groups": [
              "terraform-20240806064806918000000002"
            ],
            "source_dest_check": true,
            "spot_instance_request_id": "",
            "subnet_id": "subnet-6bc5b227",
            "tags": {
              "Cluster": "tf7",
              "Name": "tf7-NGINX-NODE"
            },
            "tags_all": {
              "Cluster": "tf7",
              "Name": "tf7-NGINX-NODE"
            },
            "tenancy": "default",
            "timeouts": null,
            "user_data": "57bbf0d4f366f2d255493780e409a1d7565da03d",
            "user_data_base64": null,
            "user_data_replace_on_change": false,
            "volume_tags": null,
            "vpc_security_group_ids": [
              "sg-0713b92f3b7337190"
            ]
          },
          "sensitive_attributes": [],
          "private": "eyJlMmJmYjczMC1lY2FhLTExZTYtOGY4OC0zNDM2M2JjN2M0YzAiOnsiY3JlYXRlIjo2MDAwMDAwMDAwMDAsImRlbGV0ZSI6MTIwMDAwMDAwMDAwMCwicmVhZCI6OTAwMDAwMDAwMDAwLCJ1cGRhdGUiOjYwMDAwMDAwMDAwMH0sInNjaGVtYV92ZXJzaW9uIjoiMSJ9",
          "dependencies": [
            "module.aws-resource-creation.aws_iam_instance_profile.certbot_profile",
            "module.aws-resource-creation.aws_iam_role.certbot_role",
            "module.aws-resource-creation.aws_security_group.security-group"
          ]
        }
      ]
    },
    {
      "module": "module.aws-resource-creation",
      "mode": "managed",
      "type": "aws_route53_record",
      "name": "DNS_RECORDS",
      "provider": "module.aws-resource-creation.provider[\"registry.terraform.io/hashicorp/aws\"]",
      "instances": [
        {
          "index_key": "ADMIN_DNS",
          "schema_version": 2,
          "attributes": {
            "alias": [],
            "allow_overwrite": true,
            "cidr_routing_policy": [],
            "failover_routing_policy": [],
            "fqdn": "admin.tf7.mosip.net",
            "geolocation_routing_policy": [],
            "geoproximity_routing_policy": [],
            "health_check_id": "",
            "id": "Z090954828SJIEL6P5406_admin.tf7.mosip.net_CNAME",
            "latency_routing_policy": [],
            "multivalue_answer_routing_policy": false,
            "name": "admin.tf7.mosip.net",
            "records": [
              "api-internal.tf7.mosip.net"
            ],
            "set_identifier": "",
            "ttl": 300,
            "type": "CNAME",
            "weighted_routing_policy": [],
            "zone_id": "Z090954828SJIEL6P5406"
          },
          "sensitive_attributes": [],
          "private": "eyJzY2hlbWFfdmVyc2lvbiI6IjIifQ==",
          "dependencies": [
            "module.aws-resource-creation.aws_iam_instance_profile.certbot_profile",
            "module.aws-resource-creation.aws_iam_role.certbot_role",
            "module.aws-resource-creation.aws_instance.NGINX_EC2_INSTANCE",
            "module.aws-resource-creation.aws_security_group.security-group"
          ]
        },
        {
          "index_key": "API_DNS",
          "schema_version": 2,
          "attributes": {
            "alias": [],
            "allow_overwrite": true,
            "cidr_routing_policy": [],
            "failover_routing_policy": [],
            "fqdn": "api.tf7.mosip.net",
            "geolocation_routing_policy": [],
            "geoproximity_routing_policy": [],
            "health_check_id": "",
            "id": "Z090954828SJIEL6P5406_api.tf7.mosip.net_A",
            "latency_routing_policy": [],
            "multivalue_answer_routing_policy": false,
            "name": "api.tf7.mosip.net",
            "records": [
              "3.109.209.129"
            ],
            "set_identifier": "",
            "ttl": 300,
            "type": "A",
            "weighted_routing_policy": [],
            "zone_id": "Z090954828SJIEL6P5406"
          },
          "sensitive_attributes": [],
          "private": "eyJzY2hlbWFfdmVyc2lvbiI6IjIifQ==",
          "dependencies": [
            "module.aws-resource-creation.aws_iam_instance_profile.certbot_profile",
            "module.aws-resource-creation.aws_iam_role.certbot_role",
            "module.aws-resource-creation.aws_instance.NGINX_EC2_INSTANCE",
            "module.aws-resource-creation.aws_security_group.security-group"
          ]
        },
        {
          "index_key": "API_INTERNAL_DNS",
          "schema_version": 2,
          "attributes": {
            "alias": [],
            "allow_overwrite": true,
            "cidr_routing_policy": [],
            "failover_routing_policy": [],
            "fqdn": "api-internal.tf7.mosip.net",
            "geolocation_routing_policy": [],
            "geoproximity_routing_policy": [],
            "health_check_id": "",
            "id": "Z090954828SJIEL6P5406_api-internal.tf7.mosip.net_A",
            "latency_routing_policy": [],
            "multivalue_answer_routing_policy": false,
            "name": "api-internal.tf7.mosip.net",
            "records": [
              "172.31.6.16"
            ],
            "set_identifier": "",
            "ttl": 300,
            "type": "A",
            "weighted_routing_policy": [],
            "zone_id": "Z090954828SJIEL6P5406"
          },
          "sensitive_attributes": [],
          "private": "eyJzY2hlbWFfdmVyc2lvbiI6IjIifQ==",
          "dependencies": [
            "module.aws-resource-creation.aws_iam_instance_profile.certbot_profile",
            "module.aws-resource-creation.aws_iam_role.certbot_role",
            "module.aws-resource-creation.aws_instance.NGINX_EC2_INSTANCE",
            "module.aws-resource-creation.aws_security_group.security-group"
          ]
        },
        {
          "index_key": "ESIGNET_DNS",
          "schema_version": 2,
          "attributes": {
            "alias": [],
            "allow_overwrite": true,
            "cidr_routing_policy": [],
            "failover_routing_policy": [],
            "fqdn": "esignet.tf7.mosip.net",
            "geolocation_routing_policy": [],
            "geoproximity_routing_policy": [],
            "health_check_id": "",
            "id": "Z090954828SJIEL6P5406_esignet.tf7.mosip.net_CNAME",
            "latency_routing_policy": [],
            "multivalue_answer_routing_policy": false,
            "name": "esignet.tf7.mosip.net",
            "records": [
              "api.tf7.mosip.net"
            ],
            "set_identifier": "",
            "ttl": 300,
            "type": "CNAME",
            "weighted_routing_policy": [],
            "zone_id": "Z090954828SJIEL6P5406"
          },
          "sensitive_attributes": [],
          "private": "eyJzY2hlbWFfdmVyc2lvbiI6IjIifQ==",
          "dependencies": [
            "module.aws-resource-creation.aws_iam_instance_profile.certbot_profile",
            "module.aws-resource-creation.aws_iam_role.certbot_role",
            "module.aws-resource-creation.aws_instance.NGINX_EC2_INSTANCE",
            "module.aws-resource-creation.aws_security_group.security-group"
          ]
        },
        {
          "index_key": "MOSIP_HOMEPAGE_DNS",
          "schema_version": 2,
          "attributes": {
            "alias": [],
            "allow_overwrite": true,
            "cidr_routing_policy": [],
            "failover_routing_policy": [],
            "fqdn": "tf7.mosip.net",
            "geolocation_routing_policy": [],
            "geoproximity_routing_policy": [],
            "health_check_id": "",
            "id": "Z090954828SJIEL6P5406_tf7.mosip.net_CNAME",
            "latency_routing_policy": [],
            "multivalue_answer_routing_policy": false,
            "name": "tf7.mosip.net",
            "records": [
              "api-internal.tf7.mosip.net"
            ],
            "set_identifier": "",
            "ttl": 300,
            "type": "CNAME",
            "weighted_routing_policy": [],
            "zone_id": "Z090954828SJIEL6P5406"
          },
          "sensitive_attributes": [],
          "private": "eyJzY2hlbWFfdmVyc2lvbiI6IjIifQ==",
          "dependencies": [
            "module.aws-resource-creation.aws_iam_instance_profile.certbot_profile",
            "module.aws-resource-creation.aws_iam_role.certbot_role",
            "module.aws-resource-creation.aws_instance.NGINX_EC2_INSTANCE",
            "module.aws-resource-creation.aws_security_group.security-group"
          ]
        },
        {
          "index_key": "PREREG_DNS",
          "schema_version": 2,
          "attributes": {
            "alias": [],
            "allow_overwrite": true,
            "cidr_routing_policy": [],
            "failover_routing_policy": [],
            "fqdn": "prereg.tf7.mosip.net",
            "geolocation_routing_policy": [],
            "geoproximity_routing_policy": [],
            "health_check_id": "",
            "id": "Z090954828SJIEL6P5406_prereg.tf7.mosip.net_CNAME",
            "latency_routing_policy": [],
            "multivalue_answer_routing_policy": false,
            "name": "prereg.tf7.mosip.net",
            "records": [
              "api.tf7.mosip.net"
            ],
            "set_identifier": "",
            "ttl": 300,
            "type": "CNAME",
            "weighted_routing_policy": [],
            "zone_id": "Z090954828SJIEL6P5406"
          },
          "sensitive_attributes": [],
          "private": "eyJzY2hlbWFfdmVyc2lvbiI6IjIifQ==",
          "dependencies": [
            "module.aws-resource-creation.aws_iam_instance_profile.certbot_profile",
            "module.aws-resource-creation.aws_iam_role.certbot_role",
            "module.aws-resource-creation.aws_instance.NGINX_EC2_INSTANCE",
            "module.aws-resource-creation.aws_security_group.security-group"
          ]
        },
        {
          "index_key": "RESIDENT_DNS",
          "schema_version": 2,
          "attributes": {
            "alias": [],
            "allow_overwrite": true,
            "cidr_routing_policy": [],
            "failover_routing_policy": [],
            "fqdn": "resident.tf7.mosip.net",
            "geolocation_routing_policy": [],
            "geoproximity_routing_policy": [],
            "health_check_id": "",
            "id": "Z090954828SJIEL6P5406_resident.tf7.mosip.net_CNAME",
            "latency_routing_policy": [],
            "multivalue_answer_routing_policy": false,
            "name": "resident.tf7.mosip.net",
            "records": [
              "api.tf7.mosip.net"
            ],
            "set_identifier": "",
            "ttl": 300,
            "type": "CNAME",
            "weighted_routing_policy": [],
            "zone_id": "Z090954828SJIEL6P5406"
          },
          "sensitive_attributes": [],
          "private": "eyJzY2hlbWFfdmVyc2lvbiI6IjIifQ==",
          "dependencies": [
            "module.aws-resource-creation.aws_iam_instance_profile.certbot_profile",
            "module.aws-resource-creation.aws_iam_role.certbot_role",
            "module.aws-resource-creation.aws_instance.NGINX_EC2_INSTANCE",
            "module.aws-resource-creation.aws_security_group.security-group"
          ]
        }
      ]
    },
    {
      "module": "module.aws-resource-creation",
      "mode": "managed",
      "type": "aws_security_group",
      "name": "security-group",
      "provider": "module.aws-resource-creation.provider[\"registry.terraform.io/hashicorp/aws\"]",
      "instances": [
        {
          "index_key": "K8S_CONTROL_PLANE_SECURITY_GROUP",
          "schema_version": 1,
          "attributes": {
            "arn": "arn:aws:ec2:ap-south-1:931337674770:security-group/sg-019344377e9de3fdb",
            "description": "Rules which allow the outgoing traffic from the instances associated with the security group K8S_CONTROL_PLANE_SECURITY_GROUP",
            "egress": [
              {
                "cidr_blocks": [
                  "0.0.0.0/0"
                ],
                "description": "Rules which allow the incoming traffic to the instances associated with the security group.",
                "from_port": 0,
                "ipv6_cidr_blocks": [
                  "::/0"
                ],
                "prefix_list_ids": [],
                "protocol": "-1",
                "security_groups": [],
                "self": false,
                "to_port": 0
              }
            ],
            "id": "sg-019344377e9de3fdb",
            "ingress": [
              {
                "cidr_blocks": [
                  "0.0.0.0/0"
                ],
                "description": "Allow all incoming ICMP IPv4 and IPv6 traffic",
                "from_port": -1,
                "ipv6_cidr_blocks": [
                  "::/0"
                ],
                "prefix_list_ids": [],
                "protocol": "icmp",
                "security_groups": [],
                "self": false,
                "to_port": -1
              },
              {
                "cidr_blocks": [
                  "0.0.0.0/0"
                ],
                "description": "Canal CNI health checks",
                "from_port": 9099,
                "ipv6_cidr_blocks": [
                  "::/0"
                ],
                "prefix_list_ids": [],
                "protocol": "tcp",
                "security_groups": [],
                "self": false,
                "to_port": 9099
              },
              {
                "cidr_blocks": [
                  "0.0.0.0/0"
                ],
                "description": "Canal CNI with VXLAN",
                "from_port": 8472,
                "ipv6_cidr_blocks": [
                  "::/0"
                ],
                "prefix_list_ids": [],
                "protocol": "udp",
                "security_groups": [],
                "self": false,
                "to_port": 8472
              },
              {
                "cidr_blocks": [
                  "0.0.0.0/0"
                ],
                "description": "ETCD client port",
                "from_port": 2379,
                "ipv6_cidr_blocks": [
                  "::/0"
                ],
                "prefix_list_ids": [],
                "protocol": "tcp",
                "security_groups": [],
                "self": false,
                "to_port": 2379
              },
              {
                "cidr_blocks": [
                  "0.0.0.0/0"
                ],
                "description": "ETCD metrics port",
                "from_port": 2381,
                "ipv6_cidr_blocks": [
                  "::/0"
                ],
                "prefix_list_ids": [],
                "protocol": "tcp",
                "security_groups": [],
                "self": false,
                "to_port": 2381
              },
              {
                "cidr_blocks": [
                  "0.0.0.0/0"
                ],
                "description": "ETCD peer port",
                "from_port": 2380,
                "ipv6_cidr_blocks": [
                  "::/0"
                ],
                "prefix_list_ids": [],
                "protocol": "tcp",
                "security_groups": [],
                "self": false,
                "to_port": 2380
              },
              {
                "cidr_blocks": [
                  "0.0.0.0/0"
                ],
                "description": "Kubelet metrics",
                "from_port": 10250,
                "ipv6_cidr_blocks": [
                  "::/0"
                ],
                "prefix_list_ids": [],
                "protocol": "tcp",
                "security_groups": [],
                "self": false,
                "to_port": 10250
              },
              {
                "cidr_blocks": [
                  "0.0.0.0/0"
                ],
                "description": "Kubernetes API",
                "from_port": 6443,
                "ipv6_cidr_blocks": [
                  "::/0"
                ],
                "prefix_list_ids": [],
                "protocol": "tcp",
                "security_groups": [],
                "self": false,
                "to_port": 6443
              },
              {
                "cidr_blocks": [
                  "0.0.0.0/0"
                ],
                "description": "NodePort port range",
                "from_port": 30000,
                "ipv6_cidr_blocks": [
                  "::/0"
                ],
                "prefix_list_ids": [],
                "protocol": "tcp",
                "security_groups": [],
                "self": false,
                "to_port": 32767
              },
              {
                "cidr_blocks": [
                  "0.0.0.0/0"
                ],
                "description": "RKE2 supervisor API",
                "from_port": 9345,
                "ipv6_cidr_blocks": [
                  "::/0"
                ],
                "prefix_list_ids": [],
                "protocol": "tcp",
                "security_groups": [],
                "self": false,
                "to_port": 9345
              },
              {
                "cidr_blocks": [
                  "0.0.0.0/0"
                ],
                "description": "SSH login port",
                "from_port": 22,
                "ipv6_cidr_blocks": [
                  "::/0"
                ],
                "prefix_list_ids": [],
                "protocol": "tcp",
                "security_groups": [],
                "self": false,
                "to_port": 22
              }
            ],
            "name": "terraform-20240806064806929600000004",
            "name_prefix": "terraform-",
            "owner_id": "931337674770",
            "revoke_rules_on_delete": false,
            "tags": {
              "Cluster": "tf7",
              "Name": "tf7-K8S_CONTROL_PLANE_SECURITY_GROUP"
            },
            "tags_all": {
              "Cluster": "tf7",
              "Name": "tf7-K8S_CONTROL_PLANE_SECURITY_GROUP"
            },
            "timeouts": null,
            "vpc_id": "vpc-40243c28"
          },
          "sensitive_attributes": [],
          "private": "eyJlMmJmYjczMC1lY2FhLTExZTYtOGY4OC0zNDM2M2JjN2M0YzAiOnsiY3JlYXRlIjo2MDAwMDAwMDAwMDAsImRlbGV0ZSI6OTAwMDAwMDAwMDAwfSwic2NoZW1hX3ZlcnNpb24iOiIxIn0="
        },
        {
          "index_key": "K8S_ETCD_SECURITY_GROUP",
          "schema_version": 1,
          "attributes": {
            "arn": "arn:aws:ec2:ap-south-1:931337674770:security-group/sg-0680fc68e84801f10",
            "description": "Rules which allow the outgoing traffic from the instances associated with the security group K8S_ETCD_SECURITY_GROUP",
            "egress": [
              {
                "cidr_blocks": [
                  "0.0.0.0/0"
                ],
                "description": "Rules which allow the incoming traffic to the instances associated with the security group.",
                "from_port": 0,
                "ipv6_cidr_blocks": [
                  "::/0"
                ],
                "prefix_list_ids": [],
                "protocol": "-1",
                "security_groups": [],
                "self": false,
                "to_port": 0
              }
            ],
            "id": "sg-0680fc68e84801f10",
            "ingress": [
              {
                "cidr_blocks": [
                  "0.0.0.0/0"
                ],
                "description": "Allow all incoming ICMP IPv4 and IPv6 traffic",
                "from_port": -1,
                "ipv6_cidr_blocks": [
                  "::/0"
                ],
                "prefix_list_ids": [],
                "protocol": "icmp",
                "security_groups": [],
                "self": false,
                "to_port": -1
              },
              {
                "cidr_blocks": [
                  "0.0.0.0/0"
                ],
                "description": "ETCD client port",
                "from_port": 2379,
                "ipv6_cidr_blocks": [
                  "::/0"
                ],
                "prefix_list_ids": [],
                "protocol": "tcp",
                "security_groups": [],
                "self": false,
                "to_port": 2379
              },
              {
                "cidr_blocks": [
                  "0.0.0.0/0"
                ],
                "description": "ETCD metrics port",
                "from_port": 2381,
                "ipv6_cidr_blocks": [
                  "::/0"
                ],
                "prefix_list_ids": [],
                "protocol": "tcp",
                "security_groups": [],
                "self": false,
                "to_port": 2381
              },
              {
                "cidr_blocks": [
                  "0.0.0.0/0"
                ],
                "description": "ETCD peer port",
                "from_port": 2380,
                "ipv6_cidr_blocks": [
                  "::/0"
                ],
                "prefix_list_ids": [],
                "protocol": "tcp",
                "security_groups": [],
                "self": false,
                "to_port": 2380
              },
              {
                "cidr_blocks": [
                  "0.0.0.0/0"
                ],
                "description": "Kubelet metrics",
                "from_port": 10250,
                "ipv6_cidr_blocks": [
                  "::/0"
                ],
                "prefix_list_ids": [],
                "protocol": "tcp",
                "security_groups": [],
                "self": false,
                "to_port": 10250
              },
              {
                "cidr_blocks": [
                  "0.0.0.0/0"
                ],
                "description": "NodePort port range",
                "from_port": 30000,
                "ipv6_cidr_blocks": [
                  "::/0"
                ],
                "prefix_list_ids": [],
                "protocol": "tcp",
                "security_groups": [],
                "self": false,
                "to_port": 32767
              },
              {
                "cidr_blocks": [
                  "0.0.0.0/0"
                ],
                "description": "SSH login port",
                "from_port": 22,
                "ipv6_cidr_blocks": [
                  "::/0"
                ],
                "prefix_list_ids": [],
                "protocol": "tcp",
                "security_groups": [],
                "self": false,
                "to_port": 22
              }
            ],
            "name": "terraform-20240806064806918800000003",
            "name_prefix": "terraform-",
            "owner_id": "931337674770",
            "revoke_rules_on_delete": false,
            "tags": {
              "Cluster": "tf7",
              "Name": "tf7-K8S_ETCD_SECURITY_GROUP"
            },
            "tags_all": {
              "Cluster": "tf7",
              "Name": "tf7-K8S_ETCD_SECURITY_GROUP"
            },
            "timeouts": null,
            "vpc_id": "vpc-40243c28"
          },
          "sensitive_attributes": [],
          "private": "eyJlMmJmYjczMC1lY2FhLTExZTYtOGY4OC0zNDM2M2JjN2M0YzAiOnsiY3JlYXRlIjo2MDAwMDAwMDAwMDAsImRlbGV0ZSI6OTAwMDAwMDAwMDAwfSwic2NoZW1hX3ZlcnNpb24iOiIxIn0="
        },
        {
          "index_key": "K8S_WORKER_SECURITY_GROUP",
          "schema_version": 1,
          "attributes": {
            "arn": "arn:aws:ec2:ap-south-1:931337674770:security-group/sg-0cea6dc8bb71c11aa",
            "description": "Rules which allow the outgoing traffic from the instances associated with the security group K8S_WORKER_SECURITY_GROUP",
            "egress": [
              {
                "cidr_blocks": [
                  "0.0.0.0/0"
                ],
                "description": "Rules which allow the incoming traffic to the instances associated with the security group.",
                "from_port": 0,
                "ipv6_cidr_blocks": [
                  "::/0"
                ],
                "prefix_list_ids": [],
                "protocol": "-1",
                "security_groups": [],
                "self": false,
                "to_port": 0
              }
            ],
            "id": "sg-0cea6dc8bb71c11aa",
            "ingress": [
              {
                "cidr_blocks": [
                  "0.0.0.0/0"
                ],
                "description": "Allow all incoming ICMP IPv4 and IPv6 traffic",
                "from_port": -1,
                "ipv6_cidr_blocks": [
                  "::/0"
                ],
                "prefix_list_ids": [],
                "protocol": "icmp",
                "security_groups": [],
                "self": false,
                "to_port": -1
              },
              {
                "cidr_blocks": [
                  "0.0.0.0/0"
                ],
                "description": "Kubelet metrics",
                "from_port": 10250,
                "ipv6_cidr_blocks": [
                  "::/0"
                ],
                "prefix_list_ids": [],
                "protocol": "tcp",
                "security_groups": [],
                "self": false,
                "to_port": 10250
              },
              {
                "cidr_blocks": [
                  "0.0.0.0/0"
                ],
                "description": "NodePort port range",
                "from_port": 30000,
                "ipv6_cidr_blocks": [
                  "::/0"
                ],
                "prefix_list_ids": [],
                "protocol": "tcp",
                "security_groups": [],
                "self": false,
                "to_port": 32767
              },
              {
                "cidr_blocks": [
                  "0.0.0.0/0"
                ],
                "description": "SSH login port",
                "from_port": 22,
                "ipv6_cidr_blocks": [
                  "::/0"
                ],
                "prefix_list_ids": [],
                "protocol": "tcp",
                "security_groups": [],
                "self": false,
                "to_port": 22
              }
            ],
            "name": "terraform-20240806064806911500000001",
            "name_prefix": "terraform-",
            "owner_id": "931337674770",
            "revoke_rules_on_delete": false,
            "tags": {
              "Cluster": "tf7",
              "Name": "tf7-K8S_WORKER_SECURITY_GROUP"
            },
            "tags_all": {
              "Cluster": "tf7",
              "Name": "tf7-K8S_WORKER_SECURITY_GROUP"
            },
            "timeouts": null,
            "vpc_id": "vpc-40243c28"
          },
          "sensitive_attributes": [],
          "private": "eyJlMmJmYjczMC1lY2FhLTExZTYtOGY4OC0zNDM2M2JjN2M0YzAiOnsiY3JlYXRlIjo2MDAwMDAwMDAwMDAsImRlbGV0ZSI6OTAwMDAwMDAwMDAwfSwic2NoZW1hX3ZlcnNpb24iOiIxIn0="
        },
        {
          "index_key": "NGINX_SECURITY_GROUP",
          "schema_version": 1,
          "attributes": {
            "arn": "arn:aws:ec2:ap-south-1:931337674770:security-group/sg-0713b92f3b7337190",
            "description": "Rules which allow the outgoing traffic from the instances associated with the security group NGINX_SECURITY_GROUP",
            "egress": [
              {
                "cidr_blocks": [
                  "0.0.0.0/0"
                ],
                "description": "Rules which allow the incoming traffic to the instances associated with the security group.",
                "from_port": 0,
                "ipv6_cidr_blocks": [
                  "::/0"
                ],
                "prefix_list_ids": [],
                "protocol": "-1",
                "security_groups": [],
                "self": false,
                "to_port": 0
              }
            ],
            "id": "sg-0713b92f3b7337190",
            "ingress": [
              {
                "cidr_blocks": [
                  "0.0.0.0/0"
                ],
                "description": "ActiveMQ port",
                "from_port": 61616,
                "ipv6_cidr_blocks": [
                  "::/0"
                ],
                "prefix_list_ids": [],
                "protocol": "tcp",
                "security_groups": [],
                "self": false,
                "to_port": 61616
              },
              {
                "cidr_blocks": [
                  "0.0.0.0/0"
                ],
                "description": "Allow all incoming ICMP IPv4 and IPv6 traffic",
                "from_port": -1,
                "ipv6_cidr_blocks": [
                  "::/0"
                ],
                "prefix_list_ids": [],
                "protocol": "icmp",
                "security_groups": [],
                "self": false,
                "to_port": -1
              },
              {
                "cidr_blocks": [
                  "0.0.0.0/0"
                ],
                "description": "HTTP port",
                "from_port": 80,
                "ipv6_cidr_blocks": [
                  "::/0"
                ],
                "prefix_list_ids": [],
                "protocol": "tcp",
                "security_groups": [],
                "self": false,
                "to_port": 80
              },
              {
                "cidr_blocks": [
                  "0.0.0.0/0"
                ],
                "description": "HTTPS port",
                "from_port": 443,
                "ipv6_cidr_blocks": [
                  "::/0"
                ],
                "prefix_list_ids": [],
                "protocol": "tcp",
                "security_groups": [],
                "self": false,
                "to_port": 443
              },
              {
                "cidr_blocks": [
                  "0.0.0.0/0"
                ],
                "description": "Minio console port",
                "from_port": 9000,
                "ipv6_cidr_blocks": [
                  "::/0"
                ],
                "prefix_list_ids": [],
                "protocol": "tcp",
                "security_groups": [],
                "self": false,
                "to_port": 9000
              },
              {
                "cidr_blocks": [
                  "0.0.0.0/0"
                ],
                "description": "Postgres port",
                "from_port": 5432,
                "ipv6_cidr_blocks": [
                  "::/0"
                ],
                "prefix_list_ids": [],
                "protocol": "tcp",
                "security_groups": [],
                "self": false,
                "to_port": 5432
              },
              {
                "cidr_blocks": [
                  "0.0.0.0/0"
                ],
                "description": "SSH login port",
                "from_port": 22,
                "ipv6_cidr_blocks": [
                  "::/0"
                ],
                "prefix_list_ids": [],
                "protocol": "tcp",
                "security_groups": [],
                "self": false,
                "to_port": 22
              }
            ],
            "name": "terraform-20240806064806918000000002",
            "name_prefix": "terraform-",
            "owner_id": "931337674770",
            "revoke_rules_on_delete": false,
            "tags": {
              "Cluster": "tf7",
              "Name": "tf7-NGINX_SECURITY_GROUP"
            },
            "tags_all": {
              "Cluster": "tf7",
              "Name": "tf7-NGINX_SECURITY_GROUP"
            },
            "timeouts": null,
            "vpc_id": "vpc-40243c28"
          },
          "sensitive_attributes": [],
          "private": "eyJlMmJmYjczMC1lY2FhLTExZTYtOGY4OC0zNDM2M2JjN2M0YzAiOnsiY3JlYXRlIjo2MDAwMDAwMDAwMDAsImRlbGV0ZSI6OTAwMDAwMDAwMDAwfSwic2NoZW1hX3ZlcnNpb24iOiIxIn0="
        }
      ]
    },
    {
      "module": "module.nginx-setup",
      "mode": "managed",
      "type": "null_resource",
      "name": "Nginx-setup",
      "provider": "provider[\"registry.terraform.io/hashicorp/null\"]",
      "instances": [
        {
          "schema_version": 0,
          "attributes": {
            "id": "1172103847466881677",
            "triggers": {
              "node_hash": "bd21aa8c1240eebe500631f56fb9bf92",
              "public_dns_hash": "99c019fa68507e54d37b2c2edecd4f8e"
            }
          },
          "sensitive_attributes": [],
          "dependencies": [
            "module.aws-resource-creation.aws_iam_instance_profile.certbot_profile",
            "module.aws-resource-creation.aws_iam_policy.certbot_policy",
            "module.aws-resource-creation.aws_iam_role.certbot_role",
            "module.aws-resource-creation.aws_iam_role_policy_attachment.certbot_policy_attachment",
            "module.aws-resource-creation.aws_instance.K8S_CLUSTER_EC2_INSTANCE",
            "module.aws-resource-creation.aws_instance.NGINX_EC2_INSTANCE",
            "module.aws-resource-creation.aws_route53_record.DNS_RECORDS",
            "module.aws-resource-creation.aws_security_group.security-group"
          ]
        }
      ]
    },
    {
      "module": "module.rke2-setup",
      "mode": "managed",
      "type": "null_resource",
      "name": "download-k8s-kubeconfig",
      "provider": "provider[\"registry.terraform.io/hashicorp/null\"]",
      "instances": [
        {
          "index_key": "tf7-CONTROL-PLANE-NODE-1",
          "schema_version": 0,
          "attributes": {
            "id": "7906903972191721430",
            "triggers": {
              "node_hash": "e0723438a2fc406a0229e0cfcc07de3e"
            }
          },
          "sensitive_attributes": [],
          "dependencies": [
            "module.aws-resource-creation.aws_iam_instance_profile.certbot_profile",
            "module.aws-resource-creation.aws_iam_policy.certbot_policy",
            "module.aws-resource-creation.aws_iam_role.certbot_role",
            "module.aws-resource-creation.aws_iam_role_policy_attachment.certbot_policy_attachment",
            "module.aws-resource-creation.aws_instance.K8S_CLUSTER_EC2_INSTANCE",
            "module.aws-resource-creation.aws_instance.NGINX_EC2_INSTANCE",
            "module.aws-resource-creation.aws_route53_record.DNS_RECORDS",
            "module.aws-resource-creation.aws_security_group.security-group",
            "module.rke2-setup.null_resource.rke2-cluster-setup",
            "module.rke2-setup.null_resource.rke2-primary-cluster-setup"
          ]
        },
        {
          "index_key": "tf7-CONTROL-PLANE-NODE-2",
          "schema_version": 0,
          "attributes": {
            "id": "2664333944459909711",
            "triggers": {
              "node_hash": "e0723438a2fc406a0229e0cfcc07de3e"
            }
          },
          "sensitive_attributes": [],
          "dependencies": [
            "module.aws-resource-creation.aws_iam_instance_profile.certbot_profile",
            "module.aws-resource-creation.aws_iam_policy.certbot_policy",
            "module.aws-resource-creation.aws_iam_role.certbot_role",
            "module.aws-resource-creation.aws_iam_role_policy_attachment.certbot_policy_attachment",
            "module.aws-resource-creation.aws_instance.K8S_CLUSTER_EC2_INSTANCE",
            "module.aws-resource-creation.aws_instance.NGINX_EC2_INSTANCE",
            "module.aws-resource-creation.aws_route53_record.DNS_RECORDS",
            "module.aws-resource-creation.aws_security_group.security-group",
            "module.rke2-setup.null_resource.rke2-cluster-setup",
            "module.rke2-setup.null_resource.rke2-primary-cluster-setup"
          ]
        },
        {
          "index_key": "tf7-CONTROL-PLANE-NODE-3",
          "schema_version": 0,
          "attributes": {
            "id": "2876478990472501530",
            "triggers": {
              "node_hash": "e0723438a2fc406a0229e0cfcc07de3e"
            }
          },
          "sensitive_attributes": [],
          "dependencies": [
            "module.aws-resource-creation.aws_iam_instance_profile.certbot_profile",
            "module.aws-resource-creation.aws_iam_policy.certbot_policy",
            "module.aws-resource-creation.aws_iam_role.certbot_role",
            "module.aws-resource-creation.aws_iam_role_policy_attachment.certbot_policy_attachment",
            "module.aws-resource-creation.aws_instance.K8S_CLUSTER_EC2_INSTANCE",
            "module.aws-resource-creation.aws_instance.NGINX_EC2_INSTANCE",
            "module.aws-resource-creation.aws_route53_record.DNS_RECORDS",
            "module.aws-resource-creation.aws_security_group.security-group",
            "module.rke2-setup.null_resource.rke2-cluster-setup",
            "module.rke2-setup.null_resource.rke2-primary-cluster-setup"
          ]
        },
        {
          "index_key": "tf7-ETCD-NODE-1",
          "schema_version": 0,
          "attributes": {
            "id": "8737178228476592387",
            "triggers": {
              "node_hash": "e0723438a2fc406a0229e0cfcc07de3e"
            }
          },
          "sensitive_attributes": [],
          "dependencies": [
            "module.aws-resource-creation.aws_iam_instance_profile.certbot_profile",
            "module.aws-resource-creation.aws_iam_policy.certbot_policy",
            "module.aws-resource-creation.aws_iam_role.certbot_role",
            "module.aws-resource-creation.aws_iam_role_policy_attachment.certbot_policy_attachment",
            "module.aws-resource-creation.aws_instance.K8S_CLUSTER_EC2_INSTANCE",
            "module.aws-resource-creation.aws_instance.NGINX_EC2_INSTANCE",
            "module.aws-resource-creation.aws_route53_record.DNS_RECORDS",
            "module.aws-resource-creation.aws_security_group.security-group",
            "module.rke2-setup.null_resource.rke2-cluster-setup",
            "module.rke2-setup.null_resource.rke2-primary-cluster-setup"
          ]
        },
        {
          "index_key": "tf7-ETCD-NODE-2",
          "schema_version": 0,
          "attributes": {
            "id": "4692518412417125883",
            "triggers": {
              "node_hash": "e0723438a2fc406a0229e0cfcc07de3e"
            }
          },
          "sensitive_attributes": [],
          "dependencies": [
            "module.aws-resource-creation.aws_iam_instance_profile.certbot_profile",
            "module.aws-resource-creation.aws_iam_policy.certbot_policy",
            "module.aws-resource-creation.aws_iam_role.certbot_role",
            "module.aws-resource-creation.aws_iam_role_policy_attachment.certbot_policy_attachment",
            "module.aws-resource-creation.aws_instance.K8S_CLUSTER_EC2_INSTANCE",
            "module.aws-resource-creation.aws_instance.NGINX_EC2_INSTANCE",
            "module.aws-resource-creation.aws_route53_record.DNS_RECORDS",
            "module.aws-resource-creation.aws_security_group.security-group",
            "module.rke2-setup.null_resource.rke2-cluster-setup",
            "module.rke2-setup.null_resource.rke2-primary-cluster-setup"
          ]
        },
        {
          "index_key": "tf7-WORKER-NODE-1",
          "schema_version": 0,
          "attributes": {
            "id": "8437311142066105484",
            "triggers": {
              "node_hash": "e0723438a2fc406a0229e0cfcc07de3e"
            }
          },
          "sensitive_attributes": [],
          "dependencies": [
            "module.aws-resource-creation.aws_iam_instance_profile.certbot_profile",
            "module.aws-resource-creation.aws_iam_policy.certbot_policy",
            "module.aws-resource-creation.aws_iam_role.certbot_role",
            "module.aws-resource-creation.aws_iam_role_policy_attachment.certbot_policy_attachment",
            "module.aws-resource-creation.aws_instance.K8S_CLUSTER_EC2_INSTANCE",
            "module.aws-resource-creation.aws_instance.NGINX_EC2_INSTANCE",
            "module.aws-resource-creation.aws_route53_record.DNS_RECORDS",
            "module.aws-resource-creation.aws_security_group.security-group",
            "module.rke2-setup.null_resource.rke2-cluster-setup",
            "module.rke2-setup.null_resource.rke2-primary-cluster-setup"
          ]
        },
        {
          "index_key": "tf7-WORKER-NODE-2",
          "schema_version": 0,
          "attributes": {
            "id": "4862296371886035205",
            "triggers": {
              "node_hash": "e0723438a2fc406a0229e0cfcc07de3e"
            }
          },
          "sensitive_attributes": [],
          "dependencies": [
            "module.aws-resource-creation.aws_iam_instance_profile.certbot_profile",
            "module.aws-resource-creation.aws_iam_policy.certbot_policy",
            "module.aws-resource-creation.aws_iam_role.certbot_role",
            "module.aws-resource-creation.aws_iam_role_policy_attachment.certbot_policy_attachment",
            "module.aws-resource-creation.aws_instance.K8S_CLUSTER_EC2_INSTANCE",
            "module.aws-resource-creation.aws_instance.NGINX_EC2_INSTANCE",
            "module.aws-resource-creation.aws_route53_record.DNS_RECORDS",
            "module.aws-resource-creation.aws_security_group.security-group",
            "module.rke2-setup.null_resource.rke2-cluster-setup",
            "module.rke2-setup.null_resource.rke2-primary-cluster-setup"
          ]
        },
        {
          "index_key": "tf7-WORKER-NODE-3",
          "schema_version": 0,
          "attributes": {
            "id": "4344108419326567999",
            "triggers": {
              "node_hash": "e0723438a2fc406a0229e0cfcc07de3e"
            }
          },
          "sensitive_attributes": [],
          "dependencies": [
            "module.aws-resource-creation.aws_iam_instance_profile.certbot_profile",
            "module.aws-resource-creation.aws_iam_policy.certbot_policy",
            "module.aws-resource-creation.aws_iam_role.certbot_role",
            "module.aws-resource-creation.aws_iam_role_policy_attachment.certbot_policy_attachment",
            "module.aws-resource-creation.aws_instance.K8S_CLUSTER_EC2_INSTANCE",
            "module.aws-resource-creation.aws_instance.NGINX_EC2_INSTANCE",
            "module.aws-resource-creation.aws_route53_record.DNS_RECORDS",
            "module.aws-resource-creation.aws_security_group.security-group",
            "module.rke2-setup.null_resource.rke2-cluster-setup",
            "module.rke2-setup.null_resource.rke2-primary-cluster-setup"
          ]
        }
      ]
    },
    {
      "module": "module.rke2-setup",
      "mode": "managed",
      "type": "null_resource",
      "name": "rancher-import",
      "provider": "provider[\"registry.terraform.io/hashicorp/null\"]",
      "instances": [
        {
          "schema_version": 0,
          "attributes": {
            "id": "3695558652262590701",
            "triggers": null
          },
          "sensitive_attributes": [],
          "dependencies": [
            "module.aws-resource-creation.aws_iam_instance_profile.certbot_profile",
            "module.aws-resource-creation.aws_iam_policy.certbot_policy",
            "module.aws-resource-creation.aws_iam_role.certbot_role",
            "module.aws-resource-creation.aws_iam_role_policy_attachment.certbot_policy_attachment",
            "module.aws-resource-creation.aws_instance.K8S_CLUSTER_EC2_INSTANCE",
            "module.aws-resource-creation.aws_instance.NGINX_EC2_INSTANCE",
            "module.aws-resource-creation.aws_route53_record.DNS_RECORDS",
            "module.aws-resource-creation.aws_security_group.security-group",
            "module.rke2-setup.null_resource.rke2-primary-cluster-setup"
          ]
        }
      ]
    },
    {
      "module": "module.rke2-setup",
      "mode": "managed",
      "type": "null_resource",
      "name": "rke2-cluster-setup",
      "provider": "provider[\"registry.terraform.io/hashicorp/null\"]",
      "instances": [
        {
          "index_key": "tf7-CONTROL-PLANE-NODE-1",
          "schema_version": 0,
          "attributes": {
            "id": "1781296294799734098",
            "triggers": {
              "node_hash": "e0723438a2fc406a0229e0cfcc07de3e",
              "script_hash": "f261b34c57f568262a3450191857668b"
            }
          },
          "sensitive_attributes": [],
          "dependencies": [
            "module.aws-resource-creation.aws_iam_instance_profile.certbot_profile",
            "module.aws-resource-creation.aws_iam_policy.certbot_policy",
            "module.aws-resource-creation.aws_iam_role.certbot_role",
            "module.aws-resource-creation.aws_iam_role_policy_attachment.certbot_policy_attachment",
            "module.aws-resource-creation.aws_instance.K8S_CLUSTER_EC2_INSTANCE",
            "module.aws-resource-creation.aws_instance.NGINX_EC2_INSTANCE",
            "module.aws-resource-creation.aws_route53_record.DNS_RECORDS",
            "module.aws-resource-creation.aws_security_group.security-group",
            "module.rke2-setup.null_resource.rke2-primary-cluster-setup"
          ]
        },
        {
          "index_key": "tf7-CONTROL-PLANE-NODE-2",
          "schema_version": 0,
          "attributes": {
            "id": "1396666525126545609",
            "triggers": {
              "node_hash": "e0723438a2fc406a0229e0cfcc07de3e",
              "script_hash": "f261b34c57f568262a3450191857668b"
            }
          },
          "sensitive_attributes": [],
          "dependencies": [
            "module.aws-resource-creation.aws_iam_instance_profile.certbot_profile",
            "module.aws-resource-creation.aws_iam_policy.certbot_policy",
            "module.aws-resource-creation.aws_iam_role.certbot_role",
            "module.aws-resource-creation.aws_iam_role_policy_attachment.certbot_policy_attachment",
            "module.aws-resource-creation.aws_instance.K8S_CLUSTER_EC2_INSTANCE",
            "module.aws-resource-creation.aws_instance.NGINX_EC2_INSTANCE",
            "module.aws-resource-creation.aws_route53_record.DNS_RECORDS",
            "module.aws-resource-creation.aws_security_group.security-group",
            "module.rke2-setup.null_resource.rke2-primary-cluster-setup"
          ]
        },
        {
          "index_key": "tf7-CONTROL-PLANE-NODE-3",
          "schema_version": 0,
          "attributes": {
            "id": "5309755994240872208",
            "triggers": {
              "node_hash": "e0723438a2fc406a0229e0cfcc07de3e",
              "script_hash": "f261b34c57f568262a3450191857668b"
            }
          },
          "sensitive_attributes": [],
          "dependencies": [
            "module.aws-resource-creation.aws_iam_instance_profile.certbot_profile",
            "module.aws-resource-creation.aws_iam_policy.certbot_policy",
            "module.aws-resource-creation.aws_iam_role.certbot_role",
            "module.aws-resource-creation.aws_iam_role_policy_attachment.certbot_policy_attachment",
            "module.aws-resource-creation.aws_instance.K8S_CLUSTER_EC2_INSTANCE",
            "module.aws-resource-creation.aws_instance.NGINX_EC2_INSTANCE",
            "module.aws-resource-creation.aws_route53_record.DNS_RECORDS",
            "module.aws-resource-creation.aws_security_group.security-group",
            "module.rke2-setup.null_resource.rke2-primary-cluster-setup"
          ]
        },
        {
          "index_key": "tf7-ETCD-NODE-1",
          "schema_version": 0,
          "attributes": {
            "id": "6312308544109811393",
            "triggers": {
              "node_hash": "e0723438a2fc406a0229e0cfcc07de3e",
              "script_hash": "f261b34c57f568262a3450191857668b"
            }
          },
          "sensitive_attributes": [],
          "dependencies": [
            "module.aws-resource-creation.aws_iam_instance_profile.certbot_profile",
            "module.aws-resource-creation.aws_iam_policy.certbot_policy",
            "module.aws-resource-creation.aws_iam_role.certbot_role",
            "module.aws-resource-creation.aws_iam_role_policy_attachment.certbot_policy_attachment",
            "module.aws-resource-creation.aws_instance.K8S_CLUSTER_EC2_INSTANCE",
            "module.aws-resource-creation.aws_instance.NGINX_EC2_INSTANCE",
            "module.aws-resource-creation.aws_route53_record.DNS_RECORDS",
            "module.aws-resource-creation.aws_security_group.security-group",
            "module.rke2-setup.null_resource.rke2-primary-cluster-setup"
          ]
        },
        {
          "index_key": "tf7-ETCD-NODE-2",
          "schema_version": 0,
          "attributes": {
            "id": "1939212072128178635",
            "triggers": {
              "node_hash": "e0723438a2fc406a0229e0cfcc07de3e",
              "script_hash": "f261b34c57f568262a3450191857668b"
            }
          },
          "sensitive_attributes": [],
          "dependencies": [
            "module.aws-resource-creation.aws_iam_instance_profile.certbot_profile",
            "module.aws-resource-creation.aws_iam_policy.certbot_policy",
            "module.aws-resource-creation.aws_iam_role.certbot_role",
            "module.aws-resource-creation.aws_iam_role_policy_attachment.certbot_policy_attachment",
            "module.aws-resource-creation.aws_instance.K8S_CLUSTER_EC2_INSTANCE",
            "module.aws-resource-creation.aws_instance.NGINX_EC2_INSTANCE",
            "module.aws-resource-creation.aws_route53_record.DNS_RECORDS",
            "module.aws-resource-creation.aws_security_group.security-group",
            "module.rke2-setup.null_resource.rke2-primary-cluster-setup"
          ]
        },
        {
          "index_key": "tf7-WORKER-NODE-1",
          "schema_version": 0,
          "attributes": {
            "id": "5158049856809853766",
            "triggers": {
              "node_hash": "e0723438a2fc406a0229e0cfcc07de3e",
              "script_hash": "f261b34c57f568262a3450191857668b"
            }
          },
          "sensitive_attributes": [],
          "dependencies": [
            "module.aws-resource-creation.aws_iam_instance_profile.certbot_profile",
            "module.aws-resource-creation.aws_iam_policy.certbot_policy",
            "module.aws-resource-creation.aws_iam_role.certbot_role",
            "module.aws-resource-creation.aws_iam_role_policy_attachment.certbot_policy_attachment",
            "module.aws-resource-creation.aws_instance.K8S_CLUSTER_EC2_INSTANCE",
            "module.aws-resource-creation.aws_instance.NGINX_EC2_INSTANCE",
            "module.aws-resource-creation.aws_route53_record.DNS_RECORDS",
            "module.aws-resource-creation.aws_security_group.security-group",
            "module.rke2-setup.null_resource.rke2-primary-cluster-setup"
          ]
        },
        {
          "index_key": "tf7-WORKER-NODE-2",
          "schema_version": 0,
          "attributes": {
            "id": "7851800270089478930",
            "triggers": {
              "node_hash": "e0723438a2fc406a0229e0cfcc07de3e",
              "script_hash": "f261b34c57f568262a3450191857668b"
            }
          },
          "sensitive_attributes": [],
          "dependencies": [
            "module.aws-resource-creation.aws_iam_instance_profile.certbot_profile",
            "module.aws-resource-creation.aws_iam_policy.certbot_policy",
            "module.aws-resource-creation.aws_iam_role.certbot_role",
            "module.aws-resource-creation.aws_iam_role_policy_attachment.certbot_policy_attachment",
            "module.aws-resource-creation.aws_instance.K8S_CLUSTER_EC2_INSTANCE",
            "module.aws-resource-creation.aws_instance.NGINX_EC2_INSTANCE",
            "module.aws-resource-creation.aws_route53_record.DNS_RECORDS",
            "module.aws-resource-creation.aws_security_group.security-group",
            "module.rke2-setup.null_resource.rke2-primary-cluster-setup"
          ]
        },
        {
          "index_key": "tf7-WORKER-NODE-3",
          "schema_version": 0,
          "attributes": {
            "id": "7294480108685812155",
            "triggers": {
              "node_hash": "e0723438a2fc406a0229e0cfcc07de3e",
              "script_hash": "f261b34c57f568262a3450191857668b"
            }
          },
          "sensitive_attributes": [],
          "dependencies": [
            "module.aws-resource-creation.aws_iam_instance_profile.certbot_profile",
            "module.aws-resource-creation.aws_iam_policy.certbot_policy",
            "module.aws-resource-creation.aws_iam_role.certbot_role",
            "module.aws-resource-creation.aws_iam_role_policy_attachment.certbot_policy_attachment",
            "module.aws-resource-creation.aws_instance.K8S_CLUSTER_EC2_INSTANCE",
            "module.aws-resource-creation.aws_instance.NGINX_EC2_INSTANCE",
            "module.aws-resource-creation.aws_route53_record.DNS_RECORDS",
            "module.aws-resource-creation.aws_security_group.security-group",
            "module.rke2-setup.null_resource.rke2-primary-cluster-setup"
          ]
        }
      ]
    },
    {
      "module": "module.rke2-setup",
      "mode": "managed",
      "type": "null_resource",
      "name": "rke2-primary-cluster-setup",
      "provider": "provider[\"registry.terraform.io/hashicorp/null\"]",
      "instances": [
        {
          "schema_version": 0,
          "attributes": {
            "id": "5252166650302662100",
            "triggers": null
          },
          "sensitive_attributes": [],
          "dependencies": [
            "module.aws-resource-creation.aws_iam_instance_profile.certbot_profile",
            "module.aws-resource-creation.aws_iam_policy.certbot_policy",
            "module.aws-resource-creation.aws_iam_role.certbot_role",
            "module.aws-resource-creation.aws_iam_role_policy_attachment.certbot_policy_attachment",
            "module.aws-resource-creation.aws_instance.K8S_CLUSTER_EC2_INSTANCE",
            "module.aws-resource-creation.aws_instance.NGINX_EC2_INSTANCE",
            "module.aws-resource-creation.aws_route53_record.DNS_RECORDS",
            "module.aws-resource-creation.aws_security_group.security-group"
          ]
        }
      ]
    }
  ],
  "check_results": null
}
