{
  "version": 4,
  "terraform_version": "1.8.5",
  "serial": 34,
  "lineage": "f3220cb0-dbf1-1fc5-8b6b-8dbe3bcd30d1",
  "outputs": {
    "CONTROL_PLANE_NODE_1": {
      "value": "172.31.12.142",
      "type": "string"
    },
    "K8S_CLUSTER_PRIVATE_IPS": {
      "value": {
        "tf5-CONTROL-PLANE-NODE-1": "172.31.12.142",
        "tf5-CONTROL-PLANE-NODE-2": "172.31.8.125",
        "tf5-ETCD-NODE-1": "172.31.8.151",
        "tf5-ETCD-NODE-2": "172.31.14.187",
        "tf5-WORKER-NODE-1": "172.31.6.82",
        "tf5-WORKER-NODE-2": "172.31.14.71",
        "tf5-WORKER-NODE-3": "172.31.14.195"
      },
      "type": [
        "object",
        {
          "tf5-CONTROL-PLANE-NODE-1": "string",
          "tf5-CONTROL-PLANE-NODE-2": "string",
          "tf5-ETCD-NODE-1": "string",
          "tf5-ETCD-NODE-2": "string",
          "tf5-WORKER-NODE-1": "string",
          "tf5-WORKER-NODE-2": "string",
          "tf5-WORKER-NODE-3": "string"
        }
      ]
    },
    "K8S_CLUSTER_PRIVATE_IPS_STR": {
      "value": "tf5-CONTROL-PLANE-NODE-1=172.31.12.142,tf5-CONTROL-PLANE-NODE-2=172.31.8.125,tf5-ETCD-NODE-1=172.31.8.151,tf5-ETCD-NODE-2=172.31.14.187,tf5-WORKER-NODE-1=172.31.6.82,tf5-WORKER-NODE-2=172.31.14.71,tf5-WORKER-NODE-3=172.31.14.195",
      "type": "string"
    },
    "K8S_CLUSTER_PUBLIC_IPS": {
      "value": {
        "tf5-CONTROL-PLANE-NODE-1": "65.2.74.209",
        "tf5-CONTROL-PLANE-NODE-2": "13.201.21.67",
        "tf5-ETCD-NODE-1": "52.66.236.77",
        "tf5-ETCD-NODE-2": "13.233.193.107",
        "tf5-WORKER-NODE-1": "13.232.173.136",
        "tf5-WORKER-NODE-2": "65.0.178.48",
        "tf5-WORKER-NODE-3": "15.207.115.2"
      },
      "type": [
        "object",
        {
          "tf5-CONTROL-PLANE-NODE-1": "string",
          "tf5-CONTROL-PLANE-NODE-2": "string",
          "tf5-ETCD-NODE-1": "string",
          "tf5-ETCD-NODE-2": "string",
          "tf5-WORKER-NODE-1": "string",
          "tf5-WORKER-NODE-2": "string",
          "tf5-WORKER-NODE-3": "string"
        }
      ]
    },
    "K8S_CLUSTER_PUBLIC_IPS_EXCEPT_CONTROL_PLANE_NODE_1": {
      "value": {
        "tf5-CONTROL-PLANE-NODE-1": "65.2.74.209",
        "tf5-CONTROL-PLANE-NODE-2": "13.201.21.67",
        "tf5-ETCD-NODE-1": "52.66.236.77",
        "tf5-ETCD-NODE-2": "13.233.193.107",
        "tf5-WORKER-NODE-1": "13.232.173.136",
        "tf5-WORKER-NODE-2": "65.0.178.48",
        "tf5-WORKER-NODE-3": "15.207.115.2"
      },
      "type": [
        "object",
        {
          "tf5-CONTROL-PLANE-NODE-1": "string",
          "tf5-CONTROL-PLANE-NODE-2": "string",
          "tf5-ETCD-NODE-1": "string",
          "tf5-ETCD-NODE-2": "string",
          "tf5-WORKER-NODE-1": "string",
          "tf5-WORKER-NODE-2": "string",
          "tf5-WORKER-NODE-3": "string"
        }
      ]
    },
    "MOSIP_K8S_CLUSTER_NODES_PRIVATE_IP_LIST": {
      "value": "172.31.12.142,172.31.8.125,172.31.8.151,172.31.14.187,172.31.6.82,172.31.14.71,172.31.14.195",
      "type": "string"
    },
    "MOSIP_K8S_SG_ID": {
      "value": {
        "K8S_CONTROL_PLANE_SECURITY_GROUP": "sg-077193f2017099cf8",
        "K8S_ETCD_SECURITY_GROUP": "sg-0f5094ff045eaf1b1",
        "K8S_WORKER_SECURITY_GROUP": "sg-0eab48533ed565ccc",
        "NGINX_SECURITY_GROUP": "sg-027fd1a3367abd532"
      },
      "type": [
        "object",
        {
          "K8S_CONTROL_PLANE_SECURITY_GROUP": "string",
          "K8S_ETCD_SECURITY_GROUP": "string",
          "K8S_WORKER_SECURITY_GROUP": "string",
          "NGINX_SECURITY_GROUP": "string"
        }
      ]
    },
    "MOSIP_NGINX_SG_ID": {
      "value": "sg-027fd1a3367abd532",
      "type": "string"
    },
    "MOSIP_PUBLIC_DOMAIN_LIST": {
      "value": "api.tf5.mosip.net,esignet.tf5.mosip.net,prereg.tf5.mosip.net,resident.tf5.mosip.net",
      "type": "string"
    },
    "NGINX_PRIVATE_IP": {
      "value": "172.31.2.24",
      "type": "string"
    },
    "NGINX_PUBLIC_IP": {
      "value": "3.110.122.51",
      "type": "string"
    }
  },
  "resources": [
    {
      "module": "module.aws-resource-creation",
      "mode": "managed",
      "type": "aws_iam_instance_profile",
      "name": "certbot_profile",
      "provider": "module.aws-resource-creation.provider[\"registry.terraform.io/hashicorp/aws\"]",
      "instances": [
        {
          "schema_version": 0,
          "attributes": {
            "arn": "arn:aws:iam::931337674770:instance-profile/certbot-instance-profile",
            "create_date": "2024-08-02T17:04:39Z",
            "id": "certbot-instance-profile",
            "name": "certbot-instance-profile",
            "name_prefix": "",
            "path": "/",
            "role": "tf5-certbot-route53-role",
            "tags": null,
            "tags_all": {},
            "unique_id": "AIPA5RWANEAJCBUNPCF2R"
          },
          "sensitive_attributes": [],
          "private": "bnVsbA==",
          "dependencies": [
            "module.aws-resource-creation.aws_iam_role.certbot_role"
          ]
        }
      ]
    },
    {
      "module": "module.aws-resource-creation",
      "mode": "managed",
      "type": "aws_iam_policy",
      "name": "certbot_policy",
      "provider": "module.aws-resource-creation.provider[\"registry.terraform.io/hashicorp/aws\"]",
      "instances": [
        {
          "schema_version": 0,
          "attributes": {
            "arn": "arn:aws:iam::931337674770:policy/tf5-certbot-route53-policy",
            "attachment_count": 0,
            "description": "Allow Certbot to modify Route 53 records",
            "id": "arn:aws:iam::931337674770:policy/tf5-certbot-route53-policy",
            "name": "tf5-certbot-route53-policy",
            "name_prefix": "",
            "path": "/",
            "policy": "{\"Statement\":[{\"Action\":[\"route53:ListHostedZones\",\"route53:GetChange\",\"route53:ChangeResourceRecordSets\"],\"Effect\":\"Allow\",\"Resource\":\"*\"}],\"Version\":\"2012-10-17\"}",
            "policy_id": "ANPA5RWANEAJMWZ4HEWEV",
            "tags": {
              "Cluster": "tf5",
              "Name": "tf5-certbot-route53-policy"
            },
            "tags_all": {
              "Cluster": "tf5",
              "Name": "tf5-certbot-route53-policy"
            }
          },
          "sensitive_attributes": [],
          "private": "bnVsbA=="
        }
      ]
    },
    {
      "module": "module.aws-resource-creation",
      "mode": "managed",
      "type": "aws_iam_role",
      "name": "certbot_role",
      "provider": "module.aws-resource-creation.provider[\"registry.terraform.io/hashicorp/aws\"]",
      "instances": [
        {
          "schema_version": 0,
          "attributes": {
            "arn": "arn:aws:iam::931337674770:role/tf5-certbot-route53-role",
            "assume_role_policy": "{\"Statement\":[{\"Action\":\"sts:AssumeRole\",\"Effect\":\"Allow\",\"Principal\":{\"Service\":\"ec2.amazonaws.com\"}}],\"Version\":\"2012-10-17\"}",
            "create_date": "2024-08-02T17:04:39Z",
            "description": "",
            "force_detach_policies": false,
            "id": "tf5-certbot-route53-role",
            "inline_policy": [],
            "managed_policy_arns": [],
            "max_session_duration": 3600,
            "name": "tf5-certbot-route53-role",
            "name_prefix": "",
            "path": "/",
            "permissions_boundary": "",
            "tags": {
              "Cluster": "tf5",
              "Name": "tf5-certbot-route53-role"
            },
            "tags_all": {
              "Cluster": "tf5",
              "Name": "tf5-certbot-route53-role"
            },
            "unique_id": "AROA5RWANEAJHDLBI5MVA"
          },
          "sensitive_attributes": [],
          "private": "bnVsbA=="
        }
      ]
    },
    {
      "module": "module.aws-resource-creation",
      "mode": "managed",
      "type": "aws_iam_role_policy_attachment",
      "name": "certbot_policy_attachment",
      "provider": "module.aws-resource-creation.provider[\"registry.terraform.io/hashicorp/aws\"]",
      "instances": [
        {
          "schema_version": 0,
          "attributes": {
            "id": "tf5-certbot-route53-role-20240802170440070600000005",
            "policy_arn": "arn:aws:iam::931337674770:policy/tf5-certbot-route53-policy",
            "role": "tf5-certbot-route53-role"
          },
          "sensitive_attributes": [],
          "private": "bnVsbA==",
          "dependencies": [
            "module.aws-resource-creation.aws_iam_policy.certbot_policy",
            "module.aws-resource-creation.aws_iam_role.certbot_role"
          ]
        }
      ]
    },
    {
      "module": "module.aws-resource-creation",
      "mode": "managed",
      "type": "aws_instance",
      "name": "K8S_CLUSTER_EC2_INSTANCE",
      "provider": "module.aws-resource-creation.provider[\"registry.terraform.io/hashicorp/aws\"]",
      "instances": [
        {
          "index_key": "CONTROL-PLANE-NODE-1",
          "schema_version": 1,
          "attributes": {
            "ami": "ami-0ad21ae1d0696ad58",
            "arn": "arn:aws:ec2:ap-south-1:931337674770:instance/i-0b242a74b782fa1d5",
            "associate_public_ip_address": true,
            "availability_zone": "ap-south-1b",
            "capacity_reservation_specification": [
              {
                "capacity_reservation_preference": "open",
                "capacity_reservation_target": []
              }
            ],
            "cpu_core_count": 2,
            "cpu_options": [
              {
                "amd_sev_snp": "",
                "core_count": 2,
                "threads_per_core": 1
              }
            ],
            "cpu_threads_per_core": 1,
            "credit_specification": [
              {
                "cpu_credits": "standard"
              }
            ],
            "disable_api_stop": false,
            "disable_api_termination": false,
            "ebs_block_device": [],
            "ebs_optimized": false,
            "enclave_options": [
              {
                "enabled": false
              }
            ],
            "ephemeral_block_device": [],
            "get_password_data": false,
            "hibernation": false,
            "host_id": "",
            "host_resource_group_arn": null,
            "iam_instance_profile": "",
            "id": "i-0b242a74b782fa1d5",
            "instance_initiated_shutdown_behavior": "stop",
            "instance_lifecycle": "",
            "instance_market_options": [],
            "instance_state": "running",
            "instance_type": "t2.medium",
            "ipv6_address_count": 0,
            "ipv6_addresses": [],
            "key_name": "mosip-aws",
            "launch_template": [],
            "maintenance_options": [
              {
                "auto_recovery": "default"
              }
            ],
            "metadata_options": [
              {
                "http_endpoint": "enabled",
                "http_protocol_ipv6": "disabled",
                "http_put_response_hop_limit": 2,
                "http_tokens": "required",
                "instance_metadata_tags": "disabled"
              }
            ],
            "monitoring": false,
            "network_interface": [],
            "outpost_arn": "",
            "password_data": "",
            "placement_group": "",
            "placement_partition_number": 0,
            "primary_network_interface_id": "eni-05c041ecd74987d5f",
            "private_dns": "ip-172-31-12-142.ap-south-1.compute.internal",
            "private_dns_name_options": [
              {
                "enable_resource_name_dns_a_record": false,
                "enable_resource_name_dns_aaaa_record": false,
                "hostname_type": "ip-name"
              }
            ],
            "private_ip": "172.31.12.142",
            "public_dns": "ec2-65-2-74-209.ap-south-1.compute.amazonaws.com",
            "public_ip": "65.2.74.209",
            "root_block_device": [
              {
                "delete_on_termination": true,
                "device_name": "/dev/sda1",
                "encrypted": false,
                "iops": 3000,
                "kms_key_id": "",
                "tags": {
                  "Cluster": "tf5",
                  "Name": "tf5-CONTROL-PLANE-NODE-1"
                },
                "tags_all": {
                  "Cluster": "tf5",
                  "Name": "tf5-CONTROL-PLANE-NODE-1"
                },
                "throughput": 125,
                "volume_id": "vol-03e8f69b0b0516daf",
                "volume_size": 20,
                "volume_type": "gp3"
              }
            ],
            "secondary_private_ips": [],
            "security_groups": [
              "terraform-20240802170439782100000004"
            ],
            "source_dest_check": true,
            "spot_instance_request_id": "",
            "subnet_id": "subnet-6bc5b227",
            "tags": {
              "Cluster": "tf5",
              "Name": "tf5-CONTROL-PLANE-NODE-1"
            },
            "tags_all": {
              "Cluster": "tf5",
              "Name": "tf5-CONTROL-PLANE-NODE-1"
            },
            "tenancy": "default",
            "timeouts": null,
            "user_data": "4cd01f06d08606683634c1ca4d6555f0479dbe3b",
            "user_data_base64": null,
            "user_data_replace_on_change": false,
            "volume_tags": null,
            "vpc_security_group_ids": [
              "sg-077193f2017099cf8"
            ]
          },
          "sensitive_attributes": [],
          "private": "eyJlMmJmYjczMC1lY2FhLTExZTYtOGY4OC0zNDM2M2JjN2M0YzAiOnsiY3JlYXRlIjo2MDAwMDAwMDAwMDAsImRlbGV0ZSI6MTIwMDAwMDAwMDAwMCwicmVhZCI6OTAwMDAwMDAwMDAwLCJ1cGRhdGUiOjYwMDAwMDAwMDAwMH0sInNjaGVtYV92ZXJzaW9uIjoiMSJ9",
          "dependencies": [
            "module.aws-resource-creation.aws_security_group.security-group"
          ]
        },
        {
          "index_key": "CONTROL-PLANE-NODE-2",
          "schema_version": 1,
          "attributes": {
            "ami": "ami-0ad21ae1d0696ad58",
            "arn": "arn:aws:ec2:ap-south-1:931337674770:instance/i-0edc568163d4906aa",
            "associate_public_ip_address": true,
            "availability_zone": "ap-south-1b",
            "capacity_reservation_specification": [
              {
                "capacity_reservation_preference": "open",
                "capacity_reservation_target": []
              }
            ],
            "cpu_core_count": 2,
            "cpu_options": [
              {
                "amd_sev_snp": "",
                "core_count": 2,
                "threads_per_core": 1
              }
            ],
            "cpu_threads_per_core": 1,
            "credit_specification": [
              {
                "cpu_credits": "standard"
              }
            ],
            "disable_api_stop": false,
            "disable_api_termination": false,
            "ebs_block_device": [],
            "ebs_optimized": false,
            "enclave_options": [
              {
                "enabled": false
              }
            ],
            "ephemeral_block_device": [],
            "get_password_data": false,
            "hibernation": false,
            "host_id": "",
            "host_resource_group_arn": null,
            "iam_instance_profile": "",
            "id": "i-0edc568163d4906aa",
            "instance_initiated_shutdown_behavior": "stop",
            "instance_lifecycle": "",
            "instance_market_options": [],
            "instance_state": "running",
            "instance_type": "t2.medium",
            "ipv6_address_count": 0,
            "ipv6_addresses": [],
            "key_name": "mosip-aws",
            "launch_template": [],
            "maintenance_options": [
              {
                "auto_recovery": "default"
              }
            ],
            "metadata_options": [
              {
                "http_endpoint": "enabled",
                "http_protocol_ipv6": "disabled",
                "http_put_response_hop_limit": 2,
                "http_tokens": "required",
                "instance_metadata_tags": "disabled"
              }
            ],
            "monitoring": false,
            "network_interface": [],
            "outpost_arn": "",
            "password_data": "",
            "placement_group": "",
            "placement_partition_number": 0,
            "primary_network_interface_id": "eni-02b7c465665919ea9",
            "private_dns": "ip-172-31-8-125.ap-south-1.compute.internal",
            "private_dns_name_options": [
              {
                "enable_resource_name_dns_a_record": false,
                "enable_resource_name_dns_aaaa_record": false,
                "hostname_type": "ip-name"
              }
            ],
            "private_ip": "172.31.8.125",
            "public_dns": "ec2-13-201-21-67.ap-south-1.compute.amazonaws.com",
            "public_ip": "13.201.21.67",
            "root_block_device": [
              {
                "delete_on_termination": true,
                "device_name": "/dev/sda1",
                "encrypted": false,
                "iops": 3000,
                "kms_key_id": "",
                "tags": {
                  "Cluster": "tf5",
                  "Name": "tf5-CONTROL-PLANE-NODE-2"
                },
                "tags_all": {
                  "Cluster": "tf5",
                  "Name": "tf5-CONTROL-PLANE-NODE-2"
                },
                "throughput": 125,
                "volume_id": "vol-0c83d0e31508630a8",
                "volume_size": 20,
                "volume_type": "gp3"
              }
            ],
            "secondary_private_ips": [],
            "security_groups": [
              "terraform-20240802170439782100000004"
            ],
            "source_dest_check": true,
            "spot_instance_request_id": "",
            "subnet_id": "subnet-6bc5b227",
            "tags": {
              "Cluster": "tf5",
              "Name": "tf5-CONTROL-PLANE-NODE-2"
            },
            "tags_all": {
              "Cluster": "tf5",
              "Name": "tf5-CONTROL-PLANE-NODE-2"
            },
            "tenancy": "default",
            "timeouts": null,
            "user_data": "72a8bb872bfaa3731124bcc37b0f7d04dd8fa3bc",
            "user_data_base64": null,
            "user_data_replace_on_change": false,
            "volume_tags": null,
            "vpc_security_group_ids": [
              "sg-077193f2017099cf8"
            ]
          },
          "sensitive_attributes": [],
          "private": "eyJlMmJmYjczMC1lY2FhLTExZTYtOGY4OC0zNDM2M2JjN2M0YzAiOnsiY3JlYXRlIjo2MDAwMDAwMDAwMDAsImRlbGV0ZSI6MTIwMDAwMDAwMDAwMCwicmVhZCI6OTAwMDAwMDAwMDAwLCJ1cGRhdGUiOjYwMDAwMDAwMDAwMH0sInNjaGVtYV92ZXJzaW9uIjoiMSJ9",
          "dependencies": [
            "module.aws-resource-creation.aws_security_group.security-group"
          ]
        },
        {
          "index_key": "ETCD-NODE-1",
          "schema_version": 1,
          "attributes": {
            "ami": "ami-0ad21ae1d0696ad58",
            "arn": "arn:aws:ec2:ap-south-1:931337674770:instance/i-0649c70b58c36e637",
            "associate_public_ip_address": true,
            "availability_zone": "ap-south-1b",
            "capacity_reservation_specification": [
              {
                "capacity_reservation_preference": "open",
                "capacity_reservation_target": []
              }
            ],
            "cpu_core_count": 2,
            "cpu_options": [
              {
                "amd_sev_snp": "",
                "core_count": 2,
                "threads_per_core": 1
              }
            ],
            "cpu_threads_per_core": 1,
            "credit_specification": [
              {
                "cpu_credits": "standard"
              }
            ],
            "disable_api_stop": false,
            "disable_api_termination": false,
            "ebs_block_device": [],
            "ebs_optimized": false,
            "enclave_options": [
              {
                "enabled": false
              }
            ],
            "ephemeral_block_device": [],
            "get_password_data": false,
            "hibernation": false,
            "host_id": "",
            "host_resource_group_arn": null,
            "iam_instance_profile": "",
            "id": "i-0649c70b58c36e637",
            "instance_initiated_shutdown_behavior": "stop",
            "instance_lifecycle": "",
            "instance_market_options": [],
            "instance_state": "running",
            "instance_type": "t2.medium",
            "ipv6_address_count": 0,
            "ipv6_addresses": [],
            "key_name": "mosip-aws",
            "launch_template": [],
            "maintenance_options": [
              {
                "auto_recovery": "default"
              }
            ],
            "metadata_options": [
              {
                "http_endpoint": "enabled",
                "http_protocol_ipv6": "disabled",
                "http_put_response_hop_limit": 2,
                "http_tokens": "required",
                "instance_metadata_tags": "disabled"
              }
            ],
            "monitoring": false,
            "network_interface": [],
            "outpost_arn": "",
            "password_data": "",
            "placement_group": "",
            "placement_partition_number": 0,
            "primary_network_interface_id": "eni-06e90f082feff025a",
            "private_dns": "ip-172-31-8-151.ap-south-1.compute.internal",
            "private_dns_name_options": [
              {
                "enable_resource_name_dns_a_record": false,
                "enable_resource_name_dns_aaaa_record": false,
                "hostname_type": "ip-name"
              }
            ],
            "private_ip": "172.31.8.151",
            "public_dns": "ec2-52-66-236-77.ap-south-1.compute.amazonaws.com",
            "public_ip": "52.66.236.77",
            "root_block_device": [
              {
                "delete_on_termination": true,
                "device_name": "/dev/sda1",
                "encrypted": false,
                "iops": 3000,
                "kms_key_id": "",
                "tags": {
                  "Cluster": "tf5",
                  "Name": "tf5-ETCD-NODE-1"
                },
                "tags_all": {
                  "Cluster": "tf5",
                  "Name": "tf5-ETCD-NODE-1"
                },
                "throughput": 125,
                "volume_id": "vol-02906107b5ab09a1d",
                "volume_size": 20,
                "volume_type": "gp3"
              }
            ],
            "secondary_private_ips": [],
            "security_groups": [
              "terraform-20240802170439770200000003"
            ],
            "source_dest_check": true,
            "spot_instance_request_id": "",
            "subnet_id": "subnet-6bc5b227",
            "tags": {
              "Cluster": "tf5",
              "Name": "tf5-ETCD-NODE-1"
            },
            "tags_all": {
              "Cluster": "tf5",
              "Name": "tf5-ETCD-NODE-1"
            },
            "tenancy": "default",
            "timeouts": null,
            "user_data": "7860a0250f632bcc5bece44b8c1387b3fbc403c8",
            "user_data_base64": null,
            "user_data_replace_on_change": false,
            "volume_tags": null,
            "vpc_security_group_ids": [
              "sg-0f5094ff045eaf1b1"
            ]
          },
          "sensitive_attributes": [],
          "private": "eyJlMmJmYjczMC1lY2FhLTExZTYtOGY4OC0zNDM2M2JjN2M0YzAiOnsiY3JlYXRlIjo2MDAwMDAwMDAwMDAsImRlbGV0ZSI6MTIwMDAwMDAwMDAwMCwicmVhZCI6OTAwMDAwMDAwMDAwLCJ1cGRhdGUiOjYwMDAwMDAwMDAwMH0sInNjaGVtYV92ZXJzaW9uIjoiMSJ9",
          "dependencies": [
            "module.aws-resource-creation.aws_security_group.security-group"
          ]
        },
        {
          "index_key": "ETCD-NODE-2",
          "schema_version": 1,
          "attributes": {
            "ami": "ami-0ad21ae1d0696ad58",
            "arn": "arn:aws:ec2:ap-south-1:931337674770:instance/i-06f964d99d9b3ac43",
            "associate_public_ip_address": true,
            "availability_zone": "ap-south-1b",
            "capacity_reservation_specification": [
              {
                "capacity_reservation_preference": "open",
                "capacity_reservation_target": []
              }
            ],
            "cpu_core_count": 2,
            "cpu_options": [
              {
                "amd_sev_snp": "",
                "core_count": 2,
                "threads_per_core": 1
              }
            ],
            "cpu_threads_per_core": 1,
            "credit_specification": [
              {
                "cpu_credits": "standard"
              }
            ],
            "disable_api_stop": false,
            "disable_api_termination": false,
            "ebs_block_device": [],
            "ebs_optimized": false,
            "enclave_options": [
              {
                "enabled": false
              }
            ],
            "ephemeral_block_device": [],
            "get_password_data": false,
            "hibernation": false,
            "host_id": "",
            "host_resource_group_arn": null,
            "iam_instance_profile": "",
            "id": "i-06f964d99d9b3ac43",
            "instance_initiated_shutdown_behavior": "stop",
            "instance_lifecycle": "",
            "instance_market_options": [],
            "instance_state": "running",
            "instance_type": "t2.medium",
            "ipv6_address_count": 0,
            "ipv6_addresses": [],
            "key_name": "mosip-aws",
            "launch_template": [],
            "maintenance_options": [
              {
                "auto_recovery": "default"
              }
            ],
            "metadata_options": [
              {
                "http_endpoint": "enabled",
                "http_protocol_ipv6": "disabled",
                "http_put_response_hop_limit": 2,
                "http_tokens": "required",
                "instance_metadata_tags": "disabled"
              }
            ],
            "monitoring": false,
            "network_interface": [],
            "outpost_arn": "",
            "password_data": "",
            "placement_group": "",
            "placement_partition_number": 0,
            "primary_network_interface_id": "eni-0ec4a665cad39484b",
            "private_dns": "ip-172-31-14-187.ap-south-1.compute.internal",
            "private_dns_name_options": [
              {
                "enable_resource_name_dns_a_record": false,
                "enable_resource_name_dns_aaaa_record": false,
                "hostname_type": "ip-name"
              }
            ],
            "private_ip": "172.31.14.187",
            "public_dns": "ec2-13-233-193-107.ap-south-1.compute.amazonaws.com",
            "public_ip": "13.233.193.107",
            "root_block_device": [
              {
                "delete_on_termination": true,
                "device_name": "/dev/sda1",
                "encrypted": false,
                "iops": 3000,
                "kms_key_id": "",
                "tags": {
                  "Cluster": "tf5",
                  "Name": "tf5-ETCD-NODE-2"
                },
                "tags_all": {
                  "Cluster": "tf5",
                  "Name": "tf5-ETCD-NODE-2"
                },
                "throughput": 125,
                "volume_id": "vol-06771d6fc2656f099",
                "volume_size": 20,
                "volume_type": "gp3"
              }
            ],
            "secondary_private_ips": [],
            "security_groups": [
              "terraform-20240802170439770200000003"
            ],
            "source_dest_check": true,
            "spot_instance_request_id": "",
            "subnet_id": "subnet-6bc5b227",
            "tags": {
              "Cluster": "tf5",
              "Name": "tf5-ETCD-NODE-2"
            },
            "tags_all": {
              "Cluster": "tf5",
              "Name": "tf5-ETCD-NODE-2"
            },
            "tenancy": "default",
            "timeouts": null,
            "user_data": "2fc93b692ec4fe59bbd6599388324a133d7a0199",
            "user_data_base64": null,
            "user_data_replace_on_change": false,
            "volume_tags": null,
            "vpc_security_group_ids": [
              "sg-0f5094ff045eaf1b1"
            ]
          },
          "sensitive_attributes": [],
          "private": "eyJlMmJmYjczMC1lY2FhLTExZTYtOGY4OC0zNDM2M2JjN2M0YzAiOnsiY3JlYXRlIjo2MDAwMDAwMDAwMDAsImRlbGV0ZSI6MTIwMDAwMDAwMDAwMCwicmVhZCI6OTAwMDAwMDAwMDAwLCJ1cGRhdGUiOjYwMDAwMDAwMDAwMH0sInNjaGVtYV92ZXJzaW9uIjoiMSJ9",
          "dependencies": [
            "module.aws-resource-creation.aws_security_group.security-group"
          ]
        },
        {
          "index_key": "WORKER-NODE-1",
          "schema_version": 1,
          "attributes": {
            "ami": "ami-0ad21ae1d0696ad58",
            "arn": "arn:aws:ec2:ap-south-1:931337674770:instance/i-03eb6110b65a59d64",
            "associate_public_ip_address": true,
            "availability_zone": "ap-south-1b",
            "capacity_reservation_specification": [
              {
                "capacity_reservation_preference": "open",
                "capacity_reservation_target": []
              }
            ],
            "cpu_core_count": 2,
            "cpu_options": [
              {
                "amd_sev_snp": "",
                "core_count": 2,
                "threads_per_core": 1
              }
            ],
            "cpu_threads_per_core": 1,
            "credit_specification": [
              {
                "cpu_credits": "standard"
              }
            ],
            "disable_api_stop": false,
            "disable_api_termination": false,
            "ebs_block_device": [],
            "ebs_optimized": false,
            "enclave_options": [
              {
                "enabled": false
              }
            ],
            "ephemeral_block_device": [],
            "get_password_data": false,
            "hibernation": false,
            "host_id": "",
            "host_resource_group_arn": null,
            "iam_instance_profile": "",
            "id": "i-03eb6110b65a59d64",
            "instance_initiated_shutdown_behavior": "stop",
            "instance_lifecycle": "",
            "instance_market_options": [],
            "instance_state": "running",
            "instance_type": "t2.medium",
            "ipv6_address_count": 0,
            "ipv6_addresses": [],
            "key_name": "mosip-aws",
            "launch_template": [],
            "maintenance_options": [
              {
                "auto_recovery": "default"
              }
            ],
            "metadata_options": [
              {
                "http_endpoint": "enabled",
                "http_protocol_ipv6": "disabled",
                "http_put_response_hop_limit": 2,
                "http_tokens": "required",
                "instance_metadata_tags": "disabled"
              }
            ],
            "monitoring": false,
            "network_interface": [],
            "outpost_arn": "",
            "password_data": "",
            "placement_group": "",
            "placement_partition_number": 0,
            "primary_network_interface_id": "eni-0ff96620fb9b63855",
            "private_dns": "ip-172-31-6-82.ap-south-1.compute.internal",
            "private_dns_name_options": [
              {
                "enable_resource_name_dns_a_record": false,
                "enable_resource_name_dns_aaaa_record": false,
                "hostname_type": "ip-name"
              }
            ],
            "private_ip": "172.31.6.82",
            "public_dns": "ec2-13-232-173-136.ap-south-1.compute.amazonaws.com",
            "public_ip": "13.232.173.136",
            "root_block_device": [
              {
                "delete_on_termination": true,
                "device_name": "/dev/sda1",
                "encrypted": false,
                "iops": 3000,
                "kms_key_id": "",
                "tags": {
                  "Cluster": "tf5",
                  "Name": "tf5-WORKER-NODE-1"
                },
                "tags_all": {
                  "Cluster": "tf5",
                  "Name": "tf5-WORKER-NODE-1"
                },
                "throughput": 125,
                "volume_id": "vol-02cd4b335c516d344",
                "volume_size": 20,
                "volume_type": "gp3"
              }
            ],
            "secondary_private_ips": [],
            "security_groups": [
              "terraform-20240802170439749400000001"
            ],
            "source_dest_check": true,
            "spot_instance_request_id": "",
            "subnet_id": "subnet-6bc5b227",
            "tags": {
              "Cluster": "tf5",
              "Name": "tf5-WORKER-NODE-1"
            },
            "tags_all": {
              "Cluster": "tf5",
              "Name": "tf5-WORKER-NODE-1"
            },
            "tenancy": "default",
            "timeouts": null,
            "user_data": "42bb04de8d61af2acced36336ca887be3c635d05",
            "user_data_base64": null,
            "user_data_replace_on_change": false,
            "volume_tags": null,
            "vpc_security_group_ids": [
              "sg-0eab48533ed565ccc"
            ]
          },
          "sensitive_attributes": [],
          "private": "eyJlMmJmYjczMC1lY2FhLTExZTYtOGY4OC0zNDM2M2JjN2M0YzAiOnsiY3JlYXRlIjo2MDAwMDAwMDAwMDAsImRlbGV0ZSI6MTIwMDAwMDAwMDAwMCwicmVhZCI6OTAwMDAwMDAwMDAwLCJ1cGRhdGUiOjYwMDAwMDAwMDAwMH0sInNjaGVtYV92ZXJzaW9uIjoiMSJ9",
          "dependencies": [
            "module.aws-resource-creation.aws_security_group.security-group"
          ]
        },
        {
          "index_key": "WORKER-NODE-2",
          "schema_version": 1,
          "attributes": {
            "ami": "ami-0ad21ae1d0696ad58",
            "arn": "arn:aws:ec2:ap-south-1:931337674770:instance/i-081d8f4f0595d6c60",
            "associate_public_ip_address": true,
            "availability_zone": "ap-south-1b",
            "capacity_reservation_specification": [
              {
                "capacity_reservation_preference": "open",
                "capacity_reservation_target": []
              }
            ],
            "cpu_core_count": 2,
            "cpu_options": [
              {
                "amd_sev_snp": "",
                "core_count": 2,
                "threads_per_core": 1
              }
            ],
            "cpu_threads_per_core": 1,
            "credit_specification": [
              {
                "cpu_credits": "standard"
              }
            ],
            "disable_api_stop": false,
            "disable_api_termination": false,
            "ebs_block_device": [],
            "ebs_optimized": false,
            "enclave_options": [
              {
                "enabled": false
              }
            ],
            "ephemeral_block_device": [],
            "get_password_data": false,
            "hibernation": false,
            "host_id": "",
            "host_resource_group_arn": null,
            "iam_instance_profile": "",
            "id": "i-081d8f4f0595d6c60",
            "instance_initiated_shutdown_behavior": "stop",
            "instance_lifecycle": "",
            "instance_market_options": [],
            "instance_state": "running",
            "instance_type": "t2.medium",
            "ipv6_address_count": 0,
            "ipv6_addresses": [],
            "key_name": "mosip-aws",
            "launch_template": [],
            "maintenance_options": [
              {
                "auto_recovery": "default"
              }
            ],
            "metadata_options": [
              {
                "http_endpoint": "enabled",
                "http_protocol_ipv6": "disabled",
                "http_put_response_hop_limit": 2,
                "http_tokens": "required",
                "instance_metadata_tags": "disabled"
              }
            ],
            "monitoring": false,
            "network_interface": [],
            "outpost_arn": "",
            "password_data": "",
            "placement_group": "",
            "placement_partition_number": 0,
            "primary_network_interface_id": "eni-0fbd2ed07f3eead4d",
            "private_dns": "ip-172-31-14-71.ap-south-1.compute.internal",
            "private_dns_name_options": [
              {
                "enable_resource_name_dns_a_record": false,
                "enable_resource_name_dns_aaaa_record": false,
                "hostname_type": "ip-name"
              }
            ],
            "private_ip": "172.31.14.71",
            "public_dns": "ec2-65-0-178-48.ap-south-1.compute.amazonaws.com",
            "public_ip": "65.0.178.48",
            "root_block_device": [
              {
                "delete_on_termination": true,
                "device_name": "/dev/sda1",
                "encrypted": false,
                "iops": 3000,
                "kms_key_id": "",
                "tags": {
                  "Cluster": "tf5",
                  "Name": "tf5-WORKER-NODE-2"
                },
                "tags_all": {
                  "Cluster": "tf5",
                  "Name": "tf5-WORKER-NODE-2"
                },
                "throughput": 125,
                "volume_id": "vol-092be6c0a59c7c0e1",
                "volume_size": 20,
                "volume_type": "gp3"
              }
            ],
            "secondary_private_ips": [],
            "security_groups": [
              "terraform-20240802170439749400000001"
            ],
            "source_dest_check": true,
            "spot_instance_request_id": "",
            "subnet_id": "subnet-6bc5b227",
            "tags": {
              "Cluster": "tf5",
              "Name": "tf5-WORKER-NODE-2"
            },
            "tags_all": {
              "Cluster": "tf5",
              "Name": "tf5-WORKER-NODE-2"
            },
            "tenancy": "default",
            "timeouts": null,
            "user_data": "442bb46e6655511971bf1e0a016d988d90386434",
            "user_data_base64": null,
            "user_data_replace_on_change": false,
            "volume_tags": null,
            "vpc_security_group_ids": [
              "sg-0eab48533ed565ccc"
            ]
          },
          "sensitive_attributes": [],
          "private": "eyJlMmJmYjczMC1lY2FhLTExZTYtOGY4OC0zNDM2M2JjN2M0YzAiOnsiY3JlYXRlIjo2MDAwMDAwMDAwMDAsImRlbGV0ZSI6MTIwMDAwMDAwMDAwMCwicmVhZCI6OTAwMDAwMDAwMDAwLCJ1cGRhdGUiOjYwMDAwMDAwMDAwMH0sInNjaGVtYV92ZXJzaW9uIjoiMSJ9",
          "dependencies": [
            "module.aws-resource-creation.aws_security_group.security-group"
          ]
        },
        {
          "index_key": "WORKER-NODE-3",
          "schema_version": 1,
          "attributes": {
            "ami": "ami-0ad21ae1d0696ad58",
            "arn": "arn:aws:ec2:ap-south-1:931337674770:instance/i-0b2deddbfa3c1edcc",
            "associate_public_ip_address": true,
            "availability_zone": "ap-south-1b",
            "capacity_reservation_specification": [
              {
                "capacity_reservation_preference": "open",
                "capacity_reservation_target": []
              }
            ],
            "cpu_core_count": 2,
            "cpu_options": [
              {
                "amd_sev_snp": "",
                "core_count": 2,
                "threads_per_core": 1
              }
            ],
            "cpu_threads_per_core": 1,
            "credit_specification": [
              {
                "cpu_credits": "standard"
              }
            ],
            "disable_api_stop": false,
            "disable_api_termination": false,
            "ebs_block_device": [],
            "ebs_optimized": false,
            "enclave_options": [
              {
                "enabled": false
              }
            ],
            "ephemeral_block_device": [],
            "get_password_data": false,
            "hibernation": false,
            "host_id": "",
            "host_resource_group_arn": null,
            "iam_instance_profile": "",
            "id": "i-0b2deddbfa3c1edcc",
            "instance_initiated_shutdown_behavior": "stop",
            "instance_lifecycle": "",
            "instance_market_options": [],
            "instance_state": "running",
            "instance_type": "t2.medium",
            "ipv6_address_count": 0,
            "ipv6_addresses": [],
            "key_name": "mosip-aws",
            "launch_template": [],
            "maintenance_options": [
              {
                "auto_recovery": "default"
              }
            ],
            "metadata_options": [
              {
                "http_endpoint": "enabled",
                "http_protocol_ipv6": "disabled",
                "http_put_response_hop_limit": 2,
                "http_tokens": "required",
                "instance_metadata_tags": "disabled"
              }
            ],
            "monitoring": false,
            "network_interface": [],
            "outpost_arn": "",
            "password_data": "",
            "placement_group": "",
            "placement_partition_number": 0,
            "primary_network_interface_id": "eni-0049f98f33de4e097",
            "private_dns": "ip-172-31-14-195.ap-south-1.compute.internal",
            "private_dns_name_options": [
              {
                "enable_resource_name_dns_a_record": false,
                "enable_resource_name_dns_aaaa_record": false,
                "hostname_type": "ip-name"
              }
            ],
            "private_ip": "172.31.14.195",
            "public_dns": "ec2-15-207-115-2.ap-south-1.compute.amazonaws.com",
            "public_ip": "15.207.115.2",
            "root_block_device": [
              {
                "delete_on_termination": true,
                "device_name": "/dev/sda1",
                "encrypted": false,
                "iops": 3000,
                "kms_key_id": "",
                "tags": {
                  "Cluster": "tf5",
                  "Name": "tf5-WORKER-NODE-3"
                },
                "tags_all": {
                  "Cluster": "tf5",
                  "Name": "tf5-WORKER-NODE-3"
                },
                "throughput": 125,
                "volume_id": "vol-05d2f2fff98944c77",
                "volume_size": 20,
                "volume_type": "gp3"
              }
            ],
            "secondary_private_ips": [],
            "security_groups": [
              "terraform-20240802170439749400000001"
            ],
            "source_dest_check": true,
            "spot_instance_request_id": "",
            "subnet_id": "subnet-6bc5b227",
            "tags": {
              "Cluster": "tf5",
              "Name": "tf5-WORKER-NODE-3"
            },
            "tags_all": {
              "Cluster": "tf5",
              "Name": "tf5-WORKER-NODE-3"
            },
            "tenancy": "default",
            "timeouts": null,
            "user_data": "856e3b2b48679f111c68a181c94d1b33d3a357b5",
            "user_data_base64": null,
            "user_data_replace_on_change": false,
            "volume_tags": null,
            "vpc_security_group_ids": [
              "sg-0eab48533ed565ccc"
            ]
          },
          "sensitive_attributes": [],
          "private": "eyJlMmJmYjczMC1lY2FhLTExZTYtOGY4OC0zNDM2M2JjN2M0YzAiOnsiY3JlYXRlIjo2MDAwMDAwMDAwMDAsImRlbGV0ZSI6MTIwMDAwMDAwMDAwMCwicmVhZCI6OTAwMDAwMDAwMDAwLCJ1cGRhdGUiOjYwMDAwMDAwMDAwMH0sInNjaGVtYV92ZXJzaW9uIjoiMSJ9",
          "dependencies": [
            "module.aws-resource-creation.aws_security_group.security-group"
          ]
        }
      ]
    },
    {
      "module": "module.aws-resource-creation",
      "mode": "managed",
      "type": "aws_instance",
      "name": "NGINX_EC2_INSTANCE",
      "provider": "module.aws-resource-creation.provider[\"registry.terraform.io/hashicorp/aws\"]",
      "instances": [
        {
          "schema_version": 1,
          "attributes": {
            "ami": "ami-0ad21ae1d0696ad58",
            "arn": "arn:aws:ec2:ap-south-1:931337674770:instance/i-0535924f1628c3c13",
            "associate_public_ip_address": true,
            "availability_zone": "ap-south-1b",
            "capacity_reservation_specification": [
              {
                "capacity_reservation_preference": "open",
                "capacity_reservation_target": []
              }
            ],
            "cpu_core_count": 1,
            "cpu_options": [
              {
                "amd_sev_snp": "",
                "core_count": 1,
                "threads_per_core": 1
              }
            ],
            "cpu_threads_per_core": 1,
            "credit_specification": [
              {
                "cpu_credits": "standard"
              }
            ],
            "disable_api_stop": false,
            "disable_api_termination": false,
            "ebs_block_device": [
              {
                "delete_on_termination": true,
                "device_name": "/dev/sdb",
                "encrypted": false,
                "iops": 3000,
                "kms_key_id": "",
                "snapshot_id": "",
                "tags": {
                  "Cluster": "tf5",
                  "Name": "tf5-NGINX-NODE"
                },
                "tags_all": {
                  "Cluster": "tf5",
                  "Name": "tf5-NGINX-NODE"
                },
                "throughput": 125,
                "volume_id": "vol-01cc36cf0ed43e480",
                "volume_size": 50,
                "volume_type": "gp3"
              }
            ],
            "ebs_optimized": false,
            "enclave_options": [
              {
                "enabled": false
              }
            ],
            "ephemeral_block_device": [],
            "get_password_data": false,
            "hibernation": false,
            "host_id": "",
            "host_resource_group_arn": null,
            "iam_instance_profile": "certbot-instance-profile",
            "id": "i-0535924f1628c3c13",
            "instance_initiated_shutdown_behavior": "stop",
            "instance_lifecycle": "",
            "instance_market_options": [],
            "instance_state": "running",
            "instance_type": "t2.micro",
            "ipv6_address_count": 0,
            "ipv6_addresses": [],
            "key_name": "mosip-aws",
            "launch_template": [],
            "maintenance_options": [
              {
                "auto_recovery": "default"
              }
            ],
            "metadata_options": [
              {
                "http_endpoint": "enabled",
                "http_protocol_ipv6": "disabled",
                "http_put_response_hop_limit": 2,
                "http_tokens": "required",
                "instance_metadata_tags": "disabled"
              }
            ],
            "monitoring": false,
            "network_interface": [],
            "outpost_arn": "",
            "password_data": "",
            "placement_group": "",
            "placement_partition_number": 0,
            "primary_network_interface_id": "eni-07e207085a3954ef3",
            "private_dns": "ip-172-31-2-24.ap-south-1.compute.internal",
            "private_dns_name_options": [
              {
                "enable_resource_name_dns_a_record": false,
                "enable_resource_name_dns_aaaa_record": false,
                "hostname_type": "ip-name"
              }
            ],
            "private_ip": "172.31.2.24",
            "public_dns": "ec2-3-110-122-51.ap-south-1.compute.amazonaws.com",
            "public_ip": "3.110.122.51",
            "root_block_device": [
              {
                "delete_on_termination": true,
                "device_name": "/dev/sda1",
                "encrypted": false,
                "iops": 3000,
                "kms_key_id": "",
                "tags": {
                  "Cluster": "tf5",
                  "Name": "tf5-NGINX-NODE"
                },
                "tags_all": {
                  "Cluster": "tf5",
                  "Name": "tf5-NGINX-NODE"
                },
                "throughput": 125,
                "volume_id": "vol-04ae62256edbc3871",
                "volume_size": 20,
                "volume_type": "gp3"
              }
            ],
            "secondary_private_ips": [],
            "security_groups": [
              "terraform-20240802170439768700000002"
            ],
            "source_dest_check": true,
            "spot_instance_request_id": "",
            "subnet_id": "subnet-6bc5b227",
            "tags": {
              "Cluster": "tf5",
              "Name": "tf5-NGINX-NODE"
            },
            "tags_all": {
              "Cluster": "tf5",
              "Name": "tf5-NGINX-NODE"
            },
            "tenancy": "default",
            "timeouts": null,
            "user_data": "57bbf0d4f366f2d255493780e409a1d7565da03d",
            "user_data_base64": null,
            "user_data_replace_on_change": false,
            "volume_tags": null,
            "vpc_security_group_ids": [
              "sg-027fd1a3367abd532"
            ]
          },
          "sensitive_attributes": [],
          "private": "eyJlMmJmYjczMC1lY2FhLTExZTYtOGY4OC0zNDM2M2JjN2M0YzAiOnsiY3JlYXRlIjo2MDAwMDAwMDAwMDAsImRlbGV0ZSI6MTIwMDAwMDAwMDAwMCwicmVhZCI6OTAwMDAwMDAwMDAwLCJ1cGRhdGUiOjYwMDAwMDAwMDAwMH0sInNjaGVtYV92ZXJzaW9uIjoiMSJ9",
          "dependencies": [
            "module.aws-resource-creation.aws_iam_instance_profile.certbot_profile",
            "module.aws-resource-creation.aws_iam_role.certbot_role",
            "module.aws-resource-creation.aws_security_group.security-group"
          ]
        }
      ]
    },
    {
      "module": "module.aws-resource-creation",
      "mode": "managed",
      "type": "aws_route53_record",
      "name": "DNS_RECORDS",
      "provider": "module.aws-resource-creation.provider[\"registry.terraform.io/hashicorp/aws\"]",
      "instances": [
        {
          "index_key": "ADMIN_DNS",
          "schema_version": 2,
          "attributes": {
            "alias": [],
            "allow_overwrite": true,
            "cidr_routing_policy": [],
            "failover_routing_policy": [],
            "fqdn": "admin.tf5.mosip.net",
            "geolocation_routing_policy": [],
            "geoproximity_routing_policy": [],
            "health_check_id": "",
            "id": "Z090954828SJIEL6P5406_admin.tf5.mosip.net_CNAME",
            "latency_routing_policy": [],
            "multivalue_answer_routing_policy": false,
            "name": "admin.tf5.mosip.net",
            "records": [
              "api-internal.tf5.mosip.net"
            ],
            "set_identifier": "",
            "ttl": 300,
            "type": "CNAME",
            "weighted_routing_policy": [],
            "zone_id": "Z090954828SJIEL6P5406"
          },
          "sensitive_attributes": [],
          "private": "eyJzY2hlbWFfdmVyc2lvbiI6IjIifQ==",
          "dependencies": [
            "module.aws-resource-creation.aws_iam_instance_profile.certbot_profile",
            "module.aws-resource-creation.aws_iam_role.certbot_role",
            "module.aws-resource-creation.aws_instance.NGINX_EC2_INSTANCE",
            "module.aws-resource-creation.aws_security_group.security-group"
          ]
        },
        {
          "index_key": "API_DNS",
          "schema_version": 2,
          "attributes": {
            "alias": [],
            "allow_overwrite": true,
            "cidr_routing_policy": [],
            "failover_routing_policy": [],
            "fqdn": "api.tf5.mosip.net",
            "geolocation_routing_policy": [],
            "geoproximity_routing_policy": [],
            "health_check_id": "",
            "id": "Z090954828SJIEL6P5406_api.tf5.mosip.net_A",
            "latency_routing_policy": [],
            "multivalue_answer_routing_policy": false,
            "name": "api.tf5.mosip.net",
            "records": [
              "3.110.122.51"
            ],
            "set_identifier": "",
            "ttl": 300,
            "type": "A",
            "weighted_routing_policy": [],
            "zone_id": "Z090954828SJIEL6P5406"
          },
          "sensitive_attributes": [],
          "private": "eyJzY2hlbWFfdmVyc2lvbiI6IjIifQ==",
          "dependencies": [
            "module.aws-resource-creation.aws_iam_instance_profile.certbot_profile",
            "module.aws-resource-creation.aws_iam_role.certbot_role",
            "module.aws-resource-creation.aws_instance.NGINX_EC2_INSTANCE",
            "module.aws-resource-creation.aws_security_group.security-group"
          ]
        },
        {
          "index_key": "API_INTERNAL_DNS",
          "schema_version": 2,
          "attributes": {
            "alias": [],
            "allow_overwrite": true,
            "cidr_routing_policy": [],
            "failover_routing_policy": [],
            "fqdn": "api-internal.tf5.mosip.net",
            "geolocation_routing_policy": [],
            "geoproximity_routing_policy": [],
            "health_check_id": "",
            "id": "Z090954828SJIEL6P5406_api-internal.tf5.mosip.net_A",
            "latency_routing_policy": [],
            "multivalue_answer_routing_policy": false,
            "name": "api-internal.tf5.mosip.net",
            "records": [
              "172.31.2.24"
            ],
            "set_identifier": "",
            "ttl": 300,
            "type": "A",
            "weighted_routing_policy": [],
            "zone_id": "Z090954828SJIEL6P5406"
          },
          "sensitive_attributes": [],
          "private": "eyJzY2hlbWFfdmVyc2lvbiI6IjIifQ==",
          "dependencies": [
            "module.aws-resource-creation.aws_iam_instance_profile.certbot_profile",
            "module.aws-resource-creation.aws_iam_role.certbot_role",
            "module.aws-resource-creation.aws_instance.NGINX_EC2_INSTANCE",
            "module.aws-resource-creation.aws_security_group.security-group"
          ]
        },
        {
          "index_key": "ESIGNET_DNS",
          "schema_version": 2,
          "attributes": {
            "alias": [],
            "allow_overwrite": true,
            "cidr_routing_policy": [],
            "failover_routing_policy": [],
            "fqdn": "esignet.tf5.mosip.net",
            "geolocation_routing_policy": [],
            "geoproximity_routing_policy": [],
            "health_check_id": "",
            "id": "Z090954828SJIEL6P5406_esignet.tf5.mosip.net_CNAME",
            "latency_routing_policy": [],
            "multivalue_answer_routing_policy": false,
            "name": "esignet.tf5.mosip.net",
            "records": [
              "api.tf5.mosip.net"
            ],
            "set_identifier": "",
            "ttl": 300,
            "type": "CNAME",
            "weighted_routing_policy": [],
            "zone_id": "Z090954828SJIEL6P5406"
          },
          "sensitive_attributes": [],
          "private": "eyJzY2hlbWFfdmVyc2lvbiI6IjIifQ==",
          "dependencies": [
            "module.aws-resource-creation.aws_iam_instance_profile.certbot_profile",
            "module.aws-resource-creation.aws_iam_role.certbot_role",
            "module.aws-resource-creation.aws_instance.NGINX_EC2_INSTANCE",
            "module.aws-resource-creation.aws_security_group.security-group"
          ]
        },
        {
          "index_key": "MOSIP_HOMEPAGE_DNS",
          "schema_version": 2,
          "attributes": {
            "alias": [],
            "allow_overwrite": true,
            "cidr_routing_policy": [],
            "failover_routing_policy": [],
            "fqdn": "tf5.mosip.net",
            "geolocation_routing_policy": [],
            "geoproximity_routing_policy": [],
            "health_check_id": "",
            "id": "Z090954828SJIEL6P5406_tf5.mosip.net_CNAME",
            "latency_routing_policy": [],
            "multivalue_answer_routing_policy": false,
            "name": "tf5.mosip.net",
            "records": [
              "api-internal.tf5.mosip.net"
            ],
            "set_identifier": "",
            "ttl": 300,
            "type": "CNAME",
            "weighted_routing_policy": [],
            "zone_id": "Z090954828SJIEL6P5406"
          },
          "sensitive_attributes": [],
          "private": "eyJzY2hlbWFfdmVyc2lvbiI6IjIifQ==",
          "dependencies": [
            "module.aws-resource-creation.aws_iam_instance_profile.certbot_profile",
            "module.aws-resource-creation.aws_iam_role.certbot_role",
            "module.aws-resource-creation.aws_instance.NGINX_EC2_INSTANCE",
            "module.aws-resource-creation.aws_security_group.security-group"
          ]
        },
        {
          "index_key": "PREREG_DNS",
          "schema_version": 2,
          "attributes": {
            "alias": [],
            "allow_overwrite": true,
            "cidr_routing_policy": [],
            "failover_routing_policy": [],
            "fqdn": "prereg.tf5.mosip.net",
            "geolocation_routing_policy": [],
            "geoproximity_routing_policy": [],
            "health_check_id": "",
            "id": "Z090954828SJIEL6P5406_prereg.tf5.mosip.net_CNAME",
            "latency_routing_policy": [],
            "multivalue_answer_routing_policy": false,
            "name": "prereg.tf5.mosip.net",
            "records": [
              "api.tf5.mosip.net"
            ],
            "set_identifier": "",
            "ttl": 300,
            "type": "CNAME",
            "weighted_routing_policy": [],
            "zone_id": "Z090954828SJIEL6P5406"
          },
          "sensitive_attributes": [],
          "private": "eyJzY2hlbWFfdmVyc2lvbiI6IjIifQ==",
          "dependencies": [
            "module.aws-resource-creation.aws_iam_instance_profile.certbot_profile",
            "module.aws-resource-creation.aws_iam_role.certbot_role",
            "module.aws-resource-creation.aws_instance.NGINX_EC2_INSTANCE",
            "module.aws-resource-creation.aws_security_group.security-group"
          ]
        },
        {
          "index_key": "RESIDENT_DNS",
          "schema_version": 2,
          "attributes": {
            "alias": [],
            "allow_overwrite": true,
            "cidr_routing_policy": [],
            "failover_routing_policy": [],
            "fqdn": "resident.tf5.mosip.net",
            "geolocation_routing_policy": [],
            "geoproximity_routing_policy": [],
            "health_check_id": "",
            "id": "Z090954828SJIEL6P5406_resident.tf5.mosip.net_CNAME",
            "latency_routing_policy": [],
            "multivalue_answer_routing_policy": false,
            "name": "resident.tf5.mosip.net",
            "records": [
              "api.tf5.mosip.net"
            ],
            "set_identifier": "",
            "ttl": 300,
            "type": "CNAME",
            "weighted_routing_policy": [],
            "zone_id": "Z090954828SJIEL6P5406"
          },
          "sensitive_attributes": [],
          "private": "eyJzY2hlbWFfdmVyc2lvbiI6IjIifQ==",
          "dependencies": [
            "module.aws-resource-creation.aws_iam_instance_profile.certbot_profile",
            "module.aws-resource-creation.aws_iam_role.certbot_role",
            "module.aws-resource-creation.aws_instance.NGINX_EC2_INSTANCE",
            "module.aws-resource-creation.aws_security_group.security-group"
          ]
        }
      ]
    },
    {
      "module": "module.aws-resource-creation",
      "mode": "managed",
      "type": "aws_security_group",
      "name": "security-group",
      "provider": "module.aws-resource-creation.provider[\"registry.terraform.io/hashicorp/aws\"]",
      "instances": [
        {
          "index_key": "K8S_CONTROL_PLANE_SECURITY_GROUP",
          "schema_version": 1,
          "attributes": {
            "arn": "arn:aws:ec2:ap-south-1:931337674770:security-group/sg-077193f2017099cf8",
            "description": "Rules which allow the outgoing traffic from the instances associated with the security group K8S_CONTROL_PLANE_SECURITY_GROUP",
            "egress": [
              {
                "cidr_blocks": [
                  "0.0.0.0/0"
                ],
                "description": "Rules which allow the incoming traffic to the instances associated with the security group.",
                "from_port": 0,
                "ipv6_cidr_blocks": [
                  "::/0"
                ],
                "prefix_list_ids": [],
                "protocol": "-1",
                "security_groups": [],
                "self": false,
                "to_port": 0
              }
            ],
            "id": "sg-077193f2017099cf8",
            "ingress": [
              {
                "cidr_blocks": [
                  "0.0.0.0/0"
                ],
                "description": "Allow all incoming ICMP IPv4 and IPv6 traffic",
                "from_port": -1,
                "ipv6_cidr_blocks": [
                  "::/0"
                ],
                "prefix_list_ids": [],
                "protocol": "icmp",
                "security_groups": [],
                "self": false,
                "to_port": -1
              },
              {
                "cidr_blocks": [
                  "0.0.0.0/0"
                ],
                "description": "Canal CNI health checks",
                "from_port": 9099,
                "ipv6_cidr_blocks": [
                  "::/0"
                ],
                "prefix_list_ids": [],
                "protocol": "tcp",
                "security_groups": [],
                "self": false,
                "to_port": 9099
              },
              {
                "cidr_blocks": [
                  "0.0.0.0/0"
                ],
                "description": "Canal CNI with VXLAN",
                "from_port": 8472,
                "ipv6_cidr_blocks": [
                  "::/0"
                ],
                "prefix_list_ids": [],
                "protocol": "udp",
                "security_groups": [],
                "self": false,
                "to_port": 8472
              },
              {
                "cidr_blocks": [
                  "0.0.0.0/0"
                ],
                "description": "ETCD client port",
                "from_port": 2379,
                "ipv6_cidr_blocks": [
                  "::/0"
                ],
                "prefix_list_ids": [],
                "protocol": "tcp",
                "security_groups": [],
                "self": false,
                "to_port": 2379
              },
              {
                "cidr_blocks": [
                  "0.0.0.0/0"
                ],
                "description": "ETCD metrics port",
                "from_port": 2381,
                "ipv6_cidr_blocks": [
                  "::/0"
                ],
                "prefix_list_ids": [],
                "protocol": "tcp",
                "security_groups": [],
                "self": false,
                "to_port": 2381
              },
              {
                "cidr_blocks": [
                  "0.0.0.0/0"
                ],
                "description": "ETCD peer port",
                "from_port": 2380,
                "ipv6_cidr_blocks": [
                  "::/0"
                ],
                "prefix_list_ids": [],
                "protocol": "tcp",
                "security_groups": [],
                "self": false,
                "to_port": 2380
              },
              {
                "cidr_blocks": [
                  "0.0.0.0/0"
                ],
                "description": "Kubelet metrics",
                "from_port": 10250,
                "ipv6_cidr_blocks": [
                  "::/0"
                ],
                "prefix_list_ids": [],
                "protocol": "tcp",
                "security_groups": [],
                "self": false,
                "to_port": 10250
              },
              {
                "cidr_blocks": [
                  "0.0.0.0/0"
                ],
                "description": "Kubernetes API",
                "from_port": 6443,
                "ipv6_cidr_blocks": [
                  "::/0"
                ],
                "prefix_list_ids": [],
                "protocol": "tcp",
                "security_groups": [],
                "self": false,
                "to_port": 6443
              },
              {
                "cidr_blocks": [
                  "0.0.0.0/0"
                ],
                "description": "NodePort port range",
                "from_port": 30000,
                "ipv6_cidr_blocks": [
                  "::/0"
                ],
                "prefix_list_ids": [],
                "protocol": "tcp",
                "security_groups": [],
                "self": false,
                "to_port": 32767
              },
              {
                "cidr_blocks": [
                  "0.0.0.0/0"
                ],
                "description": "RKE2 supervisor API",
                "from_port": 9345,
                "ipv6_cidr_blocks": [
                  "::/0"
                ],
                "prefix_list_ids": [],
                "protocol": "tcp",
                "security_groups": [],
                "self": false,
                "to_port": 9345
              },
              {
                "cidr_blocks": [
                  "0.0.0.0/0"
                ],
                "description": "SSH login port",
                "from_port": 22,
                "ipv6_cidr_blocks": [
                  "::/0"
                ],
                "prefix_list_ids": [],
                "protocol": "tcp",
                "security_groups": [],
                "self": false,
                "to_port": 22
              }
            ],
            "name": "terraform-20240802170439782100000004",
            "name_prefix": "terraform-",
            "owner_id": "931337674770",
            "revoke_rules_on_delete": false,
            "tags": {
              "Cluster": "tf5",
              "Name": "tf5-K8S_CONTROL_PLANE_SECURITY_GROUP"
            },
            "tags_all": {
              "Cluster": "tf5",
              "Name": "tf5-K8S_CONTROL_PLANE_SECURITY_GROUP"
            },
            "timeouts": null,
            "vpc_id": "vpc-40243c28"
          },
          "sensitive_attributes": [],
          "private": "eyJlMmJmYjczMC1lY2FhLTExZTYtOGY4OC0zNDM2M2JjN2M0YzAiOnsiY3JlYXRlIjo2MDAwMDAwMDAwMDAsImRlbGV0ZSI6OTAwMDAwMDAwMDAwfSwic2NoZW1hX3ZlcnNpb24iOiIxIn0="
        },
        {
          "index_key": "K8S_ETCD_SECURITY_GROUP",
          "schema_version": 1,
          "attributes": {
            "arn": "arn:aws:ec2:ap-south-1:931337674770:security-group/sg-0f5094ff045eaf1b1",
            "description": "Rules which allow the outgoing traffic from the instances associated with the security group K8S_ETCD_SECURITY_GROUP",
            "egress": [
              {
                "cidr_blocks": [
                  "0.0.0.0/0"
                ],
                "description": "Rules which allow the incoming traffic to the instances associated with the security group.",
                "from_port": 0,
                "ipv6_cidr_blocks": [
                  "::/0"
                ],
                "prefix_list_ids": [],
                "protocol": "-1",
                "security_groups": [],
                "self": false,
                "to_port": 0
              }
            ],
            "id": "sg-0f5094ff045eaf1b1",
            "ingress": [
              {
                "cidr_blocks": [
                  "0.0.0.0/0"
                ],
                "description": "Allow all incoming ICMP IPv4 and IPv6 traffic",
                "from_port": -1,
                "ipv6_cidr_blocks": [
                  "::/0"
                ],
                "prefix_list_ids": [],
                "protocol": "icmp",
                "security_groups": [],
                "self": false,
                "to_port": -1
              },
              {
                "cidr_blocks": [
                  "0.0.0.0/0"
                ],
                "description": "ETCD client port",
                "from_port": 2379,
                "ipv6_cidr_blocks": [
                  "::/0"
                ],
                "prefix_list_ids": [],
                "protocol": "tcp",
                "security_groups": [],
                "self": false,
                "to_port": 2379
              },
              {
                "cidr_blocks": [
                  "0.0.0.0/0"
                ],
                "description": "ETCD metrics port",
                "from_port": 2381,
                "ipv6_cidr_blocks": [
                  "::/0"
                ],
                "prefix_list_ids": [],
                "protocol": "tcp",
                "security_groups": [],
                "self": false,
                "to_port": 2381
              },
              {
                "cidr_blocks": [
                  "0.0.0.0/0"
                ],
                "description": "ETCD peer port",
                "from_port": 2380,
                "ipv6_cidr_blocks": [
                  "::/0"
                ],
                "prefix_list_ids": [],
                "protocol": "tcp",
                "security_groups": [],
                "self": false,
                "to_port": 2380
              },
              {
                "cidr_blocks": [
                  "0.0.0.0/0"
                ],
                "description": "Kubelet metrics",
                "from_port": 10250,
                "ipv6_cidr_blocks": [
                  "::/0"
                ],
                "prefix_list_ids": [],
                "protocol": "tcp",
                "security_groups": [],
                "self": false,
                "to_port": 10250
              },
              {
                "cidr_blocks": [
                  "0.0.0.0/0"
                ],
                "description": "NodePort port range",
                "from_port": 30000,
                "ipv6_cidr_blocks": [
                  "::/0"
                ],
                "prefix_list_ids": [],
                "protocol": "tcp",
                "security_groups": [],
                "self": false,
                "to_port": 32767
              },
              {
                "cidr_blocks": [
                  "0.0.0.0/0"
                ],
                "description": "SSH login port",
                "from_port": 22,
                "ipv6_cidr_blocks": [
                  "::/0"
                ],
                "prefix_list_ids": [],
                "protocol": "tcp",
                "security_groups": [],
                "self": false,
                "to_port": 22
              }
            ],
            "name": "terraform-20240802170439770200000003",
            "name_prefix": "terraform-",
            "owner_id": "931337674770",
            "revoke_rules_on_delete": false,
            "tags": {
              "Cluster": "tf5",
              "Name": "tf5-K8S_ETCD_SECURITY_GROUP"
            },
            "tags_all": {
              "Cluster": "tf5",
              "Name": "tf5-K8S_ETCD_SECURITY_GROUP"
            },
            "timeouts": null,
            "vpc_id": "vpc-40243c28"
          },
          "sensitive_attributes": [],
          "private": "eyJlMmJmYjczMC1lY2FhLTExZTYtOGY4OC0zNDM2M2JjN2M0YzAiOnsiY3JlYXRlIjo2MDAwMDAwMDAwMDAsImRlbGV0ZSI6OTAwMDAwMDAwMDAwfSwic2NoZW1hX3ZlcnNpb24iOiIxIn0="
        },
        {
          "index_key": "K8S_WORKER_SECURITY_GROUP",
          "schema_version": 1,
          "attributes": {
            "arn": "arn:aws:ec2:ap-south-1:931337674770:security-group/sg-0eab48533ed565ccc",
            "description": "Rules which allow the outgoing traffic from the instances associated with the security group K8S_WORKER_SECURITY_GROUP",
            "egress": [
              {
                "cidr_blocks": [
                  "0.0.0.0/0"
                ],
                "description": "Rules which allow the incoming traffic to the instances associated with the security group.",
                "from_port": 0,
                "ipv6_cidr_blocks": [
                  "::/0"
                ],
                "prefix_list_ids": [],
                "protocol": "-1",
                "security_groups": [],
                "self": false,
                "to_port": 0
              }
            ],
            "id": "sg-0eab48533ed565ccc",
            "ingress": [
              {
                "cidr_blocks": [
                  "0.0.0.0/0"
                ],
                "description": "Allow all incoming ICMP IPv4 and IPv6 traffic",
                "from_port": -1,
                "ipv6_cidr_blocks": [
                  "::/0"
                ],
                "prefix_list_ids": [],
                "protocol": "icmp",
                "security_groups": [],
                "self": false,
                "to_port": -1
              },
              {
                "cidr_blocks": [
                  "0.0.0.0/0"
                ],
                "description": "Kubelet metrics",
                "from_port": 10250,
                "ipv6_cidr_blocks": [
                  "::/0"
                ],
                "prefix_list_ids": [],
                "protocol": "tcp",
                "security_groups": [],
                "self": false,
                "to_port": 10250
              },
              {
                "cidr_blocks": [
                  "0.0.0.0/0"
                ],
                "description": "NodePort port range",
                "from_port": 30000,
                "ipv6_cidr_blocks": [
                  "::/0"
                ],
                "prefix_list_ids": [],
                "protocol": "tcp",
                "security_groups": [],
                "self": false,
                "to_port": 32767
              },
              {
                "cidr_blocks": [
                  "0.0.0.0/0"
                ],
                "description": "SSH login port",
                "from_port": 22,
                "ipv6_cidr_blocks": [
                  "::/0"
                ],
                "prefix_list_ids": [],
                "protocol": "tcp",
                "security_groups": [],
                "self": false,
                "to_port": 22
              }
            ],
            "name": "terraform-20240802170439749400000001",
            "name_prefix": "terraform-",
            "owner_id": "931337674770",
            "revoke_rules_on_delete": false,
            "tags": {
              "Cluster": "tf5",
              "Name": "tf5-K8S_WORKER_SECURITY_GROUP"
            },
            "tags_all": {
              "Cluster": "tf5",
              "Name": "tf5-K8S_WORKER_SECURITY_GROUP"
            },
            "timeouts": null,
            "vpc_id": "vpc-40243c28"
          },
          "sensitive_attributes": [],
          "private": "eyJlMmJmYjczMC1lY2FhLTExZTYtOGY4OC0zNDM2M2JjN2M0YzAiOnsiY3JlYXRlIjo2MDAwMDAwMDAwMDAsImRlbGV0ZSI6OTAwMDAwMDAwMDAwfSwic2NoZW1hX3ZlcnNpb24iOiIxIn0="
        },
        {
          "index_key": "NGINX_SECURITY_GROUP",
          "schema_version": 1,
          "attributes": {
            "arn": "arn:aws:ec2:ap-south-1:931337674770:security-group/sg-027fd1a3367abd532",
            "description": "Rules which allow the outgoing traffic from the instances associated with the security group NGINX_SECURITY_GROUP",
            "egress": [
              {
                "cidr_blocks": [
                  "0.0.0.0/0"
                ],
                "description": "Rules which allow the incoming traffic to the instances associated with the security group.",
                "from_port": 0,
                "ipv6_cidr_blocks": [
                  "::/0"
                ],
                "prefix_list_ids": [],
                "protocol": "-1",
                "security_groups": [],
                "self": false,
                "to_port": 0
              }
            ],
            "id": "sg-027fd1a3367abd532",
            "ingress": [
              {
                "cidr_blocks": [
                  "0.0.0.0/0"
                ],
                "description": "ActiveMQ port",
                "from_port": 61616,
                "ipv6_cidr_blocks": [
                  "::/0"
                ],
                "prefix_list_ids": [],
                "protocol": "tcp",
                "security_groups": [],
                "self": false,
                "to_port": 61616
              },
              {
                "cidr_blocks": [
                  "0.0.0.0/0"
                ],
                "description": "Allow all incoming ICMP IPv4 and IPv6 traffic",
                "from_port": -1,
                "ipv6_cidr_blocks": [
                  "::/0"
                ],
                "prefix_list_ids": [],
                "protocol": "icmp",
                "security_groups": [],
                "self": false,
                "to_port": -1
              },
              {
                "cidr_blocks": [
                  "0.0.0.0/0"
                ],
                "description": "HTTP port",
                "from_port": 80,
                "ipv6_cidr_blocks": [
                  "::/0"
                ],
                "prefix_list_ids": [],
                "protocol": "tcp",
                "security_groups": [],
                "self": false,
                "to_port": 80
              },
              {
                "cidr_blocks": [
                  "0.0.0.0/0"
                ],
                "description": "HTTPS port",
                "from_port": 443,
                "ipv6_cidr_blocks": [
                  "::/0"
                ],
                "prefix_list_ids": [],
                "protocol": "tcp",
                "security_groups": [],
                "self": false,
                "to_port": 443
              },
              {
                "cidr_blocks": [
                  "0.0.0.0/0"
                ],
                "description": "Minio console port",
                "from_port": 9000,
                "ipv6_cidr_blocks": [
                  "::/0"
                ],
                "prefix_list_ids": [],
                "protocol": "tcp",
                "security_groups": [],
                "self": false,
                "to_port": 9000
              },
              {
                "cidr_blocks": [
                  "0.0.0.0/0"
                ],
                "description": "Postgres port",
                "from_port": 5432,
                "ipv6_cidr_blocks": [
                  "::/0"
                ],
                "prefix_list_ids": [],
                "protocol": "tcp",
                "security_groups": [],
                "self": false,
                "to_port": 5432
              },
              {
                "cidr_blocks": [
                  "0.0.0.0/0"
                ],
                "description": "SSH login port",
                "from_port": 22,
                "ipv6_cidr_blocks": [
                  "::/0"
                ],
                "prefix_list_ids": [],
                "protocol": "tcp",
                "security_groups": [],
                "self": false,
                "to_port": 22
              }
            ],
            "name": "terraform-20240802170439768700000002",
            "name_prefix": "terraform-",
            "owner_id": "931337674770",
            "revoke_rules_on_delete": false,
            "tags": {
              "Cluster": "tf5",
              "Name": "tf5-NGINX_SECURITY_GROUP"
            },
            "tags_all": {
              "Cluster": "tf5",
              "Name": "tf5-NGINX_SECURITY_GROUP"
            },
            "timeouts": null,
            "vpc_id": "vpc-40243c28"
          },
          "sensitive_attributes": [],
          "private": "eyJlMmJmYjczMC1lY2FhLTExZTYtOGY4OC0zNDM2M2JjN2M0YzAiOnsiY3JlYXRlIjo2MDAwMDAwMDAwMDAsImRlbGV0ZSI6OTAwMDAwMDAwMDAwfSwic2NoZW1hX3ZlcnNpb24iOiIxIn0="
        }
      ]
    },
    {
      "module": "module.nginx-setup",
      "mode": "managed",
      "type": "null_resource",
      "name": "Nginx-setup",
      "provider": "provider[\"registry.terraform.io/hashicorp/null\"]",
      "instances": [
        {
          "schema_version": 0,
          "attributes": {
            "id": "8390477454967832342",
            "triggers": {
              "node_hash": "62ff272efbd6245f6861c50c12fc53f0",
              "public_dns_hash": "9ae6ac844676393a9bf5223c9120de84"
            }
          },
          "sensitive_attributes": [],
          "dependencies": [
            "module.aws-resource-creation.aws_iam_instance_profile.certbot_profile",
            "module.aws-resource-creation.aws_iam_policy.certbot_policy",
            "module.aws-resource-creation.aws_iam_role.certbot_role",
            "module.aws-resource-creation.aws_iam_role_policy_attachment.certbot_policy_attachment",
            "module.aws-resource-creation.aws_instance.K8S_CLUSTER_EC2_INSTANCE",
            "module.aws-resource-creation.aws_instance.NGINX_EC2_INSTANCE",
            "module.aws-resource-creation.aws_route53_record.DNS_RECORDS",
            "module.aws-resource-creation.aws_security_group.security-group"
          ]
        }
      ]
    },
    {
      "module": "module.rke2-setup",
      "mode": "managed",
      "type": "null_resource",
      "name": "rancher-import",
      "provider": "provider[\"registry.terraform.io/hashicorp/null\"]",
      "instances": [
        {
          "schema_version": 0,
          "attributes": {
            "id": "8631540111859790694",
            "triggers": null
          },
          "sensitive_attributes": [],
          "dependencies": [
            "module.aws-resource-creation.aws_iam_instance_profile.certbot_profile",
            "module.aws-resource-creation.aws_iam_policy.certbot_policy",
            "module.aws-resource-creation.aws_iam_role.certbot_role",
            "module.aws-resource-creation.aws_iam_role_policy_attachment.certbot_policy_attachment",
            "module.aws-resource-creation.aws_instance.K8S_CLUSTER_EC2_INSTANCE",
            "module.aws-resource-creation.aws_instance.NGINX_EC2_INSTANCE",
            "module.aws-resource-creation.aws_route53_record.DNS_RECORDS",
            "module.aws-resource-creation.aws_security_group.security-group",
            "module.rke2-setup.null_resource.rke2-primary-cluster-setup"
          ]
        }
      ]
    },
    {
      "module": "module.rke2-setup",
      "mode": "managed",
      "type": "null_resource",
      "name": "rke2-cluster-setup",
      "provider": "provider[\"registry.terraform.io/hashicorp/null\"]",
      "instances": [
        {
          "index_key": "tf5-CONTROL-PLANE-NODE-1",
          "schema_version": 0,
          "attributes": {
            "id": "7082364479886294817",
            "triggers": {
              "node_hash": "be3c3b1964d0a87d40d4ab088a1d9f3f"
            }
          },
          "sensitive_attributes": [],
          "dependencies": [
            "module.aws-resource-creation.aws_iam_instance_profile.certbot_profile",
            "module.aws-resource-creation.aws_iam_policy.certbot_policy",
            "module.aws-resource-creation.aws_iam_role.certbot_role",
            "module.aws-resource-creation.aws_iam_role_policy_attachment.certbot_policy_attachment",
            "module.aws-resource-creation.aws_instance.K8S_CLUSTER_EC2_INSTANCE",
            "module.aws-resource-creation.aws_instance.NGINX_EC2_INSTANCE",
            "module.aws-resource-creation.aws_route53_record.DNS_RECORDS",
            "module.aws-resource-creation.aws_security_group.security-group",
            "module.rke2-setup.null_resource.rke2-primary-cluster-setup"
          ]
        },
        {
          "index_key": "tf5-CONTROL-PLANE-NODE-2",
          "schema_version": 0,
          "attributes": {
            "id": "7866436719119616529",
            "triggers": {
              "node_hash": "be3c3b1964d0a87d40d4ab088a1d9f3f"
            }
          },
          "sensitive_attributes": [],
          "dependencies": [
            "module.aws-resource-creation.aws_iam_instance_profile.certbot_profile",
            "module.aws-resource-creation.aws_iam_policy.certbot_policy",
            "module.aws-resource-creation.aws_iam_role.certbot_role",
            "module.aws-resource-creation.aws_iam_role_policy_attachment.certbot_policy_attachment",
            "module.aws-resource-creation.aws_instance.K8S_CLUSTER_EC2_INSTANCE",
            "module.aws-resource-creation.aws_instance.NGINX_EC2_INSTANCE",
            "module.aws-resource-creation.aws_route53_record.DNS_RECORDS",
            "module.aws-resource-creation.aws_security_group.security-group",
            "module.rke2-setup.null_resource.rke2-primary-cluster-setup"
          ]
        },
        {
          "index_key": "tf5-ETCD-NODE-1",
          "schema_version": 0,
          "attributes": {
            "id": "1287747796766241646",
            "triggers": {
              "node_hash": "be3c3b1964d0a87d40d4ab088a1d9f3f"
            }
          },
          "sensitive_attributes": [],
          "dependencies": [
            "module.aws-resource-creation.aws_iam_instance_profile.certbot_profile",
            "module.aws-resource-creation.aws_iam_policy.certbot_policy",
            "module.aws-resource-creation.aws_iam_role.certbot_role",
            "module.aws-resource-creation.aws_iam_role_policy_attachment.certbot_policy_attachment",
            "module.aws-resource-creation.aws_instance.K8S_CLUSTER_EC2_INSTANCE",
            "module.aws-resource-creation.aws_instance.NGINX_EC2_INSTANCE",
            "module.aws-resource-creation.aws_route53_record.DNS_RECORDS",
            "module.aws-resource-creation.aws_security_group.security-group",
            "module.rke2-setup.null_resource.rke2-primary-cluster-setup"
          ]
        },
        {
          "index_key": "tf5-ETCD-NODE-2",
          "schema_version": 0,
          "attributes": {
            "id": "3716002039230948839",
            "triggers": {
              "node_hash": "be3c3b1964d0a87d40d4ab088a1d9f3f"
            }
          },
          "sensitive_attributes": [],
          "dependencies": [
            "module.aws-resource-creation.aws_iam_instance_profile.certbot_profile",
            "module.aws-resource-creation.aws_iam_policy.certbot_policy",
            "module.aws-resource-creation.aws_iam_role.certbot_role",
            "module.aws-resource-creation.aws_iam_role_policy_attachment.certbot_policy_attachment",
            "module.aws-resource-creation.aws_instance.K8S_CLUSTER_EC2_INSTANCE",
            "module.aws-resource-creation.aws_instance.NGINX_EC2_INSTANCE",
            "module.aws-resource-creation.aws_route53_record.DNS_RECORDS",
            "module.aws-resource-creation.aws_security_group.security-group",
            "module.rke2-setup.null_resource.rke2-primary-cluster-setup"
          ]
        },
        {
          "index_key": "tf5-WORKER-NODE-1",
          "schema_version": 0,
          "attributes": {
            "id": "9001297215230260451",
            "triggers": {
              "node_hash": "be3c3b1964d0a87d40d4ab088a1d9f3f"
            }
          },
          "sensitive_attributes": [],
          "dependencies": [
            "module.aws-resource-creation.aws_iam_instance_profile.certbot_profile",
            "module.aws-resource-creation.aws_iam_policy.certbot_policy",
            "module.aws-resource-creation.aws_iam_role.certbot_role",
            "module.aws-resource-creation.aws_iam_role_policy_attachment.certbot_policy_attachment",
            "module.aws-resource-creation.aws_instance.K8S_CLUSTER_EC2_INSTANCE",
            "module.aws-resource-creation.aws_instance.NGINX_EC2_INSTANCE",
            "module.aws-resource-creation.aws_route53_record.DNS_RECORDS",
            "module.aws-resource-creation.aws_security_group.security-group",
            "module.rke2-setup.null_resource.rke2-primary-cluster-setup"
          ]
        },
        {
          "index_key": "tf5-WORKER-NODE-2",
          "schema_version": 0,
          "attributes": {
            "id": "5981210355356680353",
            "triggers": {
              "node_hash": "be3c3b1964d0a87d40d4ab088a1d9f3f"
            }
          },
          "sensitive_attributes": [],
          "dependencies": [
            "module.aws-resource-creation.aws_iam_instance_profile.certbot_profile",
            "module.aws-resource-creation.aws_iam_policy.certbot_policy",
            "module.aws-resource-creation.aws_iam_role.certbot_role",
            "module.aws-resource-creation.aws_iam_role_policy_attachment.certbot_policy_attachment",
            "module.aws-resource-creation.aws_instance.K8S_CLUSTER_EC2_INSTANCE",
            "module.aws-resource-creation.aws_instance.NGINX_EC2_INSTANCE",
            "module.aws-resource-creation.aws_route53_record.DNS_RECORDS",
            "module.aws-resource-creation.aws_security_group.security-group",
            "module.rke2-setup.null_resource.rke2-primary-cluster-setup"
          ]
        },
        {
          "index_key": "tf5-WORKER-NODE-3",
          "schema_version": 0,
          "attributes": {
            "id": "3198451042904653477",
            "triggers": {
              "node_hash": "be3c3b1964d0a87d40d4ab088a1d9f3f"
            }
          },
          "sensitive_attributes": [],
          "dependencies": [
            "module.aws-resource-creation.aws_iam_instance_profile.certbot_profile",
            "module.aws-resource-creation.aws_iam_policy.certbot_policy",
            "module.aws-resource-creation.aws_iam_role.certbot_role",
            "module.aws-resource-creation.aws_iam_role_policy_attachment.certbot_policy_attachment",
            "module.aws-resource-creation.aws_instance.K8S_CLUSTER_EC2_INSTANCE",
            "module.aws-resource-creation.aws_instance.NGINX_EC2_INSTANCE",
            "module.aws-resource-creation.aws_route53_record.DNS_RECORDS",
            "module.aws-resource-creation.aws_security_group.security-group",
            "module.rke2-setup.null_resource.rke2-primary-cluster-setup"
          ]
        }
      ]
    },
    {
      "module": "module.rke2-setup",
      "mode": "managed",
      "type": "null_resource",
      "name": "rke2-primary-cluster-setup",
      "provider": "provider[\"registry.terraform.io/hashicorp/null\"]",
      "instances": [
        {
          "schema_version": 0,
          "attributes": {
            "id": "7969457702777488702",
            "triggers": {
              "node_hash": "be3c3b1964d0a87d40d4ab088a1d9f3f"
            }
          },
          "sensitive_attributes": [],
          "dependencies": [
            "module.aws-resource-creation.aws_iam_instance_profile.certbot_profile",
            "module.aws-resource-creation.aws_iam_policy.certbot_policy",
            "module.aws-resource-creation.aws_iam_role.certbot_role",
            "module.aws-resource-creation.aws_iam_role_policy_attachment.certbot_policy_attachment",
            "module.aws-resource-creation.aws_instance.K8S_CLUSTER_EC2_INSTANCE",
            "module.aws-resource-creation.aws_instance.NGINX_EC2_INSTANCE",
            "module.aws-resource-creation.aws_route53_record.DNS_RECORDS",
            "module.aws-resource-creation.aws_security_group.security-group"
          ]
        }
      ]
    }
  ],
  "check_results": [
    {
      "object_kind": "var",
      "config_addr": "var.RANCHER_IMPORT_URL",
      "status": "pass",
      "objects": [
        {
          "object_addr": "var.RANCHER_IMPORT_URL",
          "status": "pass"
        }
      ]
    },
    {
      "object_kind": "var",
      "config_addr": "var.NGINX_INSTANCE_TYPE",
      "status": "pass",
      "objects": [
        {
          "object_addr": "var.NGINX_INSTANCE_TYPE",
          "status": "pass"
        }
      ]
    },
    {
      "object_kind": "var",
      "config_addr": "var.MOSIP_DOMAIN",
      "status": "pass",
      "objects": [
        {
          "object_addr": "var.MOSIP_DOMAIN",
          "status": "pass"
        }
      ]
    },
    {
      "object_kind": "var",
      "config_addr": "module.aws-resource-creation.var.NGINX_INSTANCE_TYPE",
      "status": "pass",
      "objects": [
        {
          "object_addr": "module.aws-resource-creation.var.NGINX_INSTANCE_TYPE",
          "status": "pass"
        }
      ]
    },
    {
      "object_kind": "var",
      "config_addr": "var.K8S_INSTANCE_TYPE",
      "status": "pass",
      "objects": [
        {
          "object_addr": "var.K8S_INSTANCE_TYPE",
          "status": "pass"
        }
      ]
    },
    {
      "object_kind": "var",
      "config_addr": "var.MOSIP_EMAIL_ID",
      "status": "pass",
      "objects": [
        {
          "object_addr": "var.MOSIP_EMAIL_ID",
          "status": "pass"
        }
      ]
    },
    {
      "object_kind": "var",
      "config_addr": "module.aws-resource-creation.var.K8S_INSTANCE_TYPE",
      "status": "pass",
      "objects": [
        {
          "object_addr": "module.aws-resource-creation.var.K8S_INSTANCE_TYPE",
          "status": "pass"
        }
      ]
    },
    {
      "object_kind": "var",
      "config_addr": "module.rke2-setup.var.RANCHER_IMPORT_URL",
      "status": "pass",
      "objects": [
        {
          "object_addr": "module.rke2-setup.var.RANCHER_IMPORT_URL",
          "status": "pass"
        }
      ]
    },
    {
      "object_kind": "var",
      "config_addr": "var.AMI",
      "status": "pass",
      "objects": [
        {
          "object_addr": "var.AMI",
          "status": "pass"
        }
      ]
    },
    {
      "object_kind": "var",
      "config_addr": "var.K8S_INFRA_REPO_URL",
      "status": "pass",
      "objects": [
        {
          "object_addr": "var.K8S_INFRA_REPO_URL",
          "status": "pass"
        }
      ]
    },
    {
      "object_kind": "var",
      "config_addr": "module.aws-resource-creation.var.AMI",
      "status": "pass",
      "objects": [
        {
          "object_addr": "module.aws-resource-creation.var.AMI",
          "status": "pass"
        }
      ]
    },
    {
      "object_kind": "var",
      "config_addr": "module.nginx-setup.var.K8S_INFRA_REPO_URL",
      "status": "pass",
      "objects": [
        {
          "object_addr": "module.nginx-setup.var.K8S_INFRA_REPO_URL",
          "status": "pass"
        }
      ]
    },
    {
      "object_kind": "var",
      "config_addr": "module.rke2-setup.var.K8S_INFRA_REPO_URL",
      "status": "pass",
      "objects": [
        {
          "object_addr": "module.rke2-setup.var.K8S_INFRA_REPO_URL",
          "status": "pass"
        }
      ]
    }
  ]
}
