{
  "version": 4,
  "terraform_version": "1.8.5",
  "serial": 48,
  "lineage": "70a0b1ed-a255-1627-e1b2-7e75779ae179",
  "outputs": {
    "CONTROL_PLANE_NODE_1": {
      "value": "172.31.39.9",
      "type": "string"
    },
    "K8S_CLUSTER_PRIVATE_IPS": {
      "value": {
        "tf9-CONTROL-PLANE-NODE-1": "172.31.39.9",
        "tf9-CONTROL-PLANE-NODE-2": "172.31.37.254",
        "tf9-ETCD-NODE-1": "172.31.41.124",
        "tf9-ETCD-NODE-2": "172.31.46.14",
        "tf9-WORKER-NODE-1": "172.31.32.8",
        "tf9-WORKER-NODE-2": "172.31.33.207",
        "tf9-WORKER-NODE-3": "172.31.35.13",
        "tf9-WORKER-NODE-4": "172.31.46.70"
      },
      "type": [
        "object",
        {
          "tf9-CONTROL-PLANE-NODE-1": "string",
          "tf9-CONTROL-PLANE-NODE-2": "string",
          "tf9-ETCD-NODE-1": "string",
          "tf9-ETCD-NODE-2": "string",
          "tf9-WORKER-NODE-1": "string",
          "tf9-WORKER-NODE-2": "string",
          "tf9-WORKER-NODE-3": "string",
          "tf9-WORKER-NODE-4": "string"
        }
      ]
    },
    "K8S_CLUSTER_PRIVATE_IPS_STR": {
      "value": "tf9-CONTROL-PLANE-NODE-1=172.31.39.9,tf9-CONTROL-PLANE-NODE-2=172.31.37.254,tf9-ETCD-NODE-1=172.31.41.124,tf9-ETCD-NODE-2=172.31.46.14,tf9-WORKER-NODE-1=172.31.32.8,tf9-WORKER-NODE-2=172.31.33.207,tf9-WORKER-NODE-3=172.31.35.13,tf9-WORKER-NODE-4=172.31.46.70",
      "type": "string"
    },
    "K8S_CLUSTER_PUBLIC_IPS": {
      "value": {
        "tf9-CONTROL-PLANE-NODE-1": "13.201.88.161",
        "tf9-CONTROL-PLANE-NODE-2": "3.111.213.53",
        "tf9-ETCD-NODE-1": "43.204.22.172",
        "tf9-ETCD-NODE-2": "43.205.237.1",
        "tf9-WORKER-NODE-1": "13.127.119.84",
        "tf9-WORKER-NODE-2": "13.201.8.194",
        "tf9-WORKER-NODE-3": "13.201.86.237",
        "tf9-WORKER-NODE-4": "65.2.132.225"
      },
      "type": [
        "object",
        {
          "tf9-CONTROL-PLANE-NODE-1": "string",
          "tf9-CONTROL-PLANE-NODE-2": "string",
          "tf9-ETCD-NODE-1": "string",
          "tf9-ETCD-NODE-2": "string",
          "tf9-WORKER-NODE-1": "string",
          "tf9-WORKER-NODE-2": "string",
          "tf9-WORKER-NODE-3": "string",
          "tf9-WORKER-NODE-4": "string"
        }
      ]
    },
    "K8S_TOKEN": {
      "value": "ZczkPfo6Ad5JtalXhw8ugSLJDZgDaZNY",
      "type": "string"
    },
    "MOSIP_K8S_CLUSTER_NODES_PRIVATE_IP_LIST": {
      "value": "172.31.39.9,172.31.37.254,172.31.41.124,172.31.46.14,172.31.32.8,172.31.33.207,172.31.35.13,172.31.46.70",
      "type": "string"
    },
    "MOSIP_K8S_SG_ID": {
      "value": {
        "K8S_CONTROL_PLANE_SECURITY_GROUP": "sg-05d20c79cd9fbc07f",
        "K8S_ETCD_SECURITY_GROUP": "sg-0bb43a7a9f275fd22",
        "K8S_WORKER_SECURITY_GROUP": "sg-0c1148fc1e20c792e",
        "NGINX_SECURITY_GROUP": "sg-020e1b76bd807453c"
      },
      "type": [
        "object",
        {
          "K8S_CONTROL_PLANE_SECURITY_GROUP": "string",
          "K8S_ETCD_SECURITY_GROUP": "string",
          "K8S_WORKER_SECURITY_GROUP": "string",
          "NGINX_SECURITY_GROUP": "string"
        }
      ]
    },
    "MOSIP_NGINX_SG_ID": {
      "value": "sg-020e1b76bd807453c",
      "type": "string"
    },
    "MOSIP_PUBLIC_DOMAIN_LIST": {
      "value": "api.tf9.mosip.net,esignet.tf9.mosip.net,prereg.tf9.mosip.net,resident.tf9.mosip.net",
      "type": "string"
    },
    "NGINX_PRIVATE_IP": {
      "value": "172.31.4.97",
      "type": "string"
    },
    "NGINX_PUBLIC_IP": {
      "value": "35.154.106.12",
      "type": "string"
    }
  },
  "resources": [
    {
      "module": "module.aws-resource-creation",
      "mode": "managed",
      "type": "aws_iam_instance_profile",
      "name": "certbot_profile",
      "provider": "module.aws-resource-creation.provider[\"registry.terraform.io/hashicorp/aws\"]",
      "instances": [
        {
          "schema_version": 0,
          "attributes": {
            "arn": "arn:aws:iam::931337674770:instance-profile/tf9-certbot-instance-profile",
            "create_date": "2024-09-10T07:33:30Z",
            "id": "tf9-certbot-instance-profile",
            "name": "tf9-certbot-instance-profile",
            "name_prefix": "",
            "path": "/",
            "role": "tf9-certbot-route53-role",
            "tags": null,
            "tags_all": {},
            "unique_id": "AIPA5RWANEAJEQVZPAGU4"
          },
          "sensitive_attributes": [],
          "private": "bnVsbA==",
          "dependencies": [
            "module.aws-resource-creation.aws_iam_role.certbot_role"
          ]
        }
      ]
    },
    {
      "module": "module.aws-resource-creation",
      "mode": "managed",
      "type": "aws_iam_policy",
      "name": "certbot_policy",
      "provider": "module.aws-resource-creation.provider[\"registry.terraform.io/hashicorp/aws\"]",
      "instances": [
        {
          "schema_version": 0,
          "attributes": {
            "arn": "arn:aws:iam::931337674770:policy/tf9-certbot-route53-policy",
            "attachment_count": 0,
            "description": "Allow Certbot to modify Route 53 records",
            "id": "arn:aws:iam::931337674770:policy/tf9-certbot-route53-policy",
            "name": "tf9-certbot-route53-policy",
            "name_prefix": "",
            "path": "/",
            "policy": "{\"Statement\":[{\"Action\":[\"route53:ListHostedZones\",\"route53:GetChange\",\"route53:ChangeResourceRecordSets\"],\"Effect\":\"Allow\",\"Resource\":\"*\"}],\"Version\":\"2012-10-17\"}",
            "policy_id": "ANPA5RWANEAJNBZGAQSR5",
            "tags": {
              "Cluster": "tf9",
              "Name": "tf9-certbot-route53-policy"
            },
            "tags_all": {
              "Cluster": "tf9",
              "Name": "tf9-certbot-route53-policy"
            }
          },
          "sensitive_attributes": [],
          "private": "bnVsbA=="
        }
      ]
    },
    {
      "module": "module.aws-resource-creation",
      "mode": "managed",
      "type": "aws_iam_role",
      "name": "certbot_role",
      "provider": "module.aws-resource-creation.provider[\"registry.terraform.io/hashicorp/aws\"]",
      "instances": [
        {
          "schema_version": 0,
          "attributes": {
            "arn": "arn:aws:iam::931337674770:role/tf9-certbot-route53-role",
            "assume_role_policy": "{\"Statement\":[{\"Action\":\"sts:AssumeRole\",\"Effect\":\"Allow\",\"Principal\":{\"Service\":\"ec2.amazonaws.com\"}}],\"Version\":\"2012-10-17\"}",
            "create_date": "2024-09-10T07:33:30Z",
            "description": "",
            "force_detach_policies": false,
            "id": "tf9-certbot-route53-role",
            "inline_policy": [],
            "managed_policy_arns": [],
            "max_session_duration": 3600,
            "name": "tf9-certbot-route53-role",
            "name_prefix": "",
            "path": "/",
            "permissions_boundary": "",
            "tags": {
              "Cluster": "tf9",
              "Name": "tf9-certbot-route53-role"
            },
            "tags_all": {
              "Cluster": "tf9",
              "Name": "tf9-certbot-route53-role"
            },
            "unique_id": "AROA5RWANEAJP3QT7B525"
          },
          "sensitive_attributes": [],
          "private": "bnVsbA=="
        }
      ]
    },
    {
      "module": "module.aws-resource-creation",
      "mode": "managed",
      "type": "aws_iam_role_policy_attachment",
      "name": "certbot_policy_attachment",
      "provider": "module.aws-resource-creation.provider[\"registry.terraform.io/hashicorp/aws\"]",
      "instances": [
        {
          "schema_version": 0,
          "attributes": {
            "id": "tf9-certbot-route53-role-20240910073330584800000005",
            "policy_arn": "arn:aws:iam::931337674770:policy/tf9-certbot-route53-policy",
            "role": "tf9-certbot-route53-role"
          },
          "sensitive_attributes": [],
          "private": "bnVsbA==",
          "dependencies": [
            "module.aws-resource-creation.aws_iam_policy.certbot_policy",
            "module.aws-resource-creation.aws_iam_role.certbot_role"
          ]
        }
      ]
    },
    {
      "module": "module.aws-resource-creation",
      "mode": "managed",
      "type": "aws_instance",
      "name": "K8S_CLUSTER_EC2_INSTANCE",
      "provider": "module.aws-resource-creation.provider[\"registry.terraform.io/hashicorp/aws\"]",
      "instances": [
        {
          "index_key": "CONTROL-PLANE-NODE-1",
          "schema_version": 1,
          "attributes": {
            "ami": "ami-0ad21ae1d0696ad58",
            "arn": "arn:aws:ec2:ap-south-1:931337674770:instance/i-08ff1de7dcaff7a1b",
            "associate_public_ip_address": true,
            "availability_zone": "ap-south-1a",
            "capacity_reservation_specification": [
              {
                "capacity_reservation_preference": "open",
                "capacity_reservation_target": []
              }
            ],
            "cpu_core_count": 4,
            "cpu_options": [
              {
                "amd_sev_snp": "",
                "core_count": 4,
                "threads_per_core": 2
              }
            ],
            "cpu_threads_per_core": 2,
            "credit_specification": [
              {
                "cpu_credits": "unlimited"
              }
            ],
            "disable_api_stop": false,
            "disable_api_termination": false,
            "ebs_block_device": [],
            "ebs_optimized": false,
            "enclave_options": [
              {
                "enabled": false
              }
            ],
            "ephemeral_block_device": [],
            "get_password_data": false,
            "hibernation": false,
            "host_id": "",
            "host_resource_group_arn": null,
            "iam_instance_profile": "",
            "id": "i-08ff1de7dcaff7a1b",
            "instance_initiated_shutdown_behavior": "stop",
            "instance_lifecycle": "",
            "instance_market_options": [],
            "instance_state": "running",
            "instance_type": "t3a.2xlarge",
            "ipv6_address_count": 0,
            "ipv6_addresses": [],
            "key_name": "mosip-aws",
            "launch_template": [],
            "maintenance_options": [
              {
                "auto_recovery": "default"
              }
            ],
            "metadata_options": [
              {
                "http_endpoint": "enabled",
                "http_protocol_ipv6": "disabled",
                "http_put_response_hop_limit": 2,
                "http_tokens": "required",
                "instance_metadata_tags": "disabled"
              }
            ],
            "monitoring": false,
            "network_interface": [],
            "outpost_arn": "",
            "password_data": "",
            "placement_group": "",
            "placement_partition_number": 0,
            "primary_network_interface_id": "eni-0d32e2d152d7cb8b7",
            "private_dns": "ip-172-31-39-9.ap-south-1.compute.internal",
            "private_dns_name_options": [
              {
                "enable_resource_name_dns_a_record": false,
                "enable_resource_name_dns_aaaa_record": false,
                "hostname_type": "ip-name"
              }
            ],
            "private_ip": "172.31.39.9",
            "public_dns": "ec2-13-201-88-161.ap-south-1.compute.amazonaws.com",
            "public_ip": "13.201.88.161",
            "root_block_device": [
              {
                "delete_on_termination": true,
                "device_name": "/dev/sda1",
                "encrypted": false,
                "iops": 3000,
                "kms_key_id": "",
                "tags": {
                  "Cluster": "tf9",
                  "Name": "tf9-CONTROL-PLANE-NODE-1"
                },
                "tags_all": {
                  "Cluster": "tf9",
                  "Name": "tf9-CONTROL-PLANE-NODE-1"
                },
                "throughput": 125,
                "volume_id": "vol-0f8c578ec04177131",
                "volume_size": 20,
                "volume_type": "gp3"
              }
            ],
            "secondary_private_ips": [],
            "security_groups": [
              "terraform-20240910073330239100000004"
            ],
            "source_dest_check": true,
            "spot_instance_request_id": "",
            "subnet_id": "subnet-7d0c0d15",
            "tags": {
              "Cluster": "tf9",
              "Name": "tf9-CONTROL-PLANE-NODE-1"
            },
            "tags_all": {
              "Cluster": "tf9",
              "Name": "tf9-CONTROL-PLANE-NODE-1"
            },
            "tenancy": "default",
            "timeouts": null,
            "user_data": "ffc7509cbcd299f6342ea6feeaab97973fdd3595",
            "user_data_base64": null,
            "user_data_replace_on_change": false,
            "volume_tags": null,
            "vpc_security_group_ids": [
              "sg-05d20c79cd9fbc07f"
            ]
          },
          "sensitive_attributes": [],
          "private": "eyJlMmJmYjczMC1lY2FhLTExZTYtOGY4OC0zNDM2M2JjN2M0YzAiOnsiY3JlYXRlIjo2MDAwMDAwMDAwMDAsImRlbGV0ZSI6MTIwMDAwMDAwMDAwMCwicmVhZCI6OTAwMDAwMDAwMDAwLCJ1cGRhdGUiOjYwMDAwMDAwMDAwMH0sInNjaGVtYV92ZXJzaW9uIjoiMSJ9",
          "dependencies": [
            "module.aws-resource-creation.aws_security_group.security-group"
          ]
        },
        {
          "index_key": "CONTROL-PLANE-NODE-2",
          "schema_version": 1,
          "attributes": {
            "ami": "ami-0ad21ae1d0696ad58",
            "arn": "arn:aws:ec2:ap-south-1:931337674770:instance/i-0ff06f495af479851",
            "associate_public_ip_address": true,
            "availability_zone": "ap-south-1a",
            "capacity_reservation_specification": [
              {
                "capacity_reservation_preference": "open",
                "capacity_reservation_target": []
              }
            ],
            "cpu_core_count": 4,
            "cpu_options": [
              {
                "amd_sev_snp": "",
                "core_count": 4,
                "threads_per_core": 2
              }
            ],
            "cpu_threads_per_core": 2,
            "credit_specification": [
              {
                "cpu_credits": "unlimited"
              }
            ],
            "disable_api_stop": false,
            "disable_api_termination": false,
            "ebs_block_device": [],
            "ebs_optimized": false,
            "enclave_options": [
              {
                "enabled": false
              }
            ],
            "ephemeral_block_device": [],
            "get_password_data": false,
            "hibernation": false,
            "host_id": "",
            "host_resource_group_arn": null,
            "iam_instance_profile": "",
            "id": "i-0ff06f495af479851",
            "instance_initiated_shutdown_behavior": "stop",
            "instance_lifecycle": "",
            "instance_market_options": [],
            "instance_state": "running",
            "instance_type": "t3a.2xlarge",
            "ipv6_address_count": 0,
            "ipv6_addresses": [],
            "key_name": "mosip-aws",
            "launch_template": [],
            "maintenance_options": [
              {
                "auto_recovery": "default"
              }
            ],
            "metadata_options": [
              {
                "http_endpoint": "enabled",
                "http_protocol_ipv6": "disabled",
                "http_put_response_hop_limit": 2,
                "http_tokens": "required",
                "instance_metadata_tags": "disabled"
              }
            ],
            "monitoring": false,
            "network_interface": [],
            "outpost_arn": "",
            "password_data": "",
            "placement_group": "",
            "placement_partition_number": 0,
            "primary_network_interface_id": "eni-0590429a171794e2b",
            "private_dns": "ip-172-31-37-254.ap-south-1.compute.internal",
            "private_dns_name_options": [
              {
                "enable_resource_name_dns_a_record": false,
                "enable_resource_name_dns_aaaa_record": false,
                "hostname_type": "ip-name"
              }
            ],
            "private_ip": "172.31.37.254",
            "public_dns": "ec2-3-111-213-53.ap-south-1.compute.amazonaws.com",
            "public_ip": "3.111.213.53",
            "root_block_device": [
              {
                "delete_on_termination": true,
                "device_name": "/dev/sda1",
                "encrypted": false,
                "iops": 3000,
                "kms_key_id": "",
                "tags": {
                  "Cluster": "tf9",
                  "Name": "tf9-CONTROL-PLANE-NODE-2"
                },
                "tags_all": {
                  "Cluster": "tf9",
                  "Name": "tf9-CONTROL-PLANE-NODE-2"
                },
                "throughput": 125,
                "volume_id": "vol-06f148b182d464924",
                "volume_size": 20,
                "volume_type": "gp3"
              }
            ],
            "secondary_private_ips": [],
            "security_groups": [
              "terraform-20240910073330239100000004"
            ],
            "source_dest_check": true,
            "spot_instance_request_id": "",
            "subnet_id": "subnet-7d0c0d15",
            "tags": {
              "Cluster": "tf9",
              "Name": "tf9-CONTROL-PLANE-NODE-2"
            },
            "tags_all": {
              "Cluster": "tf9",
              "Name": "tf9-CONTROL-PLANE-NODE-2"
            },
            "tenancy": "default",
            "timeouts": null,
            "user_data": "5dd8875dc7e930ae8c7f571349d2adf9ee79269f",
            "user_data_base64": null,
            "user_data_replace_on_change": false,
            "volume_tags": null,
            "vpc_security_group_ids": [
              "sg-05d20c79cd9fbc07f"
            ]
          },
          "sensitive_attributes": [],
          "private": "eyJlMmJmYjczMC1lY2FhLTExZTYtOGY4OC0zNDM2M2JjN2M0YzAiOnsiY3JlYXRlIjo2MDAwMDAwMDAwMDAsImRlbGV0ZSI6MTIwMDAwMDAwMDAwMCwicmVhZCI6OTAwMDAwMDAwMDAwLCJ1cGRhdGUiOjYwMDAwMDAwMDAwMH0sInNjaGVtYV92ZXJzaW9uIjoiMSJ9",
          "dependencies": [
            "module.aws-resource-creation.aws_security_group.security-group"
          ]
        },
        {
          "index_key": "ETCD-NODE-1",
          "schema_version": 1,
          "attributes": {
            "ami": "ami-0ad21ae1d0696ad58",
            "arn": "arn:aws:ec2:ap-south-1:931337674770:instance/i-0326672544cbcb5b6",
            "associate_public_ip_address": true,
            "availability_zone": "ap-south-1a",
            "capacity_reservation_specification": [
              {
                "capacity_reservation_preference": "open",
                "capacity_reservation_target": []
              }
            ],
            "cpu_core_count": 4,
            "cpu_options": [
              {
                "amd_sev_snp": "",
                "core_count": 4,
                "threads_per_core": 2
              }
            ],
            "cpu_threads_per_core": 2,
            "credit_specification": [
              {
                "cpu_credits": "unlimited"
              }
            ],
            "disable_api_stop": false,
            "disable_api_termination": false,
            "ebs_block_device": [],
            "ebs_optimized": false,
            "enclave_options": [
              {
                "enabled": false
              }
            ],
            "ephemeral_block_device": [],
            "get_password_data": false,
            "hibernation": false,
            "host_id": "",
            "host_resource_group_arn": null,
            "iam_instance_profile": "",
            "id": "i-0326672544cbcb5b6",
            "instance_initiated_shutdown_behavior": "stop",
            "instance_lifecycle": "",
            "instance_market_options": [],
            "instance_state": "running",
            "instance_type": "t3a.2xlarge",
            "ipv6_address_count": 0,
            "ipv6_addresses": [],
            "key_name": "mosip-aws",
            "launch_template": [],
            "maintenance_options": [
              {
                "auto_recovery": "default"
              }
            ],
            "metadata_options": [
              {
                "http_endpoint": "enabled",
                "http_protocol_ipv6": "disabled",
                "http_put_response_hop_limit": 2,
                "http_tokens": "required",
                "instance_metadata_tags": "disabled"
              }
            ],
            "monitoring": false,
            "network_interface": [],
            "outpost_arn": "",
            "password_data": "",
            "placement_group": "",
            "placement_partition_number": 0,
            "primary_network_interface_id": "eni-0066893c2b982b838",
            "private_dns": "ip-172-31-41-124.ap-south-1.compute.internal",
            "private_dns_name_options": [
              {
                "enable_resource_name_dns_a_record": false,
                "enable_resource_name_dns_aaaa_record": false,
                "hostname_type": "ip-name"
              }
            ],
            "private_ip": "172.31.41.124",
            "public_dns": "ec2-43-204-22-172.ap-south-1.compute.amazonaws.com",
            "public_ip": "43.204.22.172",
            "root_block_device": [
              {
                "delete_on_termination": true,
                "device_name": "/dev/sda1",
                "encrypted": false,
                "iops": 3000,
                "kms_key_id": "",
                "tags": {
                  "Cluster": "tf9",
                  "Name": "tf9-ETCD-NODE-1"
                },
                "tags_all": {
                  "Cluster": "tf9",
                  "Name": "tf9-ETCD-NODE-1"
                },
                "throughput": 125,
                "volume_id": "vol-0efce5ac5350aadb4",
                "volume_size": 20,
                "volume_type": "gp3"
              }
            ],
            "secondary_private_ips": [],
            "security_groups": [
              "terraform-20240910073330218900000002"
            ],
            "source_dest_check": true,
            "spot_instance_request_id": "",
            "subnet_id": "subnet-7d0c0d15",
            "tags": {
              "Cluster": "tf9",
              "Name": "tf9-ETCD-NODE-1"
            },
            "tags_all": {
              "Cluster": "tf9",
              "Name": "tf9-ETCD-NODE-1"
            },
            "tenancy": "default",
            "timeouts": null,
            "user_data": "b0e4389f75c10f9be9e407a8faebbb492d8ebf5e",
            "user_data_base64": null,
            "user_data_replace_on_change": false,
            "volume_tags": null,
            "vpc_security_group_ids": [
              "sg-0bb43a7a9f275fd22"
            ]
          },
          "sensitive_attributes": [],
          "private": "eyJlMmJmYjczMC1lY2FhLTExZTYtOGY4OC0zNDM2M2JjN2M0YzAiOnsiY3JlYXRlIjo2MDAwMDAwMDAwMDAsImRlbGV0ZSI6MTIwMDAwMDAwMDAwMCwicmVhZCI6OTAwMDAwMDAwMDAwLCJ1cGRhdGUiOjYwMDAwMDAwMDAwMH0sInNjaGVtYV92ZXJzaW9uIjoiMSJ9",
          "dependencies": [
            "module.aws-resource-creation.aws_security_group.security-group"
          ]
        },
        {
          "index_key": "ETCD-NODE-2",
          "schema_version": 1,
          "attributes": {
            "ami": "ami-0ad21ae1d0696ad58",
            "arn": "arn:aws:ec2:ap-south-1:931337674770:instance/i-00fcf5c95d75798b7",
            "associate_public_ip_address": true,
            "availability_zone": "ap-south-1a",
            "capacity_reservation_specification": [
              {
                "capacity_reservation_preference": "open",
                "capacity_reservation_target": []
              }
            ],
            "cpu_core_count": 4,
            "cpu_options": [
              {
                "amd_sev_snp": "",
                "core_count": 4,
                "threads_per_core": 2
              }
            ],
            "cpu_threads_per_core": 2,
            "credit_specification": [
              {
                "cpu_credits": "unlimited"
              }
            ],
            "disable_api_stop": false,
            "disable_api_termination": false,
            "ebs_block_device": [],
            "ebs_optimized": false,
            "enclave_options": [
              {
                "enabled": false
              }
            ],
            "ephemeral_block_device": [],
            "get_password_data": false,
            "hibernation": false,
            "host_id": "",
            "host_resource_group_arn": null,
            "iam_instance_profile": "",
            "id": "i-00fcf5c95d75798b7",
            "instance_initiated_shutdown_behavior": "stop",
            "instance_lifecycle": "",
            "instance_market_options": [],
            "instance_state": "running",
            "instance_type": "t3a.2xlarge",
            "ipv6_address_count": 0,
            "ipv6_addresses": [],
            "key_name": "mosip-aws",
            "launch_template": [],
            "maintenance_options": [
              {
                "auto_recovery": "default"
              }
            ],
            "metadata_options": [
              {
                "http_endpoint": "enabled",
                "http_protocol_ipv6": "disabled",
                "http_put_response_hop_limit": 2,
                "http_tokens": "required",
                "instance_metadata_tags": "disabled"
              }
            ],
            "monitoring": false,
            "network_interface": [],
            "outpost_arn": "",
            "password_data": "",
            "placement_group": "",
            "placement_partition_number": 0,
            "primary_network_interface_id": "eni-083ff9ea4f59e6854",
            "private_dns": "ip-172-31-46-14.ap-south-1.compute.internal",
            "private_dns_name_options": [
              {
                "enable_resource_name_dns_a_record": false,
                "enable_resource_name_dns_aaaa_record": false,
                "hostname_type": "ip-name"
              }
            ],
            "private_ip": "172.31.46.14",
            "public_dns": "ec2-43-205-237-1.ap-south-1.compute.amazonaws.com",
            "public_ip": "43.205.237.1",
            "root_block_device": [
              {
                "delete_on_termination": true,
                "device_name": "/dev/sda1",
                "encrypted": false,
                "iops": 3000,
                "kms_key_id": "",
                "tags": {
                  "Cluster": "tf9",
                  "Name": "tf9-ETCD-NODE-2"
                },
                "tags_all": {
                  "Cluster": "tf9",
                  "Name": "tf9-ETCD-NODE-2"
                },
                "throughput": 125,
                "volume_id": "vol-048fcb3063d7382f0",
                "volume_size": 20,
                "volume_type": "gp3"
              }
            ],
            "secondary_private_ips": [],
            "security_groups": [
              "terraform-20240910073330218900000002"
            ],
            "source_dest_check": true,
            "spot_instance_request_id": "",
            "subnet_id": "subnet-7d0c0d15",
            "tags": {
              "Cluster": "tf9",
              "Name": "tf9-ETCD-NODE-2"
            },
            "tags_all": {
              "Cluster": "tf9",
              "Name": "tf9-ETCD-NODE-2"
            },
            "tenancy": "default",
            "timeouts": null,
            "user_data": "81c39ce4092bb4d8901beae20a4ceece73d9fee2",
            "user_data_base64": null,
            "user_data_replace_on_change": false,
            "volume_tags": null,
            "vpc_security_group_ids": [
              "sg-0bb43a7a9f275fd22"
            ]
          },
          "sensitive_attributes": [],
          "private": "eyJlMmJmYjczMC1lY2FhLTExZTYtOGY4OC0zNDM2M2JjN2M0YzAiOnsiY3JlYXRlIjo2MDAwMDAwMDAwMDAsImRlbGV0ZSI6MTIwMDAwMDAwMDAwMCwicmVhZCI6OTAwMDAwMDAwMDAwLCJ1cGRhdGUiOjYwMDAwMDAwMDAwMH0sInNjaGVtYV92ZXJzaW9uIjoiMSJ9",
          "dependencies": [
            "module.aws-resource-creation.aws_security_group.security-group"
          ]
        },
        {
          "index_key": "WORKER-NODE-1",
          "schema_version": 1,
          "attributes": {
            "ami": "ami-0ad21ae1d0696ad58",
            "arn": "arn:aws:ec2:ap-south-1:931337674770:instance/i-0b16b5739a1168ae0",
            "associate_public_ip_address": true,
            "availability_zone": "ap-south-1a",
            "capacity_reservation_specification": [
              {
                "capacity_reservation_preference": "open",
                "capacity_reservation_target": []
              }
            ],
            "cpu_core_count": 4,
            "cpu_options": [
              {
                "amd_sev_snp": "",
                "core_count": 4,
                "threads_per_core": 2
              }
            ],
            "cpu_threads_per_core": 2,
            "credit_specification": [
              {
                "cpu_credits": "unlimited"
              }
            ],
            "disable_api_stop": false,
            "disable_api_termination": false,
            "ebs_block_device": [],
            "ebs_optimized": false,
            "enclave_options": [
              {
                "enabled": false
              }
            ],
            "ephemeral_block_device": [],
            "get_password_data": false,
            "hibernation": false,
            "host_id": "",
            "host_resource_group_arn": null,
            "iam_instance_profile": "",
            "id": "i-0b16b5739a1168ae0",
            "instance_initiated_shutdown_behavior": "stop",
            "instance_lifecycle": "",
            "instance_market_options": [],
            "instance_state": "running",
            "instance_type": "t3a.2xlarge",
            "ipv6_address_count": 0,
            "ipv6_addresses": [],
            "key_name": "mosip-aws",
            "launch_template": [],
            "maintenance_options": [
              {
                "auto_recovery": "default"
              }
            ],
            "metadata_options": [
              {
                "http_endpoint": "enabled",
                "http_protocol_ipv6": "disabled",
                "http_put_response_hop_limit": 2,
                "http_tokens": "required",
                "instance_metadata_tags": "disabled"
              }
            ],
            "monitoring": false,
            "network_interface": [],
            "outpost_arn": "",
            "password_data": "",
            "placement_group": "",
            "placement_partition_number": 0,
            "primary_network_interface_id": "eni-08cc6258e2f0a470d",
            "private_dns": "ip-172-31-32-8.ap-south-1.compute.internal",
            "private_dns_name_options": [
              {
                "enable_resource_name_dns_a_record": false,
                "enable_resource_name_dns_aaaa_record": false,
                "hostname_type": "ip-name"
              }
            ],
            "private_ip": "172.31.32.8",
            "public_dns": "ec2-13-127-119-84.ap-south-1.compute.amazonaws.com",
            "public_ip": "13.127.119.84",
            "root_block_device": [
              {
                "delete_on_termination": true,
                "device_name": "/dev/sda1",
                "encrypted": false,
                "iops": 3000,
                "kms_key_id": "",
                "tags": {
                  "Cluster": "tf9",
                  "Name": "tf9-WORKER-NODE-1"
                },
                "tags_all": {
                  "Cluster": "tf9",
                  "Name": "tf9-WORKER-NODE-1"
                },
                "throughput": 125,
                "volume_id": "vol-0e1e590ebdd77767f",
                "volume_size": 20,
                "volume_type": "gp3"
              }
            ],
            "secondary_private_ips": [],
            "security_groups": [
              "terraform-20240910073330202400000001"
            ],
            "source_dest_check": true,
            "spot_instance_request_id": "",
            "subnet_id": "subnet-7d0c0d15",
            "tags": {
              "Cluster": "tf9",
              "Name": "tf9-WORKER-NODE-1"
            },
            "tags_all": {
              "Cluster": "tf9",
              "Name": "tf9-WORKER-NODE-1"
            },
            "tenancy": "default",
            "timeouts": null,
            "user_data": "36442100df73aa679207d118264f9db07e45b2a8",
            "user_data_base64": null,
            "user_data_replace_on_change": false,
            "volume_tags": null,
            "vpc_security_group_ids": [
              "sg-0c1148fc1e20c792e"
            ]
          },
          "sensitive_attributes": [],
          "private": "eyJlMmJmYjczMC1lY2FhLTExZTYtOGY4OC0zNDM2M2JjN2M0YzAiOnsiY3JlYXRlIjo2MDAwMDAwMDAwMDAsImRlbGV0ZSI6MTIwMDAwMDAwMDAwMCwicmVhZCI6OTAwMDAwMDAwMDAwLCJ1cGRhdGUiOjYwMDAwMDAwMDAwMH0sInNjaGVtYV92ZXJzaW9uIjoiMSJ9",
          "dependencies": [
            "module.aws-resource-creation.aws_security_group.security-group"
          ]
        },
        {
          "index_key": "WORKER-NODE-2",
          "schema_version": 1,
          "attributes": {
            "ami": "ami-0ad21ae1d0696ad58",
            "arn": "arn:aws:ec2:ap-south-1:931337674770:instance/i-05b1ca50e593c21ff",
            "associate_public_ip_address": true,
            "availability_zone": "ap-south-1a",
            "capacity_reservation_specification": [
              {
                "capacity_reservation_preference": "open",
                "capacity_reservation_target": []
              }
            ],
            "cpu_core_count": 4,
            "cpu_options": [
              {
                "amd_sev_snp": "",
                "core_count": 4,
                "threads_per_core": 2
              }
            ],
            "cpu_threads_per_core": 2,
            "credit_specification": [
              {
                "cpu_credits": "unlimited"
              }
            ],
            "disable_api_stop": false,
            "disable_api_termination": false,
            "ebs_block_device": [],
            "ebs_optimized": false,
            "enclave_options": [
              {
                "enabled": false
              }
            ],
            "ephemeral_block_device": [],
            "get_password_data": false,
            "hibernation": false,
            "host_id": "",
            "host_resource_group_arn": null,
            "iam_instance_profile": "",
            "id": "i-05b1ca50e593c21ff",
            "instance_initiated_shutdown_behavior": "stop",
            "instance_lifecycle": "",
            "instance_market_options": [],
            "instance_state": "running",
            "instance_type": "t3a.2xlarge",
            "ipv6_address_count": 0,
            "ipv6_addresses": [],
            "key_name": "mosip-aws",
            "launch_template": [],
            "maintenance_options": [
              {
                "auto_recovery": "default"
              }
            ],
            "metadata_options": [
              {
                "http_endpoint": "enabled",
                "http_protocol_ipv6": "disabled",
                "http_put_response_hop_limit": 2,
                "http_tokens": "required",
                "instance_metadata_tags": "disabled"
              }
            ],
            "monitoring": false,
            "network_interface": [],
            "outpost_arn": "",
            "password_data": "",
            "placement_group": "",
            "placement_partition_number": 0,
            "primary_network_interface_id": "eni-09ca6f88e1647b55c",
            "private_dns": "ip-172-31-33-207.ap-south-1.compute.internal",
            "private_dns_name_options": [
              {
                "enable_resource_name_dns_a_record": false,
                "enable_resource_name_dns_aaaa_record": false,
                "hostname_type": "ip-name"
              }
            ],
            "private_ip": "172.31.33.207",
            "public_dns": "ec2-13-201-8-194.ap-south-1.compute.amazonaws.com",
            "public_ip": "13.201.8.194",
            "root_block_device": [
              {
                "delete_on_termination": true,
                "device_name": "/dev/sda1",
                "encrypted": false,
                "iops": 3000,
                "kms_key_id": "",
                "tags": {
                  "Cluster": "tf9",
                  "Name": "tf9-WORKER-NODE-2"
                },
                "tags_all": {
                  "Cluster": "tf9",
                  "Name": "tf9-WORKER-NODE-2"
                },
                "throughput": 125,
                "volume_id": "vol-08efcd3b43138ef48",
                "volume_size": 20,
                "volume_type": "gp3"
              }
            ],
            "secondary_private_ips": [],
            "security_groups": [
              "terraform-20240910073330202400000001"
            ],
            "source_dest_check": true,
            "spot_instance_request_id": "",
            "subnet_id": "subnet-7d0c0d15",
            "tags": {
              "Cluster": "tf9",
              "Name": "tf9-WORKER-NODE-2"
            },
            "tags_all": {
              "Cluster": "tf9",
              "Name": "tf9-WORKER-NODE-2"
            },
            "tenancy": "default",
            "timeouts": null,
            "user_data": "cfbf6bdd5751c672c3d20da8a92e0acb0405e071",
            "user_data_base64": null,
            "user_data_replace_on_change": false,
            "volume_tags": null,
            "vpc_security_group_ids": [
              "sg-0c1148fc1e20c792e"
            ]
          },
          "sensitive_attributes": [],
          "private": "eyJlMmJmYjczMC1lY2FhLTExZTYtOGY4OC0zNDM2M2JjN2M0YzAiOnsiY3JlYXRlIjo2MDAwMDAwMDAwMDAsImRlbGV0ZSI6MTIwMDAwMDAwMDAwMCwicmVhZCI6OTAwMDAwMDAwMDAwLCJ1cGRhdGUiOjYwMDAwMDAwMDAwMH0sInNjaGVtYV92ZXJzaW9uIjoiMSJ9",
          "dependencies": [
            "module.aws-resource-creation.aws_security_group.security-group"
          ]
        },
        {
          "index_key": "WORKER-NODE-3",
          "schema_version": 1,
          "attributes": {
            "ami": "ami-0ad21ae1d0696ad58",
            "arn": "arn:aws:ec2:ap-south-1:931337674770:instance/i-01d940edc6c51b2f0",
            "associate_public_ip_address": true,
            "availability_zone": "ap-south-1a",
            "capacity_reservation_specification": [
              {
                "capacity_reservation_preference": "open",
                "capacity_reservation_target": []
              }
            ],
            "cpu_core_count": 4,
            "cpu_options": [
              {
                "amd_sev_snp": "",
                "core_count": 4,
                "threads_per_core": 2
              }
            ],
            "cpu_threads_per_core": 2,
            "credit_specification": [
              {
                "cpu_credits": "unlimited"
              }
            ],
            "disable_api_stop": false,
            "disable_api_termination": false,
            "ebs_block_device": [],
            "ebs_optimized": false,
            "enclave_options": [
              {
                "enabled": false
              }
            ],
            "ephemeral_block_device": [],
            "get_password_data": false,
            "hibernation": false,
            "host_id": "",
            "host_resource_group_arn": null,
            "iam_instance_profile": "",
            "id": "i-01d940edc6c51b2f0",
            "instance_initiated_shutdown_behavior": "stop",
            "instance_lifecycle": "",
            "instance_market_options": [],
            "instance_state": "running",
            "instance_type": "t3a.2xlarge",
            "ipv6_address_count": 0,
            "ipv6_addresses": [],
            "key_name": "mosip-aws",
            "launch_template": [],
            "maintenance_options": [
              {
                "auto_recovery": "default"
              }
            ],
            "metadata_options": [
              {
                "http_endpoint": "enabled",
                "http_protocol_ipv6": "disabled",
                "http_put_response_hop_limit": 2,
                "http_tokens": "required",
                "instance_metadata_tags": "disabled"
              }
            ],
            "monitoring": false,
            "network_interface": [],
            "outpost_arn": "",
            "password_data": "",
            "placement_group": "",
            "placement_partition_number": 0,
            "primary_network_interface_id": "eni-01f1d807ef06fdb15",
            "private_dns": "ip-172-31-35-13.ap-south-1.compute.internal",
            "private_dns_name_options": [
              {
                "enable_resource_name_dns_a_record": false,
                "enable_resource_name_dns_aaaa_record": false,
                "hostname_type": "ip-name"
              }
            ],
            "private_ip": "172.31.35.13",
            "public_dns": "ec2-13-201-86-237.ap-south-1.compute.amazonaws.com",
            "public_ip": "13.201.86.237",
            "root_block_device": [
              {
                "delete_on_termination": true,
                "device_name": "/dev/sda1",
                "encrypted": false,
                "iops": 3000,
                "kms_key_id": "",
                "tags": {
                  "Cluster": "tf9",
                  "Name": "tf9-WORKER-NODE-3"
                },
                "tags_all": {
                  "Cluster": "tf9",
                  "Name": "tf9-WORKER-NODE-3"
                },
                "throughput": 125,
                "volume_id": "vol-01fc8f0a4f94cfb10",
                "volume_size": 20,
                "volume_type": "gp3"
              }
            ],
            "secondary_private_ips": [],
            "security_groups": [
              "terraform-20240910073330202400000001"
            ],
            "source_dest_check": true,
            "spot_instance_request_id": "",
            "subnet_id": "subnet-7d0c0d15",
            "tags": {
              "Cluster": "tf9",
              "Name": "tf9-WORKER-NODE-3"
            },
            "tags_all": {
              "Cluster": "tf9",
              "Name": "tf9-WORKER-NODE-3"
            },
            "tenancy": "default",
            "timeouts": null,
            "user_data": "412a0d356cd862fcf2ba829b48ccd38e403b86ae",
            "user_data_base64": null,
            "user_data_replace_on_change": false,
            "volume_tags": null,
            "vpc_security_group_ids": [
              "sg-0c1148fc1e20c792e"
            ]
          },
          "sensitive_attributes": [],
          "private": "eyJlMmJmYjczMC1lY2FhLTExZTYtOGY4OC0zNDM2M2JjN2M0YzAiOnsiY3JlYXRlIjo2MDAwMDAwMDAwMDAsImRlbGV0ZSI6MTIwMDAwMDAwMDAwMCwicmVhZCI6OTAwMDAwMDAwMDAwLCJ1cGRhdGUiOjYwMDAwMDAwMDAwMH0sInNjaGVtYV92ZXJzaW9uIjoiMSJ9",
          "dependencies": [
            "module.aws-resource-creation.aws_security_group.security-group"
          ]
        },
        {
          "index_key": "WORKER-NODE-4",
          "schema_version": 1,
          "attributes": {
            "ami": "ami-0ad21ae1d0696ad58",
            "arn": "arn:aws:ec2:ap-south-1:931337674770:instance/i-06ec9bdd1215443b5",
            "associate_public_ip_address": true,
            "availability_zone": "ap-south-1a",
            "capacity_reservation_specification": [
              {
                "capacity_reservation_preference": "open",
                "capacity_reservation_target": []
              }
            ],
            "cpu_core_count": 4,
            "cpu_options": [
              {
                "amd_sev_snp": "",
                "core_count": 4,
                "threads_per_core": 2
              }
            ],
            "cpu_threads_per_core": 2,
            "credit_specification": [
              {
                "cpu_credits": "unlimited"
              }
            ],
            "disable_api_stop": false,
            "disable_api_termination": false,
            "ebs_block_device": [],
            "ebs_optimized": false,
            "enclave_options": [
              {
                "enabled": false
              }
            ],
            "ephemeral_block_device": [],
            "get_password_data": false,
            "hibernation": false,
            "host_id": "",
            "host_resource_group_arn": null,
            "iam_instance_profile": "",
            "id": "i-06ec9bdd1215443b5",
            "instance_initiated_shutdown_behavior": "stop",
            "instance_lifecycle": "",
            "instance_market_options": [],
            "instance_state": "running",
            "instance_type": "t3a.2xlarge",
            "ipv6_address_count": 0,
            "ipv6_addresses": [],
            "key_name": "mosip-aws",
            "launch_template": [],
            "maintenance_options": [
              {
                "auto_recovery": "default"
              }
            ],
            "metadata_options": [
              {
                "http_endpoint": "enabled",
                "http_protocol_ipv6": "disabled",
                "http_put_response_hop_limit": 2,
                "http_tokens": "required",
                "instance_metadata_tags": "disabled"
              }
            ],
            "monitoring": false,
            "network_interface": [],
            "outpost_arn": "",
            "password_data": "",
            "placement_group": "",
            "placement_partition_number": 0,
            "primary_network_interface_id": "eni-0353809dbc86c500a",
            "private_dns": "ip-172-31-46-70.ap-south-1.compute.internal",
            "private_dns_name_options": [
              {
                "enable_resource_name_dns_a_record": false,
                "enable_resource_name_dns_aaaa_record": false,
                "hostname_type": "ip-name"
              }
            ],
            "private_ip": "172.31.46.70",
            "public_dns": "ec2-65-2-132-225.ap-south-1.compute.amazonaws.com",
            "public_ip": "65.2.132.225",
            "root_block_device": [
              {
                "delete_on_termination": true,
                "device_name": "/dev/sda1",
                "encrypted": false,
                "iops": 3000,
                "kms_key_id": "",
                "tags": {
                  "Cluster": "tf9",
                  "Name": "tf9-WORKER-NODE-4"
                },
                "tags_all": {
                  "Cluster": "tf9",
                  "Name": "tf9-WORKER-NODE-4"
                },
                "throughput": 125,
                "volume_id": "vol-0d8bc402ab16f006f",
                "volume_size": 20,
                "volume_type": "gp3"
              }
            ],
            "secondary_private_ips": [],
            "security_groups": [
              "terraform-20240910073330202400000001"
            ],
            "source_dest_check": true,
            "spot_instance_request_id": "",
            "subnet_id": "subnet-7d0c0d15",
            "tags": {
              "Cluster": "tf9",
              "Name": "tf9-WORKER-NODE-4"
            },
            "tags_all": {
              "Cluster": "tf9",
              "Name": "tf9-WORKER-NODE-4"
            },
            "tenancy": "default",
            "timeouts": null,
            "user_data": "2ef3d9513150636fbf42bde9871b8c9b950976c1",
            "user_data_base64": null,
            "user_data_replace_on_change": false,
            "volume_tags": null,
            "vpc_security_group_ids": [
              "sg-0c1148fc1e20c792e"
            ]
          },
          "sensitive_attributes": [],
          "private": "eyJlMmJmYjczMC1lY2FhLTExZTYtOGY4OC0zNDM2M2JjN2M0YzAiOnsiY3JlYXRlIjo2MDAwMDAwMDAwMDAsImRlbGV0ZSI6MTIwMDAwMDAwMDAwMCwicmVhZCI6OTAwMDAwMDAwMDAwLCJ1cGRhdGUiOjYwMDAwMDAwMDAwMH0sInNjaGVtYV92ZXJzaW9uIjoiMSJ9",
          "dependencies": [
            "module.aws-resource-creation.aws_security_group.security-group"
          ]
        }
      ]
    },
    {
      "module": "module.aws-resource-creation",
      "mode": "managed",
      "type": "aws_instance",
      "name": "NGINX_EC2_INSTANCE",
      "provider": "module.aws-resource-creation.provider[\"registry.terraform.io/hashicorp/aws\"]",
      "instances": [
        {
          "schema_version": 1,
          "attributes": {
            "ami": "ami-0ad21ae1d0696ad58",
            "arn": "arn:aws:ec2:ap-south-1:931337674770:instance/i-0c38eb818be0a2210",
            "associate_public_ip_address": true,
            "availability_zone": "ap-south-1b",
            "capacity_reservation_specification": [
              {
                "capacity_reservation_preference": "open",
                "capacity_reservation_target": []
              }
            ],
            "cpu_core_count": 1,
            "cpu_options": [
              {
                "amd_sev_snp": "",
                "core_count": 1,
                "threads_per_core": 2
              }
            ],
            "cpu_threads_per_core": 2,
            "credit_specification": [
              {
                "cpu_credits": "unlimited"
              }
            ],
            "disable_api_stop": false,
            "disable_api_termination": false,
            "ebs_block_device": [
              {
                "delete_on_termination": true,
                "device_name": "/dev/sdb",
                "encrypted": false,
                "iops": 3000,
                "kms_key_id": "",
                "snapshot_id": "",
                "tags": {
                  "Cluster": "tf9",
                  "Name": "tf9-NGINX-NODE"
                },
                "tags_all": {
                  "Cluster": "tf9",
                  "Name": "tf9-NGINX-NODE"
                },
                "throughput": 125,
                "volume_id": "vol-0b46b1752684cbd23",
                "volume_size": 50,
                "volume_type": "gp3"
              }
            ],
            "ebs_optimized": false,
            "enclave_options": [
              {
                "enabled": false
              }
            ],
            "ephemeral_block_device": [],
            "get_password_data": false,
            "hibernation": false,
            "host_id": "",
            "host_resource_group_arn": null,
            "iam_instance_profile": "tf9-certbot-instance-profile",
            "id": "i-0c38eb818be0a2210",
            "instance_initiated_shutdown_behavior": "stop",
            "instance_lifecycle": "",
            "instance_market_options": [],
            "instance_state": "running",
            "instance_type": "t3a.medium",
            "ipv6_address_count": 0,
            "ipv6_addresses": [],
            "key_name": "mosip-aws",
            "launch_template": [],
            "maintenance_options": [
              {
                "auto_recovery": "default"
              }
            ],
            "metadata_options": [
              {
                "http_endpoint": "enabled",
                "http_protocol_ipv6": "disabled",
                "http_put_response_hop_limit": 2,
                "http_tokens": "required",
                "instance_metadata_tags": "disabled"
              }
            ],
            "monitoring": false,
            "network_interface": [],
            "outpost_arn": "",
            "password_data": "",
            "placement_group": "",
            "placement_partition_number": 0,
            "primary_network_interface_id": "eni-041596006f17deab5",
            "private_dns": "ip-172-31-4-97.ap-south-1.compute.internal",
            "private_dns_name_options": [
              {
                "enable_resource_name_dns_a_record": false,
                "enable_resource_name_dns_aaaa_record": false,
                "hostname_type": "ip-name"
              }
            ],
            "private_ip": "172.31.4.97",
            "public_dns": "ec2-35-154-106-12.ap-south-1.compute.amazonaws.com",
            "public_ip": "35.154.106.12",
            "root_block_device": [
              {
                "delete_on_termination": true,
                "device_name": "/dev/sda1",
                "encrypted": false,
                "iops": 3000,
                "kms_key_id": "",
                "tags": {
                  "Cluster": "tf9",
                  "Name": "tf9-NGINX-NODE"
                },
                "tags_all": {
                  "Cluster": "tf9",
                  "Name": "tf9-NGINX-NODE"
                },
                "throughput": 125,
                "volume_id": "vol-0263e48eb6b4c3b7d",
                "volume_size": 20,
                "volume_type": "gp3"
              }
            ],
            "secondary_private_ips": [],
            "security_groups": [
              "terraform-20240910073330219100000003"
            ],
            "source_dest_check": true,
            "spot_instance_request_id": "",
            "subnet_id": "subnet-6bc5b227",
            "tags": {
              "Cluster": "tf9",
              "Name": "tf9-NGINX-NODE"
            },
            "tags_all": {
              "Cluster": "tf9",
              "Name": "tf9-NGINX-NODE"
            },
            "tenancy": "default",
            "timeouts": null,
            "user_data": "9242d4705ece1f20691b760c660dcc58719041c6",
            "user_data_base64": null,
            "user_data_replace_on_change": false,
            "volume_tags": null,
            "vpc_security_group_ids": [
              "sg-020e1b76bd807453c"
            ]
          },
          "sensitive_attributes": [],
          "private": "eyJlMmJmYjczMC1lY2FhLTExZTYtOGY4OC0zNDM2M2JjN2M0YzAiOnsiY3JlYXRlIjo2MDAwMDAwMDAwMDAsImRlbGV0ZSI6MTIwMDAwMDAwMDAwMCwicmVhZCI6OTAwMDAwMDAwMDAwLCJ1cGRhdGUiOjYwMDAwMDAwMDAwMH0sInNjaGVtYV92ZXJzaW9uIjoiMSJ9",
          "dependencies": [
            "module.aws-resource-creation.aws_iam_instance_profile.certbot_profile",
            "module.aws-resource-creation.aws_iam_role.certbot_role",
            "module.aws-resource-creation.aws_security_group.security-group"
          ]
        }
      ]
    },
    {
      "module": "module.aws-resource-creation",
      "mode": "managed",
      "type": "aws_route53_record",
      "name": "DNS_RECORDS",
      "provider": "module.aws-resource-creation.provider[\"registry.terraform.io/hashicorp/aws\"]",
      "instances": [
        {
          "index_key": "ADMIN_DNS",
          "schema_version": 2,
          "attributes": {
            "alias": [],
            "allow_overwrite": true,
            "cidr_routing_policy": [],
            "failover_routing_policy": [],
            "fqdn": "admin.tf9.mosip.net",
            "geolocation_routing_policy": [],
            "geoproximity_routing_policy": [],
            "health_check_id": "",
            "id": "Z090954828SJIEL6P5406_admin.tf9.mosip.net_CNAME",
            "latency_routing_policy": [],
            "multivalue_answer_routing_policy": false,
            "name": "admin.tf9.mosip.net",
            "records": [
              "api-internal.tf9.mosip.net"
            ],
            "set_identifier": "",
            "ttl": 300,
            "type": "CNAME",
            "weighted_routing_policy": [],
            "zone_id": "Z090954828SJIEL6P5406"
          },
          "sensitive_attributes": [],
          "private": "eyJzY2hlbWFfdmVyc2lvbiI6IjIifQ==",
          "dependencies": [
            "module.aws-resource-creation.aws_iam_instance_profile.certbot_profile",
            "module.aws-resource-creation.aws_iam_role.certbot_role",
            "module.aws-resource-creation.aws_instance.NGINX_EC2_INSTANCE",
            "module.aws-resource-creation.aws_security_group.security-group"
          ]
        },
        {
          "index_key": "API_DNS",
          "schema_version": 2,
          "attributes": {
            "alias": [],
            "allow_overwrite": true,
            "cidr_routing_policy": [],
            "failover_routing_policy": [],
            "fqdn": "api.tf9.mosip.net",
            "geolocation_routing_policy": [],
            "geoproximity_routing_policy": [],
            "health_check_id": "",
            "id": "Z090954828SJIEL6P5406_api.tf9.mosip.net_A",
            "latency_routing_policy": [],
            "multivalue_answer_routing_policy": false,
            "name": "api.tf9.mosip.net",
            "records": [
              "35.154.106.12"
            ],
            "set_identifier": "",
            "ttl": 300,
            "type": "A",
            "weighted_routing_policy": [],
            "zone_id": "Z090954828SJIEL6P5406"
          },
          "sensitive_attributes": [],
          "private": "eyJzY2hlbWFfdmVyc2lvbiI6IjIifQ==",
          "dependencies": [
            "module.aws-resource-creation.aws_iam_instance_profile.certbot_profile",
            "module.aws-resource-creation.aws_iam_role.certbot_role",
            "module.aws-resource-creation.aws_instance.NGINX_EC2_INSTANCE",
            "module.aws-resource-creation.aws_security_group.security-group"
          ]
        },
        {
          "index_key": "API_INTERNAL_DNS",
          "schema_version": 2,
          "attributes": {
            "alias": [],
            "allow_overwrite": true,
            "cidr_routing_policy": [],
            "failover_routing_policy": [],
            "fqdn": "api-internal.tf9.mosip.net",
            "geolocation_routing_policy": [],
            "geoproximity_routing_policy": [],
            "health_check_id": "",
            "id": "Z090954828SJIEL6P5406_api-internal.tf9.mosip.net_A",
            "latency_routing_policy": [],
            "multivalue_answer_routing_policy": false,
            "name": "api-internal.tf9.mosip.net",
            "records": [
              "172.31.4.97"
            ],
            "set_identifier": "",
            "ttl": 300,
            "type": "A",
            "weighted_routing_policy": [],
            "zone_id": "Z090954828SJIEL6P5406"
          },
          "sensitive_attributes": [],
          "private": "eyJzY2hlbWFfdmVyc2lvbiI6IjIifQ==",
          "dependencies": [
            "module.aws-resource-creation.aws_iam_instance_profile.certbot_profile",
            "module.aws-resource-creation.aws_iam_role.certbot_role",
            "module.aws-resource-creation.aws_instance.NGINX_EC2_INSTANCE",
            "module.aws-resource-creation.aws_security_group.security-group"
          ]
        },
        {
          "index_key": "ESIGNET_DNS",
          "schema_version": 2,
          "attributes": {
            "alias": [],
            "allow_overwrite": true,
            "cidr_routing_policy": [],
            "failover_routing_policy": [],
            "fqdn": "esignet.tf9.mosip.net",
            "geolocation_routing_policy": [],
            "geoproximity_routing_policy": [],
            "health_check_id": "",
            "id": "Z090954828SJIEL6P5406_esignet.tf9.mosip.net_CNAME",
            "latency_routing_policy": [],
            "multivalue_answer_routing_policy": false,
            "name": "esignet.tf9.mosip.net",
            "records": [
              "api.tf9.mosip.net"
            ],
            "set_identifier": "",
            "ttl": 300,
            "type": "CNAME",
            "weighted_routing_policy": [],
            "zone_id": "Z090954828SJIEL6P5406"
          },
          "sensitive_attributes": [],
          "private": "eyJzY2hlbWFfdmVyc2lvbiI6IjIifQ==",
          "dependencies": [
            "module.aws-resource-creation.aws_iam_instance_profile.certbot_profile",
            "module.aws-resource-creation.aws_iam_role.certbot_role",
            "module.aws-resource-creation.aws_instance.NGINX_EC2_INSTANCE",
            "module.aws-resource-creation.aws_security_group.security-group"
          ]
        },
        {
          "index_key": "MOSIP_HOMEPAGE_DNS",
          "schema_version": 2,
          "attributes": {
            "alias": [],
            "allow_overwrite": true,
            "cidr_routing_policy": [],
            "failover_routing_policy": [],
            "fqdn": "tf9.mosip.net",
            "geolocation_routing_policy": [],
            "geoproximity_routing_policy": [],
            "health_check_id": "",
            "id": "Z090954828SJIEL6P5406_tf9.mosip.net_CNAME",
            "latency_routing_policy": [],
            "multivalue_answer_routing_policy": false,
            "name": "tf9.mosip.net",
            "records": [
              "api-internal.tf9.mosip.net"
            ],
            "set_identifier": "",
            "ttl": 300,
            "type": "CNAME",
            "weighted_routing_policy": [],
            "zone_id": "Z090954828SJIEL6P5406"
          },
          "sensitive_attributes": [],
          "private": "eyJzY2hlbWFfdmVyc2lvbiI6IjIifQ==",
          "dependencies": [
            "module.aws-resource-creation.aws_iam_instance_profile.certbot_profile",
            "module.aws-resource-creation.aws_iam_role.certbot_role",
            "module.aws-resource-creation.aws_instance.NGINX_EC2_INSTANCE",
            "module.aws-resource-creation.aws_security_group.security-group"
          ]
        },
        {
          "index_key": "PREREG_DNS",
          "schema_version": 2,
          "attributes": {
            "alias": [],
            "allow_overwrite": true,
            "cidr_routing_policy": [],
            "failover_routing_policy": [],
            "fqdn": "prereg.tf9.mosip.net",
            "geolocation_routing_policy": [],
            "geoproximity_routing_policy": [],
            "health_check_id": "",
            "id": "Z090954828SJIEL6P5406_prereg.tf9.mosip.net_CNAME",
            "latency_routing_policy": [],
            "multivalue_answer_routing_policy": false,
            "name": "prereg.tf9.mosip.net",
            "records": [
              "api.tf9.mosip.net"
            ],
            "set_identifier": "",
            "ttl": 300,
            "type": "CNAME",
            "weighted_routing_policy": [],
            "zone_id": "Z090954828SJIEL6P5406"
          },
          "sensitive_attributes": [],
          "private": "eyJzY2hlbWFfdmVyc2lvbiI6IjIifQ==",
          "dependencies": [
            "module.aws-resource-creation.aws_iam_instance_profile.certbot_profile",
            "module.aws-resource-creation.aws_iam_role.certbot_role",
            "module.aws-resource-creation.aws_instance.NGINX_EC2_INSTANCE",
            "module.aws-resource-creation.aws_security_group.security-group"
          ]
        },
        {
          "index_key": "RESIDENT_DNS",
          "schema_version": 2,
          "attributes": {
            "alias": [],
            "allow_overwrite": true,
            "cidr_routing_policy": [],
            "failover_routing_policy": [],
            "fqdn": "resident.tf9.mosip.net",
            "geolocation_routing_policy": [],
            "geoproximity_routing_policy": [],
            "health_check_id": "",
            "id": "Z090954828SJIEL6P5406_resident.tf9.mosip.net_CNAME",
            "latency_routing_policy": [],
            "multivalue_answer_routing_policy": false,
            "name": "resident.tf9.mosip.net",
            "records": [
              "api.tf9.mosip.net"
            ],
            "set_identifier": "",
            "ttl": 300,
            "type": "CNAME",
            "weighted_routing_policy": [],
            "zone_id": "Z090954828SJIEL6P5406"
          },
          "sensitive_attributes": [],
          "private": "eyJzY2hlbWFfdmVyc2lvbiI6IjIifQ==",
          "dependencies": [
            "module.aws-resource-creation.aws_iam_instance_profile.certbot_profile",
            "module.aws-resource-creation.aws_iam_role.certbot_role",
            "module.aws-resource-creation.aws_instance.NGINX_EC2_INSTANCE",
            "module.aws-resource-creation.aws_security_group.security-group"
          ]
        }
      ]
    },
    {
      "module": "module.aws-resource-creation",
      "mode": "managed",
      "type": "aws_security_group",
      "name": "security-group",
      "provider": "module.aws-resource-creation.provider[\"registry.terraform.io/hashicorp/aws\"]",
      "instances": [
        {
          "index_key": "K8S_CONTROL_PLANE_SECURITY_GROUP",
          "schema_version": 1,
          "attributes": {
            "arn": "arn:aws:ec2:ap-south-1:931337674770:security-group/sg-05d20c79cd9fbc07f",
            "description": "Rules which allow the outgoing traffic from the instances associated with the security group K8S_CONTROL_PLANE_SECURITY_GROUP",
            "egress": [
              {
                "cidr_blocks": [
                  "0.0.0.0/0"
                ],
                "description": "Rules which allow the incoming traffic to the instances associated with the security group.",
                "from_port": 0,
                "ipv6_cidr_blocks": [
                  "::/0"
                ],
                "prefix_list_ids": [],
                "protocol": "-1",
                "security_groups": [],
                "self": false,
                "to_port": 0
              }
            ],
            "id": "sg-05d20c79cd9fbc07f",
            "ingress": [
              {
                "cidr_blocks": [
                  "0.0.0.0/0"
                ],
                "description": "Allow all incoming ICMP IPv4 and IPv6 traffic",
                "from_port": -1,
                "ipv6_cidr_blocks": [
                  "::/0"
                ],
                "prefix_list_ids": [],
                "protocol": "icmp",
                "security_groups": [],
                "self": false,
                "to_port": -1
              },
              {
                "cidr_blocks": [
                  "0.0.0.0/0"
                ],
                "description": "Canal CNI health checks",
                "from_port": 9099,
                "ipv6_cidr_blocks": [
                  "::/0"
                ],
                "prefix_list_ids": [],
                "protocol": "tcp",
                "security_groups": [],
                "self": false,
                "to_port": 9099
              },
              {
                "cidr_blocks": [
                  "0.0.0.0/0"
                ],
                "description": "Canal CNI with VXLAN",
                "from_port": 8472,
                "ipv6_cidr_blocks": [
                  "::/0"
                ],
                "prefix_list_ids": [],
                "protocol": "udp",
                "security_groups": [],
                "self": false,
                "to_port": 8472
              },
              {
                "cidr_blocks": [
                  "0.0.0.0/0"
                ],
                "description": "ETCD client port",
                "from_port": 2379,
                "ipv6_cidr_blocks": [
                  "::/0"
                ],
                "prefix_list_ids": [],
                "protocol": "tcp",
                "security_groups": [],
                "self": false,
                "to_port": 2379
              },
              {
                "cidr_blocks": [
                  "0.0.0.0/0"
                ],
                "description": "ETCD metrics port",
                "from_port": 2381,
                "ipv6_cidr_blocks": [
                  "::/0"
                ],
                "prefix_list_ids": [],
                "protocol": "tcp",
                "security_groups": [],
                "self": false,
                "to_port": 2381
              },
              {
                "cidr_blocks": [
                  "0.0.0.0/0"
                ],
                "description": "ETCD peer port",
                "from_port": 2380,
                "ipv6_cidr_blocks": [
                  "::/0"
                ],
                "prefix_list_ids": [],
                "protocol": "tcp",
                "security_groups": [],
                "self": false,
                "to_port": 2380
              },
              {
                "cidr_blocks": [
                  "0.0.0.0/0"
                ],
                "description": "Kubelet metrics",
                "from_port": 10250,
                "ipv6_cidr_blocks": [
                  "::/0"
                ],
                "prefix_list_ids": [],
                "protocol": "tcp",
                "security_groups": [],
                "self": false,
                "to_port": 10250
              },
              {
                "cidr_blocks": [
                  "0.0.0.0/0"
                ],
                "description": "Kubernetes API",
                "from_port": 6443,
                "ipv6_cidr_blocks": [
                  "::/0"
                ],
                "prefix_list_ids": [],
                "protocol": "tcp",
                "security_groups": [],
                "self": false,
                "to_port": 6443
              },
              {
                "cidr_blocks": [
                  "0.0.0.0/0"
                ],
                "description": "NodePort port range",
                "from_port": 30000,
                "ipv6_cidr_blocks": [
                  "::/0"
                ],
                "prefix_list_ids": [],
                "protocol": "tcp",
                "security_groups": [],
                "self": false,
                "to_port": 32767
              },
              {
                "cidr_blocks": [
                  "0.0.0.0/0"
                ],
                "description": "RKE2 supervisor API",
                "from_port": 9345,
                "ipv6_cidr_blocks": [
                  "::/0"
                ],
                "prefix_list_ids": [],
                "protocol": "tcp",
                "security_groups": [],
                "self": false,
                "to_port": 9345
              },
              {
                "cidr_blocks": [
                  "0.0.0.0/0"
                ],
                "description": "SSH login port",
                "from_port": 22,
                "ipv6_cidr_blocks": [
                  "::/0"
                ],
                "prefix_list_ids": [],
                "protocol": "tcp",
                "security_groups": [],
                "self": false,
                "to_port": 22
              }
            ],
            "name": "terraform-20240910073330239100000004",
            "name_prefix": "terraform-",
            "owner_id": "931337674770",
            "revoke_rules_on_delete": false,
            "tags": {
              "Cluster": "tf9",
              "Name": "tf9-K8S_CONTROL_PLANE_SECURITY_GROUP"
            },
            "tags_all": {
              "Cluster": "tf9",
              "Name": "tf9-K8S_CONTROL_PLANE_SECURITY_GROUP"
            },
            "timeouts": null,
            "vpc_id": "vpc-40243c28"
          },
          "sensitive_attributes": [],
          "private": "eyJlMmJmYjczMC1lY2FhLTExZTYtOGY4OC0zNDM2M2JjN2M0YzAiOnsiY3JlYXRlIjo2MDAwMDAwMDAwMDAsImRlbGV0ZSI6OTAwMDAwMDAwMDAwfSwic2NoZW1hX3ZlcnNpb24iOiIxIn0="
        },
        {
          "index_key": "K8S_ETCD_SECURITY_GROUP",
          "schema_version": 1,
          "attributes": {
            "arn": "arn:aws:ec2:ap-south-1:931337674770:security-group/sg-0bb43a7a9f275fd22",
            "description": "Rules which allow the outgoing traffic from the instances associated with the security group K8S_ETCD_SECURITY_GROUP",
            "egress": [
              {
                "cidr_blocks": [
                  "0.0.0.0/0"
                ],
                "description": "Rules which allow the incoming traffic to the instances associated with the security group.",
                "from_port": 0,
                "ipv6_cidr_blocks": [
                  "::/0"
                ],
                "prefix_list_ids": [],
                "protocol": "-1",
                "security_groups": [],
                "self": false,
                "to_port": 0
              }
            ],
            "id": "sg-0bb43a7a9f275fd22",
            "ingress": [
              {
                "cidr_blocks": [
                  "0.0.0.0/0"
                ],
                "description": "Allow all incoming ICMP IPv4 and IPv6 traffic",
                "from_port": -1,
                "ipv6_cidr_blocks": [
                  "::/0"
                ],
                "prefix_list_ids": [],
                "protocol": "icmp",
                "security_groups": [],
                "self": false,
                "to_port": -1
              },
              {
                "cidr_blocks": [
                  "0.0.0.0/0"
                ],
                "description": "Canal CNI health checks",
                "from_port": 9099,
                "ipv6_cidr_blocks": [
                  "::/0"
                ],
                "prefix_list_ids": [],
                "protocol": "tcp",
                "security_groups": [],
                "self": false,
                "to_port": 9099
              },
              {
                "cidr_blocks": [
                  "0.0.0.0/0"
                ],
                "description": "Canal CNI with VXLAN",
                "from_port": 8472,
                "ipv6_cidr_blocks": [
                  "::/0"
                ],
                "prefix_list_ids": [],
                "protocol": "udp",
                "security_groups": [],
                "self": false,
                "to_port": 8472
              },
              {
                "cidr_blocks": [
                  "0.0.0.0/0"
                ],
                "description": "ETCD client port",
                "from_port": 2379,
                "ipv6_cidr_blocks": [
                  "::/0"
                ],
                "prefix_list_ids": [],
                "protocol": "tcp",
                "security_groups": [],
                "self": false,
                "to_port": 2379
              },
              {
                "cidr_blocks": [
                  "0.0.0.0/0"
                ],
                "description": "ETCD metrics port",
                "from_port": 2381,
                "ipv6_cidr_blocks": [
                  "::/0"
                ],
                "prefix_list_ids": [],
                "protocol": "tcp",
                "security_groups": [],
                "self": false,
                "to_port": 2381
              },
              {
                "cidr_blocks": [
                  "0.0.0.0/0"
                ],
                "description": "ETCD peer port",
                "from_port": 2380,
                "ipv6_cidr_blocks": [
                  "::/0"
                ],
                "prefix_list_ids": [],
                "protocol": "tcp",
                "security_groups": [],
                "self": false,
                "to_port": 2380
              },
              {
                "cidr_blocks": [
                  "0.0.0.0/0"
                ],
                "description": "Kubelet metrics",
                "from_port": 10250,
                "ipv6_cidr_blocks": [
                  "::/0"
                ],
                "prefix_list_ids": [],
                "protocol": "tcp",
                "security_groups": [],
                "self": false,
                "to_port": 10250
              },
              {
                "cidr_blocks": [
                  "0.0.0.0/0"
                ],
                "description": "NodePort port range",
                "from_port": 30000,
                "ipv6_cidr_blocks": [
                  "::/0"
                ],
                "prefix_list_ids": [],
                "protocol": "tcp",
                "security_groups": [],
                "self": false,
                "to_port": 32767
              },
              {
                "cidr_blocks": [
                  "0.0.0.0/0"
                ],
                "description": "SSH login port",
                "from_port": 22,
                "ipv6_cidr_blocks": [
                  "::/0"
                ],
                "prefix_list_ids": [],
                "protocol": "tcp",
                "security_groups": [],
                "self": false,
                "to_port": 22
              }
            ],
            "name": "terraform-20240910073330218900000002",
            "name_prefix": "terraform-",
            "owner_id": "931337674770",
            "revoke_rules_on_delete": false,
            "tags": {
              "Cluster": "tf9",
              "Name": "tf9-K8S_ETCD_SECURITY_GROUP"
            },
            "tags_all": {
              "Cluster": "tf9",
              "Name": "tf9-K8S_ETCD_SECURITY_GROUP"
            },
            "timeouts": null,
            "vpc_id": "vpc-40243c28"
          },
          "sensitive_attributes": [],
          "private": "eyJlMmJmYjczMC1lY2FhLTExZTYtOGY4OC0zNDM2M2JjN2M0YzAiOnsiY3JlYXRlIjo2MDAwMDAwMDAwMDAsImRlbGV0ZSI6OTAwMDAwMDAwMDAwfSwic2NoZW1hX3ZlcnNpb24iOiIxIn0="
        },
        {
          "index_key": "K8S_WORKER_SECURITY_GROUP",
          "schema_version": 1,
          "attributes": {
            "arn": "arn:aws:ec2:ap-south-1:931337674770:security-group/sg-0c1148fc1e20c792e",
            "description": "Rules which allow the outgoing traffic from the instances associated with the security group K8S_WORKER_SECURITY_GROUP",
            "egress": [
              {
                "cidr_blocks": [
                  "0.0.0.0/0"
                ],
                "description": "Rules which allow the incoming traffic to the instances associated with the security group.",
                "from_port": 0,
                "ipv6_cidr_blocks": [
                  "::/0"
                ],
                "prefix_list_ids": [],
                "protocol": "-1",
                "security_groups": [],
                "self": false,
                "to_port": 0
              }
            ],
            "id": "sg-0c1148fc1e20c792e",
            "ingress": [
              {
                "cidr_blocks": [
                  "0.0.0.0/0"
                ],
                "description": "Allow all incoming ICMP IPv4 and IPv6 traffic",
                "from_port": -1,
                "ipv6_cidr_blocks": [
                  "::/0"
                ],
                "prefix_list_ids": [],
                "protocol": "icmp",
                "security_groups": [],
                "self": false,
                "to_port": -1
              },
              {
                "cidr_blocks": [
                  "0.0.0.0/0"
                ],
                "description": "Canal CNI health checks",
                "from_port": 9099,
                "ipv6_cidr_blocks": [
                  "::/0"
                ],
                "prefix_list_ids": [],
                "protocol": "tcp",
                "security_groups": [],
                "self": false,
                "to_port": 9099
              },
              {
                "cidr_blocks": [
                  "0.0.0.0/0"
                ],
                "description": "Canal CNI with VXLAN",
                "from_port": 8472,
                "ipv6_cidr_blocks": [
                  "::/0"
                ],
                "prefix_list_ids": [],
                "protocol": "udp",
                "security_groups": [],
                "self": false,
                "to_port": 8472
              },
              {
                "cidr_blocks": [
                  "0.0.0.0/0"
                ],
                "description": "Kubelet metrics",
                "from_port": 10250,
                "ipv6_cidr_blocks": [
                  "::/0"
                ],
                "prefix_list_ids": [],
                "protocol": "tcp",
                "security_groups": [],
                "self": false,
                "to_port": 10250
              },
              {
                "cidr_blocks": [
                  "0.0.0.0/0"
                ],
                "description": "NodePort port range",
                "from_port": 30000,
                "ipv6_cidr_blocks": [
                  "::/0"
                ],
                "prefix_list_ids": [],
                "protocol": "tcp",
                "security_groups": [],
                "self": false,
                "to_port": 32767
              },
              {
                "cidr_blocks": [
                  "0.0.0.0/0"
                ],
                "description": "SSH login port",
                "from_port": 22,
                "ipv6_cidr_blocks": [
                  "::/0"
                ],
                "prefix_list_ids": [],
                "protocol": "tcp",
                "security_groups": [],
                "self": false,
                "to_port": 22
              }
            ],
            "name": "terraform-20240910073330202400000001",
            "name_prefix": "terraform-",
            "owner_id": "931337674770",
            "revoke_rules_on_delete": false,
            "tags": {
              "Cluster": "tf9",
              "Name": "tf9-K8S_WORKER_SECURITY_GROUP"
            },
            "tags_all": {
              "Cluster": "tf9",
              "Name": "tf9-K8S_WORKER_SECURITY_GROUP"
            },
            "timeouts": null,
            "vpc_id": "vpc-40243c28"
          },
          "sensitive_attributes": [],
          "private": "eyJlMmJmYjczMC1lY2FhLTExZTYtOGY4OC0zNDM2M2JjN2M0YzAiOnsiY3JlYXRlIjo2MDAwMDAwMDAwMDAsImRlbGV0ZSI6OTAwMDAwMDAwMDAwfSwic2NoZW1hX3ZlcnNpb24iOiIxIn0="
        },
        {
          "index_key": "NGINX_SECURITY_GROUP",
          "schema_version": 1,
          "attributes": {
            "arn": "arn:aws:ec2:ap-south-1:931337674770:security-group/sg-020e1b76bd807453c",
            "description": "Rules which allow the outgoing traffic from the instances associated with the security group NGINX_SECURITY_GROUP",
            "egress": [
              {
                "cidr_blocks": [
                  "0.0.0.0/0"
                ],
                "description": "Rules which allow the incoming traffic to the instances associated with the security group.",
                "from_port": 0,
                "ipv6_cidr_blocks": [
                  "::/0"
                ],
                "prefix_list_ids": [],
                "protocol": "-1",
                "security_groups": [],
                "self": false,
                "to_port": 0
              }
            ],
            "id": "sg-020e1b76bd807453c",
            "ingress": [
              {
                "cidr_blocks": [
                  "0.0.0.0/0"
                ],
                "description": "ActiveMQ port",
                "from_port": 61616,
                "ipv6_cidr_blocks": [
                  "::/0"
                ],
                "prefix_list_ids": [],
                "protocol": "tcp",
                "security_groups": [],
                "self": false,
                "to_port": 61616
              },
              {
                "cidr_blocks": [
                  "0.0.0.0/0"
                ],
                "description": "Allow all incoming ICMP IPv4 and IPv6 traffic",
                "from_port": -1,
                "ipv6_cidr_blocks": [
                  "::/0"
                ],
                "prefix_list_ids": [],
                "protocol": "icmp",
                "security_groups": [],
                "self": false,
                "to_port": -1
              },
              {
                "cidr_blocks": [
                  "0.0.0.0/0"
                ],
                "description": "HTTP port",
                "from_port": 80,
                "ipv6_cidr_blocks": [
                  "::/0"
                ],
                "prefix_list_ids": [],
                "protocol": "tcp",
                "security_groups": [],
                "self": false,
                "to_port": 80
              },
              {
                "cidr_blocks": [
                  "0.0.0.0/0"
                ],
                "description": "HTTPS port",
                "from_port": 443,
                "ipv6_cidr_blocks": [
                  "::/0"
                ],
                "prefix_list_ids": [],
                "protocol": "tcp",
                "security_groups": [],
                "self": false,
                "to_port": 443
              },
              {
                "cidr_blocks": [
                  "0.0.0.0/0"
                ],
                "description": "Minio console port",
                "from_port": 9000,
                "ipv6_cidr_blocks": [
                  "::/0"
                ],
                "prefix_list_ids": [],
                "protocol": "tcp",
                "security_groups": [],
                "self": false,
                "to_port": 9000
              },
              {
                "cidr_blocks": [
                  "0.0.0.0/0"
                ],
                "description": "NFS server port tcp",
                "from_port": 2049,
                "ipv6_cidr_blocks": [
                  "::/0"
                ],
                "prefix_list_ids": [],
                "protocol": "tcp",
                "security_groups": [],
                "self": false,
                "to_port": 2049
              },
              {
                "cidr_blocks": [
                  "0.0.0.0/0"
                ],
                "description": "NFS server port udp",
                "from_port": 2049,
                "ipv6_cidr_blocks": [
                  "::/0"
                ],
                "prefix_list_ids": [],
                "protocol": "udp",
                "security_groups": [],
                "self": false,
                "to_port": 2049
              },
              {
                "cidr_blocks": [
                  "0.0.0.0/0"
                ],
                "description": "Postgres port",
                "from_port": 5432,
                "ipv6_cidr_blocks": [
                  "::/0"
                ],
                "prefix_list_ids": [],
                "protocol": "tcp",
                "security_groups": [],
                "self": false,
                "to_port": 5432
              },
              {
                "cidr_blocks": [
                  "0.0.0.0/0"
                ],
                "description": "SSH login port",
                "from_port": 22,
                "ipv6_cidr_blocks": [
                  "::/0"
                ],
                "prefix_list_ids": [],
                "protocol": "tcp",
                "security_groups": [],
                "self": false,
                "to_port": 22
              }
            ],
            "name": "terraform-20240910073330219100000003",
            "name_prefix": "terraform-",
            "owner_id": "931337674770",
            "revoke_rules_on_delete": false,
            "tags": {
              "Cluster": "tf9",
              "Name": "tf9-NGINX_SECURITY_GROUP"
            },
            "tags_all": {
              "Cluster": "tf9",
              "Name": "tf9-NGINX_SECURITY_GROUP"
            },
            "timeouts": null,
            "vpc_id": "vpc-40243c28"
          },
          "sensitive_attributes": [],
          "private": "eyJlMmJmYjczMC1lY2FhLTExZTYtOGY4OC0zNDM2M2JjN2M0YzAiOnsiY3JlYXRlIjo2MDAwMDAwMDAwMDAsImRlbGV0ZSI6OTAwMDAwMDAwMDAwfSwic2NoZW1hX3ZlcnNpb24iOiIxIn0="
        }
      ]
    },
    {
      "module": "module.nfs-setup",
      "mode": "managed",
      "type": "null_resource",
      "name": "nfs-csi-setup",
      "provider": "provider[\"registry.terraform.io/hashicorp/null\"]",
      "instances": [
        {
          "schema_version": 0,
          "attributes": {
            "id": "256348426932599506",
            "triggers": null
          },
          "sensitive_attributes": [],
          "dependencies": [
            "module.aws-resource-creation.aws_iam_instance_profile.certbot_profile",
            "module.aws-resource-creation.aws_iam_policy.certbot_policy",
            "module.aws-resource-creation.aws_iam_role.certbot_role",
            "module.aws-resource-creation.aws_iam_role_policy_attachment.certbot_policy_attachment",
            "module.aws-resource-creation.aws_instance.K8S_CLUSTER_EC2_INSTANCE",
            "module.aws-resource-creation.aws_instance.NGINX_EC2_INSTANCE",
            "module.aws-resource-creation.aws_route53_record.DNS_RECORDS",
            "module.aws-resource-creation.aws_security_group.security-group",
            "module.nfs-setup.null_resource.nfs-server-setup",
            "module.rke2-setup.null_resource.download-k8s-kubeconfig",
            "module.rke2-setup.null_resource.download-kubectl-file",
            "module.rke2-setup.null_resource.rancher-import",
            "module.rke2-setup.null_resource.rke2-cluster-setup",
            "module.rke2-setup.null_resource.rke2-primary-cluster-setup",
            "module.rke2-setup.random_string.K8S_TOKEN"
          ]
        }
      ]
    },
    {
      "module": "module.nfs-setup",
      "mode": "managed",
      "type": "null_resource",
      "name": "nfs-server-setup",
      "provider": "provider[\"registry.terraform.io/hashicorp/null\"]",
      "instances": [
        {
          "schema_version": 0,
          "attributes": {
            "id": "5466435454287681166",
            "triggers": null
          },
          "sensitive_attributes": [],
          "dependencies": [
            "module.aws-resource-creation.aws_iam_instance_profile.certbot_profile",
            "module.aws-resource-creation.aws_iam_policy.certbot_policy",
            "module.aws-resource-creation.aws_iam_role.certbot_role",
            "module.aws-resource-creation.aws_iam_role_policy_attachment.certbot_policy_attachment",
            "module.aws-resource-creation.aws_instance.K8S_CLUSTER_EC2_INSTANCE",
            "module.aws-resource-creation.aws_instance.NGINX_EC2_INSTANCE",
            "module.aws-resource-creation.aws_route53_record.DNS_RECORDS",
            "module.aws-resource-creation.aws_security_group.security-group",
            "module.rke2-setup.null_resource.download-k8s-kubeconfig",
            "module.rke2-setup.null_resource.download-kubectl-file",
            "module.rke2-setup.null_resource.rancher-import",
            "module.rke2-setup.null_resource.rke2-cluster-setup",
            "module.rke2-setup.null_resource.rke2-primary-cluster-setup",
            "module.rke2-setup.random_string.K8S_TOKEN"
          ]
        }
      ]
    },
    {
      "module": "module.nginx-setup",
      "mode": "managed",
      "type": "null_resource",
      "name": "Nginx-setup",
      "provider": "provider[\"registry.terraform.io/hashicorp/null\"]",
      "instances": [
        {
          "schema_version": 0,
          "attributes": {
            "id": "7655392905703790469",
            "triggers": {
              "node_hash": "120a7c73cfc35051467b78da3235f7b6",
              "public_dns_hash": "719cffe96f6fd5e61b803e10e15f854e"
            }
          },
          "sensitive_attributes": [],
          "dependencies": [
            "module.aws-resource-creation.aws_iam_instance_profile.certbot_profile",
            "module.aws-resource-creation.aws_iam_policy.certbot_policy",
            "module.aws-resource-creation.aws_iam_role.certbot_role",
            "module.aws-resource-creation.aws_iam_role_policy_attachment.certbot_policy_attachment",
            "module.aws-resource-creation.aws_instance.K8S_CLUSTER_EC2_INSTANCE",
            "module.aws-resource-creation.aws_instance.NGINX_EC2_INSTANCE",
            "module.aws-resource-creation.aws_route53_record.DNS_RECORDS",
            "module.aws-resource-creation.aws_security_group.security-group"
          ]
        }
      ]
    },
    {
      "module": "module.rke2-setup",
      "mode": "managed",
      "type": "null_resource",
      "name": "download-k8s-kubeconfig",
      "provider": "provider[\"registry.terraform.io/hashicorp/null\"]",
      "instances": [
        {
          "index_key": "tf9-CONTROL-PLANE-NODE-1",
          "schema_version": 0,
          "attributes": {
            "id": "3539778375755795074",
            "triggers": {
              "node_hash": "157a1706a656e2f95cf657ca042f4318"
            }
          },
          "sensitive_attributes": [],
          "dependencies": [
            "module.aws-resource-creation.aws_iam_instance_profile.certbot_profile",
            "module.aws-resource-creation.aws_iam_policy.certbot_policy",
            "module.aws-resource-creation.aws_iam_role.certbot_role",
            "module.aws-resource-creation.aws_iam_role_policy_attachment.certbot_policy_attachment",
            "module.aws-resource-creation.aws_instance.K8S_CLUSTER_EC2_INSTANCE",
            "module.aws-resource-creation.aws_instance.NGINX_EC2_INSTANCE",
            "module.aws-resource-creation.aws_route53_record.DNS_RECORDS",
            "module.aws-resource-creation.aws_security_group.security-group",
            "module.rke2-setup.null_resource.rke2-cluster-setup",
            "module.rke2-setup.null_resource.rke2-primary-cluster-setup",
            "module.rke2-setup.random_string.K8S_TOKEN"
          ]
        },
        {
          "index_key": "tf9-CONTROL-PLANE-NODE-2",
          "schema_version": 0,
          "attributes": {
            "id": "869114211358383502",
            "triggers": {
              "node_hash": "157a1706a656e2f95cf657ca042f4318"
            }
          },
          "sensitive_attributes": [],
          "dependencies": [
            "module.aws-resource-creation.aws_iam_instance_profile.certbot_profile",
            "module.aws-resource-creation.aws_iam_policy.certbot_policy",
            "module.aws-resource-creation.aws_iam_role.certbot_role",
            "module.aws-resource-creation.aws_iam_role_policy_attachment.certbot_policy_attachment",
            "module.aws-resource-creation.aws_instance.K8S_CLUSTER_EC2_INSTANCE",
            "module.aws-resource-creation.aws_instance.NGINX_EC2_INSTANCE",
            "module.aws-resource-creation.aws_route53_record.DNS_RECORDS",
            "module.aws-resource-creation.aws_security_group.security-group",
            "module.rke2-setup.null_resource.rke2-cluster-setup",
            "module.rke2-setup.null_resource.rke2-primary-cluster-setup",
            "module.rke2-setup.random_string.K8S_TOKEN"
          ]
        },
        {
          "index_key": "tf9-ETCD-NODE-1",
          "schema_version": 0,
          "attributes": {
            "id": "2451394722991275460",
            "triggers": {
              "node_hash": "157a1706a656e2f95cf657ca042f4318"
            }
          },
          "sensitive_attributes": [],
          "dependencies": [
            "module.aws-resource-creation.aws_iam_instance_profile.certbot_profile",
            "module.aws-resource-creation.aws_iam_policy.certbot_policy",
            "module.aws-resource-creation.aws_iam_role.certbot_role",
            "module.aws-resource-creation.aws_iam_role_policy_attachment.certbot_policy_attachment",
            "module.aws-resource-creation.aws_instance.K8S_CLUSTER_EC2_INSTANCE",
            "module.aws-resource-creation.aws_instance.NGINX_EC2_INSTANCE",
            "module.aws-resource-creation.aws_route53_record.DNS_RECORDS",
            "module.aws-resource-creation.aws_security_group.security-group",
            "module.rke2-setup.null_resource.rke2-cluster-setup",
            "module.rke2-setup.null_resource.rke2-primary-cluster-setup",
            "module.rke2-setup.random_string.K8S_TOKEN"
          ]
        },
        {
          "index_key": "tf9-ETCD-NODE-2",
          "schema_version": 0,
          "attributes": {
            "id": "8541120746445844880",
            "triggers": {
              "node_hash": "157a1706a656e2f95cf657ca042f4318"
            }
          },
          "sensitive_attributes": [],
          "dependencies": [
            "module.aws-resource-creation.aws_iam_instance_profile.certbot_profile",
            "module.aws-resource-creation.aws_iam_policy.certbot_policy",
            "module.aws-resource-creation.aws_iam_role.certbot_role",
            "module.aws-resource-creation.aws_iam_role_policy_attachment.certbot_policy_attachment",
            "module.aws-resource-creation.aws_instance.K8S_CLUSTER_EC2_INSTANCE",
            "module.aws-resource-creation.aws_instance.NGINX_EC2_INSTANCE",
            "module.aws-resource-creation.aws_route53_record.DNS_RECORDS",
            "module.aws-resource-creation.aws_security_group.security-group",
            "module.rke2-setup.null_resource.rke2-cluster-setup",
            "module.rke2-setup.null_resource.rke2-primary-cluster-setup",
            "module.rke2-setup.random_string.K8S_TOKEN"
          ]
        },
        {
          "index_key": "tf9-WORKER-NODE-1",
          "schema_version": 0,
          "attributes": {
            "id": "4762450958736893663",
            "triggers": {
              "node_hash": "157a1706a656e2f95cf657ca042f4318"
            }
          },
          "sensitive_attributes": [],
          "dependencies": [
            "module.aws-resource-creation.aws_iam_instance_profile.certbot_profile",
            "module.aws-resource-creation.aws_iam_policy.certbot_policy",
            "module.aws-resource-creation.aws_iam_role.certbot_role",
            "module.aws-resource-creation.aws_iam_role_policy_attachment.certbot_policy_attachment",
            "module.aws-resource-creation.aws_instance.K8S_CLUSTER_EC2_INSTANCE",
            "module.aws-resource-creation.aws_instance.NGINX_EC2_INSTANCE",
            "module.aws-resource-creation.aws_route53_record.DNS_RECORDS",
            "module.aws-resource-creation.aws_security_group.security-group",
            "module.rke2-setup.null_resource.rke2-cluster-setup",
            "module.rke2-setup.null_resource.rke2-primary-cluster-setup",
            "module.rke2-setup.random_string.K8S_TOKEN"
          ]
        },
        {
          "index_key": "tf9-WORKER-NODE-2",
          "schema_version": 0,
          "attributes": {
            "id": "8880222065682738231",
            "triggers": {
              "node_hash": "157a1706a656e2f95cf657ca042f4318"
            }
          },
          "sensitive_attributes": [],
          "dependencies": [
            "module.aws-resource-creation.aws_iam_instance_profile.certbot_profile",
            "module.aws-resource-creation.aws_iam_policy.certbot_policy",
            "module.aws-resource-creation.aws_iam_role.certbot_role",
            "module.aws-resource-creation.aws_iam_role_policy_attachment.certbot_policy_attachment",
            "module.aws-resource-creation.aws_instance.K8S_CLUSTER_EC2_INSTANCE",
            "module.aws-resource-creation.aws_instance.NGINX_EC2_INSTANCE",
            "module.aws-resource-creation.aws_route53_record.DNS_RECORDS",
            "module.aws-resource-creation.aws_security_group.security-group",
            "module.rke2-setup.null_resource.rke2-cluster-setup",
            "module.rke2-setup.null_resource.rke2-primary-cluster-setup",
            "module.rke2-setup.random_string.K8S_TOKEN"
          ]
        },
        {
          "index_key": "tf9-WORKER-NODE-3",
          "schema_version": 0,
          "attributes": {
            "id": "3362044604071247050",
            "triggers": {
              "node_hash": "157a1706a656e2f95cf657ca042f4318"
            }
          },
          "sensitive_attributes": [],
          "dependencies": [
            "module.aws-resource-creation.aws_iam_instance_profile.certbot_profile",
            "module.aws-resource-creation.aws_iam_policy.certbot_policy",
            "module.aws-resource-creation.aws_iam_role.certbot_role",
            "module.aws-resource-creation.aws_iam_role_policy_attachment.certbot_policy_attachment",
            "module.aws-resource-creation.aws_instance.K8S_CLUSTER_EC2_INSTANCE",
            "module.aws-resource-creation.aws_instance.NGINX_EC2_INSTANCE",
            "module.aws-resource-creation.aws_route53_record.DNS_RECORDS",
            "module.aws-resource-creation.aws_security_group.security-group",
            "module.rke2-setup.null_resource.rke2-cluster-setup",
            "module.rke2-setup.null_resource.rke2-primary-cluster-setup",
            "module.rke2-setup.random_string.K8S_TOKEN"
          ]
        },
        {
          "index_key": "tf9-WORKER-NODE-4",
          "schema_version": 0,
          "attributes": {
            "id": "4483929252244502443",
            "triggers": {
              "node_hash": "157a1706a656e2f95cf657ca042f4318"
            }
          },
          "sensitive_attributes": [],
          "dependencies": [
            "module.aws-resource-creation.aws_iam_instance_profile.certbot_profile",
            "module.aws-resource-creation.aws_iam_policy.certbot_policy",
            "module.aws-resource-creation.aws_iam_role.certbot_role",
            "module.aws-resource-creation.aws_iam_role_policy_attachment.certbot_policy_attachment",
            "module.aws-resource-creation.aws_instance.K8S_CLUSTER_EC2_INSTANCE",
            "module.aws-resource-creation.aws_instance.NGINX_EC2_INSTANCE",
            "module.aws-resource-creation.aws_route53_record.DNS_RECORDS",
            "module.aws-resource-creation.aws_security_group.security-group",
            "module.rke2-setup.null_resource.rke2-cluster-setup",
            "module.rke2-setup.null_resource.rke2-primary-cluster-setup",
            "module.rke2-setup.random_string.K8S_TOKEN"
          ]
        }
      ]
    },
    {
      "module": "module.rke2-setup",
      "mode": "managed",
      "type": "null_resource",
      "name": "download-kubectl-file",
      "provider": "provider[\"registry.terraform.io/hashicorp/null\"]",
      "instances": [
        {
          "schema_version": 0,
          "attributes": {
            "id": "3727590931886211559",
            "triggers": null
          },
          "sensitive_attributes": [],
          "dependencies": [
            "module.aws-resource-creation.aws_iam_instance_profile.certbot_profile",
            "module.aws-resource-creation.aws_iam_policy.certbot_policy",
            "module.aws-resource-creation.aws_iam_role.certbot_role",
            "module.aws-resource-creation.aws_iam_role_policy_attachment.certbot_policy_attachment",
            "module.aws-resource-creation.aws_instance.K8S_CLUSTER_EC2_INSTANCE",
            "module.aws-resource-creation.aws_instance.NGINX_EC2_INSTANCE",
            "module.aws-resource-creation.aws_route53_record.DNS_RECORDS",
            "module.aws-resource-creation.aws_security_group.security-group",
            "module.rke2-setup.null_resource.rke2-cluster-setup",
            "module.rke2-setup.null_resource.rke2-primary-cluster-setup",
            "module.rke2-setup.random_string.K8S_TOKEN"
          ]
        }
      ]
    },
    {
      "module": "module.rke2-setup",
      "mode": "managed",
      "type": "null_resource",
      "name": "rancher-import",
      "provider": "provider[\"registry.terraform.io/hashicorp/null\"]",
      "instances": [
        {
          "schema_version": 0,
          "attributes": {
            "id": "3900555113139911714",
            "triggers": null
          },
          "sensitive_attributes": [],
          "dependencies": [
            "module.aws-resource-creation.aws_iam_instance_profile.certbot_profile",
            "module.aws-resource-creation.aws_iam_policy.certbot_policy",
            "module.aws-resource-creation.aws_iam_role.certbot_role",
            "module.aws-resource-creation.aws_iam_role_policy_attachment.certbot_policy_attachment",
            "module.aws-resource-creation.aws_instance.K8S_CLUSTER_EC2_INSTANCE",
            "module.aws-resource-creation.aws_instance.NGINX_EC2_INSTANCE",
            "module.aws-resource-creation.aws_route53_record.DNS_RECORDS",
            "module.aws-resource-creation.aws_security_group.security-group",
            "module.rke2-setup.null_resource.rke2-primary-cluster-setup",
            "module.rke2-setup.random_string.K8S_TOKEN"
          ]
        }
      ]
    },
    {
      "module": "module.rke2-setup",
      "mode": "managed",
      "type": "null_resource",
      "name": "rke2-cluster-setup",
      "provider": "provider[\"registry.terraform.io/hashicorp/null\"]",
      "instances": [
        {
          "index_key": "tf9-CONTROL-PLANE-NODE-1",
          "schema_version": 0,
          "attributes": {
            "id": "7093917851756277554",
            "triggers": {
              "node_hash": "157a1706a656e2f95cf657ca042f4318",
              "script_hash": "a94a3ff55e15526e6aed02674e2b596e"
            }
          },
          "sensitive_attributes": [],
          "dependencies": [
            "module.aws-resource-creation.aws_iam_instance_profile.certbot_profile",
            "module.aws-resource-creation.aws_iam_policy.certbot_policy",
            "module.aws-resource-creation.aws_iam_role.certbot_role",
            "module.aws-resource-creation.aws_iam_role_policy_attachment.certbot_policy_attachment",
            "module.aws-resource-creation.aws_instance.K8S_CLUSTER_EC2_INSTANCE",
            "module.aws-resource-creation.aws_instance.NGINX_EC2_INSTANCE",
            "module.aws-resource-creation.aws_route53_record.DNS_RECORDS",
            "module.aws-resource-creation.aws_security_group.security-group",
            "module.rke2-setup.null_resource.rke2-primary-cluster-setup",
            "module.rke2-setup.random_string.K8S_TOKEN"
          ]
        },
        {
          "index_key": "tf9-CONTROL-PLANE-NODE-2",
          "schema_version": 0,
          "attributes": {
            "id": "3530210424646187048",
            "triggers": {
              "node_hash": "157a1706a656e2f95cf657ca042f4318",
              "script_hash": "a94a3ff55e15526e6aed02674e2b596e"
            }
          },
          "sensitive_attributes": [],
          "dependencies": [
            "module.aws-resource-creation.aws_iam_instance_profile.certbot_profile",
            "module.aws-resource-creation.aws_iam_policy.certbot_policy",
            "module.aws-resource-creation.aws_iam_role.certbot_role",
            "module.aws-resource-creation.aws_iam_role_policy_attachment.certbot_policy_attachment",
            "module.aws-resource-creation.aws_instance.K8S_CLUSTER_EC2_INSTANCE",
            "module.aws-resource-creation.aws_instance.NGINX_EC2_INSTANCE",
            "module.aws-resource-creation.aws_route53_record.DNS_RECORDS",
            "module.aws-resource-creation.aws_security_group.security-group",
            "module.rke2-setup.null_resource.rke2-primary-cluster-setup",
            "module.rke2-setup.random_string.K8S_TOKEN"
          ]
        },
        {
          "index_key": "tf9-ETCD-NODE-1",
          "schema_version": 0,
          "attributes": {
            "id": "5758871389677565476",
            "triggers": {
              "node_hash": "157a1706a656e2f95cf657ca042f4318",
              "script_hash": "a94a3ff55e15526e6aed02674e2b596e"
            }
          },
          "sensitive_attributes": [],
          "dependencies": [
            "module.aws-resource-creation.aws_iam_instance_profile.certbot_profile",
            "module.aws-resource-creation.aws_iam_policy.certbot_policy",
            "module.aws-resource-creation.aws_iam_role.certbot_role",
            "module.aws-resource-creation.aws_iam_role_policy_attachment.certbot_policy_attachment",
            "module.aws-resource-creation.aws_instance.K8S_CLUSTER_EC2_INSTANCE",
            "module.aws-resource-creation.aws_instance.NGINX_EC2_INSTANCE",
            "module.aws-resource-creation.aws_route53_record.DNS_RECORDS",
            "module.aws-resource-creation.aws_security_group.security-group",
            "module.rke2-setup.null_resource.rke2-primary-cluster-setup",
            "module.rke2-setup.random_string.K8S_TOKEN"
          ]
        },
        {
          "index_key": "tf9-ETCD-NODE-2",
          "schema_version": 0,
          "attributes": {
            "id": "9106044670634893107",
            "triggers": {
              "node_hash": "157a1706a656e2f95cf657ca042f4318",
              "script_hash": "a94a3ff55e15526e6aed02674e2b596e"
            }
          },
          "sensitive_attributes": [],
          "dependencies": [
            "module.aws-resource-creation.aws_iam_instance_profile.certbot_profile",
            "module.aws-resource-creation.aws_iam_policy.certbot_policy",
            "module.aws-resource-creation.aws_iam_role.certbot_role",
            "module.aws-resource-creation.aws_iam_role_policy_attachment.certbot_policy_attachment",
            "module.aws-resource-creation.aws_instance.K8S_CLUSTER_EC2_INSTANCE",
            "module.aws-resource-creation.aws_instance.NGINX_EC2_INSTANCE",
            "module.aws-resource-creation.aws_route53_record.DNS_RECORDS",
            "module.aws-resource-creation.aws_security_group.security-group",
            "module.rke2-setup.null_resource.rke2-primary-cluster-setup",
            "module.rke2-setup.random_string.K8S_TOKEN"
          ]
        },
        {
          "index_key": "tf9-WORKER-NODE-1",
          "schema_version": 0,
          "attributes": {
            "id": "461695199428157657",
            "triggers": {
              "node_hash": "157a1706a656e2f95cf657ca042f4318",
              "script_hash": "a94a3ff55e15526e6aed02674e2b596e"
            }
          },
          "sensitive_attributes": [],
          "dependencies": [
            "module.aws-resource-creation.aws_iam_instance_profile.certbot_profile",
            "module.aws-resource-creation.aws_iam_policy.certbot_policy",
            "module.aws-resource-creation.aws_iam_role.certbot_role",
            "module.aws-resource-creation.aws_iam_role_policy_attachment.certbot_policy_attachment",
            "module.aws-resource-creation.aws_instance.K8S_CLUSTER_EC2_INSTANCE",
            "module.aws-resource-creation.aws_instance.NGINX_EC2_INSTANCE",
            "module.aws-resource-creation.aws_route53_record.DNS_RECORDS",
            "module.aws-resource-creation.aws_security_group.security-group",
            "module.rke2-setup.null_resource.rke2-primary-cluster-setup",
            "module.rke2-setup.random_string.K8S_TOKEN"
          ]
        },
        {
          "index_key": "tf9-WORKER-NODE-2",
          "schema_version": 0,
          "attributes": {
            "id": "1430049414811174398",
            "triggers": {
              "node_hash": "157a1706a656e2f95cf657ca042f4318",
              "script_hash": "a94a3ff55e15526e6aed02674e2b596e"
            }
          },
          "sensitive_attributes": [],
          "dependencies": [
            "module.aws-resource-creation.aws_iam_instance_profile.certbot_profile",
            "module.aws-resource-creation.aws_iam_policy.certbot_policy",
            "module.aws-resource-creation.aws_iam_role.certbot_role",
            "module.aws-resource-creation.aws_iam_role_policy_attachment.certbot_policy_attachment",
            "module.aws-resource-creation.aws_instance.K8S_CLUSTER_EC2_INSTANCE",
            "module.aws-resource-creation.aws_instance.NGINX_EC2_INSTANCE",
            "module.aws-resource-creation.aws_route53_record.DNS_RECORDS",
            "module.aws-resource-creation.aws_security_group.security-group",
            "module.rke2-setup.null_resource.rke2-primary-cluster-setup",
            "module.rke2-setup.random_string.K8S_TOKEN"
          ]
        },
        {
          "index_key": "tf9-WORKER-NODE-3",
          "schema_version": 0,
          "attributes": {
            "id": "6095895373988664460",
            "triggers": {
              "node_hash": "157a1706a656e2f95cf657ca042f4318",
              "script_hash": "a94a3ff55e15526e6aed02674e2b596e"
            }
          },
          "sensitive_attributes": [],
          "dependencies": [
            "module.aws-resource-creation.aws_iam_instance_profile.certbot_profile",
            "module.aws-resource-creation.aws_iam_policy.certbot_policy",
            "module.aws-resource-creation.aws_iam_role.certbot_role",
            "module.aws-resource-creation.aws_iam_role_policy_attachment.certbot_policy_attachment",
            "module.aws-resource-creation.aws_instance.K8S_CLUSTER_EC2_INSTANCE",
            "module.aws-resource-creation.aws_instance.NGINX_EC2_INSTANCE",
            "module.aws-resource-creation.aws_route53_record.DNS_RECORDS",
            "module.aws-resource-creation.aws_security_group.security-group",
            "module.rke2-setup.null_resource.rke2-primary-cluster-setup",
            "module.rke2-setup.random_string.K8S_TOKEN"
          ]
        },
        {
          "index_key": "tf9-WORKER-NODE-4",
          "schema_version": 0,
          "attributes": {
            "id": "7477982959138972521",
            "triggers": {
              "node_hash": "157a1706a656e2f95cf657ca042f4318",
              "script_hash": "a94a3ff55e15526e6aed02674e2b596e"
            }
          },
          "sensitive_attributes": [],
          "dependencies": [
            "module.aws-resource-creation.aws_iam_instance_profile.certbot_profile",
            "module.aws-resource-creation.aws_iam_policy.certbot_policy",
            "module.aws-resource-creation.aws_iam_role.certbot_role",
            "module.aws-resource-creation.aws_iam_role_policy_attachment.certbot_policy_attachment",
            "module.aws-resource-creation.aws_instance.K8S_CLUSTER_EC2_INSTANCE",
            "module.aws-resource-creation.aws_instance.NGINX_EC2_INSTANCE",
            "module.aws-resource-creation.aws_route53_record.DNS_RECORDS",
            "module.aws-resource-creation.aws_security_group.security-group",
            "module.rke2-setup.null_resource.rke2-primary-cluster-setup",
            "module.rke2-setup.random_string.K8S_TOKEN"
          ]
        }
      ]
    },
    {
      "module": "module.rke2-setup",
      "mode": "managed",
      "type": "null_resource",
      "name": "rke2-primary-cluster-setup",
      "provider": "provider[\"registry.terraform.io/hashicorp/null\"]",
      "instances": [
        {
          "schema_version": 0,
          "attributes": {
            "id": "945873791068022590",
            "triggers": null
          },
          "sensitive_attributes": [],
          "dependencies": [
            "module.aws-resource-creation.aws_iam_instance_profile.certbot_profile",
            "module.aws-resource-creation.aws_iam_policy.certbot_policy",
            "module.aws-resource-creation.aws_iam_role.certbot_role",
            "module.aws-resource-creation.aws_iam_role_policy_attachment.certbot_policy_attachment",
            "module.aws-resource-creation.aws_instance.K8S_CLUSTER_EC2_INSTANCE",
            "module.aws-resource-creation.aws_instance.NGINX_EC2_INSTANCE",
            "module.aws-resource-creation.aws_route53_record.DNS_RECORDS",
            "module.aws-resource-creation.aws_security_group.security-group",
            "module.rke2-setup.random_string.K8S_TOKEN"
          ]
        }
      ]
    },
    {
      "module": "module.rke2-setup",
      "mode": "managed",
      "type": "random_string",
      "name": "K8S_TOKEN",
      "provider": "provider[\"registry.terraform.io/hashicorp/random\"]",
      "instances": [
        {
          "schema_version": 2,
          "attributes": {
            "id": "ZczkPfo6Ad5JtalXhw8ugSLJDZgDaZNY",
            "keepers": null,
            "length": 32,
            "lower": true,
            "min_lower": 0,
            "min_numeric": 0,
            "min_special": 0,
            "min_upper": 0,
            "number": true,
            "numeric": true,
            "override_special": null,
            "result": "ZczkPfo6Ad5JtalXhw8ugSLJDZgDaZNY",
            "special": false,
            "upper": true
          },
          "sensitive_attributes": [],
          "dependencies": [
            "module.aws-resource-creation.aws_iam_instance_profile.certbot_profile",
            "module.aws-resource-creation.aws_iam_policy.certbot_policy",
            "module.aws-resource-creation.aws_iam_role.certbot_role",
            "module.aws-resource-creation.aws_iam_role_policy_attachment.certbot_policy_attachment",
            "module.aws-resource-creation.aws_instance.K8S_CLUSTER_EC2_INSTANCE",
            "module.aws-resource-creation.aws_instance.NGINX_EC2_INSTANCE",
            "module.aws-resource-creation.aws_route53_record.DNS_RECORDS",
            "module.aws-resource-creation.aws_security_group.security-group"
          ]
        }
      ]
    }
  ],
  "check_results": [
    {
      "object_kind": "var",
      "config_addr": "module.aws-resource-creation.var.NGINX_INSTANCE_TYPE",
      "status": "pass",
      "objects": [
        {
          "object_addr": "module.aws-resource-creation.var.NGINX_INSTANCE_TYPE",
          "status": "pass"
        }
      ]
    },
    {
      "object_kind": "var",
      "config_addr": "var.NGINX_INSTANCE_TYPE",
      "status": "pass",
      "objects": [
        {
          "object_addr": "var.NGINX_INSTANCE_TYPE",
          "status": "pass"
        }
      ]
    },
    {
      "object_kind": "var",
      "config_addr": "module.nfs-setup.var.NFS_SERVER_LOCATION",
      "status": "pass",
      "objects": [
        {
          "object_addr": "module.nfs-setup.var.NFS_SERVER_LOCATION",
          "status": "pass"
        }
      ]
    },
    {
      "object_kind": "var",
      "config_addr": "var.RANCHER_IMPORT_URL",
      "status": "pass",
      "objects": [
        {
          "object_addr": "var.RANCHER_IMPORT_URL",
          "status": "pass"
        }
      ]
    },
    {
      "object_kind": "var",
      "config_addr": "var.MOSIP_DOMAIN",
      "status": "pass",
      "objects": [
        {
          "object_addr": "var.MOSIP_DOMAIN",
          "status": "pass"
        }
      ]
    },
    {
      "object_kind": "var",
      "config_addr": "module.nfs-setup.var.NFS_SERVER",
      "status": "pass",
      "objects": [
        {
          "object_addr": "module.nfs-setup.var.NFS_SERVER",
          "status": "pass"
        }
      ]
    },
    {
      "object_kind": "var",
      "config_addr": "var.K8S_INFRA_REPO_URL",
      "status": "pass",
      "objects": [
        {
          "object_addr": "var.K8S_INFRA_REPO_URL",
          "status": "pass"
        }
      ]
    },
    {
      "object_kind": "var",
      "config_addr": "module.nfs-setup.var.K8S_INFRA_REPO_URL",
      "status": "pass",
      "objects": [
        {
          "object_addr": "module.nfs-setup.var.K8S_INFRA_REPO_URL",
          "status": "pass"
        }
      ]
    },
    {
      "object_kind": "var",
      "config_addr": "var.K8S_INSTANCE_TYPE",
      "status": "pass",
      "objects": [
        {
          "object_addr": "var.K8S_INSTANCE_TYPE",
          "status": "pass"
        }
      ]
    },
    {
      "object_kind": "var",
      "config_addr": "var.MOSIP_EMAIL_ID",
      "status": "pass",
      "objects": [
        {
          "object_addr": "var.MOSIP_EMAIL_ID",
          "status": "pass"
        }
      ]
    },
    {
      "object_kind": "var",
      "config_addr": "module.rke2-setup.var.K8S_INFRA_REPO_URL",
      "status": "pass",
      "objects": [
        {
          "object_addr": "module.rke2-setup.var.K8S_INFRA_REPO_URL",
          "status": "pass"
        }
      ]
    },
    {
      "object_kind": "var",
      "config_addr": "module.aws-resource-creation.var.K8S_INSTANCE_TYPE",
      "status": "pass",
      "objects": [
        {
          "object_addr": "module.aws-resource-creation.var.K8S_INSTANCE_TYPE",
          "status": "pass"
        }
      ]
    },
    {
      "object_kind": "var",
      "config_addr": "module.nginx-setup.var.K8S_INFRA_REPO_URL",
      "status": "pass",
      "objects": [
        {
          "object_addr": "module.nginx-setup.var.K8S_INFRA_REPO_URL",
          "status": "pass"
        }
      ]
    },
    {
      "object_kind": "var",
      "config_addr": "module.aws-resource-creation.var.AMI",
      "status": "pass",
      "objects": [
        {
          "object_addr": "module.aws-resource-creation.var.AMI",
          "status": "pass"
        }
      ]
    },
    {
      "object_kind": "var",
      "config_addr": "var.AMI",
      "status": "pass",
      "objects": [
        {
          "object_addr": "var.AMI",
          "status": "pass"
        }
      ]
    },
    {
      "object_kind": "var",
      "config_addr": "module.rke2-setup.var.RANCHER_IMPORT_URL",
      "status": "pass",
      "objects": [
        {
          "object_addr": "module.rke2-setup.var.RANCHER_IMPORT_URL",
          "status": "pass"
        }
      ]
    }
  ]
}
