{
  "version": 4,
  "terraform_version": "1.8.5",
  "serial": 49,
  "lineage": "42960d7d-0075-6920-02b2-7eb9df95a17d",
  "outputs": {
    "CONTROL_PLANE_NODE_1": {
      "value": "172.31.32.43",
      "type": "string"
    },
    "K8S_CLUSTER_PRIVATE_IPS": {
      "value": {
        "tf8-CONTROL-PLANE-NODE-1": "172.31.32.43",
        "tf8-CONTROL-PLANE-NODE-2": "172.31.47.57",
        "tf8-ETCD-NODE-1": "172.31.32.77",
        "tf8-ETCD-NODE-2": "172.31.39.190",
        "tf8-WORKER-NODE-1": "172.31.32.103",
        "tf8-WORKER-NODE-2": "172.31.43.1",
        "tf8-WORKER-NODE-3": "172.31.40.5",
        "tf8-WORKER-NODE-4": "172.31.45.196"
      },
      "type": [
        "object",
        {
          "tf8-CONTROL-PLANE-NODE-1": "string",
          "tf8-CONTROL-PLANE-NODE-2": "string",
          "tf8-ETCD-NODE-1": "string",
          "tf8-ETCD-NODE-2": "string",
          "tf8-WORKER-NODE-1": "string",
          "tf8-WORKER-NODE-2": "string",
          "tf8-WORKER-NODE-3": "string",
          "tf8-WORKER-NODE-4": "string"
        }
      ]
    },
    "K8S_CLUSTER_PRIVATE_IPS_STR": {
      "value": "tf8-CONTROL-PLANE-NODE-1=172.31.32.43,tf8-CONTROL-PLANE-NODE-2=172.31.47.57,tf8-ETCD-NODE-1=172.31.32.77,tf8-ETCD-NODE-2=172.31.39.190,tf8-WORKER-NODE-1=172.31.32.103,tf8-WORKER-NODE-2=172.31.43.1,tf8-WORKER-NODE-3=172.31.40.5,tf8-WORKER-NODE-4=172.31.45.196",
      "type": "string"
    },
    "K8S_CLUSTER_PUBLIC_IPS": {
      "value": {
        "tf8-CONTROL-PLANE-NODE-1": "13.201.29.117",
        "tf8-CONTROL-PLANE-NODE-2": "52.66.67.251",
        "tf8-ETCD-NODE-1": "13.232.2.93",
        "tf8-ETCD-NODE-2": "3.110.220.228",
        "tf8-WORKER-NODE-1": "65.2.124.42",
        "tf8-WORKER-NODE-2": "65.2.144.208",
        "tf8-WORKER-NODE-3": "13.201.119.13",
        "tf8-WORKER-NODE-4": "13.233.68.253"
      },
      "type": [
        "object",
        {
          "tf8-CONTROL-PLANE-NODE-1": "string",
          "tf8-CONTROL-PLANE-NODE-2": "string",
          "tf8-ETCD-NODE-1": "string",
          "tf8-ETCD-NODE-2": "string",
          "tf8-WORKER-NODE-1": "string",
          "tf8-WORKER-NODE-2": "string",
          "tf8-WORKER-NODE-3": "string",
          "tf8-WORKER-NODE-4": "string"
        }
      ]
    },
    "K8S_TOKEN": {
      "value": "QIhHH0yFaKQ824G6xunHF1ldKnWKzcjT",
      "type": "string"
    },
    "MOSIP_K8S_CLUSTER_NODES_PRIVATE_IP_LIST": {
      "value": "172.31.32.43,172.31.47.57,172.31.32.77,172.31.39.190,172.31.32.103,172.31.43.1,172.31.40.5,172.31.45.196",
      "type": "string"
    },
    "MOSIP_K8S_SG_ID": {
      "value": {
        "K8S_CONTROL_PLANE_SECURITY_GROUP": "sg-04022454710e06ba3",
        "K8S_ETCD_SECURITY_GROUP": "sg-0c0177375597c9749",
        "K8S_WORKER_SECURITY_GROUP": "sg-0aab13c3aee307e3b",
        "NGINX_SECURITY_GROUP": "sg-093ed0a2a1eb94e2d"
      },
      "type": [
        "object",
        {
          "K8S_CONTROL_PLANE_SECURITY_GROUP": "string",
          "K8S_ETCD_SECURITY_GROUP": "string",
          "K8S_WORKER_SECURITY_GROUP": "string",
          "NGINX_SECURITY_GROUP": "string"
        }
      ]
    },
    "MOSIP_NGINX_SG_ID": {
      "value": "sg-093ed0a2a1eb94e2d",
      "type": "string"
    },
    "MOSIP_PUBLIC_DOMAIN_LIST": {
      "value": "api.tf8.mosip.net,esignet.tf8.mosip.net,prereg.tf8.mosip.net,resident.tf8.mosip.net",
      "type": "string"
    },
    "NGINX_PRIVATE_IP": {
      "value": "172.31.19.237",
      "type": "string"
    },
    "NGINX_PUBLIC_IP": {
      "value": "13.235.252.170",
      "type": "string"
    }
  },
  "resources": [
    {
      "module": "module.aws-resource-creation",
      "mode": "managed",
      "type": "aws_iam_instance_profile",
      "name": "certbot_profile",
      "provider": "module.aws-resource-creation.provider[\"registry.terraform.io/hashicorp/aws\"]",
      "instances": [
        {
          "schema_version": 0,
          "attributes": {
            "arn": "arn:aws:iam::931337674770:instance-profile/tf8-certbot-instance-profile",
            "create_date": "2024-09-03T12:58:45Z",
            "id": "tf8-certbot-instance-profile",
            "name": "tf8-certbot-instance-profile",
            "name_prefix": "",
            "path": "/",
            "role": "tf8-certbot-route53-role",
            "tags": {},
            "tags_all": {},
            "unique_id": "AIPA5RWANEAJL77DNWVUX"
          },
          "sensitive_attributes": [],
          "private": "bnVsbA==",
          "dependencies": [
            "module.aws-resource-creation.aws_iam_role.certbot_role"
          ]
        }
      ]
    },
    {
      "module": "module.aws-resource-creation",
      "mode": "managed",
      "type": "aws_iam_policy",
      "name": "certbot_policy",
      "provider": "module.aws-resource-creation.provider[\"registry.terraform.io/hashicorp/aws\"]",
      "instances": [
        {
          "schema_version": 0,
          "attributes": {
            "arn": "arn:aws:iam::931337674770:policy/tf8-certbot-route53-policy",
            "attachment_count": 1,
            "description": "Allow Certbot to modify Route 53 records",
            "id": "arn:aws:iam::931337674770:policy/tf8-certbot-route53-policy",
            "name": "tf8-certbot-route53-policy",
            "name_prefix": "",
            "path": "/",
            "policy": "{\"Statement\":[{\"Action\":[\"route53:ListHostedZones\",\"route53:GetChange\",\"route53:ChangeResourceRecordSets\"],\"Effect\":\"Allow\",\"Resource\":\"*\"}],\"Version\":\"2012-10-17\"}",
            "policy_id": "ANPA5RWANEAJLZN4UBWRZ",
            "tags": {
              "Cluster": "tf8",
              "Name": "tf8-certbot-route53-policy"
            },
            "tags_all": {
              "Cluster": "tf8",
              "Name": "tf8-certbot-route53-policy"
            }
          },
          "sensitive_attributes": [],
          "private": "bnVsbA=="
        }
      ]
    },
    {
      "module": "module.aws-resource-creation",
      "mode": "managed",
      "type": "aws_iam_role",
      "name": "certbot_role",
      "provider": "module.aws-resource-creation.provider[\"registry.terraform.io/hashicorp/aws\"]",
      "instances": [
        {
          "schema_version": 0,
          "attributes": {
            "arn": "arn:aws:iam::931337674770:role/tf8-certbot-route53-role",
            "assume_role_policy": "{\"Statement\":[{\"Action\":\"sts:AssumeRole\",\"Effect\":\"Allow\",\"Principal\":{\"Service\":\"ec2.amazonaws.com\"}}],\"Version\":\"2012-10-17\"}",
            "create_date": "2024-09-03T12:58:45Z",
            "description": "",
            "force_detach_policies": false,
            "id": "tf8-certbot-route53-role",
            "inline_policy": [],
            "managed_policy_arns": [
              "arn:aws:iam::931337674770:policy/tf8-certbot-route53-policy"
            ],
            "max_session_duration": 3600,
            "name": "tf8-certbot-route53-role",
            "name_prefix": "",
            "path": "/",
            "permissions_boundary": "",
            "tags": {
              "Cluster": "tf8",
              "Name": "tf8-certbot-route53-role"
            },
            "tags_all": {
              "Cluster": "tf8",
              "Name": "tf8-certbot-route53-role"
            },
            "unique_id": "AROA5RWANEAJCP65VNQWR"
          },
          "sensitive_attributes": [],
          "private": "bnVsbA=="
        }
      ]
    },
    {
      "module": "module.aws-resource-creation",
      "mode": "managed",
      "type": "aws_iam_role_policy_attachment",
      "name": "certbot_policy_attachment",
      "provider": "module.aws-resource-creation.provider[\"registry.terraform.io/hashicorp/aws\"]",
      "instances": [
        {
          "schema_version": 0,
          "attributes": {
            "id": "tf8-certbot-route53-role-20240903125846070900000005",
            "policy_arn": "arn:aws:iam::931337674770:policy/tf8-certbot-route53-policy",
            "role": "tf8-certbot-route53-role"
          },
          "sensitive_attributes": [],
          "private": "bnVsbA==",
          "dependencies": [
            "module.aws-resource-creation.aws_iam_policy.certbot_policy",
            "module.aws-resource-creation.aws_iam_role.certbot_role"
          ]
        }
      ]
    },
    {
      "module": "module.aws-resource-creation",
      "mode": "managed",
      "type": "aws_instance",
      "name": "K8S_CLUSTER_EC2_INSTANCE",
      "provider": "module.aws-resource-creation.provider[\"registry.terraform.io/hashicorp/aws\"]",
      "instances": [
        {
          "index_key": "CONTROL-PLANE-NODE-1",
          "schema_version": 1,
          "attributes": {
            "ami": "ami-0ad21ae1d0696ad58",
            "arn": "arn:aws:ec2:ap-south-1:931337674770:instance/i-0a0790e47c5881b18",
            "associate_public_ip_address": true,
            "availability_zone": "ap-south-1a",
            "capacity_reservation_specification": [
              {
                "capacity_reservation_preference": "open",
                "capacity_reservation_target": []
              }
            ],
            "cpu_core_count": 4,
            "cpu_options": [
              {
                "amd_sev_snp": "",
                "core_count": 4,
                "threads_per_core": 2
              }
            ],
            "cpu_threads_per_core": 2,
            "credit_specification": [
              {
                "cpu_credits": "unlimited"
              }
            ],
            "disable_api_stop": false,
            "disable_api_termination": false,
            "ebs_block_device": [],
            "ebs_optimized": false,
            "enclave_options": [
              {
                "enabled": false
              }
            ],
            "ephemeral_block_device": [],
            "get_password_data": false,
            "hibernation": false,
            "host_id": "",
            "host_resource_group_arn": null,
            "iam_instance_profile": "",
            "id": "i-0a0790e47c5881b18",
            "instance_initiated_shutdown_behavior": "stop",
            "instance_lifecycle": "",
            "instance_market_options": [],
            "instance_state": "running",
            "instance_type": "t3a.2xlarge",
            "ipv6_address_count": 0,
            "ipv6_addresses": [],
            "key_name": "mosip-aws",
            "launch_template": [],
            "maintenance_options": [
              {
                "auto_recovery": "default"
              }
            ],
            "metadata_options": [
              {
                "http_endpoint": "enabled",
                "http_protocol_ipv6": "disabled",
                "http_put_response_hop_limit": 2,
                "http_tokens": "required",
                "instance_metadata_tags": "disabled"
              }
            ],
            "monitoring": false,
            "network_interface": [],
            "outpost_arn": "",
            "password_data": "",
            "placement_group": "",
            "placement_partition_number": 0,
            "primary_network_interface_id": "eni-0ff92caf3418aad0c",
            "private_dns": "ip-172-31-32-43.ap-south-1.compute.internal",
            "private_dns_name_options": [
              {
                "enable_resource_name_dns_a_record": false,
                "enable_resource_name_dns_aaaa_record": false,
                "hostname_type": "ip-name"
              }
            ],
            "private_ip": "172.31.32.43",
            "public_dns": "ec2-13-201-29-117.ap-south-1.compute.amazonaws.com",
            "public_ip": "13.201.29.117",
            "root_block_device": [
              {
                "delete_on_termination": true,
                "device_name": "/dev/sda1",
                "encrypted": false,
                "iops": 3000,
                "kms_key_id": "",
                "tags": {
                  "Cluster": "tf8",
                  "Name": "tf8-CONTROL-PLANE-NODE-1"
                },
                "tags_all": {
                  "Cluster": "tf8",
                  "Name": "tf8-CONTROL-PLANE-NODE-1"
                },
                "throughput": 125,
                "volume_id": "vol-02681b083b7663e77",
                "volume_size": 20,
                "volume_type": "gp3"
              }
            ],
            "secondary_private_ips": [],
            "security_groups": [
              "terraform-20240903125845566900000004"
            ],
            "source_dest_check": true,
            "spot_instance_request_id": "",
            "subnet_id": "subnet-7d0c0d15",
            "tags": {
              "Cluster": "tf8",
              "Name": "tf8-CONTROL-PLANE-NODE-1"
            },
            "tags_all": {
              "Cluster": "tf8",
              "Name": "tf8-CONTROL-PLANE-NODE-1"
            },
            "tenancy": "default",
            "timeouts": null,
            "user_data": "eadd9445c79f9e8053aa78a955d4408467c5f289",
            "user_data_base64": null,
            "user_data_replace_on_change": false,
            "volume_tags": null,
            "vpc_security_group_ids": [
              "sg-04022454710e06ba3"
            ]
          },
          "sensitive_attributes": [],
          "private": "eyJlMmJmYjczMC1lY2FhLTExZTYtOGY4OC0zNDM2M2JjN2M0YzAiOnsiY3JlYXRlIjo2MDAwMDAwMDAwMDAsImRlbGV0ZSI6MTIwMDAwMDAwMDAwMCwicmVhZCI6OTAwMDAwMDAwMDAwLCJ1cGRhdGUiOjYwMDAwMDAwMDAwMH0sInNjaGVtYV92ZXJzaW9uIjoiMSJ9",
          "dependencies": [
            "module.aws-resource-creation.aws_security_group.security-group"
          ]
        },
        {
          "index_key": "CONTROL-PLANE-NODE-2",
          "schema_version": 1,
          "attributes": {
            "ami": "ami-0ad21ae1d0696ad58",
            "arn": "arn:aws:ec2:ap-south-1:931337674770:instance/i-0996bad7a16af4e8d",
            "associate_public_ip_address": true,
            "availability_zone": "ap-south-1a",
            "capacity_reservation_specification": [
              {
                "capacity_reservation_preference": "open",
                "capacity_reservation_target": []
              }
            ],
            "cpu_core_count": 4,
            "cpu_options": [
              {
                "amd_sev_snp": "",
                "core_count": 4,
                "threads_per_core": 2
              }
            ],
            "cpu_threads_per_core": 2,
            "credit_specification": [
              {
                "cpu_credits": "unlimited"
              }
            ],
            "disable_api_stop": false,
            "disable_api_termination": false,
            "ebs_block_device": [],
            "ebs_optimized": false,
            "enclave_options": [
              {
                "enabled": false
              }
            ],
            "ephemeral_block_device": [],
            "get_password_data": false,
            "hibernation": false,
            "host_id": "",
            "host_resource_group_arn": null,
            "iam_instance_profile": "",
            "id": "i-0996bad7a16af4e8d",
            "instance_initiated_shutdown_behavior": "stop",
            "instance_lifecycle": "",
            "instance_market_options": [],
            "instance_state": "running",
            "instance_type": "t3a.2xlarge",
            "ipv6_address_count": 0,
            "ipv6_addresses": [],
            "key_name": "mosip-aws",
            "launch_template": [],
            "maintenance_options": [
              {
                "auto_recovery": "default"
              }
            ],
            "metadata_options": [
              {
                "http_endpoint": "enabled",
                "http_protocol_ipv6": "disabled",
                "http_put_response_hop_limit": 2,
                "http_tokens": "required",
                "instance_metadata_tags": "disabled"
              }
            ],
            "monitoring": false,
            "network_interface": [],
            "outpost_arn": "",
            "password_data": "",
            "placement_group": "",
            "placement_partition_number": 0,
            "primary_network_interface_id": "eni-0f9855458da444a4c",
            "private_dns": "ip-172-31-47-57.ap-south-1.compute.internal",
            "private_dns_name_options": [
              {
                "enable_resource_name_dns_a_record": false,
                "enable_resource_name_dns_aaaa_record": false,
                "hostname_type": "ip-name"
              }
            ],
            "private_ip": "172.31.47.57",
            "public_dns": "ec2-52-66-67-251.ap-south-1.compute.amazonaws.com",
            "public_ip": "52.66.67.251",
            "root_block_device": [
              {
                "delete_on_termination": true,
                "device_name": "/dev/sda1",
                "encrypted": false,
                "iops": 3000,
                "kms_key_id": "",
                "tags": {
                  "Cluster": "tf8",
                  "Name": "tf8-CONTROL-PLANE-NODE-2"
                },
                "tags_all": {
                  "Cluster": "tf8",
                  "Name": "tf8-CONTROL-PLANE-NODE-2"
                },
                "throughput": 125,
                "volume_id": "vol-045401a635b6a2486",
                "volume_size": 20,
                "volume_type": "gp3"
              }
            ],
            "secondary_private_ips": [],
            "security_groups": [
              "terraform-20240903125845566900000004"
            ],
            "source_dest_check": true,
            "spot_instance_request_id": "",
            "subnet_id": "subnet-7d0c0d15",
            "tags": {
              "Cluster": "tf8",
              "Name": "tf8-CONTROL-PLANE-NODE-2"
            },
            "tags_all": {
              "Cluster": "tf8",
              "Name": "tf8-CONTROL-PLANE-NODE-2"
            },
            "tenancy": "default",
            "timeouts": null,
            "user_data": "9ec3b7612d23893bdfc56a7e3dd0a87c89b69cba",
            "user_data_base64": null,
            "user_data_replace_on_change": false,
            "volume_tags": null,
            "vpc_security_group_ids": [
              "sg-04022454710e06ba3"
            ]
          },
          "sensitive_attributes": [],
          "private": "eyJlMmJmYjczMC1lY2FhLTExZTYtOGY4OC0zNDM2M2JjN2M0YzAiOnsiY3JlYXRlIjo2MDAwMDAwMDAwMDAsImRlbGV0ZSI6MTIwMDAwMDAwMDAwMCwicmVhZCI6OTAwMDAwMDAwMDAwLCJ1cGRhdGUiOjYwMDAwMDAwMDAwMH0sInNjaGVtYV92ZXJzaW9uIjoiMSJ9",
          "dependencies": [
            "module.aws-resource-creation.aws_security_group.security-group"
          ]
        },
        {
          "index_key": "ETCD-NODE-1",
          "schema_version": 1,
          "attributes": {
            "ami": "ami-0ad21ae1d0696ad58",
            "arn": "arn:aws:ec2:ap-south-1:931337674770:instance/i-0f163cf87aebadc99",
            "associate_public_ip_address": true,
            "availability_zone": "ap-south-1a",
            "capacity_reservation_specification": [
              {
                "capacity_reservation_preference": "open",
                "capacity_reservation_target": []
              }
            ],
            "cpu_core_count": 4,
            "cpu_options": [
              {
                "amd_sev_snp": "",
                "core_count": 4,
                "threads_per_core": 2
              }
            ],
            "cpu_threads_per_core": 2,
            "credit_specification": [
              {
                "cpu_credits": "unlimited"
              }
            ],
            "disable_api_stop": false,
            "disable_api_termination": false,
            "ebs_block_device": [],
            "ebs_optimized": false,
            "enclave_options": [
              {
                "enabled": false
              }
            ],
            "ephemeral_block_device": [],
            "get_password_data": false,
            "hibernation": false,
            "host_id": "",
            "host_resource_group_arn": null,
            "iam_instance_profile": "",
            "id": "i-0f163cf87aebadc99",
            "instance_initiated_shutdown_behavior": "stop",
            "instance_lifecycle": "",
            "instance_market_options": [],
            "instance_state": "running",
            "instance_type": "t3a.2xlarge",
            "ipv6_address_count": 0,
            "ipv6_addresses": [],
            "key_name": "mosip-aws",
            "launch_template": [],
            "maintenance_options": [
              {
                "auto_recovery": "default"
              }
            ],
            "metadata_options": [
              {
                "http_endpoint": "enabled",
                "http_protocol_ipv6": "disabled",
                "http_put_response_hop_limit": 2,
                "http_tokens": "required",
                "instance_metadata_tags": "disabled"
              }
            ],
            "monitoring": false,
            "network_interface": [],
            "outpost_arn": "",
            "password_data": "",
            "placement_group": "",
            "placement_partition_number": 0,
            "primary_network_interface_id": "eni-012fd115617ab1702",
            "private_dns": "ip-172-31-32-77.ap-south-1.compute.internal",
            "private_dns_name_options": [
              {
                "enable_resource_name_dns_a_record": false,
                "enable_resource_name_dns_aaaa_record": false,
                "hostname_type": "ip-name"
              }
            ],
            "private_ip": "172.31.32.77",
            "public_dns": "ec2-13-232-2-93.ap-south-1.compute.amazonaws.com",
            "public_ip": "13.232.2.93",
            "root_block_device": [
              {
                "delete_on_termination": true,
                "device_name": "/dev/sda1",
                "encrypted": false,
                "iops": 3000,
                "kms_key_id": "",
                "tags": {
                  "Cluster": "tf8",
                  "Name": "tf8-ETCD-NODE-1"
                },
                "tags_all": {
                  "Cluster": "tf8",
                  "Name": "tf8-ETCD-NODE-1"
                },
                "throughput": 125,
                "volume_id": "vol-036693cfd5b18c263",
                "volume_size": 20,
                "volume_type": "gp3"
              }
            ],
            "secondary_private_ips": [],
            "security_groups": [
              "terraform-20240903125845559200000003"
            ],
            "source_dest_check": true,
            "spot_instance_request_id": "",
            "subnet_id": "subnet-7d0c0d15",
            "tags": {
              "Cluster": "tf8",
              "Name": "tf8-ETCD-NODE-1"
            },
            "tags_all": {
              "Cluster": "tf8",
              "Name": "tf8-ETCD-NODE-1"
            },
            "tenancy": "default",
            "timeouts": null,
            "user_data": "278dfce8de9aee3d7fe612e95c45f1519becda80",
            "user_data_base64": null,
            "user_data_replace_on_change": false,
            "volume_tags": null,
            "vpc_security_group_ids": [
              "sg-0c0177375597c9749"
            ]
          },
          "sensitive_attributes": [],
          "private": "eyJlMmJmYjczMC1lY2FhLTExZTYtOGY4OC0zNDM2M2JjN2M0YzAiOnsiY3JlYXRlIjo2MDAwMDAwMDAwMDAsImRlbGV0ZSI6MTIwMDAwMDAwMDAwMCwicmVhZCI6OTAwMDAwMDAwMDAwLCJ1cGRhdGUiOjYwMDAwMDAwMDAwMH0sInNjaGVtYV92ZXJzaW9uIjoiMSJ9",
          "dependencies": [
            "module.aws-resource-creation.aws_security_group.security-group"
          ]
        },
        {
          "index_key": "ETCD-NODE-2",
          "schema_version": 1,
          "attributes": {
            "ami": "ami-0ad21ae1d0696ad58",
            "arn": "arn:aws:ec2:ap-south-1:931337674770:instance/i-075148825b48d35a1",
            "associate_public_ip_address": true,
            "availability_zone": "ap-south-1a",
            "capacity_reservation_specification": [
              {
                "capacity_reservation_preference": "open",
                "capacity_reservation_target": []
              }
            ],
            "cpu_core_count": 4,
            "cpu_options": [
              {
                "amd_sev_snp": "",
                "core_count": 4,
                "threads_per_core": 2
              }
            ],
            "cpu_threads_per_core": 2,
            "credit_specification": [
              {
                "cpu_credits": "unlimited"
              }
            ],
            "disable_api_stop": false,
            "disable_api_termination": false,
            "ebs_block_device": [],
            "ebs_optimized": false,
            "enclave_options": [
              {
                "enabled": false
              }
            ],
            "ephemeral_block_device": [],
            "get_password_data": false,
            "hibernation": false,
            "host_id": "",
            "host_resource_group_arn": null,
            "iam_instance_profile": "",
            "id": "i-075148825b48d35a1",
            "instance_initiated_shutdown_behavior": "stop",
            "instance_lifecycle": "",
            "instance_market_options": [],
            "instance_state": "running",
            "instance_type": "t3a.2xlarge",
            "ipv6_address_count": 0,
            "ipv6_addresses": [],
            "key_name": "mosip-aws",
            "launch_template": [],
            "maintenance_options": [
              {
                "auto_recovery": "default"
              }
            ],
            "metadata_options": [
              {
                "http_endpoint": "enabled",
                "http_protocol_ipv6": "disabled",
                "http_put_response_hop_limit": 2,
                "http_tokens": "required",
                "instance_metadata_tags": "disabled"
              }
            ],
            "monitoring": false,
            "network_interface": [],
            "outpost_arn": "",
            "password_data": "",
            "placement_group": "",
            "placement_partition_number": 0,
            "primary_network_interface_id": "eni-0ed52cca3f6785225",
            "private_dns": "ip-172-31-39-190.ap-south-1.compute.internal",
            "private_dns_name_options": [
              {
                "enable_resource_name_dns_a_record": false,
                "enable_resource_name_dns_aaaa_record": false,
                "hostname_type": "ip-name"
              }
            ],
            "private_ip": "172.31.39.190",
            "public_dns": "ec2-3-110-220-228.ap-south-1.compute.amazonaws.com",
            "public_ip": "3.110.220.228",
            "root_block_device": [
              {
                "delete_on_termination": true,
                "device_name": "/dev/sda1",
                "encrypted": false,
                "iops": 3000,
                "kms_key_id": "",
                "tags": {
                  "Cluster": "tf8",
                  "Name": "tf8-ETCD-NODE-2"
                },
                "tags_all": {
                  "Cluster": "tf8",
                  "Name": "tf8-ETCD-NODE-2"
                },
                "throughput": 125,
                "volume_id": "vol-0ba224a712062b786",
                "volume_size": 20,
                "volume_type": "gp3"
              }
            ],
            "secondary_private_ips": [],
            "security_groups": [
              "terraform-20240903125845559200000003"
            ],
            "source_dest_check": true,
            "spot_instance_request_id": "",
            "subnet_id": "subnet-7d0c0d15",
            "tags": {
              "Cluster": "tf8",
              "Name": "tf8-ETCD-NODE-2"
            },
            "tags_all": {
              "Cluster": "tf8",
              "Name": "tf8-ETCD-NODE-2"
            },
            "tenancy": "default",
            "timeouts": null,
            "user_data": "cee407fef19e4a6c01d99cde59cb851d0c6d846e",
            "user_data_base64": null,
            "user_data_replace_on_change": false,
            "volume_tags": null,
            "vpc_security_group_ids": [
              "sg-0c0177375597c9749"
            ]
          },
          "sensitive_attributes": [],
          "private": "eyJlMmJmYjczMC1lY2FhLTExZTYtOGY4OC0zNDM2M2JjN2M0YzAiOnsiY3JlYXRlIjo2MDAwMDAwMDAwMDAsImRlbGV0ZSI6MTIwMDAwMDAwMDAwMCwicmVhZCI6OTAwMDAwMDAwMDAwLCJ1cGRhdGUiOjYwMDAwMDAwMDAwMH0sInNjaGVtYV92ZXJzaW9uIjoiMSJ9",
          "dependencies": [
            "module.aws-resource-creation.aws_security_group.security-group"
          ]
        },
        {
          "index_key": "WORKER-NODE-1",
          "schema_version": 1,
          "attributes": {
            "ami": "ami-0ad21ae1d0696ad58",
            "arn": "arn:aws:ec2:ap-south-1:931337674770:instance/i-031260100626734ca",
            "associate_public_ip_address": true,
            "availability_zone": "ap-south-1a",
            "capacity_reservation_specification": [
              {
                "capacity_reservation_preference": "open",
                "capacity_reservation_target": []
              }
            ],
            "cpu_core_count": 4,
            "cpu_options": [
              {
                "amd_sev_snp": "",
                "core_count": 4,
                "threads_per_core": 2
              }
            ],
            "cpu_threads_per_core": 2,
            "credit_specification": [
              {
                "cpu_credits": "unlimited"
              }
            ],
            "disable_api_stop": false,
            "disable_api_termination": false,
            "ebs_block_device": [],
            "ebs_optimized": false,
            "enclave_options": [
              {
                "enabled": false
              }
            ],
            "ephemeral_block_device": [],
            "get_password_data": false,
            "hibernation": false,
            "host_id": "",
            "host_resource_group_arn": null,
            "iam_instance_profile": "",
            "id": "i-031260100626734ca",
            "instance_initiated_shutdown_behavior": "stop",
            "instance_lifecycle": "",
            "instance_market_options": [],
            "instance_state": "running",
            "instance_type": "t3a.2xlarge",
            "ipv6_address_count": 0,
            "ipv6_addresses": [],
            "key_name": "mosip-aws",
            "launch_template": [],
            "maintenance_options": [
              {
                "auto_recovery": "default"
              }
            ],
            "metadata_options": [
              {
                "http_endpoint": "enabled",
                "http_protocol_ipv6": "disabled",
                "http_put_response_hop_limit": 2,
                "http_tokens": "required",
                "instance_metadata_tags": "disabled"
              }
            ],
            "monitoring": false,
            "network_interface": [],
            "outpost_arn": "",
            "password_data": "",
            "placement_group": "",
            "placement_partition_number": 0,
            "primary_network_interface_id": "eni-0c80b862542abdf42",
            "private_dns": "ip-172-31-32-103.ap-south-1.compute.internal",
            "private_dns_name_options": [
              {
                "enable_resource_name_dns_a_record": false,
                "enable_resource_name_dns_aaaa_record": false,
                "hostname_type": "ip-name"
              }
            ],
            "private_ip": "172.31.32.103",
            "public_dns": "ec2-65-2-124-42.ap-south-1.compute.amazonaws.com",
            "public_ip": "65.2.124.42",
            "root_block_device": [
              {
                "delete_on_termination": true,
                "device_name": "/dev/sda1",
                "encrypted": false,
                "iops": 3000,
                "kms_key_id": "",
                "tags": {
                  "Cluster": "tf8",
                  "Name": "tf8-WORKER-NODE-1"
                },
                "tags_all": {
                  "Cluster": "tf8",
                  "Name": "tf8-WORKER-NODE-1"
                },
                "throughput": 125,
                "volume_id": "vol-0e53faf400449d123",
                "volume_size": 20,
                "volume_type": "gp3"
              }
            ],
            "secondary_private_ips": [],
            "security_groups": [
              "terraform-20240903125845550500000001"
            ],
            "source_dest_check": true,
            "spot_instance_request_id": "",
            "subnet_id": "subnet-7d0c0d15",
            "tags": {
              "Cluster": "tf8",
              "Name": "tf8-WORKER-NODE-1"
            },
            "tags_all": {
              "Cluster": "tf8",
              "Name": "tf8-WORKER-NODE-1"
            },
            "tenancy": "default",
            "timeouts": null,
            "user_data": "73b9e3d987d4c9747920c49b884d3f479ba5fabb",
            "user_data_base64": null,
            "user_data_replace_on_change": false,
            "volume_tags": null,
            "vpc_security_group_ids": [
              "sg-0aab13c3aee307e3b"
            ]
          },
          "sensitive_attributes": [],
          "private": "eyJlMmJmYjczMC1lY2FhLTExZTYtOGY4OC0zNDM2M2JjN2M0YzAiOnsiY3JlYXRlIjo2MDAwMDAwMDAwMDAsImRlbGV0ZSI6MTIwMDAwMDAwMDAwMCwicmVhZCI6OTAwMDAwMDAwMDAwLCJ1cGRhdGUiOjYwMDAwMDAwMDAwMH0sInNjaGVtYV92ZXJzaW9uIjoiMSJ9",
          "dependencies": [
            "module.aws-resource-creation.aws_security_group.security-group"
          ]
        },
        {
          "index_key": "WORKER-NODE-2",
          "schema_version": 1,
          "attributes": {
            "ami": "ami-0ad21ae1d0696ad58",
            "arn": "arn:aws:ec2:ap-south-1:931337674770:instance/i-03b30042a2deeea18",
            "associate_public_ip_address": true,
            "availability_zone": "ap-south-1a",
            "capacity_reservation_specification": [
              {
                "capacity_reservation_preference": "open",
                "capacity_reservation_target": []
              }
            ],
            "cpu_core_count": 4,
            "cpu_options": [
              {
                "amd_sev_snp": "",
                "core_count": 4,
                "threads_per_core": 2
              }
            ],
            "cpu_threads_per_core": 2,
            "credit_specification": [
              {
                "cpu_credits": "unlimited"
              }
            ],
            "disable_api_stop": false,
            "disable_api_termination": false,
            "ebs_block_device": [],
            "ebs_optimized": false,
            "enclave_options": [
              {
                "enabled": false
              }
            ],
            "ephemeral_block_device": [],
            "get_password_data": false,
            "hibernation": false,
            "host_id": "",
            "host_resource_group_arn": null,
            "iam_instance_profile": "",
            "id": "i-03b30042a2deeea18",
            "instance_initiated_shutdown_behavior": "stop",
            "instance_lifecycle": "",
            "instance_market_options": [],
            "instance_state": "running",
            "instance_type": "t3a.2xlarge",
            "ipv6_address_count": 0,
            "ipv6_addresses": [],
            "key_name": "mosip-aws",
            "launch_template": [],
            "maintenance_options": [
              {
                "auto_recovery": "default"
              }
            ],
            "metadata_options": [
              {
                "http_endpoint": "enabled",
                "http_protocol_ipv6": "disabled",
                "http_put_response_hop_limit": 2,
                "http_tokens": "required",
                "instance_metadata_tags": "disabled"
              }
            ],
            "monitoring": false,
            "network_interface": [],
            "outpost_arn": "",
            "password_data": "",
            "placement_group": "",
            "placement_partition_number": 0,
            "primary_network_interface_id": "eni-084e2b97273310a4f",
            "private_dns": "ip-172-31-43-1.ap-south-1.compute.internal",
            "private_dns_name_options": [
              {
                "enable_resource_name_dns_a_record": false,
                "enable_resource_name_dns_aaaa_record": false,
                "hostname_type": "ip-name"
              }
            ],
            "private_ip": "172.31.43.1",
            "public_dns": "ec2-65-2-144-208.ap-south-1.compute.amazonaws.com",
            "public_ip": "65.2.144.208",
            "root_block_device": [
              {
                "delete_on_termination": true,
                "device_name": "/dev/sda1",
                "encrypted": false,
                "iops": 3000,
                "kms_key_id": "",
                "tags": {
                  "Cluster": "tf8",
                  "Name": "tf8-WORKER-NODE-2"
                },
                "tags_all": {
                  "Cluster": "tf8",
                  "Name": "tf8-WORKER-NODE-2"
                },
                "throughput": 125,
                "volume_id": "vol-0b47ddf2bf5f1b23f",
                "volume_size": 20,
                "volume_type": "gp3"
              }
            ],
            "secondary_private_ips": [],
            "security_groups": [
              "terraform-20240903125845550500000001"
            ],
            "source_dest_check": true,
            "spot_instance_request_id": "",
            "subnet_id": "subnet-7d0c0d15",
            "tags": {
              "Cluster": "tf8",
              "Name": "tf8-WORKER-NODE-2"
            },
            "tags_all": {
              "Cluster": "tf8",
              "Name": "tf8-WORKER-NODE-2"
            },
            "tenancy": "default",
            "timeouts": null,
            "user_data": "cec271d2f6f43abe660caa145ca965439a14a7dc",
            "user_data_base64": null,
            "user_data_replace_on_change": false,
            "volume_tags": null,
            "vpc_security_group_ids": [
              "sg-0aab13c3aee307e3b"
            ]
          },
          "sensitive_attributes": [],
          "private": "eyJlMmJmYjczMC1lY2FhLTExZTYtOGY4OC0zNDM2M2JjN2M0YzAiOnsiY3JlYXRlIjo2MDAwMDAwMDAwMDAsImRlbGV0ZSI6MTIwMDAwMDAwMDAwMCwicmVhZCI6OTAwMDAwMDAwMDAwLCJ1cGRhdGUiOjYwMDAwMDAwMDAwMH0sInNjaGVtYV92ZXJzaW9uIjoiMSJ9",
          "dependencies": [
            "module.aws-resource-creation.aws_security_group.security-group"
          ]
        },
        {
          "index_key": "WORKER-NODE-3",
          "schema_version": 1,
          "attributes": {
            "ami": "ami-0ad21ae1d0696ad58",
            "arn": "arn:aws:ec2:ap-south-1:931337674770:instance/i-0125ff7f705116f77",
            "associate_public_ip_address": true,
            "availability_zone": "ap-south-1a",
            "capacity_reservation_specification": [
              {
                "capacity_reservation_preference": "open",
                "capacity_reservation_target": []
              }
            ],
            "cpu_core_count": 4,
            "cpu_options": [
              {
                "amd_sev_snp": "",
                "core_count": 4,
                "threads_per_core": 2
              }
            ],
            "cpu_threads_per_core": 2,
            "credit_specification": [
              {
                "cpu_credits": "unlimited"
              }
            ],
            "disable_api_stop": false,
            "disable_api_termination": false,
            "ebs_block_device": [],
            "ebs_optimized": false,
            "enclave_options": [
              {
                "enabled": false
              }
            ],
            "ephemeral_block_device": [],
            "get_password_data": false,
            "hibernation": false,
            "host_id": "",
            "host_resource_group_arn": null,
            "iam_instance_profile": "",
            "id": "i-0125ff7f705116f77",
            "instance_initiated_shutdown_behavior": "stop",
            "instance_lifecycle": "",
            "instance_market_options": [],
            "instance_state": "running",
            "instance_type": "t3a.2xlarge",
            "ipv6_address_count": 0,
            "ipv6_addresses": [],
            "key_name": "mosip-aws",
            "launch_template": [],
            "maintenance_options": [
              {
                "auto_recovery": "default"
              }
            ],
            "metadata_options": [
              {
                "http_endpoint": "enabled",
                "http_protocol_ipv6": "disabled",
                "http_put_response_hop_limit": 2,
                "http_tokens": "required",
                "instance_metadata_tags": "disabled"
              }
            ],
            "monitoring": false,
            "network_interface": [],
            "outpost_arn": "",
            "password_data": "",
            "placement_group": "",
            "placement_partition_number": 0,
            "primary_network_interface_id": "eni-0e46c647fa9d3dc04",
            "private_dns": "ip-172-31-40-5.ap-south-1.compute.internal",
            "private_dns_name_options": [
              {
                "enable_resource_name_dns_a_record": false,
                "enable_resource_name_dns_aaaa_record": false,
                "hostname_type": "ip-name"
              }
            ],
            "private_ip": "172.31.40.5",
            "public_dns": "ec2-13-201-119-13.ap-south-1.compute.amazonaws.com",
            "public_ip": "13.201.119.13",
            "root_block_device": [
              {
                "delete_on_termination": true,
                "device_name": "/dev/sda1",
                "encrypted": false,
                "iops": 3000,
                "kms_key_id": "",
                "tags": {
                  "Cluster": "tf8",
                  "Name": "tf8-WORKER-NODE-3"
                },
                "tags_all": {
                  "Cluster": "tf8",
                  "Name": "tf8-WORKER-NODE-3"
                },
                "throughput": 125,
                "volume_id": "vol-02b3f669bdfaee9c4",
                "volume_size": 20,
                "volume_type": "gp3"
              }
            ],
            "secondary_private_ips": [],
            "security_groups": [
              "terraform-20240903125845550500000001"
            ],
            "source_dest_check": true,
            "spot_instance_request_id": "",
            "subnet_id": "subnet-7d0c0d15",
            "tags": {
              "Cluster": "tf8",
              "Name": "tf8-WORKER-NODE-3"
            },
            "tags_all": {
              "Cluster": "tf8",
              "Name": "tf8-WORKER-NODE-3"
            },
            "tenancy": "default",
            "timeouts": null,
            "user_data": "94befe088c6710a56ef4a08dbb45102fc7d297ee",
            "user_data_base64": null,
            "user_data_replace_on_change": false,
            "volume_tags": null,
            "vpc_security_group_ids": [
              "sg-0aab13c3aee307e3b"
            ]
          },
          "sensitive_attributes": [],
          "private": "eyJlMmJmYjczMC1lY2FhLTExZTYtOGY4OC0zNDM2M2JjN2M0YzAiOnsiY3JlYXRlIjo2MDAwMDAwMDAwMDAsImRlbGV0ZSI6MTIwMDAwMDAwMDAwMCwicmVhZCI6OTAwMDAwMDAwMDAwLCJ1cGRhdGUiOjYwMDAwMDAwMDAwMH0sInNjaGVtYV92ZXJzaW9uIjoiMSJ9",
          "dependencies": [
            "module.aws-resource-creation.aws_security_group.security-group"
          ]
        },
        {
          "index_key": "WORKER-NODE-4",
          "schema_version": 1,
          "attributes": {
            "ami": "ami-0ad21ae1d0696ad58",
            "arn": "arn:aws:ec2:ap-south-1:931337674770:instance/i-05e18e790eed0d812",
            "associate_public_ip_address": true,
            "availability_zone": "ap-south-1a",
            "capacity_reservation_specification": [
              {
                "capacity_reservation_preference": "open",
                "capacity_reservation_target": []
              }
            ],
            "cpu_core_count": 4,
            "cpu_options": [
              {
                "amd_sev_snp": "",
                "core_count": 4,
                "threads_per_core": 2
              }
            ],
            "cpu_threads_per_core": 2,
            "credit_specification": [
              {
                "cpu_credits": "unlimited"
              }
            ],
            "disable_api_stop": false,
            "disable_api_termination": false,
            "ebs_block_device": [],
            "ebs_optimized": false,
            "enclave_options": [
              {
                "enabled": false
              }
            ],
            "ephemeral_block_device": [],
            "get_password_data": false,
            "hibernation": false,
            "host_id": "",
            "host_resource_group_arn": null,
            "iam_instance_profile": "",
            "id": "i-05e18e790eed0d812",
            "instance_initiated_shutdown_behavior": "stop",
            "instance_lifecycle": "",
            "instance_market_options": [],
            "instance_state": "running",
            "instance_type": "t3a.2xlarge",
            "ipv6_address_count": 0,
            "ipv6_addresses": [],
            "key_name": "mosip-aws",
            "launch_template": [],
            "maintenance_options": [
              {
                "auto_recovery": "default"
              }
            ],
            "metadata_options": [
              {
                "http_endpoint": "enabled",
                "http_protocol_ipv6": "disabled",
                "http_put_response_hop_limit": 2,
                "http_tokens": "required",
                "instance_metadata_tags": "disabled"
              }
            ],
            "monitoring": false,
            "network_interface": [],
            "outpost_arn": "",
            "password_data": "",
            "placement_group": "",
            "placement_partition_number": 0,
            "primary_network_interface_id": "eni-0189baba6ea4b6b6b",
            "private_dns": "ip-172-31-45-196.ap-south-1.compute.internal",
            "private_dns_name_options": [
              {
                "enable_resource_name_dns_a_record": false,
                "enable_resource_name_dns_aaaa_record": false,
                "hostname_type": "ip-name"
              }
            ],
            "private_ip": "172.31.45.196",
            "public_dns": "ec2-13-233-68-253.ap-south-1.compute.amazonaws.com",
            "public_ip": "13.233.68.253",
            "root_block_device": [
              {
                "delete_on_termination": true,
                "device_name": "/dev/sda1",
                "encrypted": false,
                "iops": 3000,
                "kms_key_id": "",
                "tags": {
                  "Cluster": "tf8",
                  "Name": "tf8-WORKER-NODE-4"
                },
                "tags_all": {
                  "Cluster": "tf8",
                  "Name": "tf8-WORKER-NODE-4"
                },
                "throughput": 125,
                "volume_id": "vol-06ab3867263e24d69",
                "volume_size": 20,
                "volume_type": "gp3"
              }
            ],
            "secondary_private_ips": [],
            "security_groups": [
              "terraform-20240903125845550500000001"
            ],
            "source_dest_check": true,
            "spot_instance_request_id": "",
            "subnet_id": "subnet-7d0c0d15",
            "tags": {
              "Cluster": "tf8",
              "Name": "tf8-WORKER-NODE-4"
            },
            "tags_all": {
              "Cluster": "tf8",
              "Name": "tf8-WORKER-NODE-4"
            },
            "tenancy": "default",
            "timeouts": null,
            "user_data": "a0a09217bb68192e228cceda50f247791b96acff",
            "user_data_base64": null,
            "user_data_replace_on_change": false,
            "volume_tags": null,
            "vpc_security_group_ids": [
              "sg-0aab13c3aee307e3b"
            ]
          },
          "sensitive_attributes": [],
          "private": "eyJlMmJmYjczMC1lY2FhLTExZTYtOGY4OC0zNDM2M2JjN2M0YzAiOnsiY3JlYXRlIjo2MDAwMDAwMDAwMDAsImRlbGV0ZSI6MTIwMDAwMDAwMDAwMCwicmVhZCI6OTAwMDAwMDAwMDAwLCJ1cGRhdGUiOjYwMDAwMDAwMDAwMH0sInNjaGVtYV92ZXJzaW9uIjoiMSJ9",
          "dependencies": [
            "module.aws-resource-creation.aws_security_group.security-group"
          ]
        }
      ]
    },
    {
      "module": "module.aws-resource-creation",
      "mode": "managed",
      "type": "aws_instance",
      "name": "NGINX_EC2_INSTANCE",
      "provider": "module.aws-resource-creation.provider[\"registry.terraform.io/hashicorp/aws\"]",
      "instances": [
        {
          "schema_version": 1,
          "attributes": {
            "ami": "ami-0ad21ae1d0696ad58",
            "arn": "arn:aws:ec2:ap-south-1:931337674770:instance/i-05da5143bc8a6b60a",
            "associate_public_ip_address": true,
            "availability_zone": "ap-south-1c",
            "capacity_reservation_specification": [
              {
                "capacity_reservation_preference": "open",
                "capacity_reservation_target": []
              }
            ],
            "cpu_core_count": 1,
            "cpu_options": [
              {
                "amd_sev_snp": "",
                "core_count": 1,
                "threads_per_core": 2
              }
            ],
            "cpu_threads_per_core": 2,
            "credit_specification": [
              {
                "cpu_credits": "unlimited"
              }
            ],
            "disable_api_stop": false,
            "disable_api_termination": false,
            "ebs_block_device": [
              {
                "delete_on_termination": true,
                "device_name": "/dev/sdb",
                "encrypted": false,
                "iops": 3000,
                "kms_key_id": "",
                "snapshot_id": "",
                "tags": {
                  "Cluster": "tf8",
                  "Name": "tf8-NGINX-NODE"
                },
                "tags_all": {
                  "Cluster": "tf8",
                  "Name": "tf8-NGINX-NODE"
                },
                "throughput": 125,
                "volume_id": "vol-0e090d48a1f8a00e8",
                "volume_size": 50,
                "volume_type": "gp3"
              }
            ],
            "ebs_optimized": false,
            "enclave_options": [
              {
                "enabled": false
              }
            ],
            "ephemeral_block_device": [],
            "get_password_data": false,
            "hibernation": false,
            "host_id": "",
            "host_resource_group_arn": null,
            "iam_instance_profile": "tf8-certbot-instance-profile",
            "id": "i-05da5143bc8a6b60a",
            "instance_initiated_shutdown_behavior": "stop",
            "instance_lifecycle": "",
            "instance_market_options": [],
            "instance_state": "running",
            "instance_type": "t3a.medium",
            "ipv6_address_count": 0,
            "ipv6_addresses": [],
            "key_name": "mosip-aws",
            "launch_template": [],
            "maintenance_options": [
              {
                "auto_recovery": "default"
              }
            ],
            "metadata_options": [
              {
                "http_endpoint": "enabled",
                "http_protocol_ipv6": "disabled",
                "http_put_response_hop_limit": 2,
                "http_tokens": "required",
                "instance_metadata_tags": "disabled"
              }
            ],
            "monitoring": false,
            "network_interface": [],
            "outpost_arn": "",
            "password_data": "",
            "placement_group": "",
            "placement_partition_number": 0,
            "primary_network_interface_id": "eni-09904c228f95e49bd",
            "private_dns": "ip-172-31-19-237.ap-south-1.compute.internal",
            "private_dns_name_options": [
              {
                "enable_resource_name_dns_a_record": false,
                "enable_resource_name_dns_aaaa_record": false,
                "hostname_type": "ip-name"
              }
            ],
            "private_ip": "172.31.19.237",
            "public_dns": "ec2-13-235-252-170.ap-south-1.compute.amazonaws.com",
            "public_ip": "13.235.252.170",
            "root_block_device": [
              {
                "delete_on_termination": true,
                "device_name": "/dev/sda1",
                "encrypted": false,
                "iops": 3000,
                "kms_key_id": "",
                "tags": {
                  "Cluster": "tf8",
                  "Name": "tf8-NGINX-NODE"
                },
                "tags_all": {
                  "Cluster": "tf8",
                  "Name": "tf8-NGINX-NODE"
                },
                "throughput": 125,
                "volume_id": "vol-05a11d27bcfb65b42",
                "volume_size": 20,
                "volume_type": "gp3"
              }
            ],
            "secondary_private_ips": [],
            "security_groups": [
              "terraform-20240903125845556700000002"
            ],
            "source_dest_check": true,
            "spot_instance_request_id": "",
            "subnet_id": "subnet-6143fa1a",
            "tags": {
              "Cluster": "tf8",
              "Name": "tf8-NGINX-NODE"
            },
            "tags_all": {
              "Cluster": "tf8",
              "Name": "tf8-NGINX-NODE"
            },
            "tenancy": "default",
            "timeouts": null,
            "user_data": "9242d4705ece1f20691b760c660dcc58719041c6",
            "user_data_base64": null,
            "user_data_replace_on_change": false,
            "volume_tags": null,
            "vpc_security_group_ids": [
              "sg-093ed0a2a1eb94e2d"
            ]
          },
          "sensitive_attributes": [],
          "private": "eyJlMmJmYjczMC1lY2FhLTExZTYtOGY4OC0zNDM2M2JjN2M0YzAiOnsiY3JlYXRlIjo2MDAwMDAwMDAwMDAsImRlbGV0ZSI6MTIwMDAwMDAwMDAwMCwicmVhZCI6OTAwMDAwMDAwMDAwLCJ1cGRhdGUiOjYwMDAwMDAwMDAwMH0sInNjaGVtYV92ZXJzaW9uIjoiMSJ9",
          "dependencies": [
            "module.aws-resource-creation.aws_iam_instance_profile.certbot_profile",
            "module.aws-resource-creation.aws_iam_role.certbot_role",
            "module.aws-resource-creation.aws_security_group.security-group"
          ]
        }
      ]
    },
    {
      "module": "module.aws-resource-creation",
      "mode": "managed",
      "type": "aws_route53_record",
      "name": "DNS_RECORDS",
      "provider": "module.aws-resource-creation.provider[\"registry.terraform.io/hashicorp/aws\"]",
      "instances": [
        {
          "index_key": "ADMIN_DNS",
          "schema_version": 2,
          "attributes": {
            "alias": [],
            "allow_overwrite": true,
            "cidr_routing_policy": [],
            "failover_routing_policy": [],
            "fqdn": "admin.tf8.mosip.net",
            "geolocation_routing_policy": [],
            "geoproximity_routing_policy": [],
            "health_check_id": "",
            "id": "Z090954828SJIEL6P5406_admin.tf8.mosip.net_CNAME",
            "latency_routing_policy": [],
            "multivalue_answer_routing_policy": false,
            "name": "admin.tf8.mosip.net",
            "records": [
              "api-internal.tf8.mosip.net"
            ],
            "set_identifier": "",
            "ttl": 300,
            "type": "CNAME",
            "weighted_routing_policy": [],
            "zone_id": "Z090954828SJIEL6P5406"
          },
          "sensitive_attributes": [],
          "private": "eyJzY2hlbWFfdmVyc2lvbiI6IjIifQ==",
          "dependencies": [
            "module.aws-resource-creation.aws_iam_instance_profile.certbot_profile",
            "module.aws-resource-creation.aws_iam_role.certbot_role",
            "module.aws-resource-creation.aws_instance.NGINX_EC2_INSTANCE",
            "module.aws-resource-creation.aws_security_group.security-group"
          ]
        },
        {
          "index_key": "API_DNS",
          "schema_version": 2,
          "attributes": {
            "alias": [],
            "allow_overwrite": true,
            "cidr_routing_policy": [],
            "failover_routing_policy": [],
            "fqdn": "api.tf8.mosip.net",
            "geolocation_routing_policy": [],
            "geoproximity_routing_policy": [],
            "health_check_id": "",
            "id": "Z090954828SJIEL6P5406_api.tf8.mosip.net_A",
            "latency_routing_policy": [],
            "multivalue_answer_routing_policy": false,
            "name": "api.tf8.mosip.net",
            "records": [
              "13.235.252.170"
            ],
            "set_identifier": "",
            "ttl": 300,
            "type": "A",
            "weighted_routing_policy": [],
            "zone_id": "Z090954828SJIEL6P5406"
          },
          "sensitive_attributes": [],
          "private": "eyJzY2hlbWFfdmVyc2lvbiI6IjIifQ==",
          "dependencies": [
            "module.aws-resource-creation.aws_iam_instance_profile.certbot_profile",
            "module.aws-resource-creation.aws_iam_role.certbot_role",
            "module.aws-resource-creation.aws_instance.NGINX_EC2_INSTANCE",
            "module.aws-resource-creation.aws_security_group.security-group"
          ]
        },
        {
          "index_key": "API_INTERNAL_DNS",
          "schema_version": 2,
          "attributes": {
            "alias": [],
            "allow_overwrite": true,
            "cidr_routing_policy": [],
            "failover_routing_policy": [],
            "fqdn": "api-internal.tf8.mosip.net",
            "geolocation_routing_policy": [],
            "geoproximity_routing_policy": [],
            "health_check_id": "",
            "id": "Z090954828SJIEL6P5406_api-internal.tf8.mosip.net_A",
            "latency_routing_policy": [],
            "multivalue_answer_routing_policy": false,
            "name": "api-internal.tf8.mosip.net",
            "records": [
              "172.31.19.237"
            ],
            "set_identifier": "",
            "ttl": 300,
            "type": "A",
            "weighted_routing_policy": [],
            "zone_id": "Z090954828SJIEL6P5406"
          },
          "sensitive_attributes": [],
          "private": "eyJzY2hlbWFfdmVyc2lvbiI6IjIifQ==",
          "dependencies": [
            "module.aws-resource-creation.aws_iam_instance_profile.certbot_profile",
            "module.aws-resource-creation.aws_iam_role.certbot_role",
            "module.aws-resource-creation.aws_instance.NGINX_EC2_INSTANCE",
            "module.aws-resource-creation.aws_security_group.security-group"
          ]
        },
        {
          "index_key": "ESIGNET_DNS",
          "schema_version": 2,
          "attributes": {
            "alias": [],
            "allow_overwrite": true,
            "cidr_routing_policy": [],
            "failover_routing_policy": [],
            "fqdn": "esignet.tf8.mosip.net",
            "geolocation_routing_policy": [],
            "geoproximity_routing_policy": [],
            "health_check_id": "",
            "id": "Z090954828SJIEL6P5406_esignet.tf8.mosip.net_CNAME",
            "latency_routing_policy": [],
            "multivalue_answer_routing_policy": false,
            "name": "esignet.tf8.mosip.net",
            "records": [
              "api.tf8.mosip.net"
            ],
            "set_identifier": "",
            "ttl": 300,
            "type": "CNAME",
            "weighted_routing_policy": [],
            "zone_id": "Z090954828SJIEL6P5406"
          },
          "sensitive_attributes": [],
          "private": "eyJzY2hlbWFfdmVyc2lvbiI6IjIifQ==",
          "dependencies": [
            "module.aws-resource-creation.aws_iam_instance_profile.certbot_profile",
            "module.aws-resource-creation.aws_iam_role.certbot_role",
            "module.aws-resource-creation.aws_instance.NGINX_EC2_INSTANCE",
            "module.aws-resource-creation.aws_security_group.security-group"
          ]
        },
        {
          "index_key": "MOSIP_HOMEPAGE_DNS",
          "schema_version": 2,
          "attributes": {
            "alias": [],
            "allow_overwrite": true,
            "cidr_routing_policy": [],
            "failover_routing_policy": [],
            "fqdn": "tf8.mosip.net",
            "geolocation_routing_policy": [],
            "geoproximity_routing_policy": [],
            "health_check_id": "",
            "id": "Z090954828SJIEL6P5406_tf8.mosip.net_CNAME",
            "latency_routing_policy": [],
            "multivalue_answer_routing_policy": false,
            "name": "tf8.mosip.net",
            "records": [
              "api-internal.tf8.mosip.net"
            ],
            "set_identifier": "",
            "ttl": 300,
            "type": "CNAME",
            "weighted_routing_policy": [],
            "zone_id": "Z090954828SJIEL6P5406"
          },
          "sensitive_attributes": [],
          "private": "eyJzY2hlbWFfdmVyc2lvbiI6IjIifQ==",
          "dependencies": [
            "module.aws-resource-creation.aws_iam_instance_profile.certbot_profile",
            "module.aws-resource-creation.aws_iam_role.certbot_role",
            "module.aws-resource-creation.aws_instance.NGINX_EC2_INSTANCE",
            "module.aws-resource-creation.aws_security_group.security-group"
          ]
        },
        {
          "index_key": "PREREG_DNS",
          "schema_version": 2,
          "attributes": {
            "alias": [],
            "allow_overwrite": true,
            "cidr_routing_policy": [],
            "failover_routing_policy": [],
            "fqdn": "prereg.tf8.mosip.net",
            "geolocation_routing_policy": [],
            "geoproximity_routing_policy": [],
            "health_check_id": "",
            "id": "Z090954828SJIEL6P5406_prereg.tf8.mosip.net_CNAME",
            "latency_routing_policy": [],
            "multivalue_answer_routing_policy": false,
            "name": "prereg.tf8.mosip.net",
            "records": [
              "api.tf8.mosip.net"
            ],
            "set_identifier": "",
            "ttl": 300,
            "type": "CNAME",
            "weighted_routing_policy": [],
            "zone_id": "Z090954828SJIEL6P5406"
          },
          "sensitive_attributes": [],
          "private": "eyJzY2hlbWFfdmVyc2lvbiI6IjIifQ==",
          "dependencies": [
            "module.aws-resource-creation.aws_iam_instance_profile.certbot_profile",
            "module.aws-resource-creation.aws_iam_role.certbot_role",
            "module.aws-resource-creation.aws_instance.NGINX_EC2_INSTANCE",
            "module.aws-resource-creation.aws_security_group.security-group"
          ]
        },
        {
          "index_key": "RESIDENT_DNS",
          "schema_version": 2,
          "attributes": {
            "alias": [],
            "allow_overwrite": true,
            "cidr_routing_policy": [],
            "failover_routing_policy": [],
            "fqdn": "resident.tf8.mosip.net",
            "geolocation_routing_policy": [],
            "geoproximity_routing_policy": [],
            "health_check_id": "",
            "id": "Z090954828SJIEL6P5406_resident.tf8.mosip.net_CNAME",
            "latency_routing_policy": [],
            "multivalue_answer_routing_policy": false,
            "name": "resident.tf8.mosip.net",
            "records": [
              "api.tf8.mosip.net"
            ],
            "set_identifier": "",
            "ttl": 300,
            "type": "CNAME",
            "weighted_routing_policy": [],
            "zone_id": "Z090954828SJIEL6P5406"
          },
          "sensitive_attributes": [],
          "private": "eyJzY2hlbWFfdmVyc2lvbiI6IjIifQ==",
          "dependencies": [
            "module.aws-resource-creation.aws_iam_instance_profile.certbot_profile",
            "module.aws-resource-creation.aws_iam_role.certbot_role",
            "module.aws-resource-creation.aws_instance.NGINX_EC2_INSTANCE",
            "module.aws-resource-creation.aws_security_group.security-group"
          ]
        }
      ]
    },
    {
      "module": "module.aws-resource-creation",
      "mode": "managed",
      "type": "aws_security_group",
      "name": "security-group",
      "provider": "module.aws-resource-creation.provider[\"registry.terraform.io/hashicorp/aws\"]",
      "instances": [
        {
          "index_key": "K8S_CONTROL_PLANE_SECURITY_GROUP",
          "schema_version": 1,
          "attributes": {
            "arn": "arn:aws:ec2:ap-south-1:931337674770:security-group/sg-04022454710e06ba3",
            "description": "Rules which allow the outgoing traffic from the instances associated with the security group K8S_CONTROL_PLANE_SECURITY_GROUP",
            "egress": [
              {
                "cidr_blocks": [
                  "0.0.0.0/0"
                ],
                "description": "Rules which allow the incoming traffic to the instances associated with the security group.",
                "from_port": 0,
                "ipv6_cidr_blocks": [
                  "::/0"
                ],
                "prefix_list_ids": [],
                "protocol": "-1",
                "security_groups": [],
                "self": false,
                "to_port": 0
              }
            ],
            "id": "sg-04022454710e06ba3",
            "ingress": [
              {
                "cidr_blocks": [
                  "0.0.0.0/0"
                ],
                "description": "Allow all incoming ICMP IPv4 and IPv6 traffic",
                "from_port": -1,
                "ipv6_cidr_blocks": [
                  "::/0"
                ],
                "prefix_list_ids": [],
                "protocol": "icmp",
                "security_groups": [],
                "self": false,
                "to_port": -1
              },
              {
                "cidr_blocks": [
                  "0.0.0.0/0"
                ],
                "description": "Canal CNI health checks",
                "from_port": 9099,
                "ipv6_cidr_blocks": [
                  "::/0"
                ],
                "prefix_list_ids": [],
                "protocol": "tcp",
                "security_groups": [],
                "self": false,
                "to_port": 9099
              },
              {
                "cidr_blocks": [
                  "0.0.0.0/0"
                ],
                "description": "Canal CNI with VXLAN",
                "from_port": 8472,
                "ipv6_cidr_blocks": [
                  "::/0"
                ],
                "prefix_list_ids": [],
                "protocol": "udp",
                "security_groups": [],
                "self": false,
                "to_port": 8472
              },
              {
                "cidr_blocks": [
                  "0.0.0.0/0"
                ],
                "description": "ETCD client port",
                "from_port": 2379,
                "ipv6_cidr_blocks": [
                  "::/0"
                ],
                "prefix_list_ids": [],
                "protocol": "tcp",
                "security_groups": [],
                "self": false,
                "to_port": 2379
              },
              {
                "cidr_blocks": [
                  "0.0.0.0/0"
                ],
                "description": "ETCD metrics port",
                "from_port": 2381,
                "ipv6_cidr_blocks": [
                  "::/0"
                ],
                "prefix_list_ids": [],
                "protocol": "tcp",
                "security_groups": [],
                "self": false,
                "to_port": 2381
              },
              {
                "cidr_blocks": [
                  "0.0.0.0/0"
                ],
                "description": "ETCD peer port",
                "from_port": 2380,
                "ipv6_cidr_blocks": [
                  "::/0"
                ],
                "prefix_list_ids": [],
                "protocol": "tcp",
                "security_groups": [],
                "self": false,
                "to_port": 2380
              },
              {
                "cidr_blocks": [
                  "0.0.0.0/0"
                ],
                "description": "Kubelet metrics",
                "from_port": 10250,
                "ipv6_cidr_blocks": [
                  "::/0"
                ],
                "prefix_list_ids": [],
                "protocol": "tcp",
                "security_groups": [],
                "self": false,
                "to_port": 10250
              },
              {
                "cidr_blocks": [
                  "0.0.0.0/0"
                ],
                "description": "Kubernetes API",
                "from_port": 6443,
                "ipv6_cidr_blocks": [
                  "::/0"
                ],
                "prefix_list_ids": [],
                "protocol": "tcp",
                "security_groups": [],
                "self": false,
                "to_port": 6443
              },
              {
                "cidr_blocks": [
                  "0.0.0.0/0"
                ],
                "description": "NodePort port range",
                "from_port": 30000,
                "ipv6_cidr_blocks": [
                  "::/0"
                ],
                "prefix_list_ids": [],
                "protocol": "tcp",
                "security_groups": [],
                "self": false,
                "to_port": 32767
              },
              {
                "cidr_blocks": [
                  "0.0.0.0/0"
                ],
                "description": "RKE2 supervisor API",
                "from_port": 9345,
                "ipv6_cidr_blocks": [
                  "::/0"
                ],
                "prefix_list_ids": [],
                "protocol": "tcp",
                "security_groups": [],
                "self": false,
                "to_port": 9345
              },
              {
                "cidr_blocks": [
                  "0.0.0.0/0"
                ],
                "description": "SSH login port",
                "from_port": 22,
                "ipv6_cidr_blocks": [
                  "::/0"
                ],
                "prefix_list_ids": [],
                "protocol": "tcp",
                "security_groups": [],
                "self": false,
                "to_port": 22
              }
            ],
            "name": "terraform-20240903125845566900000004",
            "name_prefix": "terraform-",
            "owner_id": "931337674770",
            "revoke_rules_on_delete": false,
            "tags": {
              "Cluster": "tf8",
              "Name": "tf8-K8S_CONTROL_PLANE_SECURITY_GROUP"
            },
            "tags_all": {
              "Cluster": "tf8",
              "Name": "tf8-K8S_CONTROL_PLANE_SECURITY_GROUP"
            },
            "timeouts": null,
            "vpc_id": "vpc-40243c28"
          },
          "sensitive_attributes": [],
          "private": "eyJlMmJmYjczMC1lY2FhLTExZTYtOGY4OC0zNDM2M2JjN2M0YzAiOnsiY3JlYXRlIjo2MDAwMDAwMDAwMDAsImRlbGV0ZSI6OTAwMDAwMDAwMDAwfSwic2NoZW1hX3ZlcnNpb24iOiIxIn0="
        },
        {
          "index_key": "K8S_ETCD_SECURITY_GROUP",
          "schema_version": 1,
          "attributes": {
            "arn": "arn:aws:ec2:ap-south-1:931337674770:security-group/sg-0c0177375597c9749",
            "description": "Rules which allow the outgoing traffic from the instances associated with the security group K8S_ETCD_SECURITY_GROUP",
            "egress": [
              {
                "cidr_blocks": [
                  "0.0.0.0/0"
                ],
                "description": "Rules which allow the incoming traffic to the instances associated with the security group.",
                "from_port": 0,
                "ipv6_cidr_blocks": [
                  "::/0"
                ],
                "prefix_list_ids": [],
                "protocol": "-1",
                "security_groups": [],
                "self": false,
                "to_port": 0
              }
            ],
            "id": "sg-0c0177375597c9749",
            "ingress": [
              {
                "cidr_blocks": [
                  "0.0.0.0/0"
                ],
                "description": "Allow all incoming ICMP IPv4 and IPv6 traffic",
                "from_port": -1,
                "ipv6_cidr_blocks": [
                  "::/0"
                ],
                "prefix_list_ids": [],
                "protocol": "icmp",
                "security_groups": [],
                "self": false,
                "to_port": -1
              },
              {
                "cidr_blocks": [
                  "0.0.0.0/0"
                ],
                "description": "Canal CNI health checks",
                "from_port": 9099,
                "ipv6_cidr_blocks": [
                  "::/0"
                ],
                "prefix_list_ids": [],
                "protocol": "tcp",
                "security_groups": [],
                "self": false,
                "to_port": 9099
              },
              {
                "cidr_blocks": [
                  "0.0.0.0/0"
                ],
                "description": "Canal CNI with VXLAN",
                "from_port": 8472,
                "ipv6_cidr_blocks": [
                  "::/0"
                ],
                "prefix_list_ids": [],
                "protocol": "udp",
                "security_groups": [],
                "self": false,
                "to_port": 8472
              },
              {
                "cidr_blocks": [
                  "0.0.0.0/0"
                ],
                "description": "ETCD client port",
                "from_port": 2379,
                "ipv6_cidr_blocks": [
                  "::/0"
                ],
                "prefix_list_ids": [],
                "protocol": "tcp",
                "security_groups": [],
                "self": false,
                "to_port": 2379
              },
              {
                "cidr_blocks": [
                  "0.0.0.0/0"
                ],
                "description": "ETCD metrics port",
                "from_port": 2381,
                "ipv6_cidr_blocks": [
                  "::/0"
                ],
                "prefix_list_ids": [],
                "protocol": "tcp",
                "security_groups": [],
                "self": false,
                "to_port": 2381
              },
              {
                "cidr_blocks": [
                  "0.0.0.0/0"
                ],
                "description": "ETCD peer port",
                "from_port": 2380,
                "ipv6_cidr_blocks": [
                  "::/0"
                ],
                "prefix_list_ids": [],
                "protocol": "tcp",
                "security_groups": [],
                "self": false,
                "to_port": 2380
              },
              {
                "cidr_blocks": [
                  "0.0.0.0/0"
                ],
                "description": "Kubelet metrics",
                "from_port": 10250,
                "ipv6_cidr_blocks": [
                  "::/0"
                ],
                "prefix_list_ids": [],
                "protocol": "tcp",
                "security_groups": [],
                "self": false,
                "to_port": 10250
              },
              {
                "cidr_blocks": [
                  "0.0.0.0/0"
                ],
                "description": "NodePort port range",
                "from_port": 30000,
                "ipv6_cidr_blocks": [
                  "::/0"
                ],
                "prefix_list_ids": [],
                "protocol": "tcp",
                "security_groups": [],
                "self": false,
                "to_port": 32767
              },
              {
                "cidr_blocks": [
                  "0.0.0.0/0"
                ],
                "description": "SSH login port",
                "from_port": 22,
                "ipv6_cidr_blocks": [
                  "::/0"
                ],
                "prefix_list_ids": [],
                "protocol": "tcp",
                "security_groups": [],
                "self": false,
                "to_port": 22
              }
            ],
            "name": "terraform-20240903125845559200000003",
            "name_prefix": "terraform-",
            "owner_id": "931337674770",
            "revoke_rules_on_delete": false,
            "tags": {
              "Cluster": "tf8",
              "Name": "tf8-K8S_ETCD_SECURITY_GROUP"
            },
            "tags_all": {
              "Cluster": "tf8",
              "Name": "tf8-K8S_ETCD_SECURITY_GROUP"
            },
            "timeouts": null,
            "vpc_id": "vpc-40243c28"
          },
          "sensitive_attributes": [],
          "private": "eyJlMmJmYjczMC1lY2FhLTExZTYtOGY4OC0zNDM2M2JjN2M0YzAiOnsiY3JlYXRlIjo2MDAwMDAwMDAwMDAsImRlbGV0ZSI6OTAwMDAwMDAwMDAwfSwic2NoZW1hX3ZlcnNpb24iOiIxIn0="
        },
        {
          "index_key": "K8S_WORKER_SECURITY_GROUP",
          "schema_version": 1,
          "attributes": {
            "arn": "arn:aws:ec2:ap-south-1:931337674770:security-group/sg-0aab13c3aee307e3b",
            "description": "Rules which allow the outgoing traffic from the instances associated with the security group K8S_WORKER_SECURITY_GROUP",
            "egress": [
              {
                "cidr_blocks": [
                  "0.0.0.0/0"
                ],
                "description": "Rules which allow the incoming traffic to the instances associated with the security group.",
                "from_port": 0,
                "ipv6_cidr_blocks": [
                  "::/0"
                ],
                "prefix_list_ids": [],
                "protocol": "-1",
                "security_groups": [],
                "self": false,
                "to_port": 0
              }
            ],
            "id": "sg-0aab13c3aee307e3b",
            "ingress": [
              {
                "cidr_blocks": [
                  "0.0.0.0/0"
                ],
                "description": "Allow all incoming ICMP IPv4 and IPv6 traffic",
                "from_port": -1,
                "ipv6_cidr_blocks": [
                  "::/0"
                ],
                "prefix_list_ids": [],
                "protocol": "icmp",
                "security_groups": [],
                "self": false,
                "to_port": -1
              },
              {
                "cidr_blocks": [
                  "0.0.0.0/0"
                ],
                "description": "Canal CNI health checks",
                "from_port": 9099,
                "ipv6_cidr_blocks": [
                  "::/0"
                ],
                "prefix_list_ids": [],
                "protocol": "tcp",
                "security_groups": [],
                "self": false,
                "to_port": 9099
              },
              {
                "cidr_blocks": [
                  "0.0.0.0/0"
                ],
                "description": "Canal CNI with VXLAN",
                "from_port": 8472,
                "ipv6_cidr_blocks": [
                  "::/0"
                ],
                "prefix_list_ids": [],
                "protocol": "udp",
                "security_groups": [],
                "self": false,
                "to_port": 8472
              },
              {
                "cidr_blocks": [
                  "0.0.0.0/0"
                ],
                "description": "Kubelet metrics",
                "from_port": 10250,
                "ipv6_cidr_blocks": [
                  "::/0"
                ],
                "prefix_list_ids": [],
                "protocol": "tcp",
                "security_groups": [],
                "self": false,
                "to_port": 10250
              },
              {
                "cidr_blocks": [
                  "0.0.0.0/0"
                ],
                "description": "NodePort port range",
                "from_port": 30000,
                "ipv6_cidr_blocks": [
                  "::/0"
                ],
                "prefix_list_ids": [],
                "protocol": "tcp",
                "security_groups": [],
                "self": false,
                "to_port": 32767
              },
              {
                "cidr_blocks": [
                  "0.0.0.0/0"
                ],
                "description": "SSH login port",
                "from_port": 22,
                "ipv6_cidr_blocks": [
                  "::/0"
                ],
                "prefix_list_ids": [],
                "protocol": "tcp",
                "security_groups": [],
                "self": false,
                "to_port": 22
              }
            ],
            "name": "terraform-20240903125845550500000001",
            "name_prefix": "terraform-",
            "owner_id": "931337674770",
            "revoke_rules_on_delete": false,
            "tags": {
              "Cluster": "tf8",
              "Name": "tf8-K8S_WORKER_SECURITY_GROUP"
            },
            "tags_all": {
              "Cluster": "tf8",
              "Name": "tf8-K8S_WORKER_SECURITY_GROUP"
            },
            "timeouts": null,
            "vpc_id": "vpc-40243c28"
          },
          "sensitive_attributes": [],
          "private": "eyJlMmJmYjczMC1lY2FhLTExZTYtOGY4OC0zNDM2M2JjN2M0YzAiOnsiY3JlYXRlIjo2MDAwMDAwMDAwMDAsImRlbGV0ZSI6OTAwMDAwMDAwMDAwfSwic2NoZW1hX3ZlcnNpb24iOiIxIn0="
        },
        {
          "index_key": "NGINX_SECURITY_GROUP",
          "schema_version": 1,
          "attributes": {
            "arn": "arn:aws:ec2:ap-south-1:931337674770:security-group/sg-093ed0a2a1eb94e2d",
            "description": "Rules which allow the outgoing traffic from the instances associated with the security group NGINX_SECURITY_GROUP",
            "egress": [
              {
                "cidr_blocks": [
                  "0.0.0.0/0"
                ],
                "description": "Rules which allow the incoming traffic to the instances associated with the security group.",
                "from_port": 0,
                "ipv6_cidr_blocks": [
                  "::/0"
                ],
                "prefix_list_ids": [],
                "protocol": "-1",
                "security_groups": [],
                "self": false,
                "to_port": 0
              }
            ],
            "id": "sg-093ed0a2a1eb94e2d",
            "ingress": [
              {
                "cidr_blocks": [
                  "0.0.0.0/0"
                ],
                "description": "ActiveMQ port",
                "from_port": 61616,
                "ipv6_cidr_blocks": [
                  "::/0"
                ],
                "prefix_list_ids": [],
                "protocol": "tcp",
                "security_groups": [],
                "self": false,
                "to_port": 61616
              },
              {
                "cidr_blocks": [
                  "0.0.0.0/0"
                ],
                "description": "Allow all incoming ICMP IPv4 and IPv6 traffic",
                "from_port": -1,
                "ipv6_cidr_blocks": [
                  "::/0"
                ],
                "prefix_list_ids": [],
                "protocol": "icmp",
                "security_groups": [],
                "self": false,
                "to_port": -1
              },
              {
                "cidr_blocks": [
                  "0.0.0.0/0"
                ],
                "description": "HTTP port",
                "from_port": 80,
                "ipv6_cidr_blocks": [
                  "::/0"
                ],
                "prefix_list_ids": [],
                "protocol": "tcp",
                "security_groups": [],
                "self": false,
                "to_port": 80
              },
              {
                "cidr_blocks": [
                  "0.0.0.0/0"
                ],
                "description": "HTTPS port",
                "from_port": 443,
                "ipv6_cidr_blocks": [
                  "::/0"
                ],
                "prefix_list_ids": [],
                "protocol": "tcp",
                "security_groups": [],
                "self": false,
                "to_port": 443
              },
              {
                "cidr_blocks": [
                  "0.0.0.0/0"
                ],
                "description": "Minio console port",
                "from_port": 9000,
                "ipv6_cidr_blocks": [
                  "::/0"
                ],
                "prefix_list_ids": [],
                "protocol": "tcp",
                "security_groups": [],
                "self": false,
                "to_port": 9000
              },
              {
                "cidr_blocks": [
                  "0.0.0.0/0"
                ],
                "description": "NFS server port tcp",
                "from_port": 2049,
                "ipv6_cidr_blocks": [
                  "::/0"
                ],
                "prefix_list_ids": [],
                "protocol": "tcp",
                "security_groups": [],
                "self": false,
                "to_port": 2049
              },
              {
                "cidr_blocks": [
                  "0.0.0.0/0"
                ],
                "description": "NFS server port udp",
                "from_port": 2049,
                "ipv6_cidr_blocks": [
                  "::/0"
                ],
                "prefix_list_ids": [],
                "protocol": "udp",
                "security_groups": [],
                "self": false,
                "to_port": 2049
              },
              {
                "cidr_blocks": [
                  "0.0.0.0/0"
                ],
                "description": "Postgres port",
                "from_port": 5432,
                "ipv6_cidr_blocks": [
                  "::/0"
                ],
                "prefix_list_ids": [],
                "protocol": "tcp",
                "security_groups": [],
                "self": false,
                "to_port": 5432
              },
              {
                "cidr_blocks": [
                  "0.0.0.0/0"
                ],
                "description": "SSH login port",
                "from_port": 22,
                "ipv6_cidr_blocks": [
                  "::/0"
                ],
                "prefix_list_ids": [],
                "protocol": "tcp",
                "security_groups": [],
                "self": false,
                "to_port": 22
              }
            ],
            "name": "terraform-20240903125845556700000002",
            "name_prefix": "terraform-",
            "owner_id": "931337674770",
            "revoke_rules_on_delete": false,
            "tags": {
              "Cluster": "tf8",
              "Name": "tf8-NGINX_SECURITY_GROUP"
            },
            "tags_all": {
              "Cluster": "tf8",
              "Name": "tf8-NGINX_SECURITY_GROUP"
            },
            "timeouts": null,
            "vpc_id": "vpc-40243c28"
          },
          "sensitive_attributes": [],
          "private": "eyJlMmJmYjczMC1lY2FhLTExZTYtOGY4OC0zNDM2M2JjN2M0YzAiOnsiY3JlYXRlIjo2MDAwMDAwMDAwMDAsImRlbGV0ZSI6OTAwMDAwMDAwMDAwfSwic2NoZW1hX3ZlcnNpb24iOiIxIn0="
        }
      ]
    },
    {
      "module": "module.nfs-setup",
      "mode": "managed",
      "type": "null_resource",
      "name": "nfs-csi-setup",
      "provider": "provider[\"registry.terraform.io/hashicorp/null\"]",
      "instances": [
        {
          "schema_version": 0,
          "attributes": {
            "id": "7520074123292842679",
            "triggers": null
          },
          "sensitive_attributes": [],
          "dependencies": [
            "module.aws-resource-creation.aws_iam_instance_profile.certbot_profile",
            "module.aws-resource-creation.aws_iam_policy.certbot_policy",
            "module.aws-resource-creation.aws_iam_role.certbot_role",
            "module.aws-resource-creation.aws_iam_role_policy_attachment.certbot_policy_attachment",
            "module.aws-resource-creation.aws_instance.K8S_CLUSTER_EC2_INSTANCE",
            "module.aws-resource-creation.aws_instance.NGINX_EC2_INSTANCE",
            "module.aws-resource-creation.aws_route53_record.DNS_RECORDS",
            "module.aws-resource-creation.aws_security_group.security-group",
            "module.nfs-setup.null_resource.nfs-server-setup",
            "module.rke2-setup.null_resource.download-k8s-kubeconfig",
            "module.rke2-setup.null_resource.download-kubectl-file",
            "module.rke2-setup.null_resource.rancher-import",
            "module.rke2-setup.null_resource.rke2-cluster-setup",
            "module.rke2-setup.null_resource.rke2-primary-cluster-setup",
            "module.rke2-setup.random_string.K8S_TOKEN"
          ]
        }
      ]
    },
    {
      "module": "module.nfs-setup",
      "mode": "managed",
      "type": "null_resource",
      "name": "nfs-server-setup",
      "provider": "provider[\"registry.terraform.io/hashicorp/null\"]",
      "instances": [
        {
          "schema_version": 0,
          "attributes": {
            "id": "4311477809580940546",
            "triggers": null
          },
          "sensitive_attributes": [],
          "dependencies": [
            "module.aws-resource-creation.aws_iam_instance_profile.certbot_profile",
            "module.aws-resource-creation.aws_iam_policy.certbot_policy",
            "module.aws-resource-creation.aws_iam_role.certbot_role",
            "module.aws-resource-creation.aws_iam_role_policy_attachment.certbot_policy_attachment",
            "module.aws-resource-creation.aws_instance.K8S_CLUSTER_EC2_INSTANCE",
            "module.aws-resource-creation.aws_instance.NGINX_EC2_INSTANCE",
            "module.aws-resource-creation.aws_route53_record.DNS_RECORDS",
            "module.aws-resource-creation.aws_security_group.security-group",
            "module.rke2-setup.null_resource.download-k8s-kubeconfig",
            "module.rke2-setup.null_resource.download-kubectl-file",
            "module.rke2-setup.null_resource.rancher-import",
            "module.rke2-setup.null_resource.rke2-cluster-setup",
            "module.rke2-setup.null_resource.rke2-primary-cluster-setup",
            "module.rke2-setup.random_string.K8S_TOKEN"
          ]
        }
      ]
    },
    {
      "module": "module.nginx-setup",
      "mode": "managed",
      "type": "null_resource",
      "name": "Nginx-setup",
      "provider": "provider[\"registry.terraform.io/hashicorp/null\"]",
      "instances": [
        {
          "schema_version": 0,
          "attributes": {
            "id": "3750175807490059712",
            "triggers": {
              "node_hash": "9932c6169d719ff411fde528673e4161",
              "public_dns_hash": "77336a1a56c8c340e607f7e5ab5e2067"
            }
          },
          "sensitive_attributes": [],
          "dependencies": [
            "module.aws-resource-creation.aws_iam_instance_profile.certbot_profile",
            "module.aws-resource-creation.aws_iam_policy.certbot_policy",
            "module.aws-resource-creation.aws_iam_role.certbot_role",
            "module.aws-resource-creation.aws_iam_role_policy_attachment.certbot_policy_attachment",
            "module.aws-resource-creation.aws_instance.K8S_CLUSTER_EC2_INSTANCE",
            "module.aws-resource-creation.aws_instance.NGINX_EC2_INSTANCE",
            "module.aws-resource-creation.aws_route53_record.DNS_RECORDS",
            "module.aws-resource-creation.aws_security_group.security-group"
          ]
        }
      ]
    },
    {
      "module": "module.rke2-setup",
      "mode": "managed",
      "type": "null_resource",
      "name": "download-k8s-kubeconfig",
      "provider": "provider[\"registry.terraform.io/hashicorp/null\"]",
      "instances": [
        {
          "index_key": "tf8-CONTROL-PLANE-NODE-1",
          "schema_version": 0,
          "attributes": {
            "id": "8808231347231388748",
            "triggers": {
              "node_hash": "3aaad660a731cb7b4b8a1b42dc711d9d"
            }
          },
          "sensitive_attributes": [],
          "dependencies": [
            "module.aws-resource-creation.aws_iam_instance_profile.certbot_profile",
            "module.aws-resource-creation.aws_iam_policy.certbot_policy",
            "module.aws-resource-creation.aws_iam_role.certbot_role",
            "module.aws-resource-creation.aws_iam_role_policy_attachment.certbot_policy_attachment",
            "module.aws-resource-creation.aws_instance.K8S_CLUSTER_EC2_INSTANCE",
            "module.aws-resource-creation.aws_instance.NGINX_EC2_INSTANCE",
            "module.aws-resource-creation.aws_route53_record.DNS_RECORDS",
            "module.aws-resource-creation.aws_security_group.security-group",
            "module.rke2-setup.null_resource.rke2-cluster-setup",
            "module.rke2-setup.null_resource.rke2-primary-cluster-setup",
            "module.rke2-setup.random_string.K8S_TOKEN"
          ]
        },
        {
          "index_key": "tf8-CONTROL-PLANE-NODE-2",
          "schema_version": 0,
          "attributes": {
            "id": "2797287087192186501",
            "triggers": {
              "node_hash": "3aaad660a731cb7b4b8a1b42dc711d9d"
            }
          },
          "sensitive_attributes": [],
          "dependencies": [
            "module.aws-resource-creation.aws_iam_instance_profile.certbot_profile",
            "module.aws-resource-creation.aws_iam_policy.certbot_policy",
            "module.aws-resource-creation.aws_iam_role.certbot_role",
            "module.aws-resource-creation.aws_iam_role_policy_attachment.certbot_policy_attachment",
            "module.aws-resource-creation.aws_instance.K8S_CLUSTER_EC2_INSTANCE",
            "module.aws-resource-creation.aws_instance.NGINX_EC2_INSTANCE",
            "module.aws-resource-creation.aws_route53_record.DNS_RECORDS",
            "module.aws-resource-creation.aws_security_group.security-group",
            "module.rke2-setup.null_resource.rke2-cluster-setup",
            "module.rke2-setup.null_resource.rke2-primary-cluster-setup",
            "module.rke2-setup.random_string.K8S_TOKEN"
          ]
        },
        {
          "index_key": "tf8-ETCD-NODE-1",
          "schema_version": 0,
          "attributes": {
            "id": "1167778505643346736",
            "triggers": {
              "node_hash": "3aaad660a731cb7b4b8a1b42dc711d9d"
            }
          },
          "sensitive_attributes": [],
          "dependencies": [
            "module.aws-resource-creation.aws_iam_instance_profile.certbot_profile",
            "module.aws-resource-creation.aws_iam_policy.certbot_policy",
            "module.aws-resource-creation.aws_iam_role.certbot_role",
            "module.aws-resource-creation.aws_iam_role_policy_attachment.certbot_policy_attachment",
            "module.aws-resource-creation.aws_instance.K8S_CLUSTER_EC2_INSTANCE",
            "module.aws-resource-creation.aws_instance.NGINX_EC2_INSTANCE",
            "module.aws-resource-creation.aws_route53_record.DNS_RECORDS",
            "module.aws-resource-creation.aws_security_group.security-group",
            "module.rke2-setup.null_resource.rke2-cluster-setup",
            "module.rke2-setup.null_resource.rke2-primary-cluster-setup",
            "module.rke2-setup.random_string.K8S_TOKEN"
          ]
        },
        {
          "index_key": "tf8-ETCD-NODE-2",
          "schema_version": 0,
          "attributes": {
            "id": "4452898808783339222",
            "triggers": {
              "node_hash": "3aaad660a731cb7b4b8a1b42dc711d9d"
            }
          },
          "sensitive_attributes": [],
          "dependencies": [
            "module.aws-resource-creation.aws_iam_instance_profile.certbot_profile",
            "module.aws-resource-creation.aws_iam_policy.certbot_policy",
            "module.aws-resource-creation.aws_iam_role.certbot_role",
            "module.aws-resource-creation.aws_iam_role_policy_attachment.certbot_policy_attachment",
            "module.aws-resource-creation.aws_instance.K8S_CLUSTER_EC2_INSTANCE",
            "module.aws-resource-creation.aws_instance.NGINX_EC2_INSTANCE",
            "module.aws-resource-creation.aws_route53_record.DNS_RECORDS",
            "module.aws-resource-creation.aws_security_group.security-group",
            "module.rke2-setup.null_resource.rke2-cluster-setup",
            "module.rke2-setup.null_resource.rke2-primary-cluster-setup",
            "module.rke2-setup.random_string.K8S_TOKEN"
          ]
        },
        {
          "index_key": "tf8-WORKER-NODE-1",
          "schema_version": 0,
          "attributes": {
            "id": "2615457940825621759",
            "triggers": {
              "node_hash": "3aaad660a731cb7b4b8a1b42dc711d9d"
            }
          },
          "sensitive_attributes": [],
          "dependencies": [
            "module.aws-resource-creation.aws_iam_instance_profile.certbot_profile",
            "module.aws-resource-creation.aws_iam_policy.certbot_policy",
            "module.aws-resource-creation.aws_iam_role.certbot_role",
            "module.aws-resource-creation.aws_iam_role_policy_attachment.certbot_policy_attachment",
            "module.aws-resource-creation.aws_instance.K8S_CLUSTER_EC2_INSTANCE",
            "module.aws-resource-creation.aws_instance.NGINX_EC2_INSTANCE",
            "module.aws-resource-creation.aws_route53_record.DNS_RECORDS",
            "module.aws-resource-creation.aws_security_group.security-group",
            "module.rke2-setup.null_resource.rke2-cluster-setup",
            "module.rke2-setup.null_resource.rke2-primary-cluster-setup",
            "module.rke2-setup.random_string.K8S_TOKEN"
          ]
        },
        {
          "index_key": "tf8-WORKER-NODE-2",
          "schema_version": 0,
          "attributes": {
            "id": "3862459553588174851",
            "triggers": {
              "node_hash": "3aaad660a731cb7b4b8a1b42dc711d9d"
            }
          },
          "sensitive_attributes": [],
          "dependencies": [
            "module.aws-resource-creation.aws_iam_instance_profile.certbot_profile",
            "module.aws-resource-creation.aws_iam_policy.certbot_policy",
            "module.aws-resource-creation.aws_iam_role.certbot_role",
            "module.aws-resource-creation.aws_iam_role_policy_attachment.certbot_policy_attachment",
            "module.aws-resource-creation.aws_instance.K8S_CLUSTER_EC2_INSTANCE",
            "module.aws-resource-creation.aws_instance.NGINX_EC2_INSTANCE",
            "module.aws-resource-creation.aws_route53_record.DNS_RECORDS",
            "module.aws-resource-creation.aws_security_group.security-group",
            "module.rke2-setup.null_resource.rke2-cluster-setup",
            "module.rke2-setup.null_resource.rke2-primary-cluster-setup",
            "module.rke2-setup.random_string.K8S_TOKEN"
          ]
        },
        {
          "index_key": "tf8-WORKER-NODE-3",
          "schema_version": 0,
          "attributes": {
            "id": "7918115085690806223",
            "triggers": {
              "node_hash": "3aaad660a731cb7b4b8a1b42dc711d9d"
            }
          },
          "sensitive_attributes": [],
          "dependencies": [
            "module.aws-resource-creation.aws_iam_instance_profile.certbot_profile",
            "module.aws-resource-creation.aws_iam_policy.certbot_policy",
            "module.aws-resource-creation.aws_iam_role.certbot_role",
            "module.aws-resource-creation.aws_iam_role_policy_attachment.certbot_policy_attachment",
            "module.aws-resource-creation.aws_instance.K8S_CLUSTER_EC2_INSTANCE",
            "module.aws-resource-creation.aws_instance.NGINX_EC2_INSTANCE",
            "module.aws-resource-creation.aws_route53_record.DNS_RECORDS",
            "module.aws-resource-creation.aws_security_group.security-group",
            "module.rke2-setup.null_resource.rke2-cluster-setup",
            "module.rke2-setup.null_resource.rke2-primary-cluster-setup",
            "module.rke2-setup.random_string.K8S_TOKEN"
          ]
        },
        {
          "index_key": "tf8-WORKER-NODE-4",
          "schema_version": 0,
          "attributes": {
            "id": "6791868159126237074",
            "triggers": {
              "node_hash": "3aaad660a731cb7b4b8a1b42dc711d9d"
            }
          },
          "sensitive_attributes": [],
          "dependencies": [
            "module.aws-resource-creation.aws_iam_instance_profile.certbot_profile",
            "module.aws-resource-creation.aws_iam_policy.certbot_policy",
            "module.aws-resource-creation.aws_iam_role.certbot_role",
            "module.aws-resource-creation.aws_iam_role_policy_attachment.certbot_policy_attachment",
            "module.aws-resource-creation.aws_instance.K8S_CLUSTER_EC2_INSTANCE",
            "module.aws-resource-creation.aws_instance.NGINX_EC2_INSTANCE",
            "module.aws-resource-creation.aws_route53_record.DNS_RECORDS",
            "module.aws-resource-creation.aws_security_group.security-group",
            "module.rke2-setup.null_resource.rke2-cluster-setup",
            "module.rke2-setup.null_resource.rke2-primary-cluster-setup",
            "module.rke2-setup.random_string.K8S_TOKEN"
          ]
        }
      ]
    },
    {
      "module": "module.rke2-setup",
      "mode": "managed",
      "type": "null_resource",
      "name": "download-kubectl-file",
      "provider": "provider[\"registry.terraform.io/hashicorp/null\"]",
      "instances": [
        {
          "schema_version": 0,
          "attributes": {
            "id": "7558240220623150579",
            "triggers": null
          },
          "sensitive_attributes": [],
          "dependencies": [
            "module.aws-resource-creation.aws_iam_instance_profile.certbot_profile",
            "module.aws-resource-creation.aws_iam_policy.certbot_policy",
            "module.aws-resource-creation.aws_iam_role.certbot_role",
            "module.aws-resource-creation.aws_iam_role_policy_attachment.certbot_policy_attachment",
            "module.aws-resource-creation.aws_instance.K8S_CLUSTER_EC2_INSTANCE",
            "module.aws-resource-creation.aws_instance.NGINX_EC2_INSTANCE",
            "module.aws-resource-creation.aws_route53_record.DNS_RECORDS",
            "module.aws-resource-creation.aws_security_group.security-group",
            "module.rke2-setup.null_resource.rke2-cluster-setup",
            "module.rke2-setup.null_resource.rke2-primary-cluster-setup",
            "module.rke2-setup.random_string.K8S_TOKEN"
          ]
        }
      ]
    },
    {
      "module": "module.rke2-setup",
      "mode": "managed",
      "type": "null_resource",
      "name": "rancher-import",
      "provider": "provider[\"registry.terraform.io/hashicorp/null\"]",
      "instances": [
        {
          "schema_version": 0,
          "attributes": {
            "id": "676657031002489314",
            "triggers": null
          },
          "sensitive_attributes": [],
          "dependencies": [
            "module.aws-resource-creation.aws_iam_instance_profile.certbot_profile",
            "module.aws-resource-creation.aws_iam_policy.certbot_policy",
            "module.aws-resource-creation.aws_iam_role.certbot_role",
            "module.aws-resource-creation.aws_iam_role_policy_attachment.certbot_policy_attachment",
            "module.aws-resource-creation.aws_instance.K8S_CLUSTER_EC2_INSTANCE",
            "module.aws-resource-creation.aws_instance.NGINX_EC2_INSTANCE",
            "module.aws-resource-creation.aws_route53_record.DNS_RECORDS",
            "module.aws-resource-creation.aws_security_group.security-group",
            "module.rke2-setup.null_resource.rke2-primary-cluster-setup",
            "module.rke2-setup.random_string.K8S_TOKEN"
          ]
        }
      ]
    },
    {
      "module": "module.rke2-setup",
      "mode": "managed",
      "type": "null_resource",
      "name": "rke2-cluster-setup",
      "provider": "provider[\"registry.terraform.io/hashicorp/null\"]",
      "instances": [
        {
          "index_key": "tf8-CONTROL-PLANE-NODE-1",
          "schema_version": 0,
          "attributes": {
            "id": "4332025370775013470",
            "triggers": {
              "node_hash": "3aaad660a731cb7b4b8a1b42dc711d9d",
              "script_hash": "a94a3ff55e15526e6aed02674e2b596e"
            }
          },
          "sensitive_attributes": [],
          "dependencies": [
            "module.aws-resource-creation.aws_iam_instance_profile.certbot_profile",
            "module.aws-resource-creation.aws_iam_policy.certbot_policy",
            "module.aws-resource-creation.aws_iam_role.certbot_role",
            "module.aws-resource-creation.aws_iam_role_policy_attachment.certbot_policy_attachment",
            "module.aws-resource-creation.aws_instance.K8S_CLUSTER_EC2_INSTANCE",
            "module.aws-resource-creation.aws_instance.NGINX_EC2_INSTANCE",
            "module.aws-resource-creation.aws_route53_record.DNS_RECORDS",
            "module.aws-resource-creation.aws_security_group.security-group",
            "module.rke2-setup.null_resource.rke2-primary-cluster-setup",
            "module.rke2-setup.random_string.K8S_TOKEN"
          ]
        },
        {
          "index_key": "tf8-CONTROL-PLANE-NODE-2",
          "schema_version": 0,
          "attributes": {
            "id": "3853018351597225071",
            "triggers": {
              "node_hash": "3aaad660a731cb7b4b8a1b42dc711d9d",
              "script_hash": "a94a3ff55e15526e6aed02674e2b596e"
            }
          },
          "sensitive_attributes": [],
          "dependencies": [
            "module.aws-resource-creation.aws_iam_instance_profile.certbot_profile",
            "module.aws-resource-creation.aws_iam_policy.certbot_policy",
            "module.aws-resource-creation.aws_iam_role.certbot_role",
            "module.aws-resource-creation.aws_iam_role_policy_attachment.certbot_policy_attachment",
            "module.aws-resource-creation.aws_instance.K8S_CLUSTER_EC2_INSTANCE",
            "module.aws-resource-creation.aws_instance.NGINX_EC2_INSTANCE",
            "module.aws-resource-creation.aws_route53_record.DNS_RECORDS",
            "module.aws-resource-creation.aws_security_group.security-group",
            "module.rke2-setup.null_resource.rke2-primary-cluster-setup",
            "module.rke2-setup.random_string.K8S_TOKEN"
          ]
        },
        {
          "index_key": "tf8-ETCD-NODE-1",
          "schema_version": 0,
          "attributes": {
            "id": "2339423180857428046",
            "triggers": {
              "node_hash": "3aaad660a731cb7b4b8a1b42dc711d9d",
              "script_hash": "a94a3ff55e15526e6aed02674e2b596e"
            }
          },
          "sensitive_attributes": [],
          "dependencies": [
            "module.aws-resource-creation.aws_iam_instance_profile.certbot_profile",
            "module.aws-resource-creation.aws_iam_policy.certbot_policy",
            "module.aws-resource-creation.aws_iam_role.certbot_role",
            "module.aws-resource-creation.aws_iam_role_policy_attachment.certbot_policy_attachment",
            "module.aws-resource-creation.aws_instance.K8S_CLUSTER_EC2_INSTANCE",
            "module.aws-resource-creation.aws_instance.NGINX_EC2_INSTANCE",
            "module.aws-resource-creation.aws_route53_record.DNS_RECORDS",
            "module.aws-resource-creation.aws_security_group.security-group",
            "module.rke2-setup.null_resource.rke2-primary-cluster-setup",
            "module.rke2-setup.random_string.K8S_TOKEN"
          ]
        },
        {
          "index_key": "tf8-ETCD-NODE-2",
          "schema_version": 0,
          "attributes": {
            "id": "1129497649980345319",
            "triggers": {
              "node_hash": "3aaad660a731cb7b4b8a1b42dc711d9d",
              "script_hash": "a94a3ff55e15526e6aed02674e2b596e"
            }
          },
          "sensitive_attributes": [],
          "dependencies": [
            "module.aws-resource-creation.aws_iam_instance_profile.certbot_profile",
            "module.aws-resource-creation.aws_iam_policy.certbot_policy",
            "module.aws-resource-creation.aws_iam_role.certbot_role",
            "module.aws-resource-creation.aws_iam_role_policy_attachment.certbot_policy_attachment",
            "module.aws-resource-creation.aws_instance.K8S_CLUSTER_EC2_INSTANCE",
            "module.aws-resource-creation.aws_instance.NGINX_EC2_INSTANCE",
            "module.aws-resource-creation.aws_route53_record.DNS_RECORDS",
            "module.aws-resource-creation.aws_security_group.security-group",
            "module.rke2-setup.null_resource.rke2-primary-cluster-setup",
            "module.rke2-setup.random_string.K8S_TOKEN"
          ]
        },
        {
          "index_key": "tf8-WORKER-NODE-1",
          "schema_version": 0,
          "attributes": {
            "id": "1955433647677037567",
            "triggers": {
              "node_hash": "3aaad660a731cb7b4b8a1b42dc711d9d",
              "script_hash": "a94a3ff55e15526e6aed02674e2b596e"
            }
          },
          "sensitive_attributes": [],
          "dependencies": [
            "module.aws-resource-creation.aws_iam_instance_profile.certbot_profile",
            "module.aws-resource-creation.aws_iam_policy.certbot_policy",
            "module.aws-resource-creation.aws_iam_role.certbot_role",
            "module.aws-resource-creation.aws_iam_role_policy_attachment.certbot_policy_attachment",
            "module.aws-resource-creation.aws_instance.K8S_CLUSTER_EC2_INSTANCE",
            "module.aws-resource-creation.aws_instance.NGINX_EC2_INSTANCE",
            "module.aws-resource-creation.aws_route53_record.DNS_RECORDS",
            "module.aws-resource-creation.aws_security_group.security-group",
            "module.rke2-setup.null_resource.rke2-primary-cluster-setup",
            "module.rke2-setup.random_string.K8S_TOKEN"
          ]
        },
        {
          "index_key": "tf8-WORKER-NODE-2",
          "schema_version": 0,
          "attributes": {
            "id": "2909088709636839881",
            "triggers": {
              "node_hash": "3aaad660a731cb7b4b8a1b42dc711d9d",
              "script_hash": "a94a3ff55e15526e6aed02674e2b596e"
            }
          },
          "sensitive_attributes": [],
          "dependencies": [
            "module.aws-resource-creation.aws_iam_instance_profile.certbot_profile",
            "module.aws-resource-creation.aws_iam_policy.certbot_policy",
            "module.aws-resource-creation.aws_iam_role.certbot_role",
            "module.aws-resource-creation.aws_iam_role_policy_attachment.certbot_policy_attachment",
            "module.aws-resource-creation.aws_instance.K8S_CLUSTER_EC2_INSTANCE",
            "module.aws-resource-creation.aws_instance.NGINX_EC2_INSTANCE",
            "module.aws-resource-creation.aws_route53_record.DNS_RECORDS",
            "module.aws-resource-creation.aws_security_group.security-group",
            "module.rke2-setup.null_resource.rke2-primary-cluster-setup",
            "module.rke2-setup.random_string.K8S_TOKEN"
          ]
        },
        {
          "index_key": "tf8-WORKER-NODE-3",
          "schema_version": 0,
          "attributes": {
            "id": "2179942687410856945",
            "triggers": {
              "node_hash": "3aaad660a731cb7b4b8a1b42dc711d9d",
              "script_hash": "a94a3ff55e15526e6aed02674e2b596e"
            }
          },
          "sensitive_attributes": [],
          "dependencies": [
            "module.aws-resource-creation.aws_iam_instance_profile.certbot_profile",
            "module.aws-resource-creation.aws_iam_policy.certbot_policy",
            "module.aws-resource-creation.aws_iam_role.certbot_role",
            "module.aws-resource-creation.aws_iam_role_policy_attachment.certbot_policy_attachment",
            "module.aws-resource-creation.aws_instance.K8S_CLUSTER_EC2_INSTANCE",
            "module.aws-resource-creation.aws_instance.NGINX_EC2_INSTANCE",
            "module.aws-resource-creation.aws_route53_record.DNS_RECORDS",
            "module.aws-resource-creation.aws_security_group.security-group",
            "module.rke2-setup.null_resource.rke2-primary-cluster-setup",
            "module.rke2-setup.random_string.K8S_TOKEN"
          ]
        },
        {
          "index_key": "tf8-WORKER-NODE-4",
          "schema_version": 0,
          "attributes": {
            "id": "6407900496444240789",
            "triggers": {
              "node_hash": "3aaad660a731cb7b4b8a1b42dc711d9d",
              "script_hash": "a94a3ff55e15526e6aed02674e2b596e"
            }
          },
          "sensitive_attributes": [],
          "dependencies": [
            "module.aws-resource-creation.aws_iam_instance_profile.certbot_profile",
            "module.aws-resource-creation.aws_iam_policy.certbot_policy",
            "module.aws-resource-creation.aws_iam_role.certbot_role",
            "module.aws-resource-creation.aws_iam_role_policy_attachment.certbot_policy_attachment",
            "module.aws-resource-creation.aws_instance.K8S_CLUSTER_EC2_INSTANCE",
            "module.aws-resource-creation.aws_instance.NGINX_EC2_INSTANCE",
            "module.aws-resource-creation.aws_route53_record.DNS_RECORDS",
            "module.aws-resource-creation.aws_security_group.security-group",
            "module.rke2-setup.null_resource.rke2-primary-cluster-setup",
            "module.rke2-setup.random_string.K8S_TOKEN"
          ]
        }
      ]
    },
    {
      "module": "module.rke2-setup",
      "mode": "managed",
      "type": "null_resource",
      "name": "rke2-primary-cluster-setup",
      "provider": "provider[\"registry.terraform.io/hashicorp/null\"]",
      "instances": [
        {
          "schema_version": 0,
          "attributes": {
            "id": "7986253558861311882",
            "triggers": null
          },
          "sensitive_attributes": [],
          "dependencies": [
            "module.aws-resource-creation.aws_iam_instance_profile.certbot_profile",
            "module.aws-resource-creation.aws_iam_policy.certbot_policy",
            "module.aws-resource-creation.aws_iam_role.certbot_role",
            "module.aws-resource-creation.aws_iam_role_policy_attachment.certbot_policy_attachment",
            "module.aws-resource-creation.aws_instance.K8S_CLUSTER_EC2_INSTANCE",
            "module.aws-resource-creation.aws_instance.NGINX_EC2_INSTANCE",
            "module.aws-resource-creation.aws_route53_record.DNS_RECORDS",
            "module.aws-resource-creation.aws_security_group.security-group",
            "module.rke2-setup.random_string.K8S_TOKEN"
          ]
        }
      ]
    },
    {
      "module": "module.rke2-setup",
      "mode": "managed",
      "type": "random_string",
      "name": "K8S_TOKEN",
      "provider": "provider[\"registry.terraform.io/hashicorp/random\"]",
      "instances": [
        {
          "schema_version": 2,
          "attributes": {
            "id": "QIhHH0yFaKQ824G6xunHF1ldKnWKzcjT",
            "keepers": null,
            "length": 32,
            "lower": true,
            "min_lower": 0,
            "min_numeric": 0,
            "min_special": 0,
            "min_upper": 0,
            "number": true,
            "numeric": true,
            "override_special": null,
            "result": "QIhHH0yFaKQ824G6xunHF1ldKnWKzcjT",
            "special": false,
            "upper": true
          },
          "sensitive_attributes": [],
          "dependencies": [
            "module.aws-resource-creation.aws_iam_instance_profile.certbot_profile",
            "module.aws-resource-creation.aws_iam_policy.certbot_policy",
            "module.aws-resource-creation.aws_iam_role.certbot_role",
            "module.aws-resource-creation.aws_iam_role_policy_attachment.certbot_policy_attachment",
            "module.aws-resource-creation.aws_instance.K8S_CLUSTER_EC2_INSTANCE",
            "module.aws-resource-creation.aws_instance.NGINX_EC2_INSTANCE",
            "module.aws-resource-creation.aws_route53_record.DNS_RECORDS",
            "module.aws-resource-creation.aws_security_group.security-group"
          ]
        }
      ]
    }
  ],
  "check_results": null
}
